{
  "version": 4,
  "terraform_version": "1.7.4",
  "serial": 1640,
  "lineage": "c4f291f2-45b5-7310-4368-5c99e47b6801",
  "outputs": {
    "authors_table_arn": {
      "value": "arn:aws:dynamodb:eu-central-1:730335546141:table/dev-lpnu-kostetskyi-authors",
      "type": "string"
    },
    "authors_table_name": {
      "value": "dev-lpnu-kostetskyi-authors",
      "type": "string"
    },
    "bucket_arn": {
      "value": "arn:aws:s3:::dev-lpnu-kostetskyi-s3",
      "type": "string"
    },
    "bucket_domain_name": {
      "value": "dev-lpnu-kostetskyi-s3.s3.amazonaws.com",
      "type": "string"
    },
    "bucket_id": {
      "value": "dev-lpnu-kostetskyi-s3",
      "type": "string"
    },
    "bucket_regional_domain_name": {
      "value": "dev-lpnu-kostetskyi-s3.s3.eu-central-1.amazonaws.com",
      "type": "string",
      "sensitive": true
    },
    "courses_table_arn": {
      "value": "arn:aws:dynamodb:eu-central-1:730335546141:table/dev-lpnu-kostetskyi-courses",
      "type": "string"
    },
    "courses_table_name": {
      "value": "dev-lpnu-kostetskyi-courses",
      "type": "string"
    },
    "module_bucket_arn": {
      "value": "arn:aws:s3:::730335546141-my-tf-test-bucket",
      "type": "string"
    },
    "module_bucket_domain_name": {
      "value": "730335546141-my-tf-test-bucket.s3.amazonaws.com",
      "type": "string"
    },
    "module_bucket_id": {
      "value": "730335546141-my-tf-test-bucket",
      "type": "string"
    },
    "module_bucket_regional_domain_name": {
      "value": "730335546141-my-tf-test-bucket.s3.eu-central-1.amazonaws.com",
      "type": "string",
      "sensitive": true
    }
  },
  "resources": [
    {
      "mode": "data",
      "type": "aws_caller_identity",
      "name": "current",
      "provider": "provider[\"registry.terraform.io/hashicorp/aws\"]",
      "instances": [
        {
          "schema_version": 0,
          "attributes": {
            "account_id": "730335546141",
            "arn": "arn:aws:iam::730335546141:user/terraform",
            "id": "730335546141",
            "user_id": "AIDA2UC3EBMOVSJN7GVRK"
          },
          "sensitive_attributes": []
        }
      ]
    },
    {
      "mode": "data",
      "type": "aws_iam_policy_document",
      "name": "s3_policy",
      "provider": "provider[\"registry.terraform.io/hashicorp/aws\"]",
      "instances": [
        {
          "schema_version": 0,
          "attributes": {
            "id": "634541487",
            "json": "{\n  \"Version\": \"2012-10-17\",\n  \"Statement\": [\n    {\n      \"Effect\": \"Allow\",\n      \"Action\": \"s3:GetObject\",\n      \"Resource\": \"arn:aws:s3:::dev-lpnu-kostetskyi-front-app/*\",\n      \"Principal\": {\n        \"AWS\": \"E3KODKZ09EU0D8\"\n      }\n    }\n  ]\n}",
            "override_policy_documents": null,
            "policy_id": null,
            "source_policy_documents": null,
            "statement": [
              {
                "actions": [
                  "s3:GetObject"
                ],
                "condition": [],
                "effect": "Allow",
                "not_actions": [],
                "not_principals": [],
                "not_resources": [],
                "principals": [
                  {
                    "identifiers": [
                      "E3KODKZ09EU0D8"
                    ],
                    "type": "AWS"
                  }
                ],
                "resources": [
                  "arn:aws:s3:::dev-lpnu-kostetskyi-front-app/*"
                ],
                "sid": ""
              }
            ],
            "version": "2012-10-17"
          },
          "sensitive_attributes": []
        }
      ]
    },
    {
      "mode": "managed",
      "type": "aws_api_gateway_deployment",
      "name": "this",
      "provider": "provider[\"registry.terraform.io/hashicorp/aws\"]",
      "instances": [
        {
          "schema_version": 0,
          "attributes": {
            "created_date": "2024-04-17T15:40:26Z",
            "description": "",
            "execution_arn": "arn:aws:execute-api:eu-central-1:730335546141:pttggq8vxf/",
            "id": "8tj97h",
            "invoke_url": "https://pttggq8vxf.execute-api.eu-central-1.amazonaws.com/",
            "rest_api_id": "pttggq8vxf",
            "stage_description": null,
            "stage_name": null,
            "triggers": {
              "redeployment": "2be88ca4242c76e8253ac62474851065032d6833"
            },
            "variables": null
          },
          "sensitive_attributes": [],
          "private": "bnVsbA==",
          "dependencies": [
            "aws_api_gateway_rest_api.this"
          ],
          "create_before_destroy": true
        }
      ]
    },
    {
      "mode": "managed",
      "type": "aws_api_gateway_integration",
      "name": "courses_delete_integration",
      "provider": "provider[\"registry.terraform.io/hashicorp/aws\"]",
      "instances": [
        {
          "schema_version": 0,
          "attributes": {
            "cache_key_parameters": [],
            "cache_namespace": "dr6sm5",
            "connection_id": "",
            "connection_type": "INTERNET",
            "content_handling": "CONVERT_TO_TEXT",
            "credentials": "",
            "http_method": "DELETE",
            "id": "agi-pttggq8vxf-dr6sm5-DELETE",
            "integration_http_method": "POST",
            "passthrough_behavior": "WHEN_NO_MATCH",
            "request_parameters": {
              "integration.request.header.X-Authorization": "'static'"
            },
            "request_templates": {
              "application/xml": "  {\r\n     \"body\" : $input.json('$')\r\n  }\r\n"
            },
            "resource_id": "dr6sm5",
            "rest_api_id": "pttggq8vxf",
            "timeout_milliseconds": 29000,
            "tls_config": [],
            "type": "AWS",
            "uri": "arn:aws:apigateway:eu-central-1:lambda:path/2015-03-31/functions/arn:aws:lambda:eu-central-1:730335546141:function:dev-lpnu-kostetskyi-delete-course/invocations"
          },
          "sensitive_attributes": [],
          "private": "bnVsbA==",
          "dependencies": [
            "aws_api_gateway_method.courses_delete",
            "aws_api_gateway_resource.courses",
            "aws_api_gateway_rest_api.this",
            "module.cloudwatch.aws_cloudwatch_log_group.get_all_courses",
            "module.iam.aws_iam_role.delete_course",
            "module.iam.data.aws_iam_policy_document.lambda_assume_role_policy",
            "module.lambdas.module.lambda_function_delete_course.aws_cloudwatch_log_group.lambda",
            "module.lambdas.module.lambda_function_delete_course.aws_iam_policy.additional_inline",
            "module.lambdas.module.lambda_function_delete_course.aws_iam_policy.additional_json",
            "module.lambdas.module.lambda_function_delete_course.aws_iam_policy.additional_jsons",
            "module.lambdas.module.lambda_function_delete_course.aws_iam_policy.async",
            "module.lambdas.module.lambda_function_delete_course.aws_iam_policy.dead_letter",
            "module.lambdas.module.lambda_function_delete_course.aws_iam_policy.logs",
            "module.lambdas.module.lambda_function_delete_course.aws_iam_policy.tracing",
            "module.lambdas.module.lambda_function_delete_course.aws_iam_policy.vpc",
            "module.lambdas.module.lambda_function_delete_course.aws_iam_role.lambda",
            "module.lambdas.module.lambda_function_delete_course.aws_iam_role_policy_attachment.additional_inline",
            "module.lambdas.module.lambda_function_delete_course.aws_iam_role_policy_attachment.additional_json",
            "module.lambdas.module.lambda_function_delete_course.aws_iam_role_policy_attachment.additional_jsons",
            "module.lambdas.module.lambda_function_delete_course.aws_iam_role_policy_attachment.additional_many",
            "module.lambdas.module.lambda_function_delete_course.aws_iam_role_policy_attachment.additional_one",
            "module.lambdas.module.lambda_function_delete_course.aws_iam_role_policy_attachment.async",
            "module.lambdas.module.lambda_function_delete_course.aws_iam_role_policy_attachment.dead_letter",
            "module.lambdas.module.lambda_function_delete_course.aws_iam_role_policy_attachment.logs",
            "module.lambdas.module.lambda_function_delete_course.aws_iam_role_policy_attachment.tracing",
            "module.lambdas.module.lambda_function_delete_course.aws_iam_role_policy_attachment.vpc",
            "module.lambdas.module.lambda_function_delete_course.aws_lambda_function.this",
            "module.lambdas.module.lambda_function_delete_course.aws_s3_object.lambda_package",
            "module.lambdas.module.lambda_function_delete_course.data.aws_arn.log_group_arn",
            "module.lambdas.module.lambda_function_delete_course.data.aws_cloudwatch_log_group.lambda",
            "module.lambdas.module.lambda_function_delete_course.data.aws_iam_policy.tracing",
            "module.lambdas.module.lambda_function_delete_course.data.aws_iam_policy.vpc",
            "module.lambdas.module.lambda_function_delete_course.data.aws_iam_policy_document.additional_inline",
            "module.lambdas.module.lambda_function_delete_course.data.aws_iam_policy_document.assume_role",
            "module.lambdas.module.lambda_function_delete_course.data.aws_iam_policy_document.async",
            "module.lambdas.module.lambda_function_delete_course.data.aws_iam_policy_document.dead_letter",
            "module.lambdas.module.lambda_function_delete_course.data.aws_iam_policy_document.logs",
            "module.lambdas.module.lambda_function_delete_course.data.aws_partition.current",
            "module.lambdas.module.lambda_function_delete_course.data.external.archive_prepare",
            "module.lambdas.module.lambda_function_delete_course.local_file.archive_plan",
            "module.lambdas.module.lambda_function_delete_course.null_resource.archive",
            "module.table_courses.aws_dynamodb_table.this"
          ]
        }
      ]
    },
    {
      "mode": "managed",
      "type": "aws_api_gateway_integration",
      "name": "courses_get_integration",
      "provider": "provider[\"registry.terraform.io/hashicorp/aws\"]",
      "instances": [
        {
          "schema_version": 0,
          "attributes": {
            "cache_key_parameters": [],
            "cache_namespace": "dr6sm5",
            "connection_id": "",
            "connection_type": "INTERNET",
            "content_handling": "CONVERT_TO_TEXT",
            "credentials": "",
            "http_method": "GET",
            "id": "agi-pttggq8vxf-dr6sm5-GET",
            "integration_http_method": "POST",
            "passthrough_behavior": "WHEN_NO_MATCH",
            "request_parameters": {
              "integration.request.header.X-Authorization": "'static'"
            },
            "request_templates": {
              "application/xml": "  {\r\n     \"body\" : $input.json('$')\r\n  }\r\n"
            },
            "resource_id": "dr6sm5",
            "rest_api_id": "pttggq8vxf",
            "timeout_milliseconds": 29000,
            "tls_config": [],
            "type": "AWS",
            "uri": "arn:aws:apigateway:eu-central-1:lambda:path/2015-03-31/functions/arn:aws:lambda:eu-central-1:730335546141:function:dev-lpnu-kostetskyi-get-all-courses/invocations"
          },
          "sensitive_attributes": [],
          "private": "bnVsbA==",
          "dependencies": [
            "aws_api_gateway_method.courses_get",
            "aws_api_gateway_resource.courses",
            "aws_api_gateway_rest_api.this",
            "module.cloudwatch.aws_cloudwatch_log_group.get_all_courses",
            "module.iam.aws_iam_role.get_all_courses",
            "module.iam.data.aws_iam_policy_document.lambda_assume_role_policy",
            "module.lambdas.module.lambda_function_get_all_courses.aws_cloudwatch_log_group.lambda",
            "module.lambdas.module.lambda_function_get_all_courses.aws_iam_policy.additional_inline",
            "module.lambdas.module.lambda_function_get_all_courses.aws_iam_policy.additional_json",
            "module.lambdas.module.lambda_function_get_all_courses.aws_iam_policy.additional_jsons",
            "module.lambdas.module.lambda_function_get_all_courses.aws_iam_policy.async",
            "module.lambdas.module.lambda_function_get_all_courses.aws_iam_policy.dead_letter",
            "module.lambdas.module.lambda_function_get_all_courses.aws_iam_policy.logs",
            "module.lambdas.module.lambda_function_get_all_courses.aws_iam_policy.tracing",
            "module.lambdas.module.lambda_function_get_all_courses.aws_iam_policy.vpc",
            "module.lambdas.module.lambda_function_get_all_courses.aws_iam_role.lambda",
            "module.lambdas.module.lambda_function_get_all_courses.aws_iam_role_policy_attachment.additional_inline",
            "module.lambdas.module.lambda_function_get_all_courses.aws_iam_role_policy_attachment.additional_json",
            "module.lambdas.module.lambda_function_get_all_courses.aws_iam_role_policy_attachment.additional_jsons",
            "module.lambdas.module.lambda_function_get_all_courses.aws_iam_role_policy_attachment.additional_many",
            "module.lambdas.module.lambda_function_get_all_courses.aws_iam_role_policy_attachment.additional_one",
            "module.lambdas.module.lambda_function_get_all_courses.aws_iam_role_policy_attachment.async",
            "module.lambdas.module.lambda_function_get_all_courses.aws_iam_role_policy_attachment.dead_letter",
            "module.lambdas.module.lambda_function_get_all_courses.aws_iam_role_policy_attachment.logs",
            "module.lambdas.module.lambda_function_get_all_courses.aws_iam_role_policy_attachment.tracing",
            "module.lambdas.module.lambda_function_get_all_courses.aws_iam_role_policy_attachment.vpc",
            "module.lambdas.module.lambda_function_get_all_courses.aws_lambda_function.this",
            "module.lambdas.module.lambda_function_get_all_courses.aws_s3_object.lambda_package",
            "module.lambdas.module.lambda_function_get_all_courses.data.aws_arn.log_group_arn",
            "module.lambdas.module.lambda_function_get_all_courses.data.aws_cloudwatch_log_group.lambda",
            "module.lambdas.module.lambda_function_get_all_courses.data.aws_iam_policy.tracing",
            "module.lambdas.module.lambda_function_get_all_courses.data.aws_iam_policy.vpc",
            "module.lambdas.module.lambda_function_get_all_courses.data.aws_iam_policy_document.additional_inline",
            "module.lambdas.module.lambda_function_get_all_courses.data.aws_iam_policy_document.assume_role",
            "module.lambdas.module.lambda_function_get_all_courses.data.aws_iam_policy_document.async",
            "module.lambdas.module.lambda_function_get_all_courses.data.aws_iam_policy_document.dead_letter",
            "module.lambdas.module.lambda_function_get_all_courses.data.aws_iam_policy_document.logs",
            "module.lambdas.module.lambda_function_get_all_courses.data.aws_partition.current",
            "module.lambdas.module.lambda_function_get_all_courses.data.external.archive_prepare",
            "module.lambdas.module.lambda_function_get_all_courses.local_file.archive_plan",
            "module.lambdas.module.lambda_function_get_all_courses.null_resource.archive",
            "module.table_courses.aws_dynamodb_table.this"
          ]
        }
      ]
    },
    {
      "mode": "managed",
      "type": "aws_api_gateway_integration",
      "name": "courses_integration",
      "provider": "provider[\"registry.terraform.io/hashicorp/aws\"]",
      "instances": [
        {
          "schema_version": 0,
          "attributes": {
            "cache_key_parameters": [],
            "cache_namespace": "dr6sm5",
            "connection_id": "",
            "connection_type": "INTERNET",
            "content_handling": "",
            "credentials": "",
            "http_method": "OPTIONS",
            "id": "agi-pttggq8vxf-dr6sm5-OPTIONS",
            "integration_http_method": "",
            "passthrough_behavior": "WHEN_NO_MATCH",
            "request_parameters": {},
            "request_templates": {
              "application/json": "{ \"statusCode\": 200 }\r\n"
            },
            "resource_id": "dr6sm5",
            "rest_api_id": "pttggq8vxf",
            "timeout_milliseconds": 29000,
            "tls_config": [],
            "type": "MOCK",
            "uri": ""
          },
          "sensitive_attributes": [],
          "private": "bnVsbA==",
          "dependencies": [
            "aws_api_gateway_method.courses_option",
            "aws_api_gateway_resource.courses",
            "aws_api_gateway_rest_api.this"
          ]
        }
      ]
    },
    {
      "mode": "managed",
      "type": "aws_api_gateway_integration",
      "name": "courses_post_integration",
      "provider": "provider[\"registry.terraform.io/hashicorp/aws\"]",
      "instances": [
        {
          "schema_version": 0,
          "attributes": {
            "cache_key_parameters": [],
            "cache_namespace": "dr6sm5",
            "connection_id": "",
            "connection_type": "INTERNET",
            "content_handling": "CONVERT_TO_TEXT",
            "credentials": "",
            "http_method": "POST",
            "id": "agi-pttggq8vxf-dr6sm5-POST",
            "integration_http_method": "POST",
            "passthrough_behavior": "WHEN_NO_MATCH",
            "request_parameters": {
              "integration.request.header.X-Authorization": "'static'"
            },
            "request_templates": {
              "application/xml": "  {\r\n     \"body\" : $input.json('$')\r\n  }\r\n"
            },
            "resource_id": "dr6sm5",
            "rest_api_id": "pttggq8vxf",
            "timeout_milliseconds": 29000,
            "tls_config": [],
            "type": "AWS",
            "uri": "arn:aws:apigateway:eu-central-1:lambda:path/2015-03-31/functions/arn:aws:lambda:eu-central-1:730335546141:function:dev-lpnu-kostetskyi-save-course/invocations"
          },
          "sensitive_attributes": [],
          "private": "bnVsbA==",
          "dependencies": [
            "aws_api_gateway_method.courses_post",
            "aws_api_gateway_resource.courses",
            "aws_api_gateway_rest_api.this",
            "module.cloudwatch.aws_cloudwatch_log_group.get_all_courses",
            "module.iam.aws_iam_role.save_course",
            "module.iam.data.aws_iam_policy_document.lambda_assume_role_policy",
            "module.lambdas.module.lambda_function_save_course.aws_cloudwatch_log_group.lambda",
            "module.lambdas.module.lambda_function_save_course.aws_iam_policy.additional_inline",
            "module.lambdas.module.lambda_function_save_course.aws_iam_policy.additional_json",
            "module.lambdas.module.lambda_function_save_course.aws_iam_policy.additional_jsons",
            "module.lambdas.module.lambda_function_save_course.aws_iam_policy.async",
            "module.lambdas.module.lambda_function_save_course.aws_iam_policy.dead_letter",
            "module.lambdas.module.lambda_function_save_course.aws_iam_policy.logs",
            "module.lambdas.module.lambda_function_save_course.aws_iam_policy.tracing",
            "module.lambdas.module.lambda_function_save_course.aws_iam_policy.vpc",
            "module.lambdas.module.lambda_function_save_course.aws_iam_role.lambda",
            "module.lambdas.module.lambda_function_save_course.aws_iam_role_policy_attachment.additional_inline",
            "module.lambdas.module.lambda_function_save_course.aws_iam_role_policy_attachment.additional_json",
            "module.lambdas.module.lambda_function_save_course.aws_iam_role_policy_attachment.additional_jsons",
            "module.lambdas.module.lambda_function_save_course.aws_iam_role_policy_attachment.additional_many",
            "module.lambdas.module.lambda_function_save_course.aws_iam_role_policy_attachment.additional_one",
            "module.lambdas.module.lambda_function_save_course.aws_iam_role_policy_attachment.async",
            "module.lambdas.module.lambda_function_save_course.aws_iam_role_policy_attachment.dead_letter",
            "module.lambdas.module.lambda_function_save_course.aws_iam_role_policy_attachment.logs",
            "module.lambdas.module.lambda_function_save_course.aws_iam_role_policy_attachment.tracing",
            "module.lambdas.module.lambda_function_save_course.aws_iam_role_policy_attachment.vpc",
            "module.lambdas.module.lambda_function_save_course.aws_lambda_function.this",
            "module.lambdas.module.lambda_function_save_course.aws_s3_object.lambda_package",
            "module.lambdas.module.lambda_function_save_course.data.aws_arn.log_group_arn",
            "module.lambdas.module.lambda_function_save_course.data.aws_cloudwatch_log_group.lambda",
            "module.lambdas.module.lambda_function_save_course.data.aws_iam_policy.tracing",
            "module.lambdas.module.lambda_function_save_course.data.aws_iam_policy.vpc",
            "module.lambdas.module.lambda_function_save_course.data.aws_iam_policy_document.additional_inline",
            "module.lambdas.module.lambda_function_save_course.data.aws_iam_policy_document.assume_role",
            "module.lambdas.module.lambda_function_save_course.data.aws_iam_policy_document.async",
            "module.lambdas.module.lambda_function_save_course.data.aws_iam_policy_document.dead_letter",
            "module.lambdas.module.lambda_function_save_course.data.aws_iam_policy_document.logs",
            "module.lambdas.module.lambda_function_save_course.data.aws_partition.current",
            "module.lambdas.module.lambda_function_save_course.data.external.archive_prepare",
            "module.lambdas.module.lambda_function_save_course.local_file.archive_plan",
            "module.lambdas.module.lambda_function_save_course.null_resource.archive",
            "module.table_courses.aws_dynamodb_table.this"
          ]
        }
      ]
    },
    {
      "mode": "managed",
      "type": "aws_api_gateway_integration",
      "name": "courses_put_integration",
      "provider": "provider[\"registry.terraform.io/hashicorp/aws\"]",
      "instances": [
        {
          "schema_version": 0,
          "attributes": {
            "cache_key_parameters": [],
            "cache_namespace": "dr6sm5",
            "connection_id": "",
            "connection_type": "INTERNET",
            "content_handling": "CONVERT_TO_TEXT",
            "credentials": "",
            "http_method": "PUT",
            "id": "agi-pttggq8vxf-dr6sm5-PUT",
            "integration_http_method": "POST",
            "passthrough_behavior": "WHEN_NO_MATCH",
            "request_parameters": {
              "integration.request.header.X-Authorization": "'static'"
            },
            "request_templates": {
              "application/xml": "  {\r\n     \"body\" : $input.json('$')\r\n  }\r\n"
            },
            "resource_id": "dr6sm5",
            "rest_api_id": "pttggq8vxf",
            "timeout_milliseconds": 29000,
            "tls_config": [],
            "type": "AWS",
            "uri": "arn:aws:apigateway:eu-central-1:lambda:path/2015-03-31/functions/arn:aws:lambda:eu-central-1:730335546141:function:dev-lpnu-kostetskyi-update-course/invocations"
          },
          "sensitive_attributes": [],
          "private": "bnVsbA==",
          "dependencies": [
            "aws_api_gateway_method.courses_put",
            "aws_api_gateway_resource.courses",
            "aws_api_gateway_rest_api.this",
            "module.cloudwatch.aws_cloudwatch_log_group.get_all_courses",
            "module.iam.aws_iam_role.update_course",
            "module.iam.data.aws_iam_policy_document.lambda_assume_role_policy",
            "module.lambdas.module.lambda_function_update_course.aws_cloudwatch_log_group.lambda",
            "module.lambdas.module.lambda_function_update_course.aws_iam_policy.additional_inline",
            "module.lambdas.module.lambda_function_update_course.aws_iam_policy.additional_json",
            "module.lambdas.module.lambda_function_update_course.aws_iam_policy.additional_jsons",
            "module.lambdas.module.lambda_function_update_course.aws_iam_policy.async",
            "module.lambdas.module.lambda_function_update_course.aws_iam_policy.dead_letter",
            "module.lambdas.module.lambda_function_update_course.aws_iam_policy.logs",
            "module.lambdas.module.lambda_function_update_course.aws_iam_policy.tracing",
            "module.lambdas.module.lambda_function_update_course.aws_iam_policy.vpc",
            "module.lambdas.module.lambda_function_update_course.aws_iam_role.lambda",
            "module.lambdas.module.lambda_function_update_course.aws_iam_role_policy_attachment.additional_inline",
            "module.lambdas.module.lambda_function_update_course.aws_iam_role_policy_attachment.additional_json",
            "module.lambdas.module.lambda_function_update_course.aws_iam_role_policy_attachment.additional_jsons",
            "module.lambdas.module.lambda_function_update_course.aws_iam_role_policy_attachment.additional_many",
            "module.lambdas.module.lambda_function_update_course.aws_iam_role_policy_attachment.additional_one",
            "module.lambdas.module.lambda_function_update_course.aws_iam_role_policy_attachment.async",
            "module.lambdas.module.lambda_function_update_course.aws_iam_role_policy_attachment.dead_letter",
            "module.lambdas.module.lambda_function_update_course.aws_iam_role_policy_attachment.logs",
            "module.lambdas.module.lambda_function_update_course.aws_iam_role_policy_attachment.tracing",
            "module.lambdas.module.lambda_function_update_course.aws_iam_role_policy_attachment.vpc",
            "module.lambdas.module.lambda_function_update_course.aws_lambda_function.this",
            "module.lambdas.module.lambda_function_update_course.aws_s3_object.lambda_package",
            "module.lambdas.module.lambda_function_update_course.data.aws_arn.log_group_arn",
            "module.lambdas.module.lambda_function_update_course.data.aws_cloudwatch_log_group.lambda",
            "module.lambdas.module.lambda_function_update_course.data.aws_iam_policy.tracing",
            "module.lambdas.module.lambda_function_update_course.data.aws_iam_policy.vpc",
            "module.lambdas.module.lambda_function_update_course.data.aws_iam_policy_document.additional_inline",
            "module.lambdas.module.lambda_function_update_course.data.aws_iam_policy_document.assume_role",
            "module.lambdas.module.lambda_function_update_course.data.aws_iam_policy_document.async",
            "module.lambdas.module.lambda_function_update_course.data.aws_iam_policy_document.dead_letter",
            "module.lambdas.module.lambda_function_update_course.data.aws_iam_policy_document.logs",
            "module.lambdas.module.lambda_function_update_course.data.aws_partition.current",
            "module.lambdas.module.lambda_function_update_course.data.external.archive_prepare",
            "module.lambdas.module.lambda_function_update_course.local_file.archive_plan",
            "module.lambdas.module.lambda_function_update_course.null_resource.archive",
            "module.table_courses.aws_dynamodb_table.this"
          ]
        }
      ]
    },
    {
      "mode": "managed",
      "type": "aws_api_gateway_integration",
      "name": "get_authors",
      "provider": "provider[\"registry.terraform.io/hashicorp/aws\"]",
      "instances": [
        {
          "schema_version": 0,
          "attributes": {
            "cache_key_parameters": [],
            "cache_namespace": "886q13",
            "connection_id": "",
            "connection_type": "INTERNET",
            "content_handling": "CONVERT_TO_TEXT",
            "credentials": "",
            "http_method": "GET",
            "id": "agi-pttggq8vxf-886q13-GET",
            "integration_http_method": "POST",
            "passthrough_behavior": "WHEN_NO_MATCH",
            "request_parameters": {
              "integration.request.header.X-Authorization": "'static'"
            },
            "request_templates": {
              "application/xml": "  {\r\n     \"body\" : $input.json('$')\r\n  }\r\n"
            },
            "resource_id": "886q13",
            "rest_api_id": "pttggq8vxf",
            "timeout_milliseconds": 29000,
            "tls_config": [],
            "type": "AWS",
            "uri": "arn:aws:apigateway:eu-central-1:lambda:path/2015-03-31/functions/arn:aws:lambda:eu-central-1:730335546141:function:dev-lpnu-kostetskyi-get-all-authors/invocations"
          },
          "sensitive_attributes": [],
          "private": "bnVsbA==",
          "dependencies": [
            "aws_api_gateway_method.get_authors",
            "aws_api_gateway_resource.authors",
            "aws_api_gateway_rest_api.this",
            "module.cloudwatch.aws_cloudwatch_log_group.get_all_authors",
            "module.iam.aws_iam_role.get_all_authors",
            "module.iam.data.aws_iam_policy_document.lambda_assume_role_policy",
            "module.lambdas.module.lambda_function_get_all_authors.aws_cloudwatch_log_group.lambda",
            "module.lambdas.module.lambda_function_get_all_authors.aws_iam_policy.additional_inline",
            "module.lambdas.module.lambda_function_get_all_authors.aws_iam_policy.additional_json",
            "module.lambdas.module.lambda_function_get_all_authors.aws_iam_policy.additional_jsons",
            "module.lambdas.module.lambda_function_get_all_authors.aws_iam_policy.async",
            "module.lambdas.module.lambda_function_get_all_authors.aws_iam_policy.dead_letter",
            "module.lambdas.module.lambda_function_get_all_authors.aws_iam_policy.logs",
            "module.lambdas.module.lambda_function_get_all_authors.aws_iam_policy.tracing",
            "module.lambdas.module.lambda_function_get_all_authors.aws_iam_policy.vpc",
            "module.lambdas.module.lambda_function_get_all_authors.aws_iam_role.lambda",
            "module.lambdas.module.lambda_function_get_all_authors.aws_iam_role_policy_attachment.additional_inline",
            "module.lambdas.module.lambda_function_get_all_authors.aws_iam_role_policy_attachment.additional_json",
            "module.lambdas.module.lambda_function_get_all_authors.aws_iam_role_policy_attachment.additional_jsons",
            "module.lambdas.module.lambda_function_get_all_authors.aws_iam_role_policy_attachment.additional_many",
            "module.lambdas.module.lambda_function_get_all_authors.aws_iam_role_policy_attachment.additional_one",
            "module.lambdas.module.lambda_function_get_all_authors.aws_iam_role_policy_attachment.async",
            "module.lambdas.module.lambda_function_get_all_authors.aws_iam_role_policy_attachment.dead_letter",
            "module.lambdas.module.lambda_function_get_all_authors.aws_iam_role_policy_attachment.logs",
            "module.lambdas.module.lambda_function_get_all_authors.aws_iam_role_policy_attachment.tracing",
            "module.lambdas.module.lambda_function_get_all_authors.aws_iam_role_policy_attachment.vpc",
            "module.lambdas.module.lambda_function_get_all_authors.aws_lambda_function.this",
            "module.lambdas.module.lambda_function_get_all_authors.aws_s3_object.lambda_package",
            "module.lambdas.module.lambda_function_get_all_authors.data.aws_arn.log_group_arn",
            "module.lambdas.module.lambda_function_get_all_authors.data.aws_cloudwatch_log_group.lambda",
            "module.lambdas.module.lambda_function_get_all_authors.data.aws_iam_policy.tracing",
            "module.lambdas.module.lambda_function_get_all_authors.data.aws_iam_policy.vpc",
            "module.lambdas.module.lambda_function_get_all_authors.data.aws_iam_policy_document.additional_inline",
            "module.lambdas.module.lambda_function_get_all_authors.data.aws_iam_policy_document.assume_role",
            "module.lambdas.module.lambda_function_get_all_authors.data.aws_iam_policy_document.async",
            "module.lambdas.module.lambda_function_get_all_authors.data.aws_iam_policy_document.dead_letter",
            "module.lambdas.module.lambda_function_get_all_authors.data.aws_iam_policy_document.logs",
            "module.lambdas.module.lambda_function_get_all_authors.data.aws_partition.current",
            "module.lambdas.module.lambda_function_get_all_authors.data.external.archive_prepare",
            "module.lambdas.module.lambda_function_get_all_authors.local_file.archive_plan",
            "module.lambdas.module.lambda_function_get_all_authors.null_resource.archive",
            "module.table_authors.aws_dynamodb_table.this"
          ]
        }
      ]
    },
    {
      "mode": "managed",
      "type": "aws_api_gateway_integration_response",
      "name": "courses_delete_integration_response",
      "provider": "provider[\"registry.terraform.io/hashicorp/aws\"]",
      "instances": [
        {
          "schema_version": 0,
          "attributes": {
            "content_handling": "",
            "http_method": "DELETE",
            "id": "agir-pttggq8vxf-dr6sm5-DELETE-200",
            "resource_id": "dr6sm5",
            "response_parameters": {},
            "response_templates": {},
            "rest_api_id": "pttggq8vxf",
            "selection_pattern": "",
            "status_code": "200"
          },
          "sensitive_attributes": [],
          "private": "bnVsbA==",
          "dependencies": [
            "aws_api_gateway_method.courses_delete",
            "aws_api_gateway_method_response.courses_delete_response_200",
            "aws_api_gateway_resource.courses",
            "aws_api_gateway_rest_api.this"
          ]
        }
      ]
    },
    {
      "mode": "managed",
      "type": "aws_api_gateway_integration_response",
      "name": "courses_get_integration_response",
      "provider": "provider[\"registry.terraform.io/hashicorp/aws\"]",
      "instances": [
        {
          "schema_version": 0,
          "attributes": {
            "content_handling": "",
            "http_method": "GET",
            "id": "agir-pttggq8vxf-dr6sm5-GET-200",
            "resource_id": "dr6sm5",
            "response_parameters": null,
            "response_templates": null,
            "rest_api_id": "pttggq8vxf",
            "selection_pattern": "",
            "status_code": "200"
          },
          "sensitive_attributes": [],
          "private": "bnVsbA==",
          "dependencies": [
            "aws_api_gateway_method.courses_get",
            "aws_api_gateway_method_response.courses_get_response_200",
            "aws_api_gateway_resource.courses",
            "aws_api_gateway_rest_api.this"
          ]
        }
      ]
    },
    {
      "mode": "managed",
      "type": "aws_api_gateway_integration_response",
      "name": "courses_integration_response",
      "provider": "provider[\"registry.terraform.io/hashicorp/aws\"]",
      "instances": [
        {
          "schema_version": 0,
          "attributes": {
            "content_handling": "",
            "http_method": "OPTIONS",
            "id": "agir-pttggq8vxf-dr6sm5-OPTIONS-200",
            "resource_id": "dr6sm5",
            "response_parameters": {},
            "response_templates": {},
            "rest_api_id": "pttggq8vxf",
            "selection_pattern": "",
            "status_code": "200"
          },
          "sensitive_attributes": [],
          "private": "bnVsbA==",
          "dependencies": [
            "aws_api_gateway_method.courses_option",
            "aws_api_gateway_method_response.courses_option_response_200",
            "aws_api_gateway_resource.courses",
            "aws_api_gateway_rest_api.this"
          ]
        }
      ]
    },
    {
      "mode": "managed",
      "type": "aws_api_gateway_integration_response",
      "name": "courses_post_integration_response",
      "provider": "provider[\"registry.terraform.io/hashicorp/aws\"]",
      "instances": [
        {
          "schema_version": 0,
          "attributes": {
            "content_handling": "",
            "http_method": "POST",
            "id": "agir-pttggq8vxf-dr6sm5-POST-200",
            "resource_id": "dr6sm5",
            "response_parameters": {},
            "response_templates": {},
            "rest_api_id": "pttggq8vxf",
            "selection_pattern": "",
            "status_code": "200"
          },
          "sensitive_attributes": [],
          "private": "bnVsbA==",
          "dependencies": [
            "aws_api_gateway_method.courses_post",
            "aws_api_gateway_method_response.courses_post_response_200",
            "aws_api_gateway_resource.courses",
            "aws_api_gateway_rest_api.this"
          ]
        }
      ]
    },
    {
      "mode": "managed",
      "type": "aws_api_gateway_integration_response",
      "name": "courses_put_integration_response",
      "provider": "provider[\"registry.terraform.io/hashicorp/aws\"]",
      "instances": [
        {
          "schema_version": 0,
          "attributes": {
            "content_handling": "",
            "http_method": "PUT",
            "id": "agir-pttggq8vxf-dr6sm5-PUT-200",
            "resource_id": "dr6sm5",
            "response_parameters": {},
            "response_templates": {},
            "rest_api_id": "pttggq8vxf",
            "selection_pattern": "",
            "status_code": "200"
          },
          "sensitive_attributes": [],
          "private": "bnVsbA==",
          "dependencies": [
            "aws_api_gateway_method.courses_put",
            "aws_api_gateway_method_response.courses_put_response_200",
            "aws_api_gateway_resource.courses",
            "aws_api_gateway_rest_api.this"
          ]
        }
      ]
    },
    {
      "mode": "managed",
      "type": "aws_api_gateway_integration_response",
      "name": "get_authors",
      "provider": "provider[\"registry.terraform.io/hashicorp/aws\"]",
      "instances": [
        {
          "schema_version": 0,
          "attributes": {
            "content_handling": "",
            "http_method": "GET",
            "id": "agir-pttggq8vxf-886q13-GET-200",
            "resource_id": "886q13",
            "response_parameters": {
              "method.response.header.Access-Control-Allow-Headers": "'Content-Type,X-Amz-Date,Authorization,X-Api-Key,X-Amz-Security-Token'",
              "method.response.header.Access-Control-Allow-Methods": "'GET,OPTIONS,POST,PUT'",
              "method.response.header.Access-Control-Allow-Origin": "'*'"
            },
            "response_templates": {},
            "rest_api_id": "pttggq8vxf",
            "selection_pattern": "",
            "status_code": "200"
          },
          "sensitive_attributes": [],
          "private": "bnVsbA==",
          "dependencies": [
            "aws_api_gateway_method.get_authors",
            "aws_api_gateway_method_response.get_authors",
            "aws_api_gateway_resource.authors",
            "aws_api_gateway_rest_api.this"
          ]
        }
      ]
    },
    {
      "mode": "managed",
      "type": "aws_api_gateway_method",
      "name": "courses_delete",
      "provider": "provider[\"registry.terraform.io/hashicorp/aws\"]",
      "instances": [
        {
          "schema_version": 0,
          "attributes": {
            "api_key_required": false,
            "authorization": "NONE",
            "authorization_scopes": [],
            "authorizer_id": "",
            "http_method": "DELETE",
            "id": "agm-pttggq8vxf-dr6sm5-DELETE",
            "operation_name": "",
            "request_models": {},
            "request_parameters": {},
            "request_validator_id": "",
            "resource_id": "dr6sm5",
            "rest_api_id": "pttggq8vxf"
          },
          "sensitive_attributes": [],
          "private": "bnVsbA==",
          "dependencies": [
            "aws_api_gateway_resource.courses",
            "aws_api_gateway_rest_api.this"
          ]
        }
      ]
    },
    {
      "mode": "managed",
      "type": "aws_api_gateway_method",
      "name": "courses_get",
      "provider": "provider[\"registry.terraform.io/hashicorp/aws\"]",
      "instances": [
        {
          "schema_version": 0,
          "attributes": {
            "api_key_required": false,
            "authorization": "NONE",
            "authorization_scopes": [],
            "authorizer_id": "",
            "http_method": "GET",
            "id": "agm-pttggq8vxf-dr6sm5-GET",
            "operation_name": "",
            "request_models": {},
            "request_parameters": {},
            "request_validator_id": "",
            "resource_id": "dr6sm5",
            "rest_api_id": "pttggq8vxf"
          },
          "sensitive_attributes": [],
          "private": "bnVsbA==",
          "dependencies": [
            "aws_api_gateway_resource.courses",
            "aws_api_gateway_rest_api.this"
          ]
        }
      ]
    },
    {
      "mode": "managed",
      "type": "aws_api_gateway_method",
      "name": "courses_option",
      "provider": "provider[\"registry.terraform.io/hashicorp/aws\"]",
      "instances": [
        {
          "schema_version": 0,
          "attributes": {
            "api_key_required": false,
            "authorization": "NONE",
            "authorization_scopes": [],
            "authorizer_id": "",
            "http_method": "OPTIONS",
            "id": "agm-pttggq8vxf-dr6sm5-OPTIONS",
            "operation_name": "",
            "request_models": {},
            "request_parameters": {},
            "request_validator_id": "",
            "resource_id": "dr6sm5",
            "rest_api_id": "pttggq8vxf"
          },
          "sensitive_attributes": [],
          "private": "bnVsbA==",
          "dependencies": [
            "aws_api_gateway_resource.courses",
            "aws_api_gateway_rest_api.this"
          ]
        }
      ]
    },
    {
      "mode": "managed",
      "type": "aws_api_gateway_method",
      "name": "courses_post",
      "provider": "provider[\"registry.terraform.io/hashicorp/aws\"]",
      "instances": [
        {
          "schema_version": 0,
          "attributes": {
            "api_key_required": false,
            "authorization": "NONE",
            "authorization_scopes": [],
            "authorizer_id": "",
            "http_method": "POST",
            "id": "agm-pttggq8vxf-dr6sm5-POST",
            "operation_name": "",
            "request_models": {},
            "request_parameters": {},
            "request_validator_id": "",
            "resource_id": "dr6sm5",
            "rest_api_id": "pttggq8vxf"
          },
          "sensitive_attributes": [],
          "private": "bnVsbA==",
          "dependencies": [
            "aws_api_gateway_resource.courses",
            "aws_api_gateway_rest_api.this"
          ]
        }
      ]
    },
    {
      "mode": "managed",
      "type": "aws_api_gateway_method",
      "name": "courses_put",
      "provider": "provider[\"registry.terraform.io/hashicorp/aws\"]",
      "instances": [
        {
          "schema_version": 0,
          "attributes": {
            "api_key_required": false,
            "authorization": "NONE",
            "authorization_scopes": [],
            "authorizer_id": "",
            "http_method": "PUT",
            "id": "agm-pttggq8vxf-dr6sm5-PUT",
            "operation_name": "",
            "request_models": {},
            "request_parameters": {},
            "request_validator_id": "",
            "resource_id": "dr6sm5",
            "rest_api_id": "pttggq8vxf"
          },
          "sensitive_attributes": [],
          "private": "bnVsbA==",
          "dependencies": [
            "aws_api_gateway_resource.courses",
            "aws_api_gateway_rest_api.this"
          ]
        }
      ]
    },
    {
      "mode": "managed",
      "type": "aws_api_gateway_method",
      "name": "get_authors",
      "provider": "provider[\"registry.terraform.io/hashicorp/aws\"]",
      "instances": [
        {
          "schema_version": 0,
          "attributes": {
            "api_key_required": false,
            "authorization": "NONE",
            "authorization_scopes": [],
            "authorizer_id": "",
            "http_method": "GET",
            "id": "agm-pttggq8vxf-886q13-GET",
            "operation_name": "",
            "request_models": {},
            "request_parameters": {},
            "request_validator_id": "",
            "resource_id": "886q13",
            "rest_api_id": "pttggq8vxf"
          },
          "sensitive_attributes": [],
          "private": "bnVsbA==",
          "dependencies": [
            "aws_api_gateway_resource.authors",
            "aws_api_gateway_rest_api.this"
          ]
        }
      ]
    },
    {
      "mode": "managed",
      "type": "aws_api_gateway_method_response",
      "name": "courses_delete_response_200",
      "provider": "provider[\"registry.terraform.io/hashicorp/aws\"]",
      "instances": [
        {
          "schema_version": 0,
          "attributes": {
            "http_method": "DELETE",
            "id": "agmr-pttggq8vxf-dr6sm5-DELETE-200",
            "resource_id": "dr6sm5",
            "response_models": {
              "application/json": "Empty"
            },
            "response_parameters": {
              "method.response.header.Access-Control-Allow-Headers": true,
              "method.response.header.Access-Control-Allow-Methods": true,
              "method.response.header.Access-Control-Allow-Origin": false
            },
            "rest_api_id": "pttggq8vxf",
            "status_code": "200"
          },
          "sensitive_attributes": [],
          "private": "bnVsbA==",
          "dependencies": [
            "aws_api_gateway_method.courses_delete",
            "aws_api_gateway_resource.courses",
            "aws_api_gateway_rest_api.this"
          ]
        }
      ]
    },
    {
      "mode": "managed",
      "type": "aws_api_gateway_method_response",
      "name": "courses_get_response_200",
      "provider": "provider[\"registry.terraform.io/hashicorp/aws\"]",
      "instances": [
        {
          "schema_version": 0,
          "attributes": {
            "http_method": "GET",
            "id": "agmr-pttggq8vxf-dr6sm5-GET-200",
            "resource_id": "dr6sm5",
            "response_models": {
              "application/json": "Empty"
            },
            "response_parameters": {
              "method.response.header.Access-Control-Allow-Headers": true,
              "method.response.header.Access-Control-Allow-Methods": true,
              "method.response.header.Access-Control-Allow-Origin": false
            },
            "rest_api_id": "pttggq8vxf",
            "status_code": "200"
          },
          "sensitive_attributes": [],
          "private": "bnVsbA==",
          "dependencies": [
            "aws_api_gateway_method.courses_get",
            "aws_api_gateway_resource.courses",
            "aws_api_gateway_rest_api.this"
          ]
        }
      ]
    },
    {
      "mode": "managed",
      "type": "aws_api_gateway_method_response",
      "name": "courses_option_response_200",
      "provider": "provider[\"registry.terraform.io/hashicorp/aws\"]",
      "instances": [
        {
          "schema_version": 0,
          "attributes": {
            "http_method": "OPTIONS",
            "id": "agmr-pttggq8vxf-dr6sm5-OPTIONS-200",
            "resource_id": "dr6sm5",
            "response_models": {
              "application/json": "Empty"
            },
            "response_parameters": {
              "method.response.header.Access-Control-Allow-Headers": true,
              "method.response.header.Access-Control-Allow-Methods": true,
              "method.response.header.Access-Control-Allow-Origin": false
            },
            "rest_api_id": "pttggq8vxf",
            "status_code": "200"
          },
          "sensitive_attributes": [],
          "private": "bnVsbA==",
          "dependencies": [
            "aws_api_gateway_method.courses_option",
            "aws_api_gateway_resource.courses",
            "aws_api_gateway_rest_api.this"
          ]
        }
      ]
    },
    {
      "mode": "managed",
      "type": "aws_api_gateway_method_response",
      "name": "courses_post_response_200",
      "provider": "provider[\"registry.terraform.io/hashicorp/aws\"]",
      "instances": [
        {
          "schema_version": 0,
          "attributes": {
            "http_method": "POST",
            "id": "agmr-pttggq8vxf-dr6sm5-POST-200",
            "resource_id": "dr6sm5",
            "response_models": {
              "application/json": "Empty"
            },
            "response_parameters": {
              "method.response.header.Access-Control-Allow-Headers": true,
              "method.response.header.Access-Control-Allow-Methods": true,
              "method.response.header.Access-Control-Allow-Origin": false
            },
            "rest_api_id": "pttggq8vxf",
            "status_code": "200"
          },
          "sensitive_attributes": [],
          "private": "bnVsbA==",
          "dependencies": [
            "aws_api_gateway_method.courses_post",
            "aws_api_gateway_resource.courses",
            "aws_api_gateway_rest_api.this"
          ]
        }
      ]
    },
    {
      "mode": "managed",
      "type": "aws_api_gateway_method_response",
      "name": "courses_put_response_200",
      "provider": "provider[\"registry.terraform.io/hashicorp/aws\"]",
      "instances": [
        {
          "schema_version": 0,
          "attributes": {
            "http_method": "PUT",
            "id": "agmr-pttggq8vxf-dr6sm5-PUT-200",
            "resource_id": "dr6sm5",
            "response_models": {
              "application/json": "Empty"
            },
            "response_parameters": {
              "method.response.header.Access-Control-Allow-Headers": true,
              "method.response.header.Access-Control-Allow-Methods": true,
              "method.response.header.Access-Control-Allow-Origin": false
            },
            "rest_api_id": "pttggq8vxf",
            "status_code": "200"
          },
          "sensitive_attributes": [],
          "private": "bnVsbA==",
          "dependencies": [
            "aws_api_gateway_method.courses_put",
            "aws_api_gateway_resource.courses",
            "aws_api_gateway_rest_api.this"
          ]
        }
      ]
    },
    {
      "mode": "managed",
      "type": "aws_api_gateway_method_response",
      "name": "get_authors",
      "provider": "provider[\"registry.terraform.io/hashicorp/aws\"]",
      "instances": [
        {
          "schema_version": 0,
          "attributes": {
            "http_method": "GET",
            "id": "agmr-pttggq8vxf-886q13-GET-200",
            "resource_id": "886q13",
            "response_models": {
              "application/json": "Empty"
            },
            "response_parameters": {
              "method.response.header.Access-Control-Allow-Headers": true,
              "method.response.header.Access-Control-Allow-Methods": true,
              "method.response.header.Access-Control-Allow-Origin": false
            },
            "rest_api_id": "pttggq8vxf",
            "status_code": "200"
          },
          "sensitive_attributes": [],
          "private": "bnVsbA==",
          "dependencies": [
            "aws_api_gateway_method.get_authors",
            "aws_api_gateway_resource.authors",
            "aws_api_gateway_rest_api.this"
          ]
        }
      ]
    },
    {
      "mode": "managed",
      "type": "aws_api_gateway_model",
      "name": "course_delete_model",
      "provider": "provider[\"registry.terraform.io/hashicorp/aws\"]",
      "instances": [
        {
          "schema_version": 0,
          "attributes": {
            "content_type": "application/json",
            "description": "a JSON schema",
            "id": "955wk5",
            "name": "devlpnukostetskyiapiDeleteCourse",
            "rest_api_id": "pttggq8vxf",
            "schema": "{\r\n  \"$schema\": \"http://json-schema.org/schema#\",\r\n  \"title\": \"CourseInputModel\",\r\n  \"type\": \"object\",\r\n  \"properties\": {\r\n    \"id\": {\"type\": \"string\"}\r\n  },\r\n  \"required\": [\"id\"]\r\n}\r\n"
          },
          "sensitive_attributes": [],
          "private": "bnVsbA==",
          "dependencies": [
            "aws_api_gateway_rest_api.this"
          ]
        }
      ]
    },
    {
      "mode": "managed",
      "type": "aws_api_gateway_model",
      "name": "course_post_model",
      "provider": "provider[\"registry.terraform.io/hashicorp/aws\"]",
      "instances": [
        {
          "schema_version": 0,
          "attributes": {
            "content_type": "application/json",
            "description": "a JSON schema",
            "id": "qnlxec",
            "name": "devlpnukostetskyiapiPostCourse",
            "rest_api_id": "pttggq8vxf",
            "schema": "{\r\n  \"$schema\": \"http://json-schema.org/schema#\",\r\n  \"title\": \"CourseInputModel\",\r\n  \"type\": \"object\",\r\n  \"properties\": {\r\n    \"title\": {\"type\": \"string\"},\r\n    \"authorId\": {\"type\": \"string\"}\r\n  },\r\n  \"required\": [\"title\", \"authorId\"]\r\n}\r\n"
          },
          "sensitive_attributes": [],
          "private": "bnVsbA==",
          "dependencies": [
            "aws_api_gateway_rest_api.this"
          ]
        }
      ]
    },
    {
      "mode": "managed",
      "type": "aws_api_gateway_model",
      "name": "course_put_model",
      "provider": "provider[\"registry.terraform.io/hashicorp/aws\"]",
      "instances": [
        {
          "schema_version": 0,
          "attributes": {
            "content_type": "application/json",
            "description": "a JSON schema",
            "id": "js0p8r",
            "name": "devlpnukostetskyiapiPutCourse",
            "rest_api_id": "pttggq8vxf",
            "schema": "{\r\n  \"$schema\": \"http://json-schema.org/schema#\",\r\n  \"title\": \"CourseInputModel\",\r\n  \"type\": \"object\",\r\n  \"properties\": {\r\n    \"id\": {\"type\": \"string\"},\r\n    \"title\": {\"type\": \"string\"},\r\n    \"authorId\": {\"type\": \"string\"}\r\n  },\r\n  \"required\": [\"id\", \"title\", \"authorId\"]\r\n}\r\n"
          },
          "sensitive_attributes": [],
          "private": "bnVsbA==",
          "dependencies": [
            "aws_api_gateway_rest_api.this"
          ]
        }
      ]
    },
    {
      "mode": "managed",
      "type": "aws_api_gateway_request_validator",
      "name": "this",
      "provider": "provider[\"registry.terraform.io/hashicorp/aws\"]",
      "instances": [
        {
          "schema_version": 0,
          "attributes": {
            "id": "cqq1f1",
            "name": "validate_request_body",
            "rest_api_id": "pttggq8vxf",
            "validate_request_body": true,
            "validate_request_parameters": false
          },
          "sensitive_attributes": [],
          "private": "bnVsbA==",
          "dependencies": [
            "aws_api_gateway_rest_api.this"
          ]
        }
      ]
    },
    {
      "mode": "managed",
      "type": "aws_api_gateway_resource",
      "name": "authors",
      "provider": "provider[\"registry.terraform.io/hashicorp/aws\"]",
      "instances": [
        {
          "schema_version": 0,
          "attributes": {
            "id": "886q13",
            "parent_id": "qetqmk9oa3",
            "path": "/authors",
            "path_part": "authors",
            "rest_api_id": "pttggq8vxf"
          },
          "sensitive_attributes": [],
          "private": "bnVsbA==",
          "dependencies": [
            "aws_api_gateway_rest_api.this"
          ]
        }
      ]
    },
    {
      "mode": "managed",
      "type": "aws_api_gateway_resource",
      "name": "courses",
      "provider": "provider[\"registry.terraform.io/hashicorp/aws\"]",
      "instances": [
        {
          "schema_version": 0,
          "attributes": {
            "id": "dr6sm5",
            "parent_id": "qetqmk9oa3",
            "path": "/courses",
            "path_part": "courses",
            "rest_api_id": "pttggq8vxf"
          },
          "sensitive_attributes": [],
          "private": "bnVsbA==",
          "dependencies": [
            "aws_api_gateway_rest_api.this"
          ]
        }
      ]
    },
    {
      "mode": "managed",
      "type": "aws_api_gateway_rest_api",
      "name": "this",
      "provider": "provider[\"registry.terraform.io/hashicorp/aws\"]",
      "instances": [
        {
          "schema_version": 0,
          "attributes": {
            "api_key_source": "HEADER",
            "arn": "arn:aws:apigateway:eu-central-1::/restapis/pttggq8vxf",
            "binary_media_types": [],
            "body": null,
            "created_date": "2024-04-17T15:38:01Z",
            "description": "API Gateway",
            "disable_execute_api_endpoint": false,
            "endpoint_configuration": [
              {
                "types": [
                  "REGIONAL"
                ],
                "vpc_endpoint_ids": []
              }
            ],
            "execution_arn": "arn:aws:execute-api:eu-central-1:730335546141:pttggq8vxf",
            "fail_on_warnings": null,
            "id": "pttggq8vxf",
            "minimum_compression_size": "",
            "name": "dev-lpnu-kostetskyi-api",
            "parameters": null,
            "policy": "",
            "put_rest_api_mode": null,
            "root_resource_id": "qetqmk9oa3",
            "tags": {},
            "tags_all": {}
          },
          "sensitive_attributes": [],
          "private": "bnVsbA==",
          "create_before_destroy": true
        }
      ]
    },
    {
      "mode": "managed",
      "type": "aws_api_gateway_stage",
      "name": "dev",
      "provider": "provider[\"registry.terraform.io/hashicorp/aws\"]",
      "instances": [
        {
          "schema_version": 0,
          "attributes": {
            "access_log_settings": [],
            "arn": "arn:aws:apigateway:eu-central-1::/restapis/pttggq8vxf/stages/dev",
            "cache_cluster_enabled": false,
            "cache_cluster_size": "",
            "canary_settings": [],
            "client_certificate_id": "",
            "deployment_id": "8tj97h",
            "description": "",
            "documentation_version": "",
            "execution_arn": "arn:aws:execute-api:eu-central-1:730335546141:pttggq8vxf/dev",
            "id": "ags-pttggq8vxf-dev",
            "invoke_url": "https://pttggq8vxf.execute-api.eu-central-1.amazonaws.com/dev",
            "rest_api_id": "pttggq8vxf",
            "stage_name": "dev",
            "tags": {},
            "tags_all": {},
            "variables": {},
            "web_acl_arn": "",
            "xray_tracing_enabled": false
          },
          "sensitive_attributes": [],
          "private": "bnVsbA==",
          "dependencies": [
            "aws_api_gateway_deployment.this",
            "aws_api_gateway_rest_api.this"
          ]
        }
      ]
    },
    {
      "mode": "managed",
      "type": "aws_s3_bucket",
      "name": "this",
      "provider": "provider[\"registry.terraform.io/hashicorp/aws\"]",
      "instances": [
        {
          "schema_version": 0,
          "attributes": {
            "acceleration_status": "",
            "acl": null,
            "arn": "arn:aws:s3:::dev-lpnu-kostetskyi-s3",
            "bucket": "dev-lpnu-kostetskyi-s3",
            "bucket_domain_name": "dev-lpnu-kostetskyi-s3.s3.amazonaws.com",
            "bucket_prefix": "",
            "bucket_regional_domain_name": "dev-lpnu-kostetskyi-s3.s3.eu-central-1.amazonaws.com",
            "cors_rule": [],
            "force_destroy": false,
            "grant": [
              {
                "id": "4f2410f954b770a3a5660f82e9f3970bbae159b484ab9a60f6b46ddc3df8954f",
                "permissions": [
                  "FULL_CONTROL"
                ],
                "type": "CanonicalUser",
                "uri": ""
              }
            ],
            "hosted_zone_id": "Z21DNDUVLTQW6Q",
            "id": "dev-lpnu-kostetskyi-s3",
            "lifecycle_rule": [],
            "logging": [],
            "object_lock_configuration": [],
            "object_lock_enabled": false,
            "policy": "",
            "region": "eu-central-1",
            "replication_configuration": [],
            "request_payer": "BucketOwner",
            "server_side_encryption_configuration": [
              {
                "rule": [
                  {
                    "apply_server_side_encryption_by_default": [
                      {
                        "kms_master_key_id": "",
                        "sse_algorithm": "AES256"
                      }
                    ],
                    "bucket_key_enabled": false
                  }
                ]
              }
            ],
            "tags": {
              "Environment": "kostetskyi",
              "Name": "forum",
              "Namespace": "lpnu",
              "Stage": "dev"
            },
            "tags_all": {
              "Environment": "kostetskyi",
              "Name": "forum",
              "Namespace": "lpnu",
              "Stage": "dev"
            },
            "timeouts": null,
            "versioning": [
              {
                "enabled": false,
                "mfa_delete": false
              }
            ],
            "website": [],
            "website_domain": null,
            "website_endpoint": null
          },
          "sensitive_attributes": [],
          "private": "eyJlMmJmYjczMC1lY2FhLTExZTYtOGY4OC0zNDM2M2JjN2M0YzAiOnsiY3JlYXRlIjoxMjAwMDAwMDAwMDAwLCJkZWxldGUiOjM2MDAwMDAwMDAwMDAsInJlYWQiOjEyMDAwMDAwMDAwMDAsInVwZGF0ZSI6MTIwMDAwMDAwMDAwMH19"
        }
      ]
    },
    {
      "mode": "managed",
      "type": "aws_sns_topic_subscription",
      "name": "email",
      "provider": "provider[\"registry.terraform.io/hashicorp/aws\"]",
      "instances": [
        {
          "schema_version": 0,
          "attributes": {
            "arn": "arn:aws:sns:eu-central-1:730335546141:dev-lpnu-kostetskyi-notification:ad50d8db-2dbf-4cc9-968a-147696e92892",
            "confirmation_timeout_in_minutes": 1,
            "confirmation_was_authenticated": false,
            "delivery_policy": "",
            "endpoint": "ihor.kostetskyi.ri.2023@lpnu.ua",
            "endpoint_auto_confirms": false,
            "filter_policy": "",
            "filter_policy_scope": "",
            "id": "arn:aws:sns:eu-central-1:730335546141:dev-lpnu-kostetskyi-notification:ad50d8db-2dbf-4cc9-968a-147696e92892",
            "owner_id": "730335546141",
            "pending_confirmation": false,
            "protocol": "email",
            "raw_message_delivery": false,
            "redrive_policy": "",
            "replay_policy": "",
            "subscription_role_arn": "",
            "topic_arn": "arn:aws:sns:eu-central-1:730335546141:dev-lpnu-kostetskyi-notification"
          },
          "sensitive_attributes": [],
          "private": "bnVsbA==",
          "dependencies": [
            "module.notify_slack.aws_iam_role.sns_feedback_role",
            "module.notify_slack.aws_sns_topic.this",
            "module.notify_slack.data.aws_caller_identity.current",
            "module.notify_slack.data.aws_iam_policy_document.sns_feedback",
            "module.notify_slack.data.aws_partition.current",
            "module.notify_slack.data.aws_region.current"
          ]
        }
      ]
    },
    {
      "module": "module.cdn",
      "mode": "data",
      "type": "aws_cloudfront_cache_policy",
      "name": "this",
      "provider": "provider[\"registry.terraform.io/hashicorp/aws\"]",
      "instances": []
    },
    {
      "module": "module.cdn",
      "mode": "data",
      "type": "aws_cloudfront_origin_request_policy",
      "name": "this",
      "provider": "provider[\"registry.terraform.io/hashicorp/aws\"]",
      "instances": []
    },
    {
      "module": "module.cdn",
      "mode": "data",
      "type": "aws_cloudfront_response_headers_policy",
      "name": "this",
      "provider": "provider[\"registry.terraform.io/hashicorp/aws\"]",
      "instances": []
    },
    {
      "module": "module.cdn",
      "mode": "managed",
      "type": "aws_cloudfront_distribution",
      "name": "this",
      "provider": "provider[\"registry.terraform.io/hashicorp/aws\"]",
      "instances": [
        {
          "index_key": 0,
          "schema_version": 1,
          "attributes": {
            "aliases": [],
            "arn": "arn:aws:cloudfront::730335546141:distribution/E16XC8FX8AXBWN",
            "caller_reference": "terraform-20240416153718939800000002",
            "comment": "My awesome CloudFront 2024",
            "continuous_deployment_policy_id": "",
            "custom_error_response": [
              {
                "error_caching_min_ttl": 10,
                "error_code": 403,
                "response_code": 200,
                "response_page_path": "/index.html"
              },
              {
                "error_caching_min_ttl": 10,
                "error_code": 404,
                "response_code": 200,
                "response_page_path": "/index.html"
              }
            ],
            "default_cache_behavior": [
              {
                "allowed_methods": [
                  "GET",
                  "HEAD",
                  "OPTIONS"
                ],
                "cache_policy_id": "",
                "cached_methods": [
                  "GET",
                  "HEAD"
                ],
                "compress": true,
                "default_ttl": 0,
                "field_level_encryption_id": "",
                "forwarded_values": [
                  {
                    "cookies": [
                      {
                        "forward": "none",
                        "whitelisted_names": []
                      }
                    ],
                    "headers": [],
                    "query_string": true,
                    "query_string_cache_keys": []
                  }
                ],
                "function_association": [],
                "lambda_function_association": [],
                "max_ttl": 0,
                "min_ttl": 0,
                "origin_request_policy_id": "",
                "realtime_log_config_arn": "",
                "response_headers_policy_id": "",
                "smooth_streaming": false,
                "target_origin_id": "s3_one",
                "trusted_key_groups": [],
                "trusted_signers": [],
                "viewer_protocol_policy": "allow-all"
              }
            ],
            "default_root_object": "index.html",
            "domain_name": "d7488qo69aso1.cloudfront.net",
            "enabled": true,
            "etag": "E1COZO0NI7N6H",
            "hosted_zone_id": "Z2FDTNDATAQYW2",
            "http_version": "http2",
            "id": "E16XC8FX8AXBWN",
            "in_progress_validation_batches": 0,
            "is_ipv6_enabled": false,
            "last_modified_time": "2024-04-16 15:37:19.395 +0000 UTC",
            "logging_config": [],
            "ordered_cache_behavior": [],
            "origin": [
              {
                "connection_attempts": 3,
                "connection_timeout": 10,
                "custom_header": [],
                "custom_origin_config": [],
                "domain_name": "dev-lpnu-kostetskyi-front-app.s3.eu-central-1.amazonaws.com",
                "origin_access_control_id": "",
                "origin_id": "s3_one",
                "origin_path": "",
                "origin_shield": [],
                "s3_origin_config": [
                  {
                    "origin_access_identity": "origin-access-identity/cloudfront/E3KODKZ09EU0D8"
                  }
                ]
              }
            ],
            "origin_group": [],
            "price_class": "PriceClass_100",
            "restrictions": [
              {
                "geo_restriction": [
                  {
                    "locations": [],
                    "restriction_type": "none"
                  }
                ]
              }
            ],
            "retain_on_delete": false,
            "staging": false,
            "status": "Deployed",
            "tags": {},
            "tags_all": {},
            "trusted_key_groups": [
              {
                "enabled": false,
                "items": []
              }
            ],
            "trusted_signers": [
              {
                "enabled": false,
                "items": []
              }
            ],
            "viewer_certificate": [
              {
                "acm_certificate_arn": "",
                "cloudfront_default_certificate": true,
                "iam_certificate_id": "",
                "minimum_protocol_version": "TLSv1",
                "ssl_support_method": ""
              }
            ],
            "wait_for_deployment": false,
            "web_acl_id": ""
          },
          "sensitive_attributes": [],
          "private": "eyJzY2hlbWFfdmVyc2lvbiI6IjEifQ==",
          "dependencies": [
            "module.cdn.aws_cloudfront_origin_access_control.this",
            "module.cdn.aws_cloudfront_origin_access_identity.this",
            "module.cdn.data.aws_cloudfront_cache_policy.this",
            "module.cdn.data.aws_cloudfront_origin_request_policy.this",
            "module.cdn.data.aws_cloudfront_response_headers_policy.this",
            "module.front_application.aws_s3_bucket.this"
          ]
        }
      ]
    },
    {
      "module": "module.cdn",
      "mode": "managed",
      "type": "aws_cloudfront_origin_access_control",
      "name": "this",
      "provider": "provider[\"registry.terraform.io/hashicorp/aws\"]",
      "instances": []
    },
    {
      "module": "module.cdn",
      "mode": "managed",
      "type": "aws_cloudfront_origin_access_identity",
      "name": "this",
      "provider": "provider[\"registry.terraform.io/hashicorp/aws\"]",
      "instances": [
        {
          "index_key": "s3_bucket_one",
          "schema_version": 0,
          "attributes": {
            "caller_reference": "terraform-20240416153715485400000001",
            "cloudfront_access_identity_path": "origin-access-identity/cloudfront/E3KODKZ09EU0D8",
            "comment": "My awesome CloudFront can access",
            "etag": "E2NUCV5TJAYLQY",
            "iam_arn": "arn:aws:iam::cloudfront:user/CloudFront Origin Access Identity E3KODKZ09EU0D8",
            "id": "E3KODKZ09EU0D8",
            "s3_canonical_user_id": "4d895df44ab64808d9996c4a62beba4cf48bfd4f00d7ceb9b5a4ff2fa9f16c3af77c39d541760a8ada9f9cbc63fbcd97"
          },
          "sensitive_attributes": [],
          "private": "bnVsbA==",
          "create_before_destroy": true
        }
      ]
    },
    {
      "module": "module.cloudwatch",
      "mode": "managed",
      "type": "aws_cloudwatch_log_group",
      "name": "delete_course",
      "provider": "provider[\"registry.terraform.io/hashicorp/aws\"]",
      "instances": [
        {
          "schema_version": 0,
          "attributes": {
            "arn": "arn:aws:logs:eu-central-1:730335546141:log-group:dev-lpnu-kostetskyi-delete-course",
            "id": "dev-lpnu-kostetskyi-delete-course",
            "kms_key_id": "",
            "log_group_class": "STANDARD",
            "name": "dev-lpnu-kostetskyi-delete-course",
            "name_prefix": "",
            "retention_in_days": 90,
            "skip_destroy": false,
            "tags": {
              "Environment": "kostetskyi",
              "Name": "dev-lpnu-kostetskyi-delete-course",
              "Namespace": "lpnu",
              "Stage": "dev"
            },
            "tags_all": {
              "Environment": "kostetskyi",
              "Name": "dev-lpnu-kostetskyi-delete-course",
              "Namespace": "lpnu",
              "Stage": "dev"
            }
          },
          "sensitive_attributes": [],
          "private": "bnVsbA=="
        }
      ]
    },
    {
      "module": "module.cloudwatch",
      "mode": "managed",
      "type": "aws_cloudwatch_log_group",
      "name": "get_all_authors",
      "provider": "provider[\"registry.terraform.io/hashicorp/aws\"]",
      "instances": [
        {
          "schema_version": 0,
          "attributes": {
            "arn": "arn:aws:logs:eu-central-1:730335546141:log-group:dev-lpnu-kostetskyi-get-all-authors",
            "id": "dev-lpnu-kostetskyi-get-all-authors",
            "kms_key_id": "",
            "log_group_class": "STANDARD",
            "name": "dev-lpnu-kostetskyi-get-all-authors",
            "name_prefix": "",
            "retention_in_days": 90,
            "skip_destroy": false,
            "tags": {
              "Environment": "kostetskyi",
              "Name": "dev-lpnu-kostetskyi-get-all-authors",
              "Namespace": "lpnu",
              "Stage": "dev"
            },
            "tags_all": {
              "Environment": "kostetskyi",
              "Name": "dev-lpnu-kostetskyi-get-all-authors",
              "Namespace": "lpnu",
              "Stage": "dev"
            }
          },
          "sensitive_attributes": [],
          "private": "bnVsbA=="
        }
      ]
    },
    {
      "module": "module.cloudwatch",
      "mode": "managed",
      "type": "aws_cloudwatch_log_group",
      "name": "get_all_courses",
      "provider": "provider[\"registry.terraform.io/hashicorp/aws\"]",
      "instances": [
        {
          "schema_version": 0,
          "attributes": {
            "arn": "arn:aws:logs:eu-central-1:730335546141:log-group:dev-lpnu-kostetskyi-get-all-courses",
            "id": "dev-lpnu-kostetskyi-get-all-courses",
            "kms_key_id": "",
            "log_group_class": "STANDARD",
            "name": "dev-lpnu-kostetskyi-get-all-courses",
            "name_prefix": "",
            "retention_in_days": 90,
            "skip_destroy": false,
            "tags": {
              "Environment": "kostetskyi",
              "Name": "dev-lpnu-kostetskyi-get-all-courses",
              "Namespace": "lpnu",
              "Stage": "dev"
            },
            "tags_all": {
              "Environment": "kostetskyi",
              "Name": "dev-lpnu-kostetskyi-get-all-courses",
              "Namespace": "lpnu",
              "Stage": "dev"
            }
          },
          "sensitive_attributes": [],
          "private": "bnVsbA=="
        }
      ]
    },
    {
      "module": "module.cloudwatch",
      "mode": "managed",
      "type": "aws_cloudwatch_log_group",
      "name": "get_course",
      "provider": "provider[\"registry.terraform.io/hashicorp/aws\"]",
      "instances": [
        {
          "schema_version": 0,
          "attributes": {
            "arn": "arn:aws:logs:eu-central-1:730335546141:log-group:dev-lpnu-kostetskyi-get-course",
            "id": "dev-lpnu-kostetskyi-get-course",
            "kms_key_id": "",
            "log_group_class": "STANDARD",
            "name": "dev-lpnu-kostetskyi-get-course",
            "name_prefix": "",
            "retention_in_days": 90,
            "skip_destroy": false,
            "tags": {
              "Environment": "kostetskyi",
              "Name": "dev-lpnu-kostetskyi-get-course",
              "Namespace": "lpnu",
              "Stage": "dev"
            },
            "tags_all": {
              "Environment": "kostetskyi",
              "Name": "dev-lpnu-kostetskyi-get-course",
              "Namespace": "lpnu",
              "Stage": "dev"
            }
          },
          "sensitive_attributes": [],
          "private": "bnVsbA=="
        }
      ]
    },
    {
      "module": "module.cloudwatch",
      "mode": "managed",
      "type": "aws_cloudwatch_log_group",
      "name": "save_course",
      "provider": "provider[\"registry.terraform.io/hashicorp/aws\"]",
      "instances": [
        {
          "schema_version": 0,
          "attributes": {
            "arn": "arn:aws:logs:eu-central-1:730335546141:log-group:dev-lpnu-kostetskyi-save-course",
            "id": "dev-lpnu-kostetskyi-save-course",
            "kms_key_id": "",
            "log_group_class": "STANDARD",
            "name": "dev-lpnu-kostetskyi-save-course",
            "name_prefix": "",
            "retention_in_days": 90,
            "skip_destroy": false,
            "tags": {
              "Environment": "kostetskyi",
              "Name": "dev-lpnu-kostetskyi-save-course",
              "Namespace": "lpnu",
              "Stage": "dev"
            },
            "tags_all": {
              "Environment": "kostetskyi",
              "Name": "dev-lpnu-kostetskyi-save-course",
              "Namespace": "lpnu",
              "Stage": "dev"
            }
          },
          "sensitive_attributes": [],
          "private": "bnVsbA=="
        }
      ]
    },
    {
      "module": "module.cloudwatch",
      "mode": "managed",
      "type": "aws_cloudwatch_log_group",
      "name": "update_course",
      "provider": "provider[\"registry.terraform.io/hashicorp/aws\"]",
      "instances": [
        {
          "schema_version": 0,
          "attributes": {
            "arn": "arn:aws:logs:eu-central-1:730335546141:log-group:dev-lpnu-kostetskyi-update-course",
            "id": "dev-lpnu-kostetskyi-update-course",
            "kms_key_id": "",
            "log_group_class": "STANDARD",
            "name": "dev-lpnu-kostetskyi-update-course",
            "name_prefix": "",
            "retention_in_days": 90,
            "skip_destroy": false,
            "tags": {
              "Environment": "kostetskyi",
              "Name": "dev-lpnu-kostetskyi-update-course",
              "Namespace": "lpnu",
              "Stage": "dev"
            },
            "tags_all": {
              "Environment": "kostetskyi",
              "Name": "dev-lpnu-kostetskyi-update-course",
              "Namespace": "lpnu",
              "Stage": "dev"
            }
          },
          "sensitive_attributes": [],
          "private": "bnVsbA=="
        }
      ]
    },
    {
      "module": "module.cors",
      "mode": "managed",
      "type": "aws_api_gateway_integration",
      "name": "_",
      "provider": "provider[\"registry.terraform.io/hashicorp/aws\"]",
      "instances": [
        {
          "schema_version": 0,
          "attributes": {
            "cache_key_parameters": [],
            "cache_namespace": "886q13",
            "connection_id": "",
            "connection_type": "INTERNET",
            "content_handling": "CONVERT_TO_TEXT",
            "credentials": "",
            "http_method": "OPTIONS",
            "id": "agi-pttggq8vxf-886q13-OPTIONS",
            "integration_http_method": "",
            "passthrough_behavior": "WHEN_NO_MATCH",
            "request_parameters": {},
            "request_templates": {
              "application/json": "{ \"statusCode\": 200 }"
            },
            "resource_id": "886q13",
            "rest_api_id": "pttggq8vxf",
            "timeout_milliseconds": 29000,
            "tls_config": [],
            "type": "MOCK",
            "uri": ""
          },
          "sensitive_attributes": [],
          "private": "bnVsbA==",
          "dependencies": [
            "aws_api_gateway_resource.authors",
            "aws_api_gateway_rest_api.this",
            "module.cors.aws_api_gateway_method._"
          ]
        }
      ]
    },
    {
      "module": "module.cors",
      "mode": "managed",
      "type": "aws_api_gateway_integration_response",
      "name": "_",
      "provider": "provider[\"registry.terraform.io/hashicorp/aws\"]",
      "instances": [
        {
          "schema_version": 0,
          "attributes": {
            "content_handling": "",
            "http_method": "OPTIONS",
            "id": "agir-pttggq8vxf-886q13-OPTIONS-200",
            "resource_id": "886q13",
            "response_parameters": {
              "method.response.header.Access-Control-Allow-Headers": "'Authorization,Content-Type,X-Amz-Date,X-Amz-Security-Token,X-Api-Key'",
              "method.response.header.Access-Control-Allow-Methods": "'OPTIONS,HEAD,GET,POST,PUT,PATCH,DELETE'",
              "method.response.header.Access-Control-Allow-Origin": "'*'",
              "method.response.header.Access-Control-Max-Age": "'7200'"
            },
            "response_templates": {},
            "rest_api_id": "pttggq8vxf",
            "selection_pattern": "",
            "status_code": "200"
          },
          "sensitive_attributes": [],
          "private": "bnVsbA==",
          "dependencies": [
            "aws_api_gateway_resource.authors",
            "aws_api_gateway_rest_api.this",
            "module.cors.aws_api_gateway_integration._",
            "module.cors.aws_api_gateway_method._",
            "module.cors.aws_api_gateway_method_response._"
          ]
        }
      ]
    },
    {
      "module": "module.cors",
      "mode": "managed",
      "type": "aws_api_gateway_method",
      "name": "_",
      "provider": "provider[\"registry.terraform.io/hashicorp/aws\"]",
      "instances": [
        {
          "schema_version": 0,
          "attributes": {
            "api_key_required": false,
            "authorization": "NONE",
            "authorization_scopes": [],
            "authorizer_id": "",
            "http_method": "OPTIONS",
            "id": "agm-pttggq8vxf-886q13-OPTIONS",
            "operation_name": "",
            "request_models": {},
            "request_parameters": {},
            "request_validator_id": "",
            "resource_id": "886q13",
            "rest_api_id": "pttggq8vxf"
          },
          "sensitive_attributes": [],
          "private": "bnVsbA==",
          "dependencies": [
            "aws_api_gateway_resource.authors",
            "aws_api_gateway_rest_api.this"
          ]
        }
      ]
    },
    {
      "module": "module.cors",
      "mode": "managed",
      "type": "aws_api_gateway_method_response",
      "name": "_",
      "provider": "provider[\"registry.terraform.io/hashicorp/aws\"]",
      "instances": [
        {
          "schema_version": 0,
          "attributes": {
            "http_method": "OPTIONS",
            "id": "agmr-pttggq8vxf-886q13-OPTIONS-200",
            "resource_id": "886q13",
            "response_models": {
              "application/json": "Empty"
            },
            "response_parameters": {
              "method.response.header.Access-Control-Allow-Headers": true,
              "method.response.header.Access-Control-Allow-Methods": true,
              "method.response.header.Access-Control-Allow-Origin": true,
              "method.response.header.Access-Control-Max-Age": true
            },
            "rest_api_id": "pttggq8vxf",
            "status_code": "200"
          },
          "sensitive_attributes": [],
          "private": "bnVsbA==",
          "dependencies": [
            "aws_api_gateway_resource.authors",
            "aws_api_gateway_rest_api.this",
            "module.cors.aws_api_gateway_method._"
          ]
        }
      ]
    },
    {
      "module": "module.front_application",
      "mode": "data",
      "type": "aws_caller_identity",
      "name": "current",
      "provider": "provider[\"registry.terraform.io/hashicorp/aws\"]",
      "instances": [
        {
          "schema_version": 0,
          "attributes": {
            "account_id": "730335546141",
            "arn": "arn:aws:iam::730335546141:user/terraform",
            "id": "730335546141",
            "user_id": "AIDA2UC3EBMOVSJN7GVRK"
          },
          "sensitive_attributes": []
        }
      ]
    },
    {
      "module": "module.front_application",
      "mode": "data",
      "type": "aws_canonical_user_id",
      "name": "this",
      "provider": "provider[\"registry.terraform.io/hashicorp/aws\"]",
      "instances": [
        {
          "index_key": 0,
          "schema_version": 0,
          "attributes": {
            "display_name": "",
            "id": "4f2410f954b770a3a5660f82e9f3970bbae159b484ab9a60f6b46ddc3df8954f"
          },
          "sensitive_attributes": []
        }
      ]
    },
    {
      "module": "module.front_application",
      "mode": "data",
      "type": "aws_iam_policy_document",
      "name": "access_log_delivery",
      "provider": "provider[\"registry.terraform.io/hashicorp/aws\"]",
      "instances": []
    },
    {
      "module": "module.front_application",
      "mode": "data",
      "type": "aws_iam_policy_document",
      "name": "combined",
      "provider": "provider[\"registry.terraform.io/hashicorp/aws\"]",
      "instances": []
    },
    {
      "module": "module.front_application",
      "mode": "data",
      "type": "aws_iam_policy_document",
      "name": "deny_incorrect_encryption_headers",
      "provider": "provider[\"registry.terraform.io/hashicorp/aws\"]",
      "instances": []
    },
    {
      "module": "module.front_application",
      "mode": "data",
      "type": "aws_iam_policy_document",
      "name": "deny_incorrect_kms_key_sse",
      "provider": "provider[\"registry.terraform.io/hashicorp/aws\"]",
      "instances": []
    },
    {
      "module": "module.front_application",
      "mode": "data",
      "type": "aws_iam_policy_document",
      "name": "deny_insecure_transport",
      "provider": "provider[\"registry.terraform.io/hashicorp/aws\"]",
      "instances": []
    },
    {
      "module": "module.front_application",
      "mode": "data",
      "type": "aws_iam_policy_document",
      "name": "deny_unencrypted_object_uploads",
      "provider": "provider[\"registry.terraform.io/hashicorp/aws\"]",
      "instances": []
    },
    {
      "module": "module.front_application",
      "mode": "data",
      "type": "aws_iam_policy_document",
      "name": "elb_log_delivery",
      "provider": "provider[\"registry.terraform.io/hashicorp/aws\"]",
      "instances": []
    },
    {
      "module": "module.front_application",
      "mode": "data",
      "type": "aws_iam_policy_document",
      "name": "inventory_and_analytics_destination_policy",
      "provider": "provider[\"registry.terraform.io/hashicorp/aws\"]",
      "instances": []
    },
    {
      "module": "module.front_application",
      "mode": "data",
      "type": "aws_iam_policy_document",
      "name": "lb_log_delivery",
      "provider": "provider[\"registry.terraform.io/hashicorp/aws\"]",
      "instances": []
    },
    {
      "module": "module.front_application",
      "mode": "data",
      "type": "aws_iam_policy_document",
      "name": "require_latest_tls",
      "provider": "provider[\"registry.terraform.io/hashicorp/aws\"]",
      "instances": []
    },
    {
      "module": "module.front_application",
      "mode": "data",
      "type": "aws_partition",
      "name": "current",
      "provider": "provider[\"registry.terraform.io/hashicorp/aws\"]",
      "instances": [
        {
          "schema_version": 0,
          "attributes": {
            "dns_suffix": "amazonaws.com",
            "id": "aws",
            "partition": "aws",
            "reverse_dns_prefix": "com.amazonaws"
          },
          "sensitive_attributes": []
        }
      ]
    },
    {
      "module": "module.front_application",
      "mode": "data",
      "type": "aws_region",
      "name": "current",
      "provider": "provider[\"registry.terraform.io/hashicorp/aws\"]",
      "instances": [
        {
          "schema_version": 0,
          "attributes": {
            "description": "Europe (Frankfurt)",
            "endpoint": "ec2.eu-central-1.amazonaws.com",
            "id": "eu-central-1",
            "name": "eu-central-1"
          },
          "sensitive_attributes": []
        }
      ]
    },
    {
      "module": "module.front_application",
      "mode": "managed",
      "type": "aws_s3_bucket",
      "name": "this",
      "provider": "provider[\"registry.terraform.io/hashicorp/aws\"]",
      "instances": [
        {
          "index_key": 0,
          "schema_version": 0,
          "attributes": {
            "acceleration_status": "",
            "acl": null,
            "arn": "arn:aws:s3:::dev-lpnu-kostetskyi-front-app",
            "bucket": "dev-lpnu-kostetskyi-front-app",
            "bucket_domain_name": "dev-lpnu-kostetskyi-front-app.s3.amazonaws.com",
            "bucket_prefix": "",
            "bucket_regional_domain_name": "dev-lpnu-kostetskyi-front-app.s3.eu-central-1.amazonaws.com",
            "cors_rule": [],
            "force_destroy": false,
            "grant": [
              {
                "id": "4f2410f954b770a3a5660f82e9f3970bbae159b484ab9a60f6b46ddc3df8954f",
                "permissions": [
                  "FULL_CONTROL"
                ],
                "type": "CanonicalUser",
                "uri": ""
              }
            ],
            "hosted_zone_id": "Z21DNDUVLTQW6Q",
            "id": "dev-lpnu-kostetskyi-front-app",
            "lifecycle_rule": [],
            "logging": [],
            "object_lock_configuration": [],
            "object_lock_enabled": false,
            "policy": "",
            "region": "eu-central-1",
            "replication_configuration": [],
            "request_payer": "BucketOwner",
            "server_side_encryption_configuration": [
              {
                "rule": [
                  {
                    "apply_server_side_encryption_by_default": [
                      {
                        "kms_master_key_id": "",
                        "sse_algorithm": "AES256"
                      }
                    ],
                    "bucket_key_enabled": false
                  }
                ]
              }
            ],
            "tags": {},
            "tags_all": {},
            "timeouts": null,
            "versioning": [
              {
                "enabled": false,
                "mfa_delete": false
              }
            ],
            "website": [],
            "website_domain": null,
            "website_endpoint": null
          },
          "sensitive_attributes": [],
          "private": "eyJlMmJmYjczMC1lY2FhLTExZTYtOGY4OC0zNDM2M2JjN2M0YzAiOnsiY3JlYXRlIjoxMjAwMDAwMDAwMDAwLCJkZWxldGUiOjM2MDAwMDAwMDAwMDAsInJlYWQiOjEyMDAwMDAwMDAwMDAsInVwZGF0ZSI6MTIwMDAwMDAwMDAwMH19"
        }
      ]
    },
    {
      "module": "module.front_application",
      "mode": "managed",
      "type": "aws_s3_bucket_acl",
      "name": "this",
      "provider": "provider[\"registry.terraform.io/hashicorp/aws\"]",
      "instances": [
        {
          "index_key": 0,
          "schema_version": 0,
          "attributes": {
            "access_control_policy": [
              {
                "grant": [
                  {
                    "grantee": [
                      {
                        "display_name": "",
                        "email_address": "",
                        "id": "4f2410f954b770a3a5660f82e9f3970bbae159b484ab9a60f6b46ddc3df8954f",
                        "type": "CanonicalUser",
                        "uri": ""
                      }
                    ],
                    "permission": "FULL_CONTROL"
                  }
                ],
                "owner": [
                  {
                    "display_name": "",
                    "id": "4f2410f954b770a3a5660f82e9f3970bbae159b484ab9a60f6b46ddc3df8954f"
                  }
                ]
              }
            ],
            "acl": "private",
            "bucket": "dev-lpnu-kostetskyi-front-app",
            "expected_bucket_owner": "",
            "id": "dev-lpnu-kostetskyi-front-app,private"
          },
          "sensitive_attributes": [],
          "private": "bnVsbA==",
          "dependencies": [
            "module.front_application.aws_s3_bucket.this",
            "module.front_application.aws_s3_bucket_ownership_controls.this",
            "module.front_application.aws_s3_bucket_policy.this",
            "module.front_application.aws_s3_bucket_public_access_block.this",
            "module.front_application.data.aws_caller_identity.current",
            "module.front_application.data.aws_canonical_user_id.this",
            "module.front_application.data.aws_iam_policy_document.access_log_delivery",
            "module.front_application.data.aws_iam_policy_document.combined",
            "module.front_application.data.aws_iam_policy_document.deny_incorrect_encryption_headers",
            "module.front_application.data.aws_iam_policy_document.deny_incorrect_kms_key_sse",
            "module.front_application.data.aws_iam_policy_document.deny_insecure_transport",
            "module.front_application.data.aws_iam_policy_document.deny_unencrypted_object_uploads",
            "module.front_application.data.aws_iam_policy_document.elb_log_delivery",
            "module.front_application.data.aws_iam_policy_document.inventory_and_analytics_destination_policy",
            "module.front_application.data.aws_iam_policy_document.lb_log_delivery",
            "module.front_application.data.aws_iam_policy_document.require_latest_tls",
            "module.front_application.data.aws_partition.current",
            "module.front_application.data.aws_region.current"
          ]
        }
      ]
    },
    {
      "module": "module.front_application",
      "mode": "managed",
      "type": "aws_s3_bucket_ownership_controls",
      "name": "this",
      "provider": "provider[\"registry.terraform.io/hashicorp/aws\"]",
      "instances": [
        {
          "index_key": 0,
          "schema_version": 0,
          "attributes": {
            "bucket": "dev-lpnu-kostetskyi-front-app",
            "id": "dev-lpnu-kostetskyi-front-app",
            "rule": [
              {
                "object_ownership": "ObjectWriter"
              }
            ]
          },
          "sensitive_attributes": [],
          "private": "bnVsbA==",
          "dependencies": [
            "module.front_application.aws_s3_bucket.this",
            "module.front_application.aws_s3_bucket_policy.this",
            "module.front_application.aws_s3_bucket_public_access_block.this",
            "module.front_application.data.aws_caller_identity.current",
            "module.front_application.data.aws_iam_policy_document.access_log_delivery",
            "module.front_application.data.aws_iam_policy_document.combined",
            "module.front_application.data.aws_iam_policy_document.deny_incorrect_encryption_headers",
            "module.front_application.data.aws_iam_policy_document.deny_incorrect_kms_key_sse",
            "module.front_application.data.aws_iam_policy_document.deny_insecure_transport",
            "module.front_application.data.aws_iam_policy_document.deny_unencrypted_object_uploads",
            "module.front_application.data.aws_iam_policy_document.elb_log_delivery",
            "module.front_application.data.aws_iam_policy_document.inventory_and_analytics_destination_policy",
            "module.front_application.data.aws_iam_policy_document.lb_log_delivery",
            "module.front_application.data.aws_iam_policy_document.require_latest_tls",
            "module.front_application.data.aws_partition.current",
            "module.front_application.data.aws_region.current"
          ]
        }
      ]
    },
    {
      "module": "module.front_application",
      "mode": "managed",
      "type": "aws_s3_bucket_policy",
      "name": "this",
      "provider": "provider[\"registry.terraform.io/hashicorp/aws\"]",
      "instances": []
    },
    {
      "module": "module.front_application",
      "mode": "managed",
      "type": "aws_s3_bucket_public_access_block",
      "name": "this",
      "provider": "provider[\"registry.terraform.io/hashicorp/aws\"]",
      "instances": [
        {
          "index_key": 0,
          "schema_version": 0,
          "attributes": {
            "block_public_acls": true,
            "block_public_policy": true,
            "bucket": "dev-lpnu-kostetskyi-front-app",
            "id": "dev-lpnu-kostetskyi-front-app",
            "ignore_public_acls": true,
            "restrict_public_buckets": true
          },
          "sensitive_attributes": [],
          "private": "bnVsbA==",
          "dependencies": [
            "module.front_application.aws_s3_bucket.this"
          ]
        }
      ]
    },
    {
      "module": "module.iam",
      "mode": "data",
      "type": "aws_iam_policy_document",
      "name": "delete_course",
      "provider": "provider[\"registry.terraform.io/hashicorp/aws\"]",
      "instances": [
        {
          "schema_version": 0,
          "attributes": {
            "id": "4011754079",
            "json": "{\n  \"Version\": \"2012-10-17\",\n  \"Statement\": [\n    {\n      \"Effect\": \"Allow\",\n      \"Action\": \"dynamodb:DeleteItem\",\n      \"Resource\": \"arn:aws:dynamodb:eu-central-1:730335546141:table/dev-lpnu-kostetskyi-courses\"\n    },\n    {\n      \"Effect\": \"Allow\",\n      \"Action\": [\n        \"logs:PutLogEvents\",\n        \"logs:CreateLogStream\",\n        \"kms:Decrypt\"\n      ],\n      \"Resource\": [\n        \"arn:aws:logs:eu-central-1:730335546141:log-group:dev-lpnu-kostetskyi-delete-course:*:*\",\n        \"arn:aws:logs:eu-central-1:730335546141:log-group:dev-lpnu-kostetskyi-delete-course:*\"\n      ]\n    }\n  ]\n}",
            "override_policy_documents": null,
            "policy_id": null,
            "source_policy_documents": null,
            "statement": [
              {
                "actions": [
                  "dynamodb:DeleteItem"
                ],
                "condition": [],
                "effect": "Allow",
                "not_actions": [],
                "not_principals": [],
                "not_resources": [],
                "principals": [],
                "resources": [
                  "arn:aws:dynamodb:eu-central-1:730335546141:table/dev-lpnu-kostetskyi-courses"
                ],
                "sid": ""
              },
              {
                "actions": [
                  "kms:Decrypt",
                  "logs:CreateLogStream",
                  "logs:PutLogEvents"
                ],
                "condition": [],
                "effect": "Allow",
                "not_actions": [],
                "not_principals": [],
                "not_resources": [],
                "principals": [],
                "resources": [
                  "arn:aws:logs:eu-central-1:730335546141:log-group:dev-lpnu-kostetskyi-delete-course:*",
                  "arn:aws:logs:eu-central-1:730335546141:log-group:dev-lpnu-kostetskyi-delete-course:*:*"
                ],
                "sid": ""
              }
            ],
            "version": "2012-10-17"
          },
          "sensitive_attributes": []
        }
      ]
    },
    {
      "module": "module.iam",
      "mode": "data",
      "type": "aws_iam_policy_document",
      "name": "get_all_authors",
      "provider": "provider[\"registry.terraform.io/hashicorp/aws\"]",
      "instances": [
        {
          "schema_version": 0,
          "attributes": {
            "id": "106853991",
            "json": "{\n  \"Version\": \"2012-10-17\",\n  \"Statement\": [\n    {\n      \"Effect\": \"Allow\",\n      \"Action\": [\n        \"dynamodb:UpdateItem\",\n        \"dynamodb:Scan\",\n        \"dynamodb:PutItem\",\n        \"dynamodb:GetItem\",\n        \"dynamodb:DeleteItem\"\n      ],\n      \"Resource\": \"arn:aws:dynamodb:eu-central-1:730335546141:table/dev-lpnu-kostetskyi-authors\"\n    },\n    {\n      \"Effect\": \"Allow\",\n      \"Action\": [\n        \"logs:PutLogEvents\",\n        \"logs:CreateLogStream\",\n        \"kms:Decrypt\"\n      ],\n      \"Resource\": [\n        \"arn:aws:logs:eu-central-1:730335546141:log-group:dev-lpnu-kostetskyi-get-all-authors:*:*\",\n        \"arn:aws:logs:eu-central-1:730335546141:log-group:dev-lpnu-kostetskyi-get-all-authors:*\"\n      ]\n    }\n  ]\n}",
            "override_policy_documents": null,
            "policy_id": null,
            "source_policy_documents": null,
            "statement": [
              {
                "actions": [
                  "dynamodb:DeleteItem",
                  "dynamodb:GetItem",
                  "dynamodb:PutItem",
                  "dynamodb:Scan",
                  "dynamodb:UpdateItem"
                ],
                "condition": [],
                "effect": "Allow",
                "not_actions": [],
                "not_principals": [],
                "not_resources": [],
                "principals": [],
                "resources": [
                  "arn:aws:dynamodb:eu-central-1:730335546141:table/dev-lpnu-kostetskyi-authors"
                ],
                "sid": ""
              },
              {
                "actions": [
                  "kms:Decrypt",
                  "logs:CreateLogStream",
                  "logs:PutLogEvents"
                ],
                "condition": [],
                "effect": "Allow",
                "not_actions": [],
                "not_principals": [],
                "not_resources": [],
                "principals": [],
                "resources": [
                  "arn:aws:logs:eu-central-1:730335546141:log-group:dev-lpnu-kostetskyi-get-all-authors:*",
                  "arn:aws:logs:eu-central-1:730335546141:log-group:dev-lpnu-kostetskyi-get-all-authors:*:*"
                ],
                "sid": ""
              }
            ],
            "version": "2012-10-17"
          },
          "sensitive_attributes": []
        }
      ]
    },
    {
      "module": "module.iam",
      "mode": "data",
      "type": "aws_iam_policy_document",
      "name": "get_all_courses",
      "provider": "provider[\"registry.terraform.io/hashicorp/aws\"]",
      "instances": [
        {
          "schema_version": 0,
          "attributes": {
            "id": "2236035164",
            "json": "{\n  \"Version\": \"2012-10-17\",\n  \"Statement\": [\n    {\n      \"Effect\": \"Allow\",\n      \"Action\": \"dynamodb:Scan\",\n      \"Resource\": \"arn:aws:dynamodb:eu-central-1:730335546141:table/dev-lpnu-kostetskyi-courses\"\n    },\n    {\n      \"Effect\": \"Allow\",\n      \"Action\": [\n        \"logs:PutLogEvents\",\n        \"logs:CreateLogStream\",\n        \"kms:Decrypt\"\n      ],\n      \"Resource\": [\n        \"arn:aws:logs:eu-central-1:730335546141:log-group:dev-lpnu-kostetskyi-get-all-courses:*:*\",\n        \"arn:aws:logs:eu-central-1:730335546141:log-group:dev-lpnu-kostetskyi-get-all-courses:*\"\n      ]\n    }\n  ]\n}",
            "override_policy_documents": null,
            "policy_id": null,
            "source_policy_documents": null,
            "statement": [
              {
                "actions": [
                  "dynamodb:Scan"
                ],
                "condition": [],
                "effect": "Allow",
                "not_actions": [],
                "not_principals": [],
                "not_resources": [],
                "principals": [],
                "resources": [
                  "arn:aws:dynamodb:eu-central-1:730335546141:table/dev-lpnu-kostetskyi-courses"
                ],
                "sid": ""
              },
              {
                "actions": [
                  "kms:Decrypt",
                  "logs:CreateLogStream",
                  "logs:PutLogEvents"
                ],
                "condition": [],
                "effect": "Allow",
                "not_actions": [],
                "not_principals": [],
                "not_resources": [],
                "principals": [],
                "resources": [
                  "arn:aws:logs:eu-central-1:730335546141:log-group:dev-lpnu-kostetskyi-get-all-courses:*",
                  "arn:aws:logs:eu-central-1:730335546141:log-group:dev-lpnu-kostetskyi-get-all-courses:*:*"
                ],
                "sid": ""
              }
            ],
            "version": "2012-10-17"
          },
          "sensitive_attributes": []
        }
      ]
    },
    {
      "module": "module.iam",
      "mode": "data",
      "type": "aws_iam_policy_document",
      "name": "get_course",
      "provider": "provider[\"registry.terraform.io/hashicorp/aws\"]",
      "instances": [
        {
          "schema_version": 0,
          "attributes": {
            "id": "826046670",
            "json": "{\n  \"Version\": \"2012-10-17\",\n  \"Statement\": [\n    {\n      \"Effect\": \"Allow\",\n      \"Action\": \"dynamodb:GetItem\",\n      \"Resource\": \"arn:aws:dynamodb:eu-central-1:730335546141:table/dev-lpnu-kostetskyi-courses\"\n    },\n    {\n      \"Effect\": \"Allow\",\n      \"Action\": [\n        \"logs:PutLogEvents\",\n        \"logs:CreateLogStream\",\n        \"kms:Decrypt\"\n      ],\n      \"Resource\": [\n        \"arn:aws:logs:eu-central-1:730335546141:log-group:dev-lpnu-kostetskyi-get-course:*:*\",\n        \"arn:aws:logs:eu-central-1:730335546141:log-group:dev-lpnu-kostetskyi-get-course:*\"\n      ]\n    }\n  ]\n}",
            "override_policy_documents": null,
            "policy_id": null,
            "source_policy_documents": null,
            "statement": [
              {
                "actions": [
                  "dynamodb:GetItem"
                ],
                "condition": [],
                "effect": "Allow",
                "not_actions": [],
                "not_principals": [],
                "not_resources": [],
                "principals": [],
                "resources": [
                  "arn:aws:dynamodb:eu-central-1:730335546141:table/dev-lpnu-kostetskyi-courses"
                ],
                "sid": ""
              },
              {
                "actions": [
                  "kms:Decrypt",
                  "logs:CreateLogStream",
                  "logs:PutLogEvents"
                ],
                "condition": [],
                "effect": "Allow",
                "not_actions": [],
                "not_principals": [],
                "not_resources": [],
                "principals": [],
                "resources": [
                  "arn:aws:logs:eu-central-1:730335546141:log-group:dev-lpnu-kostetskyi-get-course:*",
                  "arn:aws:logs:eu-central-1:730335546141:log-group:dev-lpnu-kostetskyi-get-course:*:*"
                ],
                "sid": ""
              }
            ],
            "version": "2012-10-17"
          },
          "sensitive_attributes": []
        }
      ]
    },
    {
      "module": "module.iam",
      "mode": "data",
      "type": "aws_iam_policy_document",
      "name": "lambda_assume_role_policy",
      "provider": "provider[\"registry.terraform.io/hashicorp/aws\"]",
      "instances": [
        {
          "schema_version": 0,
          "attributes": {
            "id": "2690255455",
            "json": "{\n  \"Version\": \"2012-10-17\",\n  \"Statement\": [\n    {\n      \"Effect\": \"Allow\",\n      \"Action\": \"sts:AssumeRole\",\n      \"Principal\": {\n        \"Service\": \"lambda.amazonaws.com\"\n      }\n    }\n  ]\n}",
            "override_policy_documents": null,
            "policy_id": null,
            "source_policy_documents": null,
            "statement": [
              {
                "actions": [
                  "sts:AssumeRole"
                ],
                "condition": [],
                "effect": "Allow",
                "not_actions": [],
                "not_principals": [],
                "not_resources": [],
                "principals": [
                  {
                    "identifiers": [
                      "lambda.amazonaws.com"
                    ],
                    "type": "Service"
                  }
                ],
                "resources": [],
                "sid": ""
              }
            ],
            "version": "2012-10-17"
          },
          "sensitive_attributes": []
        }
      ]
    },
    {
      "module": "module.iam",
      "mode": "data",
      "type": "aws_iam_policy_document",
      "name": "save_course",
      "provider": "provider[\"registry.terraform.io/hashicorp/aws\"]",
      "instances": [
        {
          "schema_version": 0,
          "attributes": {
            "id": "212733021",
            "json": "{\n  \"Version\": \"2012-10-17\",\n  \"Statement\": [\n    {\n      \"Effect\": \"Allow\",\n      \"Action\": \"dynamodb:PutItem\",\n      \"Resource\": \"arn:aws:dynamodb:eu-central-1:730335546141:table/dev-lpnu-kostetskyi-courses\"\n    },\n    {\n      \"Effect\": \"Allow\",\n      \"Action\": [\n        \"logs:PutLogEvents\",\n        \"logs:CreateLogStream\",\n        \"kms:Decrypt\"\n      ],\n      \"Resource\": [\n        \"arn:aws:logs:eu-central-1:730335546141:log-group:dev-lpnu-kostetskyi-save-course:*:*\",\n        \"arn:aws:logs:eu-central-1:730335546141:log-group:dev-lpnu-kostetskyi-save-course:*\"\n      ]\n    }\n  ]\n}",
            "override_policy_documents": null,
            "policy_id": null,
            "source_policy_documents": null,
            "statement": [
              {
                "actions": [
                  "dynamodb:PutItem"
                ],
                "condition": [],
                "effect": "Allow",
                "not_actions": [],
                "not_principals": [],
                "not_resources": [],
                "principals": [],
                "resources": [
                  "arn:aws:dynamodb:eu-central-1:730335546141:table/dev-lpnu-kostetskyi-courses"
                ],
                "sid": ""
              },
              {
                "actions": [
                  "kms:Decrypt",
                  "logs:CreateLogStream",
                  "logs:PutLogEvents"
                ],
                "condition": [],
                "effect": "Allow",
                "not_actions": [],
                "not_principals": [],
                "not_resources": [],
                "principals": [],
                "resources": [
                  "arn:aws:logs:eu-central-1:730335546141:log-group:dev-lpnu-kostetskyi-save-course:*",
                  "arn:aws:logs:eu-central-1:730335546141:log-group:dev-lpnu-kostetskyi-save-course:*:*"
                ],
                "sid": ""
              }
            ],
            "version": "2012-10-17"
          },
          "sensitive_attributes": []
        }
      ]
    },
    {
      "module": "module.iam",
      "mode": "data",
      "type": "aws_iam_policy_document",
      "name": "update_course",
      "provider": "provider[\"registry.terraform.io/hashicorp/aws\"]",
      "instances": [
        {
          "schema_version": 0,
          "attributes": {
            "id": "3598206420",
            "json": "{\n  \"Version\": \"2012-10-17\",\n  \"Statement\": [\n    {\n      \"Effect\": \"Allow\",\n      \"Action\": \"dynamodb:PutItem\",\n      \"Resource\": \"arn:aws:dynamodb:eu-central-1:730335546141:table/dev-lpnu-kostetskyi-courses\"\n    },\n    {\n      \"Effect\": \"Allow\",\n      \"Action\": [\n        \"logs:PutLogEvents\",\n        \"logs:CreateLogStream\",\n        \"kms:Decrypt\"\n      ],\n      \"Resource\": [\n        \"arn:aws:logs:eu-central-1:730335546141:log-group:dev-lpnu-kostetskyi-update-course:*:*\",\n        \"arn:aws:logs:eu-central-1:730335546141:log-group:dev-lpnu-kostetskyi-update-course:*\"\n      ]\n    }\n  ]\n}",
            "override_policy_documents": null,
            "policy_id": null,
            "source_policy_documents": null,
            "statement": [
              {
                "actions": [
                  "dynamodb:PutItem"
                ],
                "condition": [],
                "effect": "Allow",
                "not_actions": [],
                "not_principals": [],
                "not_resources": [],
                "principals": [],
                "resources": [
                  "arn:aws:dynamodb:eu-central-1:730335546141:table/dev-lpnu-kostetskyi-courses"
                ],
                "sid": ""
              },
              {
                "actions": [
                  "kms:Decrypt",
                  "logs:CreateLogStream",
                  "logs:PutLogEvents"
                ],
                "condition": [],
                "effect": "Allow",
                "not_actions": [],
                "not_principals": [],
                "not_resources": [],
                "principals": [],
                "resources": [
                  "arn:aws:logs:eu-central-1:730335546141:log-group:dev-lpnu-kostetskyi-update-course:*",
                  "arn:aws:logs:eu-central-1:730335546141:log-group:dev-lpnu-kostetskyi-update-course:*:*"
                ],
                "sid": ""
              }
            ],
            "version": "2012-10-17"
          },
          "sensitive_attributes": []
        }
      ]
    },
    {
      "module": "module.iam",
      "mode": "managed",
      "type": "aws_iam_role",
      "name": "delete_course",
      "provider": "provider[\"registry.terraform.io/hashicorp/aws\"]",
      "instances": [
        {
          "schema_version": 0,
          "attributes": {
            "arn": "arn:aws:iam::730335546141:role/dev-lpnu-kostetskyi-delete-course",
            "assume_role_policy": "{\"Statement\":[{\"Action\":\"sts:AssumeRole\",\"Effect\":\"Allow\",\"Principal\":{\"Service\":\"lambda.amazonaws.com\"}}],\"Version\":\"2012-10-17\"}",
            "create_date": "2024-04-17T12:28:18Z",
            "description": "",
            "force_detach_policies": false,
            "id": "dev-lpnu-kostetskyi-delete-course",
            "inline_policy": [],
            "managed_policy_arns": [
              "arn:aws:iam::730335546141:policy/dev-lpnu-kostetskyi-delete-course"
            ],
            "max_session_duration": 3600,
            "name": "dev-lpnu-kostetskyi-delete-course",
            "name_prefix": "",
            "path": "/",
            "permissions_boundary": "",
            "tags": {},
            "tags_all": {},
            "unique_id": "AROA2UC3EBMOSXKZBUFEZ"
          },
          "sensitive_attributes": [],
          "private": "bnVsbA==",
          "dependencies": [
            "module.iam.data.aws_iam_policy_document.lambda_assume_role_policy"
          ]
        }
      ]
    },
    {
      "module": "module.iam",
      "mode": "managed",
      "type": "aws_iam_role",
      "name": "get_all_authors",
      "provider": "provider[\"registry.terraform.io/hashicorp/aws\"]",
      "instances": [
        {
          "schema_version": 0,
          "attributes": {
            "arn": "arn:aws:iam::730335546141:role/dev-lpnu-kostetskyi-get-all-authors",
            "assume_role_policy": "{\"Statement\":[{\"Action\":\"sts:AssumeRole\",\"Effect\":\"Allow\",\"Principal\":{\"Service\":\"lambda.amazonaws.com\"}}],\"Version\":\"2012-10-17\"}",
            "create_date": "2024-04-17T12:28:18Z",
            "description": "",
            "force_detach_policies": false,
            "id": "dev-lpnu-kostetskyi-get-all-authors",
            "inline_policy": [],
            "managed_policy_arns": [
              "arn:aws:iam::730335546141:policy/dev-lpnu-kostetskyi-get-all-authors"
            ],
            "max_session_duration": 3600,
            "name": "dev-lpnu-kostetskyi-get-all-authors",
            "name_prefix": "",
            "path": "/",
            "permissions_boundary": "",
            "tags": {},
            "tags_all": {},
            "unique_id": "AROA2UC3EBMORWHOPOFP6"
          },
          "sensitive_attributes": [],
          "private": "bnVsbA==",
          "dependencies": [
            "module.iam.data.aws_iam_policy_document.lambda_assume_role_policy"
          ]
        }
      ]
    },
    {
      "module": "module.iam",
      "mode": "managed",
      "type": "aws_iam_role",
      "name": "get_all_courses",
      "provider": "provider[\"registry.terraform.io/hashicorp/aws\"]",
      "instances": [
        {
          "schema_version": 0,
          "attributes": {
            "arn": "arn:aws:iam::730335546141:role/dev-lpnu-kostetskyi-get-all-courses",
            "assume_role_policy": "{\"Statement\":[{\"Action\":\"sts:AssumeRole\",\"Effect\":\"Allow\",\"Principal\":{\"Service\":\"lambda.amazonaws.com\"}}],\"Version\":\"2012-10-17\"}",
            "create_date": "2024-04-17T12:28:18Z",
            "description": "",
            "force_detach_policies": false,
            "id": "dev-lpnu-kostetskyi-get-all-courses",
            "inline_policy": [],
            "managed_policy_arns": [
              "arn:aws:iam::730335546141:policy/dev-lpnu-kostetskyi-get-all-courses"
            ],
            "max_session_duration": 3600,
            "name": "dev-lpnu-kostetskyi-get-all-courses",
            "name_prefix": "",
            "path": "/",
            "permissions_boundary": "",
            "tags": {},
            "tags_all": {},
            "unique_id": "AROA2UC3EBMOSYHRSLLOY"
          },
          "sensitive_attributes": [],
          "private": "bnVsbA==",
          "dependencies": [
            "module.iam.data.aws_iam_policy_document.lambda_assume_role_policy"
          ]
        }
      ]
    },
    {
      "module": "module.iam",
      "mode": "managed",
      "type": "aws_iam_role",
      "name": "get_course",
      "provider": "provider[\"registry.terraform.io/hashicorp/aws\"]",
      "instances": [
        {
          "schema_version": 0,
          "attributes": {
            "arn": "arn:aws:iam::730335546141:role/dev-lpnu-kostetskyi-get-course",
            "assume_role_policy": "{\"Statement\":[{\"Action\":\"sts:AssumeRole\",\"Effect\":\"Allow\",\"Principal\":{\"Service\":\"lambda.amazonaws.com\"}}],\"Version\":\"2012-10-17\"}",
            "create_date": "2024-04-17T15:30:56Z",
            "description": "",
            "force_detach_policies": false,
            "id": "dev-lpnu-kostetskyi-get-course",
            "inline_policy": [],
            "managed_policy_arns": [
              "arn:aws:iam::730335546141:policy/dev-lpnu-kostetskyi-get-course"
            ],
            "max_session_duration": 3600,
            "name": "dev-lpnu-kostetskyi-get-course",
            "name_prefix": "",
            "path": "/",
            "permissions_boundary": "",
            "tags": {},
            "tags_all": {},
            "unique_id": "AROA2UC3EBMOXN3YRQ2FT"
          },
          "sensitive_attributes": [],
          "private": "bnVsbA==",
          "dependencies": [
            "module.iam.data.aws_iam_policy_document.lambda_assume_role_policy"
          ]
        }
      ]
    },
    {
      "module": "module.iam",
      "mode": "managed",
      "type": "aws_iam_role",
      "name": "save_course",
      "provider": "provider[\"registry.terraform.io/hashicorp/aws\"]",
      "instances": [
        {
          "schema_version": 0,
          "attributes": {
            "arn": "arn:aws:iam::730335546141:role/dev-lpnu-kostetskyi-save-course",
            "assume_role_policy": "{\"Statement\":[{\"Action\":\"sts:AssumeRole\",\"Effect\":\"Allow\",\"Principal\":{\"Service\":\"lambda.amazonaws.com\"}}],\"Version\":\"2012-10-17\"}",
            "create_date": "2024-04-17T12:28:18Z",
            "description": "",
            "force_detach_policies": false,
            "id": "dev-lpnu-kostetskyi-save-course",
            "inline_policy": [],
            "managed_policy_arns": [
              "arn:aws:iam::730335546141:policy/dev-lpnu-kostetskyi-save-course"
            ],
            "max_session_duration": 3600,
            "name": "dev-lpnu-kostetskyi-save-course",
            "name_prefix": "",
            "path": "/",
            "permissions_boundary": "",
            "tags": {},
            "tags_all": {},
            "unique_id": "AROA2UC3EBMOVTQNP7PFG"
          },
          "sensitive_attributes": [],
          "private": "bnVsbA==",
          "dependencies": [
            "module.iam.data.aws_iam_policy_document.lambda_assume_role_policy"
          ]
        }
      ]
    },
    {
      "module": "module.iam",
      "mode": "managed",
      "type": "aws_iam_role",
      "name": "update_course",
      "provider": "provider[\"registry.terraform.io/hashicorp/aws\"]",
      "instances": [
        {
          "schema_version": 0,
          "attributes": {
            "arn": "arn:aws:iam::730335546141:role/dev-lpnu-kostetskyi-update-course",
            "assume_role_policy": "{\"Statement\":[{\"Action\":\"sts:AssumeRole\",\"Effect\":\"Allow\",\"Principal\":{\"Service\":\"lambda.amazonaws.com\"}}],\"Version\":\"2012-10-17\"}",
            "create_date": "2024-04-17T12:28:18Z",
            "description": "",
            "force_detach_policies": false,
            "id": "dev-lpnu-kostetskyi-update-course",
            "inline_policy": [],
            "managed_policy_arns": [
              "arn:aws:iam::730335546141:policy/dev-lpnu-kostetskyi-update-course"
            ],
            "max_session_duration": 3600,
            "name": "dev-lpnu-kostetskyi-update-course",
            "name_prefix": "",
            "path": "/",
            "permissions_boundary": "",
            "tags": {},
            "tags_all": {},
            "unique_id": "AROA2UC3EBMORLGFNV5FQ"
          },
          "sensitive_attributes": [],
          "private": "bnVsbA==",
          "dependencies": [
            "module.iam.data.aws_iam_policy_document.lambda_assume_role_policy"
          ]
        }
      ]
    },
    {
      "module": "module.iam",
      "mode": "managed",
      "type": "aws_iam_role_policy_attachment",
      "name": "delete_course",
      "provider": "provider[\"registry.terraform.io/hashicorp/aws\"]",
      "instances": [
        {
          "schema_version": 0,
          "attributes": {
            "id": "dev-lpnu-kostetskyi-delete-course-20240417122818719700000003",
            "policy_arn": "arn:aws:iam::730335546141:policy/dev-lpnu-kostetskyi-delete-course",
            "role": "dev-lpnu-kostetskyi-delete-course"
          },
          "sensitive_attributes": [],
          "private": "bnVsbA==",
          "dependencies": [
            "module.cloudwatch.aws_cloudwatch_log_group.delete_course",
            "module.iam.aws_iam_role.delete_course",
            "module.iam.data.aws_iam_policy_document.delete_course",
            "module.iam.data.aws_iam_policy_document.lambda_assume_role_policy",
            "module.iam.module.iam_policy_delete_course.aws_iam_policy.policy",
            "module.table_courses.aws_dynamodb_table.this"
          ]
        }
      ]
    },
    {
      "module": "module.iam",
      "mode": "managed",
      "type": "aws_iam_role_policy_attachment",
      "name": "get_all_authors",
      "provider": "provider[\"registry.terraform.io/hashicorp/aws\"]",
      "instances": [
        {
          "schema_version": 0,
          "attributes": {
            "id": "dev-lpnu-kostetskyi-get-all-authors-20240417122818716800000002",
            "policy_arn": "arn:aws:iam::730335546141:policy/dev-lpnu-kostetskyi-get-all-authors",
            "role": "dev-lpnu-kostetskyi-get-all-authors"
          },
          "sensitive_attributes": [],
          "private": "bnVsbA==",
          "dependencies": [
            "module.cloudwatch.aws_cloudwatch_log_group.get_all_authors",
            "module.iam.aws_iam_role.get_all_authors",
            "module.iam.data.aws_iam_policy_document.get_all_authors",
            "module.iam.data.aws_iam_policy_document.lambda_assume_role_policy",
            "module.iam.module.iam_policy.aws_iam_policy.policy",
            "module.table_authors.aws_dynamodb_table.this"
          ]
        }
      ]
    },
    {
      "module": "module.iam",
      "mode": "managed",
      "type": "aws_iam_role_policy_attachment",
      "name": "get_all_courses",
      "provider": "provider[\"registry.terraform.io/hashicorp/aws\"]",
      "instances": [
        {
          "schema_version": 0,
          "attributes": {
            "id": "dev-lpnu-kostetskyi-get-all-courses-20240417122818707700000001",
            "policy_arn": "arn:aws:iam::730335546141:policy/dev-lpnu-kostetskyi-get-all-courses",
            "role": "dev-lpnu-kostetskyi-get-all-courses"
          },
          "sensitive_attributes": [],
          "private": "bnVsbA==",
          "dependencies": [
            "module.cloudwatch.aws_cloudwatch_log_group.get_all_courses",
            "module.iam.aws_iam_role.get_all_courses",
            "module.iam.data.aws_iam_policy_document.get_all_courses",
            "module.iam.data.aws_iam_policy_document.lambda_assume_role_policy",
            "module.iam.module.iam_policy_courses.aws_iam_policy.policy",
            "module.table_courses.aws_dynamodb_table.this"
          ]
        }
      ]
    },
    {
      "module": "module.iam",
      "mode": "managed",
      "type": "aws_iam_role_policy_attachment",
      "name": "get_course",
      "provider": "provider[\"registry.terraform.io/hashicorp/aws\"]",
      "instances": [
        {
          "schema_version": 0,
          "attributes": {
            "id": "dev-lpnu-kostetskyi-get-course-20240417153056347300000001",
            "policy_arn": "arn:aws:iam::730335546141:policy/dev-lpnu-kostetskyi-get-course",
            "role": "dev-lpnu-kostetskyi-get-course"
          },
          "sensitive_attributes": [],
          "private": "bnVsbA==",
          "dependencies": [
            "module.cloudwatch.aws_cloudwatch_log_group.get_course",
            "module.iam.aws_iam_role.get_course",
            "module.iam.data.aws_iam_policy_document.get_course",
            "module.iam.data.aws_iam_policy_document.lambda_assume_role_policy",
            "module.iam.module.iam_policy_get_course.aws_iam_policy.policy",
            "module.table_courses.aws_dynamodb_table.this"
          ]
        }
      ]
    },
    {
      "module": "module.iam",
      "mode": "managed",
      "type": "aws_iam_role_policy_attachment",
      "name": "save_course",
      "provider": "provider[\"registry.terraform.io/hashicorp/aws\"]",
      "instances": [
        {
          "schema_version": 0,
          "attributes": {
            "id": "dev-lpnu-kostetskyi-save-course-20240417122818754000000004",
            "policy_arn": "arn:aws:iam::730335546141:policy/dev-lpnu-kostetskyi-save-course",
            "role": "dev-lpnu-kostetskyi-save-course"
          },
          "sensitive_attributes": [],
          "private": "bnVsbA==",
          "dependencies": [
            "module.cloudwatch.aws_cloudwatch_log_group.save_course",
            "module.iam.aws_iam_role.save_course",
            "module.iam.data.aws_iam_policy_document.lambda_assume_role_policy",
            "module.iam.data.aws_iam_policy_document.save_course",
            "module.iam.module.iam_policy_save_course.aws_iam_policy.policy",
            "module.table_courses.aws_dynamodb_table.this"
          ]
        }
      ]
    },
    {
      "module": "module.iam",
      "mode": "managed",
      "type": "aws_iam_role_policy_attachment",
      "name": "update_course",
      "provider": "provider[\"registry.terraform.io/hashicorp/aws\"]",
      "instances": [
        {
          "schema_version": 0,
          "attributes": {
            "id": "dev-lpnu-kostetskyi-update-course-20240417122818759800000005",
            "policy_arn": "arn:aws:iam::730335546141:policy/dev-lpnu-kostetskyi-update-course",
            "role": "dev-lpnu-kostetskyi-update-course"
          },
          "sensitive_attributes": [],
          "private": "bnVsbA==",
          "dependencies": [
            "module.cloudwatch.aws_cloudwatch_log_group.update_course",
            "module.iam.aws_iam_role.update_course",
            "module.iam.data.aws_iam_policy_document.lambda_assume_role_policy",
            "module.iam.data.aws_iam_policy_document.update_course",
            "module.iam.module.iam_policy_update_course.aws_iam_policy.policy",
            "module.table_courses.aws_dynamodb_table.this"
          ]
        }
      ]
    },
    {
      "module": "module.iam.module.iam_assumable_role",
      "mode": "data",
      "type": "aws_iam_policy_document",
      "name": "assume_role_with_mfa",
      "provider": "provider[\"registry.terraform.io/hashicorp/aws\"]",
      "instances": []
    },
    {
      "module": "module.iam.module.iam_policy",
      "mode": "managed",
      "type": "aws_iam_policy",
      "name": "policy",
      "provider": "provider[\"registry.terraform.io/hashicorp/aws\"]",
      "instances": [
        {
          "index_key": 0,
          "schema_version": 0,
          "attributes": {
            "arn": "arn:aws:iam::730335546141:policy/dev-lpnu-kostetskyi-get-all-authors",
            "description": "My example policy",
            "id": "arn:aws:iam::730335546141:policy/dev-lpnu-kostetskyi-get-all-authors",
            "name": "dev-lpnu-kostetskyi-get-all-authors",
            "name_prefix": "",
            "path": "/",
            "policy": "{\"Statement\":[{\"Action\":[\"dynamodb:UpdateItem\",\"dynamodb:Scan\",\"dynamodb:PutItem\",\"dynamodb:GetItem\",\"dynamodb:DeleteItem\"],\"Effect\":\"Allow\",\"Resource\":\"arn:aws:dynamodb:eu-central-1:730335546141:table/dev-lpnu-kostetskyi-authors\"},{\"Action\":[\"logs:PutLogEvents\",\"logs:CreateLogStream\",\"kms:Decrypt\"],\"Effect\":\"Allow\",\"Resource\":[\"arn:aws:logs:eu-central-1:730335546141:log-group:dev-lpnu-kostetskyi-get-all-authors:*:*\",\"arn:aws:logs:eu-central-1:730335546141:log-group:dev-lpnu-kostetskyi-get-all-authors:*\"]}],\"Version\":\"2012-10-17\"}",
            "policy_id": "ANPA2UC3EBMORCTCEOBWM",
            "tags": {},
            "tags_all": {}
          },
          "sensitive_attributes": [],
          "private": "bnVsbA==",
          "dependencies": [
            "module.cloudwatch.aws_cloudwatch_log_group.get_all_authors",
            "module.iam.data.aws_iam_policy_document.get_all_authors",
            "module.table_authors.aws_dynamodb_table.this"
          ]
        }
      ]
    },
    {
      "module": "module.iam.module.iam_policy_courses",
      "mode": "managed",
      "type": "aws_iam_policy",
      "name": "policy",
      "provider": "provider[\"registry.terraform.io/hashicorp/aws\"]",
      "instances": [
        {
          "index_key": 0,
          "schema_version": 0,
          "attributes": {
            "arn": "arn:aws:iam::730335546141:policy/dev-lpnu-kostetskyi-get-all-courses",
            "description": "My example policy",
            "id": "arn:aws:iam::730335546141:policy/dev-lpnu-kostetskyi-get-all-courses",
            "name": "dev-lpnu-kostetskyi-get-all-courses",
            "name_prefix": "",
            "path": "/",
            "policy": "{\"Statement\":[{\"Action\":\"dynamodb:Scan\",\"Effect\":\"Allow\",\"Resource\":\"arn:aws:dynamodb:eu-central-1:730335546141:table/dev-lpnu-kostetskyi-courses\"},{\"Action\":[\"logs:PutLogEvents\",\"logs:CreateLogStream\",\"kms:Decrypt\"],\"Effect\":\"Allow\",\"Resource\":[\"arn:aws:logs:eu-central-1:730335546141:log-group:dev-lpnu-kostetskyi-get-all-courses:*:*\",\"arn:aws:logs:eu-central-1:730335546141:log-group:dev-lpnu-kostetskyi-get-all-courses:*\"]}],\"Version\":\"2012-10-17\"}",
            "policy_id": "ANPA2UC3EBMO3M5OXH72M",
            "tags": {},
            "tags_all": {}
          },
          "sensitive_attributes": [],
          "private": "bnVsbA==",
          "dependencies": [
            "module.cloudwatch.aws_cloudwatch_log_group.get_all_courses",
            "module.iam.data.aws_iam_policy_document.get_all_courses",
            "module.table_courses.aws_dynamodb_table.this"
          ]
        }
      ]
    },
    {
      "module": "module.iam.module.iam_policy_delete_course",
      "mode": "managed",
      "type": "aws_iam_policy",
      "name": "policy",
      "provider": "provider[\"registry.terraform.io/hashicorp/aws\"]",
      "instances": [
        {
          "index_key": 0,
          "schema_version": 0,
          "attributes": {
            "arn": "arn:aws:iam::730335546141:policy/dev-lpnu-kostetskyi-delete-course",
            "description": "My example policy",
            "id": "arn:aws:iam::730335546141:policy/dev-lpnu-kostetskyi-delete-course",
            "name": "dev-lpnu-kostetskyi-delete-course",
            "name_prefix": "",
            "path": "/",
            "policy": "{\"Statement\":[{\"Action\":\"dynamodb:DeleteItem\",\"Effect\":\"Allow\",\"Resource\":\"arn:aws:dynamodb:eu-central-1:730335546141:table/dev-lpnu-kostetskyi-courses\"},{\"Action\":[\"logs:PutLogEvents\",\"logs:CreateLogStream\",\"kms:Decrypt\"],\"Effect\":\"Allow\",\"Resource\":[\"arn:aws:logs:eu-central-1:730335546141:log-group:dev-lpnu-kostetskyi-delete-course:*:*\",\"arn:aws:logs:eu-central-1:730335546141:log-group:dev-lpnu-kostetskyi-delete-course:*\"]}],\"Version\":\"2012-10-17\"}",
            "policy_id": "ANPA2UC3EBMO4HZCCIMTE",
            "tags": {},
            "tags_all": {}
          },
          "sensitive_attributes": [],
          "private": "bnVsbA==",
          "dependencies": [
            "module.cloudwatch.aws_cloudwatch_log_group.delete_course",
            "module.iam.data.aws_iam_policy_document.delete_course",
            "module.table_courses.aws_dynamodb_table.this"
          ]
        }
      ]
    },
    {
      "module": "module.iam.module.iam_policy_get_course",
      "mode": "managed",
      "type": "aws_iam_policy",
      "name": "policy",
      "provider": "provider[\"registry.terraform.io/hashicorp/aws\"]",
      "instances": [
        {
          "index_key": 0,
          "schema_version": 0,
          "attributes": {
            "arn": "arn:aws:iam::730335546141:policy/dev-lpnu-kostetskyi-get-course",
            "description": "My example policy",
            "id": "arn:aws:iam::730335546141:policy/dev-lpnu-kostetskyi-get-course",
            "name": "dev-lpnu-kostetskyi-get-course",
            "name_prefix": "",
            "path": "/",
            "policy": "{\"Statement\":[{\"Action\":\"dynamodb:GetItem\",\"Effect\":\"Allow\",\"Resource\":\"arn:aws:dynamodb:eu-central-1:730335546141:table/dev-lpnu-kostetskyi-courses\"},{\"Action\":[\"logs:PutLogEvents\",\"logs:CreateLogStream\",\"kms:Decrypt\"],\"Effect\":\"Allow\",\"Resource\":[\"arn:aws:logs:eu-central-1:730335546141:log-group:dev-lpnu-kostetskyi-get-course:*:*\",\"arn:aws:logs:eu-central-1:730335546141:log-group:dev-lpnu-kostetskyi-get-course:*\"]}],\"Version\":\"2012-10-17\"}",
            "policy_id": "ANPA2UC3EBMOVIDULIX5I",
            "tags": {},
            "tags_all": {}
          },
          "sensitive_attributes": [],
          "private": "bnVsbA==",
          "dependencies": [
            "module.cloudwatch.aws_cloudwatch_log_group.get_course",
            "module.iam.data.aws_iam_policy_document.get_course",
            "module.table_courses.aws_dynamodb_table.this"
          ]
        }
      ]
    },
    {
      "module": "module.iam.module.iam_policy_save_course",
      "mode": "managed",
      "type": "aws_iam_policy",
      "name": "policy",
      "provider": "provider[\"registry.terraform.io/hashicorp/aws\"]",
      "instances": [
        {
          "index_key": 0,
          "schema_version": 0,
          "attributes": {
            "arn": "arn:aws:iam::730335546141:policy/dev-lpnu-kostetskyi-save-course",
            "description": "My example policy",
            "id": "arn:aws:iam::730335546141:policy/dev-lpnu-kostetskyi-save-course",
            "name": "dev-lpnu-kostetskyi-save-course",
            "name_prefix": "",
            "path": "/",
            "policy": "{\"Statement\":[{\"Action\":\"dynamodb:PutItem\",\"Effect\":\"Allow\",\"Resource\":\"arn:aws:dynamodb:eu-central-1:730335546141:table/dev-lpnu-kostetskyi-courses\"},{\"Action\":[\"logs:PutLogEvents\",\"logs:CreateLogStream\",\"kms:Decrypt\"],\"Effect\":\"Allow\",\"Resource\":[\"arn:aws:logs:eu-central-1:730335546141:log-group:dev-lpnu-kostetskyi-save-course:*:*\",\"arn:aws:logs:eu-central-1:730335546141:log-group:dev-lpnu-kostetskyi-save-course:*\"]}],\"Version\":\"2012-10-17\"}",
            "policy_id": "ANPA2UC3EBMOYFEU5CHGH",
            "tags": {},
            "tags_all": {}
          },
          "sensitive_attributes": [],
          "private": "bnVsbA==",
          "dependencies": [
            "module.cloudwatch.aws_cloudwatch_log_group.save_course",
            "module.iam.data.aws_iam_policy_document.save_course",
            "module.table_courses.aws_dynamodb_table.this"
          ]
        }
      ]
    },
    {
      "module": "module.iam.module.iam_policy_update_course",
      "mode": "managed",
      "type": "aws_iam_policy",
      "name": "policy",
      "provider": "provider[\"registry.terraform.io/hashicorp/aws\"]",
      "instances": [
        {
          "index_key": 0,
          "schema_version": 0,
          "attributes": {
            "arn": "arn:aws:iam::730335546141:policy/dev-lpnu-kostetskyi-update-course",
            "description": "My example policy",
            "id": "arn:aws:iam::730335546141:policy/dev-lpnu-kostetskyi-update-course",
            "name": "dev-lpnu-kostetskyi-update-course",
            "name_prefix": "",
            "path": "/",
            "policy": "{\"Statement\":[{\"Action\":\"dynamodb:PutItem\",\"Effect\":\"Allow\",\"Resource\":\"arn:aws:dynamodb:eu-central-1:730335546141:table/dev-lpnu-kostetskyi-courses\"},{\"Action\":[\"logs:PutLogEvents\",\"logs:CreateLogStream\",\"kms:Decrypt\"],\"Effect\":\"Allow\",\"Resource\":[\"arn:aws:logs:eu-central-1:730335546141:log-group:dev-lpnu-kostetskyi-update-course:*:*\",\"arn:aws:logs:eu-central-1:730335546141:log-group:dev-lpnu-kostetskyi-update-course:*\"]}],\"Version\":\"2012-10-17\"}",
            "policy_id": "ANPA2UC3EBMOWVIXJ4RVI",
            "tags": {},
            "tags_all": {}
          },
          "sensitive_attributes": [],
          "private": "bnVsbA==",
          "dependencies": [
            "module.cloudwatch.aws_cloudwatch_log_group.update_course",
            "module.iam.data.aws_iam_policy_document.update_course",
            "module.table_courses.aws_dynamodb_table.this"
          ]
        }
      ]
    },
    {
      "module": "module.lambdas.module.lambda_function_delete_course",
      "mode": "data",
      "type": "aws_arn",
      "name": "log_group_arn",
      "provider": "provider[\"registry.terraform.io/hashicorp/aws\"]",
      "instances": []
    },
    {
      "module": "module.lambdas.module.lambda_function_delete_course",
      "mode": "data",
      "type": "aws_caller_identity",
      "name": "current",
      "provider": "provider[\"registry.terraform.io/hashicorp/aws\"]",
      "instances": [
        {
          "schema_version": 0,
          "attributes": {
            "account_id": "730335546141",
            "arn": "arn:aws:iam::730335546141:user/terraform",
            "id": "730335546141",
            "user_id": "AIDA2UC3EBMOVSJN7GVRK"
          },
          "sensitive_attributes": []
        }
      ]
    },
    {
      "module": "module.lambdas.module.lambda_function_delete_course",
      "mode": "data",
      "type": "aws_cloudwatch_log_group",
      "name": "lambda",
      "provider": "provider[\"registry.terraform.io/hashicorp/aws\"]",
      "instances": [
        {
          "index_key": 0,
          "schema_version": 0,
          "attributes": {
            "arn": "arn:aws:logs:eu-central-1:730335546141:log-group:dev-lpnu-kostetskyi-get-all-courses",
            "creation_time": 1713302734296,
            "id": "dev-lpnu-kostetskyi-get-all-courses",
            "kms_key_id": "",
            "log_group_class": "STANDARD",
            "name": "dev-lpnu-kostetskyi-get-all-courses",
            "retention_in_days": 90,
            "tags": {
              "Environment": "kostetskyi",
              "Name": "dev-lpnu-kostetskyi-get-all-courses",
              "Namespace": "lpnu",
              "Stage": "dev"
            }
          },
          "sensitive_attributes": []
        }
      ]
    },
    {
      "module": "module.lambdas.module.lambda_function_delete_course",
      "mode": "data",
      "type": "aws_iam_policy",
      "name": "tracing",
      "provider": "provider[\"registry.terraform.io/hashicorp/aws\"]",
      "instances": []
    },
    {
      "module": "module.lambdas.module.lambda_function_delete_course",
      "mode": "data",
      "type": "aws_iam_policy",
      "name": "vpc",
      "provider": "provider[\"registry.terraform.io/hashicorp/aws\"]",
      "instances": []
    },
    {
      "module": "module.lambdas.module.lambda_function_delete_course",
      "mode": "data",
      "type": "aws_iam_policy_document",
      "name": "additional_inline",
      "provider": "provider[\"registry.terraform.io/hashicorp/aws\"]",
      "instances": []
    },
    {
      "module": "module.lambdas.module.lambda_function_delete_course",
      "mode": "data",
      "type": "aws_iam_policy_document",
      "name": "assume_role",
      "provider": "provider[\"registry.terraform.io/hashicorp/aws\"]",
      "instances": []
    },
    {
      "module": "module.lambdas.module.lambda_function_delete_course",
      "mode": "data",
      "type": "aws_iam_policy_document",
      "name": "async",
      "provider": "provider[\"registry.terraform.io/hashicorp/aws\"]",
      "instances": []
    },
    {
      "module": "module.lambdas.module.lambda_function_delete_course",
      "mode": "data",
      "type": "aws_iam_policy_document",
      "name": "dead_letter",
      "provider": "provider[\"registry.terraform.io/hashicorp/aws\"]",
      "instances": []
    },
    {
      "module": "module.lambdas.module.lambda_function_delete_course",
      "mode": "data",
      "type": "aws_iam_policy_document",
      "name": "logs",
      "provider": "provider[\"registry.terraform.io/hashicorp/aws\"]",
      "instances": []
    },
    {
      "module": "module.lambdas.module.lambda_function_delete_course",
      "mode": "data",
      "type": "aws_partition",
      "name": "current",
      "provider": "provider[\"registry.terraform.io/hashicorp/aws\"]",
      "instances": [
        {
          "schema_version": 0,
          "attributes": {
            "dns_suffix": "amazonaws.com",
            "id": "aws",
            "partition": "aws",
            "reverse_dns_prefix": "com.amazonaws"
          },
          "sensitive_attributes": []
        }
      ]
    },
    {
      "module": "module.lambdas.module.lambda_function_delete_course",
      "mode": "data",
      "type": "aws_region",
      "name": "current",
      "provider": "provider[\"registry.terraform.io/hashicorp/aws\"]",
      "instances": [
        {
          "schema_version": 0,
          "attributes": {
            "description": "Europe (Frankfurt)",
            "endpoint": "ec2.eu-central-1.amazonaws.com",
            "id": "eu-central-1",
            "name": "eu-central-1"
          },
          "sensitive_attributes": []
        }
      ]
    },
    {
      "module": "module.lambdas.module.lambda_function_delete_course",
      "mode": "data",
      "type": "external",
      "name": "archive_prepare",
      "provider": "provider[\"registry.terraform.io/hashicorp/external\"]",
      "instances": [
        {
          "index_key": 0,
          "schema_version": 0,
          "attributes": {
            "id": "-",
            "program": [
              "python3",
              ".terraform/modules/lambdas.lambda_function_delete_course/package.py",
              "prepare"
            ],
            "query": {
              "artifacts_dir": "builds",
              "docker": null,
              "hash_extra": "",
              "hash_extra_paths": "[]",
              "paths": "{\"cwd\":\"/mnt/c/Users/quantum_brake/WebstormProjects/terraform\",\"module\":\".terraform/modules/lambdas.lambda_function_delete_course\",\"root\":\".\"}",
              "recreate_missing_package": "true",
              "runtime": "nodejs16.x",
              "source_path": "\"modules/lambda/src/delete_course\""
            },
            "result": {
              "build_plan": "{\"filename\": \"builds/d38b061ef0e205e4fb1de537548c1959446034eaf423ed430fb003ca7ad2c392.zip\", \"runtime\": \"nodejs16.x\", \"artifacts_dir\": \"builds\", \"build_plan\": [[\"zip\", \"modules/lambda/src/delete_course\", null]]}",
              "build_plan_filename": "builds/d38b061ef0e205e4fb1de537548c1959446034eaf423ed430fb003ca7ad2c392.plan.json",
              "filename": "builds/d38b061ef0e205e4fb1de537548c1959446034eaf423ed430fb003ca7ad2c392.zip",
              "timestamp": "1713264703000000000",
              "was_missing": "false"
            },
            "working_dir": null
          },
          "sensitive_attributes": []
        }
      ]
    },
    {
      "module": "module.lambdas.module.lambda_function_delete_course",
      "mode": "managed",
      "type": "aws_cloudwatch_log_group",
      "name": "lambda",
      "provider": "provider[\"registry.terraform.io/hashicorp/aws\"]",
      "instances": []
    },
    {
      "module": "module.lambdas.module.lambda_function_delete_course",
      "mode": "managed",
      "type": "aws_iam_policy",
      "name": "additional_inline",
      "provider": "provider[\"registry.terraform.io/hashicorp/aws\"]",
      "instances": []
    },
    {
      "module": "module.lambdas.module.lambda_function_delete_course",
      "mode": "managed",
      "type": "aws_iam_policy",
      "name": "additional_json",
      "provider": "provider[\"registry.terraform.io/hashicorp/aws\"]",
      "instances": []
    },
    {
      "module": "module.lambdas.module.lambda_function_delete_course",
      "mode": "managed",
      "type": "aws_iam_policy",
      "name": "additional_jsons",
      "provider": "provider[\"registry.terraform.io/hashicorp/aws\"]",
      "instances": []
    },
    {
      "module": "module.lambdas.module.lambda_function_delete_course",
      "mode": "managed",
      "type": "aws_iam_policy",
      "name": "async",
      "provider": "provider[\"registry.terraform.io/hashicorp/aws\"]",
      "instances": []
    },
    {
      "module": "module.lambdas.module.lambda_function_delete_course",
      "mode": "managed",
      "type": "aws_iam_policy",
      "name": "dead_letter",
      "provider": "provider[\"registry.terraform.io/hashicorp/aws\"]",
      "instances": []
    },
    {
      "module": "module.lambdas.module.lambda_function_delete_course",
      "mode": "managed",
      "type": "aws_iam_policy",
      "name": "logs",
      "provider": "provider[\"registry.terraform.io/hashicorp/aws\"]",
      "instances": []
    },
    {
      "module": "module.lambdas.module.lambda_function_delete_course",
      "mode": "managed",
      "type": "aws_iam_policy",
      "name": "tracing",
      "provider": "provider[\"registry.terraform.io/hashicorp/aws\"]",
      "instances": []
    },
    {
      "module": "module.lambdas.module.lambda_function_delete_course",
      "mode": "managed",
      "type": "aws_iam_policy",
      "name": "vpc",
      "provider": "provider[\"registry.terraform.io/hashicorp/aws\"]",
      "instances": []
    },
    {
      "module": "module.lambdas.module.lambda_function_delete_course",
      "mode": "managed",
      "type": "aws_iam_role",
      "name": "lambda",
      "provider": "provider[\"registry.terraform.io/hashicorp/aws\"]",
      "instances": []
    },
    {
      "module": "module.lambdas.module.lambda_function_delete_course",
      "mode": "managed",
      "type": "aws_iam_role_policy_attachment",
      "name": "additional_inline",
      "provider": "provider[\"registry.terraform.io/hashicorp/aws\"]",
      "instances": []
    },
    {
      "module": "module.lambdas.module.lambda_function_delete_course",
      "mode": "managed",
      "type": "aws_iam_role_policy_attachment",
      "name": "additional_json",
      "provider": "provider[\"registry.terraform.io/hashicorp/aws\"]",
      "instances": []
    },
    {
      "module": "module.lambdas.module.lambda_function_delete_course",
      "mode": "managed",
      "type": "aws_iam_role_policy_attachment",
      "name": "additional_jsons",
      "provider": "provider[\"registry.terraform.io/hashicorp/aws\"]",
      "instances": []
    },
    {
      "module": "module.lambdas.module.lambda_function_delete_course",
      "mode": "managed",
      "type": "aws_iam_role_policy_attachment",
      "name": "additional_many",
      "provider": "provider[\"registry.terraform.io/hashicorp/aws\"]",
      "instances": []
    },
    {
      "module": "module.lambdas.module.lambda_function_delete_course",
      "mode": "managed",
      "type": "aws_iam_role_policy_attachment",
      "name": "additional_one",
      "provider": "provider[\"registry.terraform.io/hashicorp/aws\"]",
      "instances": []
    },
    {
      "module": "module.lambdas.module.lambda_function_delete_course",
      "mode": "managed",
      "type": "aws_iam_role_policy_attachment",
      "name": "async",
      "provider": "provider[\"registry.terraform.io/hashicorp/aws\"]",
      "instances": []
    },
    {
      "module": "module.lambdas.module.lambda_function_delete_course",
      "mode": "managed",
      "type": "aws_iam_role_policy_attachment",
      "name": "dead_letter",
      "provider": "provider[\"registry.terraform.io/hashicorp/aws\"]",
      "instances": []
    },
    {
      "module": "module.lambdas.module.lambda_function_delete_course",
      "mode": "managed",
      "type": "aws_iam_role_policy_attachment",
      "name": "logs",
      "provider": "provider[\"registry.terraform.io/hashicorp/aws\"]",
      "instances": []
    },
    {
      "module": "module.lambdas.module.lambda_function_delete_course",
      "mode": "managed",
      "type": "aws_iam_role_policy_attachment",
      "name": "tracing",
      "provider": "provider[\"registry.terraform.io/hashicorp/aws\"]",
      "instances": []
    },
    {
      "module": "module.lambdas.module.lambda_function_delete_course",
      "mode": "managed",
      "type": "aws_iam_role_policy_attachment",
      "name": "vpc",
      "provider": "provider[\"registry.terraform.io/hashicorp/aws\"]",
      "instances": []
    },
    {
      "module": "module.lambdas.module.lambda_function_delete_course",
      "mode": "managed",
      "type": "aws_lambda_function",
      "name": "this",
      "provider": "provider[\"registry.terraform.io/hashicorp/aws\"]",
      "instances": [
        {
          "index_key": 0,
          "schema_version": 0,
          "attributes": {
            "architectures": [
              "x86_64"
            ],
            "arn": "arn:aws:lambda:eu-central-1:730335546141:function:dev-lpnu-kostetskyi-delete-course",
            "code_signing_config_arn": "",
            "dead_letter_config": [],
            "description": "My awesome lambda function",
            "environment": [
              {
                "variables": {
                  "TABLE_NAME": "dev-lpnu-kostetskyi-courses"
                }
              }
            ],
            "ephemeral_storage": [
              {
                "size": 512
              }
            ],
            "file_system_config": [],
            "filename": "builds/d38b061ef0e205e4fb1de537548c1959446034eaf423ed430fb003ca7ad2c392.zip",
            "function_name": "dev-lpnu-kostetskyi-delete-course",
            "handler": "index.handler",
            "id": "dev-lpnu-kostetskyi-delete-course",
            "image_config": [],
            "image_uri": "",
            "invoke_arn": "arn:aws:apigateway:eu-central-1:lambda:path/2015-03-31/functions/arn:aws:lambda:eu-central-1:730335546141:function:dev-lpnu-kostetskyi-delete-course/invocations",
            "kms_key_arn": "",
            "last_modified": "2024-04-17T15:38:07.441+0000",
            "layers": [],
            "logging_config": [
              {
                "application_log_level": "",
                "log_format": "Text",
                "log_group": "dev-lpnu-kostetskyi-get-all-courses",
                "system_log_level": ""
              }
            ],
            "memory_size": 128,
            "package_type": "Zip",
            "publish": true,
            "qualified_arn": "arn:aws:lambda:eu-central-1:730335546141:function:dev-lpnu-kostetskyi-delete-course:2",
            "qualified_invoke_arn": "arn:aws:apigateway:eu-central-1:lambda:path/2015-03-31/functions/arn:aws:lambda:eu-central-1:730335546141:function:dev-lpnu-kostetskyi-delete-course:2/invocations",
            "replace_security_groups_on_destroy": null,
            "replacement_security_group_ids": null,
            "reserved_concurrent_executions": -1,
            "role": "arn:aws:iam::730335546141:role/dev-lpnu-kostetskyi-delete-course",
            "runtime": "nodejs16.x",
            "s3_bucket": null,
            "s3_key": null,
            "s3_object_version": null,
            "signing_job_arn": "",
            "signing_profile_version_arn": "",
            "skip_destroy": false,
            "snap_start": [],
            "source_code_hash": "WGy+vuBeW5Lwnh/PnTCut/8M8lw6c6uMvNFVEGuTyms=",
            "source_code_size": 411,
            "tags": {
              "Environment": "kostetskyi",
              "Name": "dev-lpnu-kostetskyi-delete-course",
              "Namespace": "lpnu",
              "Stage": "dev"
            },
            "tags_all": {
              "Environment": "kostetskyi",
              "Name": "dev-lpnu-kostetskyi-delete-course",
              "Namespace": "lpnu",
              "Stage": "dev"
            },
            "timeout": 3,
            "timeouts": null,
            "tracing_config": [
              {
                "mode": "PassThrough"
              }
            ],
            "version": "2",
            "vpc_config": []
          },
          "sensitive_attributes": [],
          "private": "eyJlMmJmYjczMC1lY2FhLTExZTYtOGY4OC0zNDM2M2JjN2M0YzAiOnsiY3JlYXRlIjo2MDAwMDAwMDAwMDAsImRlbGV0ZSI6NjAwMDAwMDAwMDAwLCJ1cGRhdGUiOjYwMDAwMDAwMDAwMH19",
          "dependencies": [
            "module.cloudwatch.aws_cloudwatch_log_group.get_all_courses",
            "module.iam.aws_iam_role.delete_course",
            "module.iam.data.aws_iam_policy_document.lambda_assume_role_policy",
            "module.lambdas.module.lambda_function_delete_course.aws_cloudwatch_log_group.lambda",
            "module.lambdas.module.lambda_function_delete_course.aws_iam_policy.additional_inline",
            "module.lambdas.module.lambda_function_delete_course.aws_iam_policy.additional_json",
            "module.lambdas.module.lambda_function_delete_course.aws_iam_policy.additional_jsons",
            "module.lambdas.module.lambda_function_delete_course.aws_iam_policy.async",
            "module.lambdas.module.lambda_function_delete_course.aws_iam_policy.dead_letter",
            "module.lambdas.module.lambda_function_delete_course.aws_iam_policy.logs",
            "module.lambdas.module.lambda_function_delete_course.aws_iam_policy.tracing",
            "module.lambdas.module.lambda_function_delete_course.aws_iam_policy.vpc",
            "module.lambdas.module.lambda_function_delete_course.aws_iam_role.lambda",
            "module.lambdas.module.lambda_function_delete_course.aws_iam_role_policy_attachment.additional_inline",
            "module.lambdas.module.lambda_function_delete_course.aws_iam_role_policy_attachment.additional_json",
            "module.lambdas.module.lambda_function_delete_course.aws_iam_role_policy_attachment.additional_jsons",
            "module.lambdas.module.lambda_function_delete_course.aws_iam_role_policy_attachment.additional_many",
            "module.lambdas.module.lambda_function_delete_course.aws_iam_role_policy_attachment.additional_one",
            "module.lambdas.module.lambda_function_delete_course.aws_iam_role_policy_attachment.async",
            "module.lambdas.module.lambda_function_delete_course.aws_iam_role_policy_attachment.dead_letter",
            "module.lambdas.module.lambda_function_delete_course.aws_iam_role_policy_attachment.logs",
            "module.lambdas.module.lambda_function_delete_course.aws_iam_role_policy_attachment.tracing",
            "module.lambdas.module.lambda_function_delete_course.aws_iam_role_policy_attachment.vpc",
            "module.lambdas.module.lambda_function_delete_course.aws_s3_object.lambda_package",
            "module.lambdas.module.lambda_function_delete_course.data.aws_arn.log_group_arn",
            "module.lambdas.module.lambda_function_delete_course.data.aws_cloudwatch_log_group.lambda",
            "module.lambdas.module.lambda_function_delete_course.data.aws_iam_policy.tracing",
            "module.lambdas.module.lambda_function_delete_course.data.aws_iam_policy.vpc",
            "module.lambdas.module.lambda_function_delete_course.data.aws_iam_policy_document.additional_inline",
            "module.lambdas.module.lambda_function_delete_course.data.aws_iam_policy_document.assume_role",
            "module.lambdas.module.lambda_function_delete_course.data.aws_iam_policy_document.async",
            "module.lambdas.module.lambda_function_delete_course.data.aws_iam_policy_document.dead_letter",
            "module.lambdas.module.lambda_function_delete_course.data.aws_iam_policy_document.logs",
            "module.lambdas.module.lambda_function_delete_course.data.aws_partition.current",
            "module.lambdas.module.lambda_function_delete_course.data.external.archive_prepare",
            "module.lambdas.module.lambda_function_delete_course.local_file.archive_plan",
            "module.lambdas.module.lambda_function_delete_course.null_resource.archive",
            "module.table_courses.aws_dynamodb_table.this"
          ]
        }
      ]
    },
    {
      "module": "module.lambdas.module.lambda_function_delete_course",
      "mode": "managed",
      "type": "aws_lambda_permission",
      "name": "current_version_triggers",
      "provider": "provider[\"registry.terraform.io/hashicorp/aws\"]",
      "instances": [
        {
          "index_key": "APIGatewayAny",
          "schema_version": 0,
          "attributes": {
            "action": "lambda:InvokeFunction",
            "event_source_token": null,
            "function_name": "dev-lpnu-kostetskyi-delete-course",
            "function_url_auth_type": null,
            "id": "APIGatewayAny",
            "principal": "apigateway.amazonaws.com",
            "principal_org_id": null,
            "qualifier": "2",
            "source_account": null,
            "source_arn": "arn:aws:execute-api:eu-central-1:730335546141:pttggq8vxf/*/*/*",
            "statement_id": "APIGatewayAny",
            "statement_id_prefix": ""
          },
          "sensitive_attributes": [],
          "private": "bnVsbA==",
          "dependencies": [
            "aws_api_gateway_rest_api.this",
            "module.cloudwatch.aws_cloudwatch_log_group.get_all_courses",
            "module.iam.aws_iam_role.delete_course",
            "module.iam.data.aws_iam_policy_document.lambda_assume_role_policy",
            "module.lambdas.module.lambda_function_delete_course.aws_cloudwatch_log_group.lambda",
            "module.lambdas.module.lambda_function_delete_course.aws_iam_policy.additional_inline",
            "module.lambdas.module.lambda_function_delete_course.aws_iam_policy.additional_json",
            "module.lambdas.module.lambda_function_delete_course.aws_iam_policy.additional_jsons",
            "module.lambdas.module.lambda_function_delete_course.aws_iam_policy.async",
            "module.lambdas.module.lambda_function_delete_course.aws_iam_policy.dead_letter",
            "module.lambdas.module.lambda_function_delete_course.aws_iam_policy.logs",
            "module.lambdas.module.lambda_function_delete_course.aws_iam_policy.tracing",
            "module.lambdas.module.lambda_function_delete_course.aws_iam_policy.vpc",
            "module.lambdas.module.lambda_function_delete_course.aws_iam_role.lambda",
            "module.lambdas.module.lambda_function_delete_course.aws_iam_role_policy_attachment.additional_inline",
            "module.lambdas.module.lambda_function_delete_course.aws_iam_role_policy_attachment.additional_json",
            "module.lambdas.module.lambda_function_delete_course.aws_iam_role_policy_attachment.additional_jsons",
            "module.lambdas.module.lambda_function_delete_course.aws_iam_role_policy_attachment.additional_many",
            "module.lambdas.module.lambda_function_delete_course.aws_iam_role_policy_attachment.additional_one",
            "module.lambdas.module.lambda_function_delete_course.aws_iam_role_policy_attachment.async",
            "module.lambdas.module.lambda_function_delete_course.aws_iam_role_policy_attachment.dead_letter",
            "module.lambdas.module.lambda_function_delete_course.aws_iam_role_policy_attachment.logs",
            "module.lambdas.module.lambda_function_delete_course.aws_iam_role_policy_attachment.tracing",
            "module.lambdas.module.lambda_function_delete_course.aws_iam_role_policy_attachment.vpc",
            "module.lambdas.module.lambda_function_delete_course.aws_lambda_function.this",
            "module.lambdas.module.lambda_function_delete_course.aws_s3_object.lambda_package",
            "module.lambdas.module.lambda_function_delete_course.data.aws_arn.log_group_arn",
            "module.lambdas.module.lambda_function_delete_course.data.aws_cloudwatch_log_group.lambda",
            "module.lambdas.module.lambda_function_delete_course.data.aws_iam_policy.tracing",
            "module.lambdas.module.lambda_function_delete_course.data.aws_iam_policy.vpc",
            "module.lambdas.module.lambda_function_delete_course.data.aws_iam_policy_document.additional_inline",
            "module.lambdas.module.lambda_function_delete_course.data.aws_iam_policy_document.assume_role",
            "module.lambdas.module.lambda_function_delete_course.data.aws_iam_policy_document.async",
            "module.lambdas.module.lambda_function_delete_course.data.aws_iam_policy_document.dead_letter",
            "module.lambdas.module.lambda_function_delete_course.data.aws_iam_policy_document.logs",
            "module.lambdas.module.lambda_function_delete_course.data.aws_partition.current",
            "module.lambdas.module.lambda_function_delete_course.data.external.archive_prepare",
            "module.lambdas.module.lambda_function_delete_course.local_file.archive_plan",
            "module.lambdas.module.lambda_function_delete_course.null_resource.archive",
            "module.table_courses.aws_dynamodb_table.this"
          ]
        }
      ]
    },
    {
      "module": "module.lambdas.module.lambda_function_delete_course",
      "mode": "managed",
      "type": "aws_lambda_permission",
      "name": "unqualified_alias_triggers",
      "provider": "provider[\"registry.terraform.io/hashicorp/aws\"]",
      "instances": [
        {
          "index_key": "APIGatewayAny",
          "schema_version": 0,
          "attributes": {
            "action": "lambda:InvokeFunction",
            "event_source_token": null,
            "function_name": "dev-lpnu-kostetskyi-delete-course",
            "function_url_auth_type": null,
            "id": "APIGatewayAny",
            "principal": "apigateway.amazonaws.com",
            "principal_org_id": null,
            "qualifier": "",
            "source_account": null,
            "source_arn": "arn:aws:execute-api:eu-central-1:730335546141:pttggq8vxf/*/*/*",
            "statement_id": "APIGatewayAny",
            "statement_id_prefix": ""
          },
          "sensitive_attributes": [],
          "private": "bnVsbA==",
          "dependencies": [
            "aws_api_gateway_rest_api.this",
            "module.cloudwatch.aws_cloudwatch_log_group.get_all_courses",
            "module.iam.aws_iam_role.delete_course",
            "module.iam.data.aws_iam_policy_document.lambda_assume_role_policy",
            "module.lambdas.module.lambda_function_delete_course.aws_cloudwatch_log_group.lambda",
            "module.lambdas.module.lambda_function_delete_course.aws_iam_policy.additional_inline",
            "module.lambdas.module.lambda_function_delete_course.aws_iam_policy.additional_json",
            "module.lambdas.module.lambda_function_delete_course.aws_iam_policy.additional_jsons",
            "module.lambdas.module.lambda_function_delete_course.aws_iam_policy.async",
            "module.lambdas.module.lambda_function_delete_course.aws_iam_policy.dead_letter",
            "module.lambdas.module.lambda_function_delete_course.aws_iam_policy.logs",
            "module.lambdas.module.lambda_function_delete_course.aws_iam_policy.tracing",
            "module.lambdas.module.lambda_function_delete_course.aws_iam_policy.vpc",
            "module.lambdas.module.lambda_function_delete_course.aws_iam_role.lambda",
            "module.lambdas.module.lambda_function_delete_course.aws_iam_role_policy_attachment.additional_inline",
            "module.lambdas.module.lambda_function_delete_course.aws_iam_role_policy_attachment.additional_json",
            "module.lambdas.module.lambda_function_delete_course.aws_iam_role_policy_attachment.additional_jsons",
            "module.lambdas.module.lambda_function_delete_course.aws_iam_role_policy_attachment.additional_many",
            "module.lambdas.module.lambda_function_delete_course.aws_iam_role_policy_attachment.additional_one",
            "module.lambdas.module.lambda_function_delete_course.aws_iam_role_policy_attachment.async",
            "module.lambdas.module.lambda_function_delete_course.aws_iam_role_policy_attachment.dead_letter",
            "module.lambdas.module.lambda_function_delete_course.aws_iam_role_policy_attachment.logs",
            "module.lambdas.module.lambda_function_delete_course.aws_iam_role_policy_attachment.tracing",
            "module.lambdas.module.lambda_function_delete_course.aws_iam_role_policy_attachment.vpc",
            "module.lambdas.module.lambda_function_delete_course.aws_lambda_function.this",
            "module.lambdas.module.lambda_function_delete_course.aws_s3_object.lambda_package",
            "module.lambdas.module.lambda_function_delete_course.data.aws_arn.log_group_arn",
            "module.lambdas.module.lambda_function_delete_course.data.aws_cloudwatch_log_group.lambda",
            "module.lambdas.module.lambda_function_delete_course.data.aws_iam_policy.tracing",
            "module.lambdas.module.lambda_function_delete_course.data.aws_iam_policy.vpc",
            "module.lambdas.module.lambda_function_delete_course.data.aws_iam_policy_document.additional_inline",
            "module.lambdas.module.lambda_function_delete_course.data.aws_iam_policy_document.assume_role",
            "module.lambdas.module.lambda_function_delete_course.data.aws_iam_policy_document.async",
            "module.lambdas.module.lambda_function_delete_course.data.aws_iam_policy_document.dead_letter",
            "module.lambdas.module.lambda_function_delete_course.data.aws_iam_policy_document.logs",
            "module.lambdas.module.lambda_function_delete_course.data.aws_partition.current",
            "module.lambdas.module.lambda_function_delete_course.data.external.archive_prepare",
            "module.lambdas.module.lambda_function_delete_course.local_file.archive_plan",
            "module.lambdas.module.lambda_function_delete_course.null_resource.archive",
            "module.table_courses.aws_dynamodb_table.this"
          ]
        }
      ]
    },
    {
      "module": "module.lambdas.module.lambda_function_delete_course",
      "mode": "managed",
      "type": "aws_s3_object",
      "name": "lambda_package",
      "provider": "provider[\"registry.terraform.io/hashicorp/aws\"]",
      "instances": []
    },
    {
      "module": "module.lambdas.module.lambda_function_delete_course",
      "mode": "managed",
      "type": "local_file",
      "name": "archive_plan",
      "provider": "provider[\"registry.terraform.io/hashicorp/local\"]",
      "instances": [
        {
          "index_key": 0,
          "schema_version": 0,
          "attributes": {
            "content": "{\"filename\": \"builds/d38b061ef0e205e4fb1de537548c1959446034eaf423ed430fb003ca7ad2c392.zip\", \"runtime\": \"nodejs16.x\", \"artifacts_dir\": \"builds\", \"build_plan\": [[\"zip\", \"modules/lambda/src/delete_course\", null]]}",
            "content_base64": null,
            "content_base64sha256": "+1Not5CTPH1VVXIGsNo5dpH66x3V0yY8eziuHPImAFg=",
            "content_base64sha512": "onlRaoNj5VTG59/Giov97sbXOm1aEJRaiEciAbBQUoZ10qCDnlFG14aXY5GzpFr6XPBiZiPWCVAjakPYxGjjmg==",
            "content_md5": "4a77211f185afea8af9fbd382509f49f",
            "content_sha1": "78efd1254064b28f159f6dc0e1c3279dd21b8f37",
            "content_sha256": "fb5368b790933c7d55557206b0da397691faeb1dd5d3263c7b38ae1cf2260058",
            "content_sha512": "a279516a8363e554c6e7dfc68a8bfdeec6d73a6d5a10945a88472201b050528675d2a0839e5146d786976391b3a45afa5cf0626623d60950236a43d8c468e39a",
            "directory_permission": "0755",
            "file_permission": "0644",
            "filename": "builds/d38b061ef0e205e4fb1de537548c1959446034eaf423ed430fb003ca7ad2c392.plan.json",
            "id": "78efd1254064b28f159f6dc0e1c3279dd21b8f37",
            "sensitive_content": null,
            "source": null
          },
          "sensitive_attributes": [],
          "dependencies": [
            "module.lambdas.module.lambda_function_delete_course.data.external.archive_prepare"
          ]
        }
      ]
    },
    {
      "module": "module.lambdas.module.lambda_function_delete_course",
      "mode": "managed",
      "type": "null_resource",
      "name": "archive",
      "provider": "provider[\"registry.terraform.io/hashicorp/null\"]",
      "instances": [
        {
          "index_key": 0,
          "schema_version": 0,
          "attributes": {
            "id": "6800520536078915829",
            "triggers": {
              "filename": "builds/d38b061ef0e205e4fb1de537548c1959446034eaf423ed430fb003ca7ad2c392.zip",
              "timestamp": "1713264703000000000"
            }
          },
          "sensitive_attributes": [],
          "dependencies": [
            "module.lambdas.module.lambda_function_delete_course.data.external.archive_prepare",
            "module.lambdas.module.lambda_function_delete_course.local_file.archive_plan"
          ]
        }
      ]
    },
    {
      "module": "module.lambdas.module.lambda_function_get_all_authors",
      "mode": "data",
      "type": "aws_arn",
      "name": "log_group_arn",
      "provider": "provider[\"registry.terraform.io/hashicorp/aws\"]",
      "instances": []
    },
    {
      "module": "module.lambdas.module.lambda_function_get_all_authors",
      "mode": "data",
      "type": "aws_caller_identity",
      "name": "current",
      "provider": "provider[\"registry.terraform.io/hashicorp/aws\"]",
      "instances": [
        {
          "schema_version": 0,
          "attributes": {
            "account_id": "730335546141",
            "arn": "arn:aws:iam::730335546141:user/terraform",
            "id": "730335546141",
            "user_id": "AIDA2UC3EBMOVSJN7GVRK"
          },
          "sensitive_attributes": []
        }
      ]
    },
    {
      "module": "module.lambdas.module.lambda_function_get_all_authors",
      "mode": "data",
      "type": "aws_cloudwatch_log_group",
      "name": "lambda",
      "provider": "provider[\"registry.terraform.io/hashicorp/aws\"]",
      "instances": [
        {
          "index_key": 0,
          "schema_version": 0,
          "attributes": {
            "arn": "arn:aws:logs:eu-central-1:730335546141:log-group:dev-lpnu-kostetskyi-get-all-authors",
            "creation_time": 1713302734245,
            "id": "dev-lpnu-kostetskyi-get-all-authors",
            "kms_key_id": "",
            "log_group_class": "STANDARD",
            "name": "dev-lpnu-kostetskyi-get-all-authors",
            "retention_in_days": 90,
            "tags": {
              "Environment": "kostetskyi",
              "Name": "dev-lpnu-kostetskyi-get-all-authors",
              "Namespace": "lpnu",
              "Stage": "dev"
            }
          },
          "sensitive_attributes": []
        }
      ]
    },
    {
      "module": "module.lambdas.module.lambda_function_get_all_authors",
      "mode": "data",
      "type": "aws_iam_policy",
      "name": "tracing",
      "provider": "provider[\"registry.terraform.io/hashicorp/aws\"]",
      "instances": []
    },
    {
      "module": "module.lambdas.module.lambda_function_get_all_authors",
      "mode": "data",
      "type": "aws_iam_policy",
      "name": "vpc",
      "provider": "provider[\"registry.terraform.io/hashicorp/aws\"]",
      "instances": []
    },
    {
      "module": "module.lambdas.module.lambda_function_get_all_authors",
      "mode": "data",
      "type": "aws_iam_policy_document",
      "name": "additional_inline",
      "provider": "provider[\"registry.terraform.io/hashicorp/aws\"]",
      "instances": []
    },
    {
      "module": "module.lambdas.module.lambda_function_get_all_authors",
      "mode": "data",
      "type": "aws_iam_policy_document",
      "name": "assume_role",
      "provider": "provider[\"registry.terraform.io/hashicorp/aws\"]",
      "instances": []
    },
    {
      "module": "module.lambdas.module.lambda_function_get_all_authors",
      "mode": "data",
      "type": "aws_iam_policy_document",
      "name": "async",
      "provider": "provider[\"registry.terraform.io/hashicorp/aws\"]",
      "instances": []
    },
    {
      "module": "module.lambdas.module.lambda_function_get_all_authors",
      "mode": "data",
      "type": "aws_iam_policy_document",
      "name": "dead_letter",
      "provider": "provider[\"registry.terraform.io/hashicorp/aws\"]",
      "instances": []
    },
    {
      "module": "module.lambdas.module.lambda_function_get_all_authors",
      "mode": "data",
      "type": "aws_iam_policy_document",
      "name": "logs",
      "provider": "provider[\"registry.terraform.io/hashicorp/aws\"]",
      "instances": []
    },
    {
      "module": "module.lambdas.module.lambda_function_get_all_authors",
      "mode": "data",
      "type": "aws_partition",
      "name": "current",
      "provider": "provider[\"registry.terraform.io/hashicorp/aws\"]",
      "instances": [
        {
          "schema_version": 0,
          "attributes": {
            "dns_suffix": "amazonaws.com",
            "id": "aws",
            "partition": "aws",
            "reverse_dns_prefix": "com.amazonaws"
          },
          "sensitive_attributes": []
        }
      ]
    },
    {
      "module": "module.lambdas.module.lambda_function_get_all_authors",
      "mode": "data",
      "type": "aws_region",
      "name": "current",
      "provider": "provider[\"registry.terraform.io/hashicorp/aws\"]",
      "instances": [
        {
          "schema_version": 0,
          "attributes": {
            "description": "Europe (Frankfurt)",
            "endpoint": "ec2.eu-central-1.amazonaws.com",
            "id": "eu-central-1",
            "name": "eu-central-1"
          },
          "sensitive_attributes": []
        }
      ]
    },
    {
      "module": "module.lambdas.module.lambda_function_get_all_authors",
      "mode": "data",
      "type": "external",
      "name": "archive_prepare",
      "provider": "provider[\"registry.terraform.io/hashicorp/external\"]",
      "instances": [
        {
          "index_key": 0,
          "schema_version": 0,
          "attributes": {
            "id": "-",
            "program": [
              "python3",
              ".terraform/modules/lambdas.lambda_function_get_all_authors/package.py",
              "prepare"
            ],
            "query": {
              "artifacts_dir": "builds",
              "docker": null,
              "hash_extra": "",
              "hash_extra_paths": "[]",
              "paths": "{\"cwd\":\"/mnt/c/Users/quantum_brake/WebstormProjects/terraform\",\"module\":\".terraform/modules/lambdas.lambda_function_get_all_authors\",\"root\":\".\"}",
              "recreate_missing_package": "true",
              "runtime": "nodejs16.x",
              "source_path": "\"modules/lambda/src/get_all_authors\""
            },
            "result": {
              "build_plan": "{\"filename\": \"builds/12fa2073815b96abd772ca9bc3c49999e2581bf241222a79881f29ffef50ba64.zip\", \"runtime\": \"nodejs16.x\", \"artifacts_dir\": \"builds\", \"build_plan\": [[\"zip\", \"modules/lambda/src/get_all_authors\", null]]}",
              "build_plan_filename": "builds/12fa2073815b96abd772ca9bc3c49999e2581bf241222a79881f29ffef50ba64.plan.json",
              "filename": "builds/12fa2073815b96abd772ca9bc3c49999e2581bf241222a79881f29ffef50ba64.zip",
              "timestamp": "1713264703000000000",
              "was_missing": "false"
            },
            "working_dir": null
          },
          "sensitive_attributes": []
        }
      ]
    },
    {
      "module": "module.lambdas.module.lambda_function_get_all_authors",
      "mode": "managed",
      "type": "aws_cloudwatch_log_group",
      "name": "lambda",
      "provider": "provider[\"registry.terraform.io/hashicorp/aws\"]",
      "instances": []
    },
    {
      "module": "module.lambdas.module.lambda_function_get_all_authors",
      "mode": "managed",
      "type": "aws_iam_policy",
      "name": "additional_inline",
      "provider": "provider[\"registry.terraform.io/hashicorp/aws\"]",
      "instances": []
    },
    {
      "module": "module.lambdas.module.lambda_function_get_all_authors",
      "mode": "managed",
      "type": "aws_iam_policy",
      "name": "additional_json",
      "provider": "provider[\"registry.terraform.io/hashicorp/aws\"]",
      "instances": []
    },
    {
      "module": "module.lambdas.module.lambda_function_get_all_authors",
      "mode": "managed",
      "type": "aws_iam_policy",
      "name": "additional_jsons",
      "provider": "provider[\"registry.terraform.io/hashicorp/aws\"]",
      "instances": []
    },
    {
      "module": "module.lambdas.module.lambda_function_get_all_authors",
      "mode": "managed",
      "type": "aws_iam_policy",
      "name": "async",
      "provider": "provider[\"registry.terraform.io/hashicorp/aws\"]",
      "instances": []
    },
    {
      "module": "module.lambdas.module.lambda_function_get_all_authors",
      "mode": "managed",
      "type": "aws_iam_policy",
      "name": "dead_letter",
      "provider": "provider[\"registry.terraform.io/hashicorp/aws\"]",
      "instances": []
    },
    {
      "module": "module.lambdas.module.lambda_function_get_all_authors",
      "mode": "managed",
      "type": "aws_iam_policy",
      "name": "logs",
      "provider": "provider[\"registry.terraform.io/hashicorp/aws\"]",
      "instances": []
    },
    {
      "module": "module.lambdas.module.lambda_function_get_all_authors",
      "mode": "managed",
      "type": "aws_iam_policy",
      "name": "tracing",
      "provider": "provider[\"registry.terraform.io/hashicorp/aws\"]",
      "instances": []
    },
    {
      "module": "module.lambdas.module.lambda_function_get_all_authors",
      "mode": "managed",
      "type": "aws_iam_policy",
      "name": "vpc",
      "provider": "provider[\"registry.terraform.io/hashicorp/aws\"]",
      "instances": []
    },
    {
      "module": "module.lambdas.module.lambda_function_get_all_authors",
      "mode": "managed",
      "type": "aws_iam_role",
      "name": "lambda",
      "provider": "provider[\"registry.terraform.io/hashicorp/aws\"]",
      "instances": []
    },
    {
      "module": "module.lambdas.module.lambda_function_get_all_authors",
      "mode": "managed",
      "type": "aws_iam_role_policy_attachment",
      "name": "additional_inline",
      "provider": "provider[\"registry.terraform.io/hashicorp/aws\"]",
      "instances": []
    },
    {
      "module": "module.lambdas.module.lambda_function_get_all_authors",
      "mode": "managed",
      "type": "aws_iam_role_policy_attachment",
      "name": "additional_json",
      "provider": "provider[\"registry.terraform.io/hashicorp/aws\"]",
      "instances": []
    },
    {
      "module": "module.lambdas.module.lambda_function_get_all_authors",
      "mode": "managed",
      "type": "aws_iam_role_policy_attachment",
      "name": "additional_jsons",
      "provider": "provider[\"registry.terraform.io/hashicorp/aws\"]",
      "instances": []
    },
    {
      "module": "module.lambdas.module.lambda_function_get_all_authors",
      "mode": "managed",
      "type": "aws_iam_role_policy_attachment",
      "name": "additional_many",
      "provider": "provider[\"registry.terraform.io/hashicorp/aws\"]",
      "instances": []
    },
    {
      "module": "module.lambdas.module.lambda_function_get_all_authors",
      "mode": "managed",
      "type": "aws_iam_role_policy_attachment",
      "name": "additional_one",
      "provider": "provider[\"registry.terraform.io/hashicorp/aws\"]",
      "instances": []
    },
    {
      "module": "module.lambdas.module.lambda_function_get_all_authors",
      "mode": "managed",
      "type": "aws_iam_role_policy_attachment",
      "name": "async",
      "provider": "provider[\"registry.terraform.io/hashicorp/aws\"]",
      "instances": []
    },
    {
      "module": "module.lambdas.module.lambda_function_get_all_authors",
      "mode": "managed",
      "type": "aws_iam_role_policy_attachment",
      "name": "dead_letter",
      "provider": "provider[\"registry.terraform.io/hashicorp/aws\"]",
      "instances": []
    },
    {
      "module": "module.lambdas.module.lambda_function_get_all_authors",
      "mode": "managed",
      "type": "aws_iam_role_policy_attachment",
      "name": "logs",
      "provider": "provider[\"registry.terraform.io/hashicorp/aws\"]",
      "instances": []
    },
    {
      "module": "module.lambdas.module.lambda_function_get_all_authors",
      "mode": "managed",
      "type": "aws_iam_role_policy_attachment",
      "name": "tracing",
      "provider": "provider[\"registry.terraform.io/hashicorp/aws\"]",
      "instances": []
    },
    {
      "module": "module.lambdas.module.lambda_function_get_all_authors",
      "mode": "managed",
      "type": "aws_iam_role_policy_attachment",
      "name": "vpc",
      "provider": "provider[\"registry.terraform.io/hashicorp/aws\"]",
      "instances": []
    },
    {
      "module": "module.lambdas.module.lambda_function_get_all_authors",
      "mode": "managed",
      "type": "aws_lambda_function",
      "name": "this",
      "provider": "provider[\"registry.terraform.io/hashicorp/aws\"]",
      "instances": [
        {
          "index_key": 0,
          "schema_version": 0,
          "attributes": {
            "architectures": [
              "x86_64"
            ],
            "arn": "arn:aws:lambda:eu-central-1:730335546141:function:dev-lpnu-kostetskyi-get-all-authors",
            "code_signing_config_arn": "",
            "dead_letter_config": [],
            "description": "My awesome lambda function",
            "environment": [
              {
                "variables": {
                  "TABLE_NAME": "dev-lpnu-kostetskyi-authors"
                }
              }
            ],
            "ephemeral_storage": [
              {
                "size": 512
              }
            ],
            "file_system_config": [],
            "filename": "builds/12fa2073815b96abd772ca9bc3c49999e2581bf241222a79881f29ffef50ba64.zip",
            "function_name": "dev-lpnu-kostetskyi-get-all-authors",
            "handler": "index.handler",
            "id": "dev-lpnu-kostetskyi-get-all-authors",
            "image_config": [],
            "image_uri": "",
            "invoke_arn": "arn:aws:apigateway:eu-central-1:lambda:path/2015-03-31/functions/arn:aws:lambda:eu-central-1:730335546141:function:dev-lpnu-kostetskyi-get-all-authors/invocations",
            "kms_key_arn": "",
            "last_modified": "2024-04-17T15:38:36.157+0000",
            "layers": [],
            "logging_config": [
              {
                "application_log_level": "",
                "log_format": "Text",
                "log_group": "dev-lpnu-kostetskyi-get-all-authors",
                "system_log_level": ""
              }
            ],
            "memory_size": 128,
            "package_type": "Zip",
            "publish": true,
            "qualified_arn": "arn:aws:lambda:eu-central-1:730335546141:function:dev-lpnu-kostetskyi-get-all-authors:7",
            "qualified_invoke_arn": "arn:aws:apigateway:eu-central-1:lambda:path/2015-03-31/functions/arn:aws:lambda:eu-central-1:730335546141:function:dev-lpnu-kostetskyi-get-all-authors:7/invocations",
            "replace_security_groups_on_destroy": null,
            "replacement_security_group_ids": null,
            "reserved_concurrent_executions": -1,
            "role": "arn:aws:iam::730335546141:role/dev-lpnu-kostetskyi-get-all-authors",
            "runtime": "nodejs16.x",
            "s3_bucket": null,
            "s3_key": null,
            "s3_object_version": null,
            "signing_job_arn": "",
            "signing_profile_version_arn": "",
            "skip_destroy": false,
            "snap_start": [],
            "source_code_hash": "jDMkQwiRIatIXEJW6lqI4vJVQrXD8YYd6D0mIGEWHx8=",
            "source_code_size": 448,
            "tags": {
              "Environment": "kostetskyi",
              "Name": "dev-lpnu-kostetskyi-get-all-authors",
              "Namespace": "lpnu",
              "Stage": "dev"
            },
            "tags_all": {
              "Environment": "kostetskyi",
              "Name": "dev-lpnu-kostetskyi-get-all-authors",
              "Namespace": "lpnu",
              "Stage": "dev"
            },
            "timeout": 3,
            "timeouts": null,
            "tracing_config": [
              {
                "mode": "PassThrough"
              }
            ],
            "version": "7",
            "vpc_config": []
          },
          "sensitive_attributes": [],
          "private": "eyJlMmJmYjczMC1lY2FhLTExZTYtOGY4OC0zNDM2M2JjN2M0YzAiOnsiY3JlYXRlIjo2MDAwMDAwMDAwMDAsImRlbGV0ZSI6NjAwMDAwMDAwMDAwLCJ1cGRhdGUiOjYwMDAwMDAwMDAwMH19",
          "dependencies": [
            "module.cloudwatch.aws_cloudwatch_log_group.get_all_authors",
            "module.iam.aws_iam_role.get_all_authors",
            "module.iam.data.aws_iam_policy_document.lambda_assume_role_policy",
            "module.lambdas.module.lambda_function_get_all_authors.aws_cloudwatch_log_group.lambda",
            "module.lambdas.module.lambda_function_get_all_authors.aws_iam_policy.additional_inline",
            "module.lambdas.module.lambda_function_get_all_authors.aws_iam_policy.additional_json",
            "module.lambdas.module.lambda_function_get_all_authors.aws_iam_policy.additional_jsons",
            "module.lambdas.module.lambda_function_get_all_authors.aws_iam_policy.async",
            "module.lambdas.module.lambda_function_get_all_authors.aws_iam_policy.dead_letter",
            "module.lambdas.module.lambda_function_get_all_authors.aws_iam_policy.logs",
            "module.lambdas.module.lambda_function_get_all_authors.aws_iam_policy.tracing",
            "module.lambdas.module.lambda_function_get_all_authors.aws_iam_policy.vpc",
            "module.lambdas.module.lambda_function_get_all_authors.aws_iam_role.lambda",
            "module.lambdas.module.lambda_function_get_all_authors.aws_iam_role_policy_attachment.additional_inline",
            "module.lambdas.module.lambda_function_get_all_authors.aws_iam_role_policy_attachment.additional_json",
            "module.lambdas.module.lambda_function_get_all_authors.aws_iam_role_policy_attachment.additional_jsons",
            "module.lambdas.module.lambda_function_get_all_authors.aws_iam_role_policy_attachment.additional_many",
            "module.lambdas.module.lambda_function_get_all_authors.aws_iam_role_policy_attachment.additional_one",
            "module.lambdas.module.lambda_function_get_all_authors.aws_iam_role_policy_attachment.async",
            "module.lambdas.module.lambda_function_get_all_authors.aws_iam_role_policy_attachment.dead_letter",
            "module.lambdas.module.lambda_function_get_all_authors.aws_iam_role_policy_attachment.logs",
            "module.lambdas.module.lambda_function_get_all_authors.aws_iam_role_policy_attachment.tracing",
            "module.lambdas.module.lambda_function_get_all_authors.aws_iam_role_policy_attachment.vpc",
            "module.lambdas.module.lambda_function_get_all_authors.aws_s3_object.lambda_package",
            "module.lambdas.module.lambda_function_get_all_authors.data.aws_arn.log_group_arn",
            "module.lambdas.module.lambda_function_get_all_authors.data.aws_cloudwatch_log_group.lambda",
            "module.lambdas.module.lambda_function_get_all_authors.data.aws_iam_policy.tracing",
            "module.lambdas.module.lambda_function_get_all_authors.data.aws_iam_policy.vpc",
            "module.lambdas.module.lambda_function_get_all_authors.data.aws_iam_policy_document.additional_inline",
            "module.lambdas.module.lambda_function_get_all_authors.data.aws_iam_policy_document.assume_role",
            "module.lambdas.module.lambda_function_get_all_authors.data.aws_iam_policy_document.async",
            "module.lambdas.module.lambda_function_get_all_authors.data.aws_iam_policy_document.dead_letter",
            "module.lambdas.module.lambda_function_get_all_authors.data.aws_iam_policy_document.logs",
            "module.lambdas.module.lambda_function_get_all_authors.data.aws_partition.current",
            "module.lambdas.module.lambda_function_get_all_authors.data.external.archive_prepare",
            "module.lambdas.module.lambda_function_get_all_authors.local_file.archive_plan",
            "module.lambdas.module.lambda_function_get_all_authors.null_resource.archive",
            "module.table_authors.aws_dynamodb_table.this"
          ]
        }
      ]
    },
    {
      "module": "module.lambdas.module.lambda_function_get_all_authors",
      "mode": "managed",
      "type": "aws_lambda_permission",
      "name": "current_version_triggers",
      "provider": "provider[\"registry.terraform.io/hashicorp/aws\"]",
      "instances": [
        {
          "index_key": "APIGatewayAny",
          "schema_version": 0,
          "attributes": {
            "action": "lambda:InvokeFunction",
            "event_source_token": null,
            "function_name": "dev-lpnu-kostetskyi-get-all-authors",
            "function_url_auth_type": null,
            "id": "APIGatewayAny",
            "principal": "apigateway.amazonaws.com",
            "principal_org_id": null,
            "qualifier": "7",
            "source_account": null,
            "source_arn": "arn:aws:execute-api:eu-central-1:730335546141:pttggq8vxf/*/*/*",
            "statement_id": "APIGatewayAny",
            "statement_id_prefix": ""
          },
          "sensitive_attributes": [],
          "private": "bnVsbA==",
          "dependencies": [
            "aws_api_gateway_rest_api.this",
            "module.cloudwatch.aws_cloudwatch_log_group.get_all_authors",
            "module.iam.aws_iam_role.get_all_authors",
            "module.iam.data.aws_iam_policy_document.lambda_assume_role_policy",
            "module.lambdas.module.lambda_function_get_all_authors.aws_cloudwatch_log_group.lambda",
            "module.lambdas.module.lambda_function_get_all_authors.aws_iam_policy.additional_inline",
            "module.lambdas.module.lambda_function_get_all_authors.aws_iam_policy.additional_json",
            "module.lambdas.module.lambda_function_get_all_authors.aws_iam_policy.additional_jsons",
            "module.lambdas.module.lambda_function_get_all_authors.aws_iam_policy.async",
            "module.lambdas.module.lambda_function_get_all_authors.aws_iam_policy.dead_letter",
            "module.lambdas.module.lambda_function_get_all_authors.aws_iam_policy.logs",
            "module.lambdas.module.lambda_function_get_all_authors.aws_iam_policy.tracing",
            "module.lambdas.module.lambda_function_get_all_authors.aws_iam_policy.vpc",
            "module.lambdas.module.lambda_function_get_all_authors.aws_iam_role.lambda",
            "module.lambdas.module.lambda_function_get_all_authors.aws_iam_role_policy_attachment.additional_inline",
            "module.lambdas.module.lambda_function_get_all_authors.aws_iam_role_policy_attachment.additional_json",
            "module.lambdas.module.lambda_function_get_all_authors.aws_iam_role_policy_attachment.additional_jsons",
            "module.lambdas.module.lambda_function_get_all_authors.aws_iam_role_policy_attachment.additional_many",
            "module.lambdas.module.lambda_function_get_all_authors.aws_iam_role_policy_attachment.additional_one",
            "module.lambdas.module.lambda_function_get_all_authors.aws_iam_role_policy_attachment.async",
            "module.lambdas.module.lambda_function_get_all_authors.aws_iam_role_policy_attachment.dead_letter",
            "module.lambdas.module.lambda_function_get_all_authors.aws_iam_role_policy_attachment.logs",
            "module.lambdas.module.lambda_function_get_all_authors.aws_iam_role_policy_attachment.tracing",
            "module.lambdas.module.lambda_function_get_all_authors.aws_iam_role_policy_attachment.vpc",
            "module.lambdas.module.lambda_function_get_all_authors.aws_lambda_function.this",
            "module.lambdas.module.lambda_function_get_all_authors.aws_s3_object.lambda_package",
            "module.lambdas.module.lambda_function_get_all_authors.data.aws_arn.log_group_arn",
            "module.lambdas.module.lambda_function_get_all_authors.data.aws_cloudwatch_log_group.lambda",
            "module.lambdas.module.lambda_function_get_all_authors.data.aws_iam_policy.tracing",
            "module.lambdas.module.lambda_function_get_all_authors.data.aws_iam_policy.vpc",
            "module.lambdas.module.lambda_function_get_all_authors.data.aws_iam_policy_document.additional_inline",
            "module.lambdas.module.lambda_function_get_all_authors.data.aws_iam_policy_document.assume_role",
            "module.lambdas.module.lambda_function_get_all_authors.data.aws_iam_policy_document.async",
            "module.lambdas.module.lambda_function_get_all_authors.data.aws_iam_policy_document.dead_letter",
            "module.lambdas.module.lambda_function_get_all_authors.data.aws_iam_policy_document.logs",
            "module.lambdas.module.lambda_function_get_all_authors.data.aws_partition.current",
            "module.lambdas.module.lambda_function_get_all_authors.data.external.archive_prepare",
            "module.lambdas.module.lambda_function_get_all_authors.local_file.archive_plan",
            "module.lambdas.module.lambda_function_get_all_authors.null_resource.archive",
            "module.table_authors.aws_dynamodb_table.this"
          ]
        }
      ]
    },
    {
      "module": "module.lambdas.module.lambda_function_get_all_authors",
      "mode": "managed",
      "type": "aws_lambda_permission",
      "name": "unqualified_alias_triggers",
      "provider": "provider[\"registry.terraform.io/hashicorp/aws\"]",
      "instances": [
        {
          "index_key": "APIGatewayAny",
          "schema_version": 0,
          "attributes": {
            "action": "lambda:InvokeFunction",
            "event_source_token": null,
            "function_name": "dev-lpnu-kostetskyi-get-all-authors",
            "function_url_auth_type": null,
            "id": "APIGatewayAny",
            "principal": "apigateway.amazonaws.com",
            "principal_org_id": null,
            "qualifier": "",
            "source_account": null,
            "source_arn": "arn:aws:execute-api:eu-central-1:730335546141:pttggq8vxf/*/*/*",
            "statement_id": "APIGatewayAny",
            "statement_id_prefix": ""
          },
          "sensitive_attributes": [],
          "private": "bnVsbA==",
          "dependencies": [
            "aws_api_gateway_rest_api.this",
            "module.cloudwatch.aws_cloudwatch_log_group.get_all_authors",
            "module.iam.aws_iam_role.get_all_authors",
            "module.iam.data.aws_iam_policy_document.lambda_assume_role_policy",
            "module.lambdas.module.lambda_function_get_all_authors.aws_cloudwatch_log_group.lambda",
            "module.lambdas.module.lambda_function_get_all_authors.aws_iam_policy.additional_inline",
            "module.lambdas.module.lambda_function_get_all_authors.aws_iam_policy.additional_json",
            "module.lambdas.module.lambda_function_get_all_authors.aws_iam_policy.additional_jsons",
            "module.lambdas.module.lambda_function_get_all_authors.aws_iam_policy.async",
            "module.lambdas.module.lambda_function_get_all_authors.aws_iam_policy.dead_letter",
            "module.lambdas.module.lambda_function_get_all_authors.aws_iam_policy.logs",
            "module.lambdas.module.lambda_function_get_all_authors.aws_iam_policy.tracing",
            "module.lambdas.module.lambda_function_get_all_authors.aws_iam_policy.vpc",
            "module.lambdas.module.lambda_function_get_all_authors.aws_iam_role.lambda",
            "module.lambdas.module.lambda_function_get_all_authors.aws_iam_role_policy_attachment.additional_inline",
            "module.lambdas.module.lambda_function_get_all_authors.aws_iam_role_policy_attachment.additional_json",
            "module.lambdas.module.lambda_function_get_all_authors.aws_iam_role_policy_attachment.additional_jsons",
            "module.lambdas.module.lambda_function_get_all_authors.aws_iam_role_policy_attachment.additional_many",
            "module.lambdas.module.lambda_function_get_all_authors.aws_iam_role_policy_attachment.additional_one",
            "module.lambdas.module.lambda_function_get_all_authors.aws_iam_role_policy_attachment.async",
            "module.lambdas.module.lambda_function_get_all_authors.aws_iam_role_policy_attachment.dead_letter",
            "module.lambdas.module.lambda_function_get_all_authors.aws_iam_role_policy_attachment.logs",
            "module.lambdas.module.lambda_function_get_all_authors.aws_iam_role_policy_attachment.tracing",
            "module.lambdas.module.lambda_function_get_all_authors.aws_iam_role_policy_attachment.vpc",
            "module.lambdas.module.lambda_function_get_all_authors.aws_lambda_function.this",
            "module.lambdas.module.lambda_function_get_all_authors.aws_s3_object.lambda_package",
            "module.lambdas.module.lambda_function_get_all_authors.data.aws_arn.log_group_arn",
            "module.lambdas.module.lambda_function_get_all_authors.data.aws_cloudwatch_log_group.lambda",
            "module.lambdas.module.lambda_function_get_all_authors.data.aws_iam_policy.tracing",
            "module.lambdas.module.lambda_function_get_all_authors.data.aws_iam_policy.vpc",
            "module.lambdas.module.lambda_function_get_all_authors.data.aws_iam_policy_document.additional_inline",
            "module.lambdas.module.lambda_function_get_all_authors.data.aws_iam_policy_document.assume_role",
            "module.lambdas.module.lambda_function_get_all_authors.data.aws_iam_policy_document.async",
            "module.lambdas.module.lambda_function_get_all_authors.data.aws_iam_policy_document.dead_letter",
            "module.lambdas.module.lambda_function_get_all_authors.data.aws_iam_policy_document.logs",
            "module.lambdas.module.lambda_function_get_all_authors.data.aws_partition.current",
            "module.lambdas.module.lambda_function_get_all_authors.data.external.archive_prepare",
            "module.lambdas.module.lambda_function_get_all_authors.local_file.archive_plan",
            "module.lambdas.module.lambda_function_get_all_authors.null_resource.archive",
            "module.table_authors.aws_dynamodb_table.this"
          ]
        }
      ]
    },
    {
      "module": "module.lambdas.module.lambda_function_get_all_authors",
      "mode": "managed",
      "type": "aws_s3_object",
      "name": "lambda_package",
      "provider": "provider[\"registry.terraform.io/hashicorp/aws\"]",
      "instances": []
    },
    {
      "module": "module.lambdas.module.lambda_function_get_all_authors",
      "mode": "managed",
      "type": "local_file",
      "name": "archive_plan",
      "provider": "provider[\"registry.terraform.io/hashicorp/local\"]",
      "instances": [
        {
          "index_key": 0,
          "schema_version": 0,
          "attributes": {
            "content": "{\"filename\": \"builds/12fa2073815b96abd772ca9bc3c49999e2581bf241222a79881f29ffef50ba64.zip\", \"runtime\": \"nodejs16.x\", \"artifacts_dir\": \"builds\", \"build_plan\": [[\"zip\", \"modules/lambda/src/get_all_authors\", null]]}",
            "content_base64": null,
            "content_base64sha256": "ZCjaK8AQr+UX1Sy7Tp2PTEV2CTO7f/EDcBqwU2dVlvE=",
            "content_base64sha512": "Y1/k6nxsMK+4fTsAGFvGSI5Qzriq+ZmbQp5W0eI6YefFTcIKRLXMIYvgeF4+RTHjOp/2IRGDuttef5+XSq7WVQ==",
            "content_md5": "59002a05632fad14ee421e896af336b9",
            "content_sha1": "cebf1a36cf75912cccfb4e3a46e98a9ce61fc72f",
            "content_sha256": "6428da2bc010afe517d52cbb4e9d8f4c45760933bb7ff103701ab053675596f1",
            "content_sha512": "635fe4ea7c6c30afb87d3b00185bc6488e50ceb8aaf9999b429e56d1e23a61e7c54dc20a44b5cc218be0785e3e4531e33a9ff6211183badb5e7f9f974aaed655",
            "directory_permission": "0755",
            "file_permission": "0644",
            "filename": "builds/12fa2073815b96abd772ca9bc3c49999e2581bf241222a79881f29ffef50ba64.plan.json",
            "id": "cebf1a36cf75912cccfb4e3a46e98a9ce61fc72f",
            "sensitive_content": null,
            "source": null
          },
          "sensitive_attributes": [],
          "dependencies": [
            "module.lambdas.module.lambda_function_get_all_authors.data.external.archive_prepare"
          ]
        }
      ]
    },
    {
      "module": "module.lambdas.module.lambda_function_get_all_authors",
      "mode": "managed",
      "type": "null_resource",
      "name": "archive",
      "provider": "provider[\"registry.terraform.io/hashicorp/null\"]",
      "instances": [
        {
          "index_key": 0,
          "schema_version": 0,
          "attributes": {
            "id": "4384564833191622748",
            "triggers": {
              "filename": "builds/12fa2073815b96abd772ca9bc3c49999e2581bf241222a79881f29ffef50ba64.zip",
              "timestamp": "1713264703000000000"
            }
          },
          "sensitive_attributes": [],
          "dependencies": [
            "module.lambdas.module.lambda_function_get_all_authors.data.external.archive_prepare",
            "module.lambdas.module.lambda_function_get_all_authors.local_file.archive_plan"
          ]
        }
      ]
    },
    {
      "module": "module.lambdas.module.lambda_function_get_all_courses",
      "mode": "data",
      "type": "aws_arn",
      "name": "log_group_arn",
      "provider": "provider[\"registry.terraform.io/hashicorp/aws\"]",
      "instances": []
    },
    {
      "module": "module.lambdas.module.lambda_function_get_all_courses",
      "mode": "data",
      "type": "aws_caller_identity",
      "name": "current",
      "provider": "provider[\"registry.terraform.io/hashicorp/aws\"]",
      "instances": [
        {
          "schema_version": 0,
          "attributes": {
            "account_id": "730335546141",
            "arn": "arn:aws:iam::730335546141:user/terraform",
            "id": "730335546141",
            "user_id": "AIDA2UC3EBMOVSJN7GVRK"
          },
          "sensitive_attributes": []
        }
      ]
    },
    {
      "module": "module.lambdas.module.lambda_function_get_all_courses",
      "mode": "data",
      "type": "aws_cloudwatch_log_group",
      "name": "lambda",
      "provider": "provider[\"registry.terraform.io/hashicorp/aws\"]",
      "instances": [
        {
          "index_key": 0,
          "schema_version": 0,
          "attributes": {
            "arn": "arn:aws:logs:eu-central-1:730335546141:log-group:dev-lpnu-kostetskyi-get-all-courses",
            "creation_time": 1713302734296,
            "id": "dev-lpnu-kostetskyi-get-all-courses",
            "kms_key_id": "",
            "log_group_class": "STANDARD",
            "name": "dev-lpnu-kostetskyi-get-all-courses",
            "retention_in_days": 90,
            "tags": {
              "Environment": "kostetskyi",
              "Name": "dev-lpnu-kostetskyi-get-all-courses",
              "Namespace": "lpnu",
              "Stage": "dev"
            }
          },
          "sensitive_attributes": []
        }
      ]
    },
    {
      "module": "module.lambdas.module.lambda_function_get_all_courses",
      "mode": "data",
      "type": "aws_iam_policy",
      "name": "tracing",
      "provider": "provider[\"registry.terraform.io/hashicorp/aws\"]",
      "instances": []
    },
    {
      "module": "module.lambdas.module.lambda_function_get_all_courses",
      "mode": "data",
      "type": "aws_iam_policy",
      "name": "vpc",
      "provider": "provider[\"registry.terraform.io/hashicorp/aws\"]",
      "instances": []
    },
    {
      "module": "module.lambdas.module.lambda_function_get_all_courses",
      "mode": "data",
      "type": "aws_iam_policy_document",
      "name": "additional_inline",
      "provider": "provider[\"registry.terraform.io/hashicorp/aws\"]",
      "instances": []
    },
    {
      "module": "module.lambdas.module.lambda_function_get_all_courses",
      "mode": "data",
      "type": "aws_iam_policy_document",
      "name": "assume_role",
      "provider": "provider[\"registry.terraform.io/hashicorp/aws\"]",
      "instances": []
    },
    {
      "module": "module.lambdas.module.lambda_function_get_all_courses",
      "mode": "data",
      "type": "aws_iam_policy_document",
      "name": "async",
      "provider": "provider[\"registry.terraform.io/hashicorp/aws\"]",
      "instances": []
    },
    {
      "module": "module.lambdas.module.lambda_function_get_all_courses",
      "mode": "data",
      "type": "aws_iam_policy_document",
      "name": "dead_letter",
      "provider": "provider[\"registry.terraform.io/hashicorp/aws\"]",
      "instances": []
    },
    {
      "module": "module.lambdas.module.lambda_function_get_all_courses",
      "mode": "data",
      "type": "aws_iam_policy_document",
      "name": "logs",
      "provider": "provider[\"registry.terraform.io/hashicorp/aws\"]",
      "instances": []
    },
    {
      "module": "module.lambdas.module.lambda_function_get_all_courses",
      "mode": "data",
      "type": "aws_partition",
      "name": "current",
      "provider": "provider[\"registry.terraform.io/hashicorp/aws\"]",
      "instances": [
        {
          "schema_version": 0,
          "attributes": {
            "dns_suffix": "amazonaws.com",
            "id": "aws",
            "partition": "aws",
            "reverse_dns_prefix": "com.amazonaws"
          },
          "sensitive_attributes": []
        }
      ]
    },
    {
      "module": "module.lambdas.module.lambda_function_get_all_courses",
      "mode": "data",
      "type": "aws_region",
      "name": "current",
      "provider": "provider[\"registry.terraform.io/hashicorp/aws\"]",
      "instances": [
        {
          "schema_version": 0,
          "attributes": {
            "description": "Europe (Frankfurt)",
            "endpoint": "ec2.eu-central-1.amazonaws.com",
            "id": "eu-central-1",
            "name": "eu-central-1"
          },
          "sensitive_attributes": []
        }
      ]
    },
    {
      "module": "module.lambdas.module.lambda_function_get_all_courses",
      "mode": "data",
      "type": "external",
      "name": "archive_prepare",
      "provider": "provider[\"registry.terraform.io/hashicorp/external\"]",
      "instances": [
        {
          "index_key": 0,
          "schema_version": 0,
          "attributes": {
            "id": "-",
            "program": [
              "python3",
              ".terraform/modules/lambdas.lambda_function_get_all_courses/package.py",
              "prepare"
            ],
            "query": {
              "artifacts_dir": "builds",
              "docker": null,
              "hash_extra": "",
              "hash_extra_paths": "[]",
              "paths": "{\"cwd\":\"/mnt/c/Users/quantum_brake/WebstormProjects/terraform\",\"module\":\".terraform/modules/lambdas.lambda_function_get_all_courses\",\"root\":\".\"}",
              "recreate_missing_package": "true",
              "runtime": "nodejs16.x",
              "source_path": "\"modules/lambda/src/get_all_courses\""
            },
            "result": {
              "build_plan": "{\"filename\": \"builds/67aff9715452660e6c4d043d37fe7079651dd3606d4f625a7e36fa59f759d04f.zip\", \"runtime\": \"nodejs16.x\", \"artifacts_dir\": \"builds\", \"build_plan\": [[\"zip\", \"modules/lambda/src/get_all_courses\", null]]}",
              "build_plan_filename": "builds/67aff9715452660e6c4d043d37fe7079651dd3606d4f625a7e36fa59f759d04f.plan.json",
              "filename": "builds/67aff9715452660e6c4d043d37fe7079651dd3606d4f625a7e36fa59f759d04f.zip",
              "timestamp": "1713264703000000000",
              "was_missing": "false"
            },
            "working_dir": null
          },
          "sensitive_attributes": []
        }
      ]
    },
    {
      "module": "module.lambdas.module.lambda_function_get_all_courses",
      "mode": "managed",
      "type": "aws_cloudwatch_log_group",
      "name": "lambda",
      "provider": "provider[\"registry.terraform.io/hashicorp/aws\"]",
      "instances": []
    },
    {
      "module": "module.lambdas.module.lambda_function_get_all_courses",
      "mode": "managed",
      "type": "aws_iam_policy",
      "name": "additional_inline",
      "provider": "provider[\"registry.terraform.io/hashicorp/aws\"]",
      "instances": []
    },
    {
      "module": "module.lambdas.module.lambda_function_get_all_courses",
      "mode": "managed",
      "type": "aws_iam_policy",
      "name": "additional_json",
      "provider": "provider[\"registry.terraform.io/hashicorp/aws\"]",
      "instances": []
    },
    {
      "module": "module.lambdas.module.lambda_function_get_all_courses",
      "mode": "managed",
      "type": "aws_iam_policy",
      "name": "additional_jsons",
      "provider": "provider[\"registry.terraform.io/hashicorp/aws\"]",
      "instances": []
    },
    {
      "module": "module.lambdas.module.lambda_function_get_all_courses",
      "mode": "managed",
      "type": "aws_iam_policy",
      "name": "async",
      "provider": "provider[\"registry.terraform.io/hashicorp/aws\"]",
      "instances": []
    },
    {
      "module": "module.lambdas.module.lambda_function_get_all_courses",
      "mode": "managed",
      "type": "aws_iam_policy",
      "name": "dead_letter",
      "provider": "provider[\"registry.terraform.io/hashicorp/aws\"]",
      "instances": []
    },
    {
      "module": "module.lambdas.module.lambda_function_get_all_courses",
      "mode": "managed",
      "type": "aws_iam_policy",
      "name": "logs",
      "provider": "provider[\"registry.terraform.io/hashicorp/aws\"]",
      "instances": []
    },
    {
      "module": "module.lambdas.module.lambda_function_get_all_courses",
      "mode": "managed",
      "type": "aws_iam_policy",
      "name": "tracing",
      "provider": "provider[\"registry.terraform.io/hashicorp/aws\"]",
      "instances": []
    },
    {
      "module": "module.lambdas.module.lambda_function_get_all_courses",
      "mode": "managed",
      "type": "aws_iam_policy",
      "name": "vpc",
      "provider": "provider[\"registry.terraform.io/hashicorp/aws\"]",
      "instances": []
    },
    {
      "module": "module.lambdas.module.lambda_function_get_all_courses",
      "mode": "managed",
      "type": "aws_iam_role",
      "name": "lambda",
      "provider": "provider[\"registry.terraform.io/hashicorp/aws\"]",
      "instances": []
    },
    {
      "module": "module.lambdas.module.lambda_function_get_all_courses",
      "mode": "managed",
      "type": "aws_iam_role_policy_attachment",
      "name": "additional_inline",
      "provider": "provider[\"registry.terraform.io/hashicorp/aws\"]",
      "instances": []
    },
    {
      "module": "module.lambdas.module.lambda_function_get_all_courses",
      "mode": "managed",
      "type": "aws_iam_role_policy_attachment",
      "name": "additional_json",
      "provider": "provider[\"registry.terraform.io/hashicorp/aws\"]",
      "instances": []
    },
    {
      "module": "module.lambdas.module.lambda_function_get_all_courses",
      "mode": "managed",
      "type": "aws_iam_role_policy_attachment",
      "name": "additional_jsons",
      "provider": "provider[\"registry.terraform.io/hashicorp/aws\"]",
      "instances": []
    },
    {
      "module": "module.lambdas.module.lambda_function_get_all_courses",
      "mode": "managed",
      "type": "aws_iam_role_policy_attachment",
      "name": "additional_many",
      "provider": "provider[\"registry.terraform.io/hashicorp/aws\"]",
      "instances": []
    },
    {
      "module": "module.lambdas.module.lambda_function_get_all_courses",
      "mode": "managed",
      "type": "aws_iam_role_policy_attachment",
      "name": "additional_one",
      "provider": "provider[\"registry.terraform.io/hashicorp/aws\"]",
      "instances": []
    },
    {
      "module": "module.lambdas.module.lambda_function_get_all_courses",
      "mode": "managed",
      "type": "aws_iam_role_policy_attachment",
      "name": "async",
      "provider": "provider[\"registry.terraform.io/hashicorp/aws\"]",
      "instances": []
    },
    {
      "module": "module.lambdas.module.lambda_function_get_all_courses",
      "mode": "managed",
      "type": "aws_iam_role_policy_attachment",
      "name": "dead_letter",
      "provider": "provider[\"registry.terraform.io/hashicorp/aws\"]",
      "instances": []
    },
    {
      "module": "module.lambdas.module.lambda_function_get_all_courses",
      "mode": "managed",
      "type": "aws_iam_role_policy_attachment",
      "name": "logs",
      "provider": "provider[\"registry.terraform.io/hashicorp/aws\"]",
      "instances": []
    },
    {
      "module": "module.lambdas.module.lambda_function_get_all_courses",
      "mode": "managed",
      "type": "aws_iam_role_policy_attachment",
      "name": "tracing",
      "provider": "provider[\"registry.terraform.io/hashicorp/aws\"]",
      "instances": []
    },
    {
      "module": "module.lambdas.module.lambda_function_get_all_courses",
      "mode": "managed",
      "type": "aws_iam_role_policy_attachment",
      "name": "vpc",
      "provider": "provider[\"registry.terraform.io/hashicorp/aws\"]",
      "instances": []
    },
    {
      "module": "module.lambdas.module.lambda_function_get_all_courses",
      "mode": "managed",
      "type": "aws_lambda_function",
      "name": "this",
      "provider": "provider[\"registry.terraform.io/hashicorp/aws\"]",
      "instances": [
        {
          "index_key": 0,
          "schema_version": 0,
          "attributes": {
            "architectures": [
              "x86_64"
            ],
            "arn": "arn:aws:lambda:eu-central-1:730335546141:function:dev-lpnu-kostetskyi-get-all-courses",
            "code_signing_config_arn": "",
            "dead_letter_config": [],
            "description": "My awesome lambda function",
            "environment": [
              {
                "variables": {
                  "TABLE_NAME": "dev-lpnu-kostetskyi-courses"
                }
              }
            ],
            "ephemeral_storage": [
              {
                "size": 512
              }
            ],
            "file_system_config": [],
            "filename": "builds/67aff9715452660e6c4d043d37fe7079651dd3606d4f625a7e36fa59f759d04f.zip",
            "function_name": "dev-lpnu-kostetskyi-get-all-courses",
            "handler": "index.handler",
            "id": "dev-lpnu-kostetskyi-get-all-courses",
            "image_config": [],
            "image_uri": "",
            "invoke_arn": "arn:aws:apigateway:eu-central-1:lambda:path/2015-03-31/functions/arn:aws:lambda:eu-central-1:730335546141:function:dev-lpnu-kostetskyi-get-all-courses/invocations",
            "kms_key_arn": "",
            "last_modified": "2024-04-17T15:38:30.362+0000",
            "layers": [],
            "logging_config": [
              {
                "application_log_level": "",
                "log_format": "Text",
                "log_group": "dev-lpnu-kostetskyi-get-all-courses",
                "system_log_level": ""
              }
            ],
            "memory_size": 128,
            "package_type": "Zip",
            "publish": true,
            "qualified_arn": "arn:aws:lambda:eu-central-1:730335546141:function:dev-lpnu-kostetskyi-get-all-courses:7",
            "qualified_invoke_arn": "arn:aws:apigateway:eu-central-1:lambda:path/2015-03-31/functions/arn:aws:lambda:eu-central-1:730335546141:function:dev-lpnu-kostetskyi-get-all-courses:7/invocations",
            "replace_security_groups_on_destroy": null,
            "replacement_security_group_ids": null,
            "reserved_concurrent_executions": -1,
            "role": "arn:aws:iam::730335546141:role/dev-lpnu-kostetskyi-get-all-courses",
            "runtime": "nodejs16.x",
            "s3_bucket": null,
            "s3_key": null,
            "s3_object_version": null,
            "signing_job_arn": "",
            "signing_profile_version_arn": "",
            "skip_destroy": false,
            "snap_start": [],
            "source_code_hash": "gBgTYH7QW2ZKsvUBkJUeMiC2enY5WBPSXrDINQBVVPw=",
            "source_code_size": 447,
            "tags": {
              "Environment": "kostetskyi",
              "Name": "dev-lpnu-kostetskyi-get-all-courses",
              "Namespace": "lpnu",
              "Stage": "dev"
            },
            "tags_all": {
              "Environment": "kostetskyi",
              "Name": "dev-lpnu-kostetskyi-get-all-courses",
              "Namespace": "lpnu",
              "Stage": "dev"
            },
            "timeout": 3,
            "timeouts": null,
            "tracing_config": [
              {
                "mode": "PassThrough"
              }
            ],
            "version": "7",
            "vpc_config": []
          },
          "sensitive_attributes": [],
          "private": "eyJlMmJmYjczMC1lY2FhLTExZTYtOGY4OC0zNDM2M2JjN2M0YzAiOnsiY3JlYXRlIjo2MDAwMDAwMDAwMDAsImRlbGV0ZSI6NjAwMDAwMDAwMDAwLCJ1cGRhdGUiOjYwMDAwMDAwMDAwMH19",
          "dependencies": [
            "module.cloudwatch.aws_cloudwatch_log_group.get_all_courses",
            "module.iam.aws_iam_role.get_all_courses",
            "module.iam.data.aws_iam_policy_document.lambda_assume_role_policy",
            "module.lambdas.module.lambda_function_get_all_courses.aws_cloudwatch_log_group.lambda",
            "module.lambdas.module.lambda_function_get_all_courses.aws_iam_policy.additional_inline",
            "module.lambdas.module.lambda_function_get_all_courses.aws_iam_policy.additional_json",
            "module.lambdas.module.lambda_function_get_all_courses.aws_iam_policy.additional_jsons",
            "module.lambdas.module.lambda_function_get_all_courses.aws_iam_policy.async",
            "module.lambdas.module.lambda_function_get_all_courses.aws_iam_policy.dead_letter",
            "module.lambdas.module.lambda_function_get_all_courses.aws_iam_policy.logs",
            "module.lambdas.module.lambda_function_get_all_courses.aws_iam_policy.tracing",
            "module.lambdas.module.lambda_function_get_all_courses.aws_iam_policy.vpc",
            "module.lambdas.module.lambda_function_get_all_courses.aws_iam_role.lambda",
            "module.lambdas.module.lambda_function_get_all_courses.aws_iam_role_policy_attachment.additional_inline",
            "module.lambdas.module.lambda_function_get_all_courses.aws_iam_role_policy_attachment.additional_json",
            "module.lambdas.module.lambda_function_get_all_courses.aws_iam_role_policy_attachment.additional_jsons",
            "module.lambdas.module.lambda_function_get_all_courses.aws_iam_role_policy_attachment.additional_many",
            "module.lambdas.module.lambda_function_get_all_courses.aws_iam_role_policy_attachment.additional_one",
            "module.lambdas.module.lambda_function_get_all_courses.aws_iam_role_policy_attachment.async",
            "module.lambdas.module.lambda_function_get_all_courses.aws_iam_role_policy_attachment.dead_letter",
            "module.lambdas.module.lambda_function_get_all_courses.aws_iam_role_policy_attachment.logs",
            "module.lambdas.module.lambda_function_get_all_courses.aws_iam_role_policy_attachment.tracing",
            "module.lambdas.module.lambda_function_get_all_courses.aws_iam_role_policy_attachment.vpc",
            "module.lambdas.module.lambda_function_get_all_courses.aws_s3_object.lambda_package",
            "module.lambdas.module.lambda_function_get_all_courses.data.aws_arn.log_group_arn",
            "module.lambdas.module.lambda_function_get_all_courses.data.aws_cloudwatch_log_group.lambda",
            "module.lambdas.module.lambda_function_get_all_courses.data.aws_iam_policy.tracing",
            "module.lambdas.module.lambda_function_get_all_courses.data.aws_iam_policy.vpc",
            "module.lambdas.module.lambda_function_get_all_courses.data.aws_iam_policy_document.additional_inline",
            "module.lambdas.module.lambda_function_get_all_courses.data.aws_iam_policy_document.assume_role",
            "module.lambdas.module.lambda_function_get_all_courses.data.aws_iam_policy_document.async",
            "module.lambdas.module.lambda_function_get_all_courses.data.aws_iam_policy_document.dead_letter",
            "module.lambdas.module.lambda_function_get_all_courses.data.aws_iam_policy_document.logs",
            "module.lambdas.module.lambda_function_get_all_courses.data.aws_partition.current",
            "module.lambdas.module.lambda_function_get_all_courses.data.external.archive_prepare",
            "module.lambdas.module.lambda_function_get_all_courses.local_file.archive_plan",
            "module.lambdas.module.lambda_function_get_all_courses.null_resource.archive",
            "module.table_courses.aws_dynamodb_table.this"
          ]
        }
      ]
    },
    {
      "module": "module.lambdas.module.lambda_function_get_all_courses",
      "mode": "managed",
      "type": "aws_lambda_permission",
      "name": "current_version_triggers",
      "provider": "provider[\"registry.terraform.io/hashicorp/aws\"]",
      "instances": [
        {
          "index_key": "APIGatewayAny",
          "schema_version": 0,
          "attributes": {
            "action": "lambda:InvokeFunction",
            "event_source_token": null,
            "function_name": "dev-lpnu-kostetskyi-get-all-courses",
            "function_url_auth_type": null,
            "id": "APIGatewayAny",
            "principal": "apigateway.amazonaws.com",
            "principal_org_id": null,
            "qualifier": "7",
            "source_account": null,
            "source_arn": "arn:aws:execute-api:eu-central-1:730335546141:pttggq8vxf/*/*/*",
            "statement_id": "APIGatewayAny",
            "statement_id_prefix": ""
          },
          "sensitive_attributes": [],
          "private": "bnVsbA==",
          "dependencies": [
            "aws_api_gateway_rest_api.this",
            "module.cloudwatch.aws_cloudwatch_log_group.get_all_courses",
            "module.iam.aws_iam_role.get_all_courses",
            "module.iam.data.aws_iam_policy_document.lambda_assume_role_policy",
            "module.lambdas.module.lambda_function_get_all_courses.aws_cloudwatch_log_group.lambda",
            "module.lambdas.module.lambda_function_get_all_courses.aws_iam_policy.additional_inline",
            "module.lambdas.module.lambda_function_get_all_courses.aws_iam_policy.additional_json",
            "module.lambdas.module.lambda_function_get_all_courses.aws_iam_policy.additional_jsons",
            "module.lambdas.module.lambda_function_get_all_courses.aws_iam_policy.async",
            "module.lambdas.module.lambda_function_get_all_courses.aws_iam_policy.dead_letter",
            "module.lambdas.module.lambda_function_get_all_courses.aws_iam_policy.logs",
            "module.lambdas.module.lambda_function_get_all_courses.aws_iam_policy.tracing",
            "module.lambdas.module.lambda_function_get_all_courses.aws_iam_policy.vpc",
            "module.lambdas.module.lambda_function_get_all_courses.aws_iam_role.lambda",
            "module.lambdas.module.lambda_function_get_all_courses.aws_iam_role_policy_attachment.additional_inline",
            "module.lambdas.module.lambda_function_get_all_courses.aws_iam_role_policy_attachment.additional_json",
            "module.lambdas.module.lambda_function_get_all_courses.aws_iam_role_policy_attachment.additional_jsons",
            "module.lambdas.module.lambda_function_get_all_courses.aws_iam_role_policy_attachment.additional_many",
            "module.lambdas.module.lambda_function_get_all_courses.aws_iam_role_policy_attachment.additional_one",
            "module.lambdas.module.lambda_function_get_all_courses.aws_iam_role_policy_attachment.async",
            "module.lambdas.module.lambda_function_get_all_courses.aws_iam_role_policy_attachment.dead_letter",
            "module.lambdas.module.lambda_function_get_all_courses.aws_iam_role_policy_attachment.logs",
            "module.lambdas.module.lambda_function_get_all_courses.aws_iam_role_policy_attachment.tracing",
            "module.lambdas.module.lambda_function_get_all_courses.aws_iam_role_policy_attachment.vpc",
            "module.lambdas.module.lambda_function_get_all_courses.aws_lambda_function.this",
            "module.lambdas.module.lambda_function_get_all_courses.aws_s3_object.lambda_package",
            "module.lambdas.module.lambda_function_get_all_courses.data.aws_arn.log_group_arn",
            "module.lambdas.module.lambda_function_get_all_courses.data.aws_cloudwatch_log_group.lambda",
            "module.lambdas.module.lambda_function_get_all_courses.data.aws_iam_policy.tracing",
            "module.lambdas.module.lambda_function_get_all_courses.data.aws_iam_policy.vpc",
            "module.lambdas.module.lambda_function_get_all_courses.data.aws_iam_policy_document.additional_inline",
            "module.lambdas.module.lambda_function_get_all_courses.data.aws_iam_policy_document.assume_role",
            "module.lambdas.module.lambda_function_get_all_courses.data.aws_iam_policy_document.async",
            "module.lambdas.module.lambda_function_get_all_courses.data.aws_iam_policy_document.dead_letter",
            "module.lambdas.module.lambda_function_get_all_courses.data.aws_iam_policy_document.logs",
            "module.lambdas.module.lambda_function_get_all_courses.data.aws_partition.current",
            "module.lambdas.module.lambda_function_get_all_courses.data.external.archive_prepare",
            "module.lambdas.module.lambda_function_get_all_courses.local_file.archive_plan",
            "module.lambdas.module.lambda_function_get_all_courses.null_resource.archive",
            "module.table_courses.aws_dynamodb_table.this"
          ]
        }
      ]
    },
    {
      "module": "module.lambdas.module.lambda_function_get_all_courses",
      "mode": "managed",
      "type": "aws_lambda_permission",
      "name": "unqualified_alias_triggers",
      "provider": "provider[\"registry.terraform.io/hashicorp/aws\"]",
      "instances": [
        {
          "index_key": "APIGatewayAny",
          "schema_version": 0,
          "attributes": {
            "action": "lambda:InvokeFunction",
            "event_source_token": null,
            "function_name": "dev-lpnu-kostetskyi-get-all-courses",
            "function_url_auth_type": null,
            "id": "APIGatewayAny",
            "principal": "apigateway.amazonaws.com",
            "principal_org_id": null,
            "qualifier": "",
            "source_account": null,
            "source_arn": "arn:aws:execute-api:eu-central-1:730335546141:pttggq8vxf/*/*/*",
            "statement_id": "APIGatewayAny",
            "statement_id_prefix": ""
          },
          "sensitive_attributes": [],
          "private": "bnVsbA==",
          "dependencies": [
            "aws_api_gateway_rest_api.this",
            "module.cloudwatch.aws_cloudwatch_log_group.get_all_courses",
            "module.iam.aws_iam_role.get_all_courses",
            "module.iam.data.aws_iam_policy_document.lambda_assume_role_policy",
            "module.lambdas.module.lambda_function_get_all_courses.aws_cloudwatch_log_group.lambda",
            "module.lambdas.module.lambda_function_get_all_courses.aws_iam_policy.additional_inline",
            "module.lambdas.module.lambda_function_get_all_courses.aws_iam_policy.additional_json",
            "module.lambdas.module.lambda_function_get_all_courses.aws_iam_policy.additional_jsons",
            "module.lambdas.module.lambda_function_get_all_courses.aws_iam_policy.async",
            "module.lambdas.module.lambda_function_get_all_courses.aws_iam_policy.dead_letter",
            "module.lambdas.module.lambda_function_get_all_courses.aws_iam_policy.logs",
            "module.lambdas.module.lambda_function_get_all_courses.aws_iam_policy.tracing",
            "module.lambdas.module.lambda_function_get_all_courses.aws_iam_policy.vpc",
            "module.lambdas.module.lambda_function_get_all_courses.aws_iam_role.lambda",
            "module.lambdas.module.lambda_function_get_all_courses.aws_iam_role_policy_attachment.additional_inline",
            "module.lambdas.module.lambda_function_get_all_courses.aws_iam_role_policy_attachment.additional_json",
            "module.lambdas.module.lambda_function_get_all_courses.aws_iam_role_policy_attachment.additional_jsons",
            "module.lambdas.module.lambda_function_get_all_courses.aws_iam_role_policy_attachment.additional_many",
            "module.lambdas.module.lambda_function_get_all_courses.aws_iam_role_policy_attachment.additional_one",
            "module.lambdas.module.lambda_function_get_all_courses.aws_iam_role_policy_attachment.async",
            "module.lambdas.module.lambda_function_get_all_courses.aws_iam_role_policy_attachment.dead_letter",
            "module.lambdas.module.lambda_function_get_all_courses.aws_iam_role_policy_attachment.logs",
            "module.lambdas.module.lambda_function_get_all_courses.aws_iam_role_policy_attachment.tracing",
            "module.lambdas.module.lambda_function_get_all_courses.aws_iam_role_policy_attachment.vpc",
            "module.lambdas.module.lambda_function_get_all_courses.aws_lambda_function.this",
            "module.lambdas.module.lambda_function_get_all_courses.aws_s3_object.lambda_package",
            "module.lambdas.module.lambda_function_get_all_courses.data.aws_arn.log_group_arn",
            "module.lambdas.module.lambda_function_get_all_courses.data.aws_cloudwatch_log_group.lambda",
            "module.lambdas.module.lambda_function_get_all_courses.data.aws_iam_policy.tracing",
            "module.lambdas.module.lambda_function_get_all_courses.data.aws_iam_policy.vpc",
            "module.lambdas.module.lambda_function_get_all_courses.data.aws_iam_policy_document.additional_inline",
            "module.lambdas.module.lambda_function_get_all_courses.data.aws_iam_policy_document.assume_role",
            "module.lambdas.module.lambda_function_get_all_courses.data.aws_iam_policy_document.async",
            "module.lambdas.module.lambda_function_get_all_courses.data.aws_iam_policy_document.dead_letter",
            "module.lambdas.module.lambda_function_get_all_courses.data.aws_iam_policy_document.logs",
            "module.lambdas.module.lambda_function_get_all_courses.data.aws_partition.current",
            "module.lambdas.module.lambda_function_get_all_courses.data.external.archive_prepare",
            "module.lambdas.module.lambda_function_get_all_courses.local_file.archive_plan",
            "module.lambdas.module.lambda_function_get_all_courses.null_resource.archive",
            "module.table_courses.aws_dynamodb_table.this"
          ]
        }
      ]
    },
    {
      "module": "module.lambdas.module.lambda_function_get_all_courses",
      "mode": "managed",
      "type": "aws_s3_object",
      "name": "lambda_package",
      "provider": "provider[\"registry.terraform.io/hashicorp/aws\"]",
      "instances": []
    },
    {
      "module": "module.lambdas.module.lambda_function_get_all_courses",
      "mode": "managed",
      "type": "local_file",
      "name": "archive_plan",
      "provider": "provider[\"registry.terraform.io/hashicorp/local\"]",
      "instances": [
        {
          "index_key": 0,
          "schema_version": 0,
          "attributes": {
            "content": "{\"filename\": \"builds/67aff9715452660e6c4d043d37fe7079651dd3606d4f625a7e36fa59f759d04f.zip\", \"runtime\": \"nodejs16.x\", \"artifacts_dir\": \"builds\", \"build_plan\": [[\"zip\", \"modules/lambda/src/get_all_courses\", null]]}",
            "content_base64": null,
            "content_base64sha256": "Cn2EU8ohsYpSRI4k6bxAX6cyva56pfhalN8LhKuv3F0=",
            "content_base64sha512": "xLq2qQLbbTFYKtLBBMJ3TpynrhY1e8zLtOBIPT8tsQ4rm5BVoGzOCkoiVQNTU0H03P1QZDX+OnZNZ3bCZkuhyg==",
            "content_md5": "c379b5bb8b6e84ea761bf30e544eaf70",
            "content_sha1": "9433846da319eac37b01a2228132fb12d037f4fe",
            "content_sha256": "0a7d8453ca21b18a52448e24e9bc405fa732bdae7aa5f85a94df0b84abafdc5d",
            "content_sha512": "c4bab6a902db6d31582ad2c104c2774e9ca7ae16357bcccbb4e0483d3f2db10e2b9b9055a06cce0a4a225503535341f4dcfd506435fe3a764d6776c2664ba1ca",
            "directory_permission": "0755",
            "file_permission": "0644",
            "filename": "builds/67aff9715452660e6c4d043d37fe7079651dd3606d4f625a7e36fa59f759d04f.plan.json",
            "id": "9433846da319eac37b01a2228132fb12d037f4fe",
            "sensitive_content": null,
            "source": null
          },
          "sensitive_attributes": [],
          "dependencies": [
            "module.lambdas.module.lambda_function_get_all_courses.data.external.archive_prepare"
          ]
        }
      ]
    },
    {
      "module": "module.lambdas.module.lambda_function_get_all_courses",
      "mode": "managed",
      "type": "null_resource",
      "name": "archive",
      "provider": "provider[\"registry.terraform.io/hashicorp/null\"]",
      "instances": [
        {
          "index_key": 0,
          "schema_version": 0,
          "attributes": {
            "id": "901505652550839540",
            "triggers": {
              "filename": "builds/67aff9715452660e6c4d043d37fe7079651dd3606d4f625a7e36fa59f759d04f.zip",
              "timestamp": "1713264703000000000"
            }
          },
          "sensitive_attributes": [],
          "dependencies": [
            "module.lambdas.module.lambda_function_get_all_courses.data.external.archive_prepare",
            "module.lambdas.module.lambda_function_get_all_courses.local_file.archive_plan"
          ]
        }
      ]
    },
    {
      "module": "module.lambdas.module.lambda_function_get_course",
      "mode": "data",
      "type": "aws_arn",
      "name": "log_group_arn",
      "provider": "provider[\"registry.terraform.io/hashicorp/aws\"]",
      "instances": []
    },
    {
      "module": "module.lambdas.module.lambda_function_get_course",
      "mode": "data",
      "type": "aws_caller_identity",
      "name": "current",
      "provider": "provider[\"registry.terraform.io/hashicorp/aws\"]",
      "instances": [
        {
          "schema_version": 0,
          "attributes": {
            "account_id": "730335546141",
            "arn": "arn:aws:iam::730335546141:user/terraform",
            "id": "730335546141",
            "user_id": "AIDA2UC3EBMOVSJN7GVRK"
          },
          "sensitive_attributes": []
        }
      ]
    },
    {
      "module": "module.lambdas.module.lambda_function_get_course",
      "mode": "data",
      "type": "aws_cloudwatch_log_group",
      "name": "lambda",
      "provider": "provider[\"registry.terraform.io/hashicorp/aws\"]",
      "instances": [
        {
          "index_key": 0,
          "schema_version": 0,
          "attributes": {
            "arn": "arn:aws:logs:eu-central-1:730335546141:log-group:dev-lpnu-kostetskyi-get-all-courses",
            "creation_time": 1713302734296,
            "id": "dev-lpnu-kostetskyi-get-all-courses",
            "kms_key_id": "",
            "log_group_class": "STANDARD",
            "name": "dev-lpnu-kostetskyi-get-all-courses",
            "retention_in_days": 90,
            "tags": {
              "Environment": "kostetskyi",
              "Name": "dev-lpnu-kostetskyi-get-all-courses",
              "Namespace": "lpnu",
              "Stage": "dev"
            }
          },
          "sensitive_attributes": []
        }
      ]
    },
    {
      "module": "module.lambdas.module.lambda_function_get_course",
      "mode": "data",
      "type": "aws_iam_policy",
      "name": "tracing",
      "provider": "provider[\"registry.terraform.io/hashicorp/aws\"]",
      "instances": []
    },
    {
      "module": "module.lambdas.module.lambda_function_get_course",
      "mode": "data",
      "type": "aws_iam_policy",
      "name": "vpc",
      "provider": "provider[\"registry.terraform.io/hashicorp/aws\"]",
      "instances": []
    },
    {
      "module": "module.lambdas.module.lambda_function_get_course",
      "mode": "data",
      "type": "aws_iam_policy_document",
      "name": "additional_inline",
      "provider": "provider[\"registry.terraform.io/hashicorp/aws\"]",
      "instances": []
    },
    {
      "module": "module.lambdas.module.lambda_function_get_course",
      "mode": "data",
      "type": "aws_iam_policy_document",
      "name": "assume_role",
      "provider": "provider[\"registry.terraform.io/hashicorp/aws\"]",
      "instances": []
    },
    {
      "module": "module.lambdas.module.lambda_function_get_course",
      "mode": "data",
      "type": "aws_iam_policy_document",
      "name": "async",
      "provider": "provider[\"registry.terraform.io/hashicorp/aws\"]",
      "instances": []
    },
    {
      "module": "module.lambdas.module.lambda_function_get_course",
      "mode": "data",
      "type": "aws_iam_policy_document",
      "name": "dead_letter",
      "provider": "provider[\"registry.terraform.io/hashicorp/aws\"]",
      "instances": []
    },
    {
      "module": "module.lambdas.module.lambda_function_get_course",
      "mode": "data",
      "type": "aws_iam_policy_document",
      "name": "logs",
      "provider": "provider[\"registry.terraform.io/hashicorp/aws\"]",
      "instances": []
    },
    {
      "module": "module.lambdas.module.lambda_function_get_course",
      "mode": "data",
      "type": "aws_partition",
      "name": "current",
      "provider": "provider[\"registry.terraform.io/hashicorp/aws\"]",
      "instances": [
        {
          "schema_version": 0,
          "attributes": {
            "dns_suffix": "amazonaws.com",
            "id": "aws",
            "partition": "aws",
            "reverse_dns_prefix": "com.amazonaws"
          },
          "sensitive_attributes": []
        }
      ]
    },
    {
      "module": "module.lambdas.module.lambda_function_get_course",
      "mode": "data",
      "type": "aws_region",
      "name": "current",
      "provider": "provider[\"registry.terraform.io/hashicorp/aws\"]",
      "instances": [
        {
          "schema_version": 0,
          "attributes": {
            "description": "Europe (Frankfurt)",
            "endpoint": "ec2.eu-central-1.amazonaws.com",
            "id": "eu-central-1",
            "name": "eu-central-1"
          },
          "sensitive_attributes": []
        }
      ]
    },
    {
      "module": "module.lambdas.module.lambda_function_get_course",
      "mode": "data",
      "type": "external",
      "name": "archive_prepare",
      "provider": "provider[\"registry.terraform.io/hashicorp/external\"]",
      "instances": [
        {
          "index_key": 0,
          "schema_version": 0,
          "attributes": {
            "id": "-",
            "program": [
              "python3",
              ".terraform/modules/lambdas.lambda_function_get_course/package.py",
              "prepare"
            ],
            "query": {
              "artifacts_dir": "builds",
              "docker": null,
              "hash_extra": "",
              "hash_extra_paths": "[]",
              "paths": "{\"cwd\":\"/mnt/c/Users/quantum_brake/WebstormProjects/terraform\",\"module\":\".terraform/modules/lambdas.lambda_function_get_course\",\"root\":\".\"}",
              "recreate_missing_package": "true",
              "runtime": "nodejs16.x",
              "source_path": "\"modules/lambda/src/get_course\""
            },
            "result": {
              "build_plan": "{\"filename\": \"builds/dd27866ebcc9bc1d78ef3da6a32738d9dd2b9824fb1eeca2bc7a984d63b871e6.zip\", \"runtime\": \"nodejs16.x\", \"artifacts_dir\": \"builds\", \"build_plan\": [[\"zip\", \"modules/lambda/src/get_course\", null]]}",
              "build_plan_filename": "builds/dd27866ebcc9bc1d78ef3da6a32738d9dd2b9824fb1eeca2bc7a984d63b871e6.plan.json",
              "filename": "builds/dd27866ebcc9bc1d78ef3da6a32738d9dd2b9824fb1eeca2bc7a984d63b871e6.zip",
              "timestamp": "1713264703000000000",
              "was_missing": "false"
            },
            "working_dir": null
          },
          "sensitive_attributes": []
        }
      ]
    },
    {
      "module": "module.lambdas.module.lambda_function_get_course",
      "mode": "managed",
      "type": "aws_cloudwatch_log_group",
      "name": "lambda",
      "provider": "provider[\"registry.terraform.io/hashicorp/aws\"]",
      "instances": []
    },
    {
      "module": "module.lambdas.module.lambda_function_get_course",
      "mode": "managed",
      "type": "aws_iam_policy",
      "name": "additional_inline",
      "provider": "provider[\"registry.terraform.io/hashicorp/aws\"]",
      "instances": []
    },
    {
      "module": "module.lambdas.module.lambda_function_get_course",
      "mode": "managed",
      "type": "aws_iam_policy",
      "name": "additional_json",
      "provider": "provider[\"registry.terraform.io/hashicorp/aws\"]",
      "instances": []
    },
    {
      "module": "module.lambdas.module.lambda_function_get_course",
      "mode": "managed",
      "type": "aws_iam_policy",
      "name": "additional_jsons",
      "provider": "provider[\"registry.terraform.io/hashicorp/aws\"]",
      "instances": []
    },
    {
      "module": "module.lambdas.module.lambda_function_get_course",
      "mode": "managed",
      "type": "aws_iam_policy",
      "name": "async",
      "provider": "provider[\"registry.terraform.io/hashicorp/aws\"]",
      "instances": []
    },
    {
      "module": "module.lambdas.module.lambda_function_get_course",
      "mode": "managed",
      "type": "aws_iam_policy",
      "name": "dead_letter",
      "provider": "provider[\"registry.terraform.io/hashicorp/aws\"]",
      "instances": []
    },
    {
      "module": "module.lambdas.module.lambda_function_get_course",
      "mode": "managed",
      "type": "aws_iam_policy",
      "name": "logs",
      "provider": "provider[\"registry.terraform.io/hashicorp/aws\"]",
      "instances": []
    },
    {
      "module": "module.lambdas.module.lambda_function_get_course",
      "mode": "managed",
      "type": "aws_iam_policy",
      "name": "tracing",
      "provider": "provider[\"registry.terraform.io/hashicorp/aws\"]",
      "instances": []
    },
    {
      "module": "module.lambdas.module.lambda_function_get_course",
      "mode": "managed",
      "type": "aws_iam_policy",
      "name": "vpc",
      "provider": "provider[\"registry.terraform.io/hashicorp/aws\"]",
      "instances": []
    },
    {
      "module": "module.lambdas.module.lambda_function_get_course",
      "mode": "managed",
      "type": "aws_iam_role",
      "name": "lambda",
      "provider": "provider[\"registry.terraform.io/hashicorp/aws\"]",
      "instances": []
    },
    {
      "module": "module.lambdas.module.lambda_function_get_course",
      "mode": "managed",
      "type": "aws_iam_role_policy_attachment",
      "name": "additional_inline",
      "provider": "provider[\"registry.terraform.io/hashicorp/aws\"]",
      "instances": []
    },
    {
      "module": "module.lambdas.module.lambda_function_get_course",
      "mode": "managed",
      "type": "aws_iam_role_policy_attachment",
      "name": "additional_json",
      "provider": "provider[\"registry.terraform.io/hashicorp/aws\"]",
      "instances": []
    },
    {
      "module": "module.lambdas.module.lambda_function_get_course",
      "mode": "managed",
      "type": "aws_iam_role_policy_attachment",
      "name": "additional_jsons",
      "provider": "provider[\"registry.terraform.io/hashicorp/aws\"]",
      "instances": []
    },
    {
      "module": "module.lambdas.module.lambda_function_get_course",
      "mode": "managed",
      "type": "aws_iam_role_policy_attachment",
      "name": "additional_many",
      "provider": "provider[\"registry.terraform.io/hashicorp/aws\"]",
      "instances": []
    },
    {
      "module": "module.lambdas.module.lambda_function_get_course",
      "mode": "managed",
      "type": "aws_iam_role_policy_attachment",
      "name": "additional_one",
      "provider": "provider[\"registry.terraform.io/hashicorp/aws\"]",
      "instances": []
    },
    {
      "module": "module.lambdas.module.lambda_function_get_course",
      "mode": "managed",
      "type": "aws_iam_role_policy_attachment",
      "name": "async",
      "provider": "provider[\"registry.terraform.io/hashicorp/aws\"]",
      "instances": []
    },
    {
      "module": "module.lambdas.module.lambda_function_get_course",
      "mode": "managed",
      "type": "aws_iam_role_policy_attachment",
      "name": "dead_letter",
      "provider": "provider[\"registry.terraform.io/hashicorp/aws\"]",
      "instances": []
    },
    {
      "module": "module.lambdas.module.lambda_function_get_course",
      "mode": "managed",
      "type": "aws_iam_role_policy_attachment",
      "name": "logs",
      "provider": "provider[\"registry.terraform.io/hashicorp/aws\"]",
      "instances": []
    },
    {
      "module": "module.lambdas.module.lambda_function_get_course",
      "mode": "managed",
      "type": "aws_iam_role_policy_attachment",
      "name": "tracing",
      "provider": "provider[\"registry.terraform.io/hashicorp/aws\"]",
      "instances": []
    },
    {
      "module": "module.lambdas.module.lambda_function_get_course",
      "mode": "managed",
      "type": "aws_iam_role_policy_attachment",
      "name": "vpc",
      "provider": "provider[\"registry.terraform.io/hashicorp/aws\"]",
      "instances": []
    },
    {
      "module": "module.lambdas.module.lambda_function_get_course",
      "mode": "managed",
      "type": "aws_lambda_function",
      "name": "this",
      "provider": "provider[\"registry.terraform.io/hashicorp/aws\"]",
      "instances": [
        {
          "index_key": 0,
          "schema_version": 0,
          "attributes": {
            "architectures": [
              "x86_64"
            ],
            "arn": "arn:aws:lambda:eu-central-1:730335546141:function:dev-lpnu-kostetskyi-get-course",
            "code_signing_config_arn": "",
            "dead_letter_config": [],
            "description": "My awesome lambda function",
            "environment": [
              {
                "variables": {
                  "TABLE_NAME": "dev-lpnu-kostetskyi-courses"
                }
              }
            ],
            "ephemeral_storage": [
              {
                "size": 512
              }
            ],
            "file_system_config": [],
            "filename": "builds/dd27866ebcc9bc1d78ef3da6a32738d9dd2b9824fb1eeca2bc7a984d63b871e6.zip",
            "function_name": "dev-lpnu-kostetskyi-get-course",
            "handler": "index.handler",
            "id": "dev-lpnu-kostetskyi-get-course",
            "image_config": [],
            "image_uri": "",
            "invoke_arn": "arn:aws:apigateway:eu-central-1:lambda:path/2015-03-31/functions/arn:aws:lambda:eu-central-1:730335546141:function:dev-lpnu-kostetskyi-get-course/invocations",
            "kms_key_arn": "",
            "last_modified": "2024-04-17T15:52:56.000+0000",
            "layers": [],
            "logging_config": [
              {
                "application_log_level": "",
                "log_format": "Text",
                "log_group": "dev-lpnu-kostetskyi-get-all-courses",
                "system_log_level": ""
              }
            ],
            "memory_size": 128,
            "package_type": "Zip",
            "publish": true,
            "qualified_arn": "arn:aws:lambda:eu-central-1:730335546141:function:dev-lpnu-kostetskyi-get-course:5",
            "qualified_invoke_arn": "arn:aws:apigateway:eu-central-1:lambda:path/2015-03-31/functions/arn:aws:lambda:eu-central-1:730335546141:function:dev-lpnu-kostetskyi-get-course:5/invocations",
            "replace_security_groups_on_destroy": null,
            "replacement_security_group_ids": null,
            "reserved_concurrent_executions": -1,
            "role": "arn:aws:iam::730335546141:role/dev-lpnu-kostetskyi-get-course",
            "runtime": "nodejs16.x",
            "s3_bucket": null,
            "s3_key": null,
            "s3_object_version": null,
            "signing_job_arn": "",
            "signing_profile_version_arn": "",
            "skip_destroy": false,
            "snap_start": [],
            "source_code_hash": "slFA5TtE+CTly79D0jJ3Pt/A7P71Zxcub+9VetEjrz8=",
            "source_code_size": 445,
            "tags": {
              "Environment": "kostetskyi",
              "Name": "dev-lpnu-kostetskyi-get-course",
              "Namespace": "lpnu",
              "Stage": "dev"
            },
            "tags_all": {
              "Environment": "kostetskyi",
              "Name": "dev-lpnu-kostetskyi-get-course",
              "Namespace": "lpnu",
              "Stage": "dev"
            },
            "timeout": 3,
            "timeouts": null,
            "tracing_config": [
              {
                "mode": "PassThrough"
              }
            ],
            "version": "5",
            "vpc_config": []
          },
          "sensitive_attributes": [],
          "private": "eyJlMmJmYjczMC1lY2FhLTExZTYtOGY4OC0zNDM2M2JjN2M0YzAiOnsiY3JlYXRlIjo2MDAwMDAwMDAwMDAsImRlbGV0ZSI6NjAwMDAwMDAwMDAwLCJ1cGRhdGUiOjYwMDAwMDAwMDAwMH19",
          "dependencies": [
            "module.cloudwatch.aws_cloudwatch_log_group.get_all_courses",
            "module.iam.aws_iam_role.get_course",
            "module.iam.data.aws_iam_policy_document.lambda_assume_role_policy",
            "module.lambdas.module.lambda_function_get_course.aws_cloudwatch_log_group.lambda",
            "module.lambdas.module.lambda_function_get_course.aws_iam_policy.additional_inline",
            "module.lambdas.module.lambda_function_get_course.aws_iam_policy.additional_json",
            "module.lambdas.module.lambda_function_get_course.aws_iam_policy.additional_jsons",
            "module.lambdas.module.lambda_function_get_course.aws_iam_policy.async",
            "module.lambdas.module.lambda_function_get_course.aws_iam_policy.dead_letter",
            "module.lambdas.module.lambda_function_get_course.aws_iam_policy.logs",
            "module.lambdas.module.lambda_function_get_course.aws_iam_policy.tracing",
            "module.lambdas.module.lambda_function_get_course.aws_iam_policy.vpc",
            "module.lambdas.module.lambda_function_get_course.aws_iam_role.lambda",
            "module.lambdas.module.lambda_function_get_course.aws_iam_role_policy_attachment.additional_inline",
            "module.lambdas.module.lambda_function_get_course.aws_iam_role_policy_attachment.additional_json",
            "module.lambdas.module.lambda_function_get_course.aws_iam_role_policy_attachment.additional_jsons",
            "module.lambdas.module.lambda_function_get_course.aws_iam_role_policy_attachment.additional_many",
            "module.lambdas.module.lambda_function_get_course.aws_iam_role_policy_attachment.additional_one",
            "module.lambdas.module.lambda_function_get_course.aws_iam_role_policy_attachment.async",
            "module.lambdas.module.lambda_function_get_course.aws_iam_role_policy_attachment.dead_letter",
            "module.lambdas.module.lambda_function_get_course.aws_iam_role_policy_attachment.logs",
            "module.lambdas.module.lambda_function_get_course.aws_iam_role_policy_attachment.tracing",
            "module.lambdas.module.lambda_function_get_course.aws_iam_role_policy_attachment.vpc",
            "module.lambdas.module.lambda_function_get_course.aws_s3_object.lambda_package",
            "module.lambdas.module.lambda_function_get_course.data.aws_arn.log_group_arn",
            "module.lambdas.module.lambda_function_get_course.data.aws_cloudwatch_log_group.lambda",
            "module.lambdas.module.lambda_function_get_course.data.aws_iam_policy.tracing",
            "module.lambdas.module.lambda_function_get_course.data.aws_iam_policy.vpc",
            "module.lambdas.module.lambda_function_get_course.data.aws_iam_policy_document.additional_inline",
            "module.lambdas.module.lambda_function_get_course.data.aws_iam_policy_document.assume_role",
            "module.lambdas.module.lambda_function_get_course.data.aws_iam_policy_document.async",
            "module.lambdas.module.lambda_function_get_course.data.aws_iam_policy_document.dead_letter",
            "module.lambdas.module.lambda_function_get_course.data.aws_iam_policy_document.logs",
            "module.lambdas.module.lambda_function_get_course.data.aws_partition.current",
            "module.lambdas.module.lambda_function_get_course.data.external.archive_prepare",
            "module.lambdas.module.lambda_function_get_course.local_file.archive_plan",
            "module.lambdas.module.lambda_function_get_course.null_resource.archive",
            "module.table_courses.aws_dynamodb_table.this"
          ]
        }
      ]
    },
    {
      "module": "module.lambdas.module.lambda_function_get_course",
      "mode": "managed",
      "type": "aws_lambda_permission",
      "name": "current_version_triggers",
      "provider": "provider[\"registry.terraform.io/hashicorp/aws\"]",
      "instances": [
        {
          "index_key": "APIGatewayAny",
          "schema_version": 0,
          "attributes": {
            "action": "lambda:InvokeFunction",
            "event_source_token": null,
            "function_name": "dev-lpnu-kostetskyi-get-course",
            "function_url_auth_type": null,
            "id": "APIGatewayAny",
            "principal": "apigateway.amazonaws.com",
            "principal_org_id": null,
            "qualifier": "5",
            "source_account": null,
            "source_arn": "arn:aws:execute-api:eu-central-1:730335546141:pttggq8vxf/*/*/*",
            "statement_id": "APIGatewayAny",
            "statement_id_prefix": ""
          },
          "sensitive_attributes": [],
          "private": "bnVsbA==",
          "dependencies": [
            "aws_api_gateway_rest_api.this",
            "module.cloudwatch.aws_cloudwatch_log_group.get_all_courses",
            "module.iam.aws_iam_role.get_course",
            "module.iam.data.aws_iam_policy_document.lambda_assume_role_policy",
            "module.lambdas.module.lambda_function_get_course.aws_cloudwatch_log_group.lambda",
            "module.lambdas.module.lambda_function_get_course.aws_iam_policy.additional_inline",
            "module.lambdas.module.lambda_function_get_course.aws_iam_policy.additional_json",
            "module.lambdas.module.lambda_function_get_course.aws_iam_policy.additional_jsons",
            "module.lambdas.module.lambda_function_get_course.aws_iam_policy.async",
            "module.lambdas.module.lambda_function_get_course.aws_iam_policy.dead_letter",
            "module.lambdas.module.lambda_function_get_course.aws_iam_policy.logs",
            "module.lambdas.module.lambda_function_get_course.aws_iam_policy.tracing",
            "module.lambdas.module.lambda_function_get_course.aws_iam_policy.vpc",
            "module.lambdas.module.lambda_function_get_course.aws_iam_role.lambda",
            "module.lambdas.module.lambda_function_get_course.aws_iam_role_policy_attachment.additional_inline",
            "module.lambdas.module.lambda_function_get_course.aws_iam_role_policy_attachment.additional_json",
            "module.lambdas.module.lambda_function_get_course.aws_iam_role_policy_attachment.additional_jsons",
            "module.lambdas.module.lambda_function_get_course.aws_iam_role_policy_attachment.additional_many",
            "module.lambdas.module.lambda_function_get_course.aws_iam_role_policy_attachment.additional_one",
            "module.lambdas.module.lambda_function_get_course.aws_iam_role_policy_attachment.async",
            "module.lambdas.module.lambda_function_get_course.aws_iam_role_policy_attachment.dead_letter",
            "module.lambdas.module.lambda_function_get_course.aws_iam_role_policy_attachment.logs",
            "module.lambdas.module.lambda_function_get_course.aws_iam_role_policy_attachment.tracing",
            "module.lambdas.module.lambda_function_get_course.aws_iam_role_policy_attachment.vpc",
            "module.lambdas.module.lambda_function_get_course.aws_lambda_function.this",
            "module.lambdas.module.lambda_function_get_course.aws_s3_object.lambda_package",
            "module.lambdas.module.lambda_function_get_course.data.aws_arn.log_group_arn",
            "module.lambdas.module.lambda_function_get_course.data.aws_cloudwatch_log_group.lambda",
            "module.lambdas.module.lambda_function_get_course.data.aws_iam_policy.tracing",
            "module.lambdas.module.lambda_function_get_course.data.aws_iam_policy.vpc",
            "module.lambdas.module.lambda_function_get_course.data.aws_iam_policy_document.additional_inline",
            "module.lambdas.module.lambda_function_get_course.data.aws_iam_policy_document.assume_role",
            "module.lambdas.module.lambda_function_get_course.data.aws_iam_policy_document.async",
            "module.lambdas.module.lambda_function_get_course.data.aws_iam_policy_document.dead_letter",
            "module.lambdas.module.lambda_function_get_course.data.aws_iam_policy_document.logs",
            "module.lambdas.module.lambda_function_get_course.data.aws_partition.current",
            "module.lambdas.module.lambda_function_get_course.data.external.archive_prepare",
            "module.lambdas.module.lambda_function_get_course.local_file.archive_plan",
            "module.lambdas.module.lambda_function_get_course.null_resource.archive",
            "module.table_courses.aws_dynamodb_table.this"
          ]
        }
      ]
    },
    {
      "module": "module.lambdas.module.lambda_function_get_course",
      "mode": "managed",
      "type": "aws_lambda_permission",
      "name": "unqualified_alias_triggers",
      "provider": "provider[\"registry.terraform.io/hashicorp/aws\"]",
      "instances": [
        {
          "index_key": "APIGatewayAny",
          "schema_version": 0,
          "attributes": {
            "action": "lambda:InvokeFunction",
            "event_source_token": null,
            "function_name": "dev-lpnu-kostetskyi-get-course",
            "function_url_auth_type": null,
            "id": "APIGatewayAny",
            "principal": "apigateway.amazonaws.com",
            "principal_org_id": null,
            "qualifier": "",
            "source_account": null,
            "source_arn": "arn:aws:execute-api:eu-central-1:730335546141:pttggq8vxf/*/*/*",
            "statement_id": "APIGatewayAny",
            "statement_id_prefix": ""
          },
          "sensitive_attributes": [],
          "private": "bnVsbA==",
          "dependencies": [
            "aws_api_gateway_rest_api.this",
            "module.cloudwatch.aws_cloudwatch_log_group.get_all_courses",
            "module.iam.aws_iam_role.get_course",
            "module.iam.data.aws_iam_policy_document.lambda_assume_role_policy",
            "module.lambdas.module.lambda_function_get_course.aws_cloudwatch_log_group.lambda",
            "module.lambdas.module.lambda_function_get_course.aws_iam_policy.additional_inline",
            "module.lambdas.module.lambda_function_get_course.aws_iam_policy.additional_json",
            "module.lambdas.module.lambda_function_get_course.aws_iam_policy.additional_jsons",
            "module.lambdas.module.lambda_function_get_course.aws_iam_policy.async",
            "module.lambdas.module.lambda_function_get_course.aws_iam_policy.dead_letter",
            "module.lambdas.module.lambda_function_get_course.aws_iam_policy.logs",
            "module.lambdas.module.lambda_function_get_course.aws_iam_policy.tracing",
            "module.lambdas.module.lambda_function_get_course.aws_iam_policy.vpc",
            "module.lambdas.module.lambda_function_get_course.aws_iam_role.lambda",
            "module.lambdas.module.lambda_function_get_course.aws_iam_role_policy_attachment.additional_inline",
            "module.lambdas.module.lambda_function_get_course.aws_iam_role_policy_attachment.additional_json",
            "module.lambdas.module.lambda_function_get_course.aws_iam_role_policy_attachment.additional_jsons",
            "module.lambdas.module.lambda_function_get_course.aws_iam_role_policy_attachment.additional_many",
            "module.lambdas.module.lambda_function_get_course.aws_iam_role_policy_attachment.additional_one",
            "module.lambdas.module.lambda_function_get_course.aws_iam_role_policy_attachment.async",
            "module.lambdas.module.lambda_function_get_course.aws_iam_role_policy_attachment.dead_letter",
            "module.lambdas.module.lambda_function_get_course.aws_iam_role_policy_attachment.logs",
            "module.lambdas.module.lambda_function_get_course.aws_iam_role_policy_attachment.tracing",
            "module.lambdas.module.lambda_function_get_course.aws_iam_role_policy_attachment.vpc",
            "module.lambdas.module.lambda_function_get_course.aws_lambda_function.this",
            "module.lambdas.module.lambda_function_get_course.aws_s3_object.lambda_package",
            "module.lambdas.module.lambda_function_get_course.data.aws_arn.log_group_arn",
            "module.lambdas.module.lambda_function_get_course.data.aws_cloudwatch_log_group.lambda",
            "module.lambdas.module.lambda_function_get_course.data.aws_iam_policy.tracing",
            "module.lambdas.module.lambda_function_get_course.data.aws_iam_policy.vpc",
            "module.lambdas.module.lambda_function_get_course.data.aws_iam_policy_document.additional_inline",
            "module.lambdas.module.lambda_function_get_course.data.aws_iam_policy_document.assume_role",
            "module.lambdas.module.lambda_function_get_course.data.aws_iam_policy_document.async",
            "module.lambdas.module.lambda_function_get_course.data.aws_iam_policy_document.dead_letter",
            "module.lambdas.module.lambda_function_get_course.data.aws_iam_policy_document.logs",
            "module.lambdas.module.lambda_function_get_course.data.aws_partition.current",
            "module.lambdas.module.lambda_function_get_course.data.external.archive_prepare",
            "module.lambdas.module.lambda_function_get_course.local_file.archive_plan",
            "module.lambdas.module.lambda_function_get_course.null_resource.archive",
            "module.table_courses.aws_dynamodb_table.this"
          ]
        }
      ]
    },
    {
      "module": "module.lambdas.module.lambda_function_get_course",
      "mode": "managed",
      "type": "aws_s3_object",
      "name": "lambda_package",
      "provider": "provider[\"registry.terraform.io/hashicorp/aws\"]",
      "instances": []
    },
    {
      "module": "module.lambdas.module.lambda_function_get_course",
      "mode": "managed",
      "type": "local_file",
      "name": "archive_plan",
      "provider": "provider[\"registry.terraform.io/hashicorp/local\"]",
      "instances": [
        {
          "index_key": 0,
          "schema_version": 0,
          "attributes": {
            "content": "{\"filename\": \"builds/dd27866ebcc9bc1d78ef3da6a32738d9dd2b9824fb1eeca2bc7a984d63b871e6.zip\", \"runtime\": \"nodejs16.x\", \"artifacts_dir\": \"builds\", \"build_plan\": [[\"zip\", \"modules/lambda/src/get_course\", null]]}",
            "content_base64": null,
            "content_base64sha256": "BN3V1jlu7B+lqOBtZoj/TShKnFleO1fBf9EENSj+ysY=",
            "content_base64sha512": "KGIHJVcGgdbg++EJdaEc0bBKFSn6VvQ9x/bAhjdwbVnZlYJ4s2MA2IhyrDExlGlNHS6zG/NzSdoYI6w5E38fZw==",
            "content_md5": "97e47acfdf9314728d1ef70d781aca20",
            "content_sha1": "6f5d991f47b7e74509340fa43aa22bef5159a637",
            "content_sha256": "04ddd5d6396eec1fa5a8e06d6688ff4d284a9c595e3b57c17fd1043528fecac6",
            "content_sha512": "28620725570681d6e0fbe10975a11cd1b04a1529fa56f43dc7f6c08637706d59d9958278b36300d88872ac313194694d1d2eb31bf37349da1823ac39137f1f67",
            "directory_permission": "0755",
            "file_permission": "0644",
            "filename": "builds/dd27866ebcc9bc1d78ef3da6a32738d9dd2b9824fb1eeca2bc7a984d63b871e6.plan.json",
            "id": "6f5d991f47b7e74509340fa43aa22bef5159a637",
            "sensitive_content": null,
            "source": null
          },
          "sensitive_attributes": [],
          "dependencies": [
            "module.lambdas.module.lambda_function_get_course.data.external.archive_prepare"
          ]
        }
      ]
    },
    {
      "module": "module.lambdas.module.lambda_function_get_course",
      "mode": "managed",
      "type": "null_resource",
      "name": "archive",
      "provider": "provider[\"registry.terraform.io/hashicorp/null\"]",
      "instances": [
        {
          "index_key": 0,
          "schema_version": 0,
          "attributes": {
            "id": "4372458663302893191",
            "triggers": {
              "filename": "builds/dd27866ebcc9bc1d78ef3da6a32738d9dd2b9824fb1eeca2bc7a984d63b871e6.zip",
              "timestamp": "1713264703000000000"
            }
          },
          "sensitive_attributes": [],
          "dependencies": [
            "module.lambdas.module.lambda_function_get_course.data.external.archive_prepare",
            "module.lambdas.module.lambda_function_get_course.local_file.archive_plan"
          ]
        }
      ]
    },
    {
      "module": "module.lambdas.module.lambda_function_save_course",
      "mode": "data",
      "type": "aws_arn",
      "name": "log_group_arn",
      "provider": "provider[\"registry.terraform.io/hashicorp/aws\"]",
      "instances": []
    },
    {
      "module": "module.lambdas.module.lambda_function_save_course",
      "mode": "data",
      "type": "aws_caller_identity",
      "name": "current",
      "provider": "provider[\"registry.terraform.io/hashicorp/aws\"]",
      "instances": [
        {
          "schema_version": 0,
          "attributes": {
            "account_id": "730335546141",
            "arn": "arn:aws:iam::730335546141:user/terraform",
            "id": "730335546141",
            "user_id": "AIDA2UC3EBMOVSJN7GVRK"
          },
          "sensitive_attributes": []
        }
      ]
    },
    {
      "module": "module.lambdas.module.lambda_function_save_course",
      "mode": "data",
      "type": "aws_cloudwatch_log_group",
      "name": "lambda",
      "provider": "provider[\"registry.terraform.io/hashicorp/aws\"]",
      "instances": [
        {
          "index_key": 0,
          "schema_version": 0,
          "attributes": {
            "arn": "arn:aws:logs:eu-central-1:730335546141:log-group:dev-lpnu-kostetskyi-get-all-courses",
            "creation_time": 1713302734296,
            "id": "dev-lpnu-kostetskyi-get-all-courses",
            "kms_key_id": "",
            "log_group_class": "STANDARD",
            "name": "dev-lpnu-kostetskyi-get-all-courses",
            "retention_in_days": 90,
            "tags": {
              "Environment": "kostetskyi",
              "Name": "dev-lpnu-kostetskyi-get-all-courses",
              "Namespace": "lpnu",
              "Stage": "dev"
            }
          },
          "sensitive_attributes": []
        }
      ]
    },
    {
      "module": "module.lambdas.module.lambda_function_save_course",
      "mode": "data",
      "type": "aws_iam_policy",
      "name": "tracing",
      "provider": "provider[\"registry.terraform.io/hashicorp/aws\"]",
      "instances": []
    },
    {
      "module": "module.lambdas.module.lambda_function_save_course",
      "mode": "data",
      "type": "aws_iam_policy",
      "name": "vpc",
      "provider": "provider[\"registry.terraform.io/hashicorp/aws\"]",
      "instances": []
    },
    {
      "module": "module.lambdas.module.lambda_function_save_course",
      "mode": "data",
      "type": "aws_iam_policy_document",
      "name": "additional_inline",
      "provider": "provider[\"registry.terraform.io/hashicorp/aws\"]",
      "instances": []
    },
    {
      "module": "module.lambdas.module.lambda_function_save_course",
      "mode": "data",
      "type": "aws_iam_policy_document",
      "name": "assume_role",
      "provider": "provider[\"registry.terraform.io/hashicorp/aws\"]",
      "instances": []
    },
    {
      "module": "module.lambdas.module.lambda_function_save_course",
      "mode": "data",
      "type": "aws_iam_policy_document",
      "name": "async",
      "provider": "provider[\"registry.terraform.io/hashicorp/aws\"]",
      "instances": []
    },
    {
      "module": "module.lambdas.module.lambda_function_save_course",
      "mode": "data",
      "type": "aws_iam_policy_document",
      "name": "dead_letter",
      "provider": "provider[\"registry.terraform.io/hashicorp/aws\"]",
      "instances": []
    },
    {
      "module": "module.lambdas.module.lambda_function_save_course",
      "mode": "data",
      "type": "aws_iam_policy_document",
      "name": "logs",
      "provider": "provider[\"registry.terraform.io/hashicorp/aws\"]",
      "instances": []
    },
    {
      "module": "module.lambdas.module.lambda_function_save_course",
      "mode": "data",
      "type": "aws_partition",
      "name": "current",
      "provider": "provider[\"registry.terraform.io/hashicorp/aws\"]",
      "instances": [
        {
          "schema_version": 0,
          "attributes": {
            "dns_suffix": "amazonaws.com",
            "id": "aws",
            "partition": "aws",
            "reverse_dns_prefix": "com.amazonaws"
          },
          "sensitive_attributes": []
        }
      ]
    },
    {
      "module": "module.lambdas.module.lambda_function_save_course",
      "mode": "data",
      "type": "aws_region",
      "name": "current",
      "provider": "provider[\"registry.terraform.io/hashicorp/aws\"]",
      "instances": [
        {
          "schema_version": 0,
          "attributes": {
            "description": "Europe (Frankfurt)",
            "endpoint": "ec2.eu-central-1.amazonaws.com",
            "id": "eu-central-1",
            "name": "eu-central-1"
          },
          "sensitive_attributes": []
        }
      ]
    },
    {
      "module": "module.lambdas.module.lambda_function_save_course",
      "mode": "data",
      "type": "external",
      "name": "archive_prepare",
      "provider": "provider[\"registry.terraform.io/hashicorp/external\"]",
      "instances": [
        {
          "index_key": 0,
          "schema_version": 0,
          "attributes": {
            "id": "-",
            "program": [
              "python3",
              ".terraform/modules/lambdas.lambda_function_save_course/package.py",
              "prepare"
            ],
            "query": {
              "artifacts_dir": "builds",
              "docker": null,
              "hash_extra": "",
              "hash_extra_paths": "[]",
              "paths": "{\"cwd\":\"/mnt/c/Users/quantum_brake/WebstormProjects/terraform\",\"module\":\".terraform/modules/lambdas.lambda_function_save_course\",\"root\":\".\"}",
              "recreate_missing_package": "true",
              "runtime": "nodejs16.x",
              "source_path": "\"modules/lambda/src/save_course\""
            },
            "result": {
              "build_plan": "{\"filename\": \"builds/4c6519ce45a20e3d04733c199bc02bf9dc17e3c2d61bc2490887311b62f76058.zip\", \"runtime\": \"nodejs16.x\", \"artifacts_dir\": \"builds\", \"build_plan\": [[\"zip\", \"modules/lambda/src/save_course\", null]]}",
              "build_plan_filename": "builds/4c6519ce45a20e3d04733c199bc02bf9dc17e3c2d61bc2490887311b62f76058.plan.json",
              "filename": "builds/4c6519ce45a20e3d04733c199bc02bf9dc17e3c2d61bc2490887311b62f76058.zip",
              "timestamp": "1713264703000000000",
              "was_missing": "false"
            },
            "working_dir": null
          },
          "sensitive_attributes": []
        }
      ]
    },
    {
      "module": "module.lambdas.module.lambda_function_save_course",
      "mode": "managed",
      "type": "aws_cloudwatch_log_group",
      "name": "lambda",
      "provider": "provider[\"registry.terraform.io/hashicorp/aws\"]",
      "instances": []
    },
    {
      "module": "module.lambdas.module.lambda_function_save_course",
      "mode": "managed",
      "type": "aws_iam_policy",
      "name": "additional_inline",
      "provider": "provider[\"registry.terraform.io/hashicorp/aws\"]",
      "instances": []
    },
    {
      "module": "module.lambdas.module.lambda_function_save_course",
      "mode": "managed",
      "type": "aws_iam_policy",
      "name": "additional_json",
      "provider": "provider[\"registry.terraform.io/hashicorp/aws\"]",
      "instances": []
    },
    {
      "module": "module.lambdas.module.lambda_function_save_course",
      "mode": "managed",
      "type": "aws_iam_policy",
      "name": "additional_jsons",
      "provider": "provider[\"registry.terraform.io/hashicorp/aws\"]",
      "instances": []
    },
    {
      "module": "module.lambdas.module.lambda_function_save_course",
      "mode": "managed",
      "type": "aws_iam_policy",
      "name": "async",
      "provider": "provider[\"registry.terraform.io/hashicorp/aws\"]",
      "instances": []
    },
    {
      "module": "module.lambdas.module.lambda_function_save_course",
      "mode": "managed",
      "type": "aws_iam_policy",
      "name": "dead_letter",
      "provider": "provider[\"registry.terraform.io/hashicorp/aws\"]",
      "instances": []
    },
    {
      "module": "module.lambdas.module.lambda_function_save_course",
      "mode": "managed",
      "type": "aws_iam_policy",
      "name": "logs",
      "provider": "provider[\"registry.terraform.io/hashicorp/aws\"]",
      "instances": []
    },
    {
      "module": "module.lambdas.module.lambda_function_save_course",
      "mode": "managed",
      "type": "aws_iam_policy",
      "name": "tracing",
      "provider": "provider[\"registry.terraform.io/hashicorp/aws\"]",
      "instances": []
    },
    {
      "module": "module.lambdas.module.lambda_function_save_course",
      "mode": "managed",
      "type": "aws_iam_policy",
      "name": "vpc",
      "provider": "provider[\"registry.terraform.io/hashicorp/aws\"]",
      "instances": []
    },
    {
      "module": "module.lambdas.module.lambda_function_save_course",
      "mode": "managed",
      "type": "aws_iam_role",
      "name": "lambda",
      "provider": "provider[\"registry.terraform.io/hashicorp/aws\"]",
      "instances": []
    },
    {
      "module": "module.lambdas.module.lambda_function_save_course",
      "mode": "managed",
      "type": "aws_iam_role_policy_attachment",
      "name": "additional_inline",
      "provider": "provider[\"registry.terraform.io/hashicorp/aws\"]",
      "instances": []
    },
    {
      "module": "module.lambdas.module.lambda_function_save_course",
      "mode": "managed",
      "type": "aws_iam_role_policy_attachment",
      "name": "additional_json",
      "provider": "provider[\"registry.terraform.io/hashicorp/aws\"]",
      "instances": []
    },
    {
      "module": "module.lambdas.module.lambda_function_save_course",
      "mode": "managed",
      "type": "aws_iam_role_policy_attachment",
      "name": "additional_jsons",
      "provider": "provider[\"registry.terraform.io/hashicorp/aws\"]",
      "instances": []
    },
    {
      "module": "module.lambdas.module.lambda_function_save_course",
      "mode": "managed",
      "type": "aws_iam_role_policy_attachment",
      "name": "additional_many",
      "provider": "provider[\"registry.terraform.io/hashicorp/aws\"]",
      "instances": []
    },
    {
      "module": "module.lambdas.module.lambda_function_save_course",
      "mode": "managed",
      "type": "aws_iam_role_policy_attachment",
      "name": "additional_one",
      "provider": "provider[\"registry.terraform.io/hashicorp/aws\"]",
      "instances": []
    },
    {
      "module": "module.lambdas.module.lambda_function_save_course",
      "mode": "managed",
      "type": "aws_iam_role_policy_attachment",
      "name": "async",
      "provider": "provider[\"registry.terraform.io/hashicorp/aws\"]",
      "instances": []
    },
    {
      "module": "module.lambdas.module.lambda_function_save_course",
      "mode": "managed",
      "type": "aws_iam_role_policy_attachment",
      "name": "dead_letter",
      "provider": "provider[\"registry.terraform.io/hashicorp/aws\"]",
      "instances": []
    },
    {
      "module": "module.lambdas.module.lambda_function_save_course",
      "mode": "managed",
      "type": "aws_iam_role_policy_attachment",
      "name": "logs",
      "provider": "provider[\"registry.terraform.io/hashicorp/aws\"]",
      "instances": []
    },
    {
      "module": "module.lambdas.module.lambda_function_save_course",
      "mode": "managed",
      "type": "aws_iam_role_policy_attachment",
      "name": "tracing",
      "provider": "provider[\"registry.terraform.io/hashicorp/aws\"]",
      "instances": []
    },
    {
      "module": "module.lambdas.module.lambda_function_save_course",
      "mode": "managed",
      "type": "aws_iam_role_policy_attachment",
      "name": "vpc",
      "provider": "provider[\"registry.terraform.io/hashicorp/aws\"]",
      "instances": []
    },
    {
      "module": "module.lambdas.module.lambda_function_save_course",
      "mode": "managed",
      "type": "aws_lambda_function",
      "name": "this",
      "provider": "provider[\"registry.terraform.io/hashicorp/aws\"]",
      "instances": [
        {
          "index_key": 0,
          "schema_version": 0,
          "attributes": {
            "architectures": [
              "x86_64"
            ],
            "arn": "arn:aws:lambda:eu-central-1:730335546141:function:dev-lpnu-kostetskyi-save-course",
            "code_signing_config_arn": "",
            "dead_letter_config": [],
            "description": "My awesome lambda function",
            "environment": [
              {
                "variables": {
                  "TABLE_NAME": "dev-lpnu-kostetskyi-courses"
                }
              }
            ],
            "ephemeral_storage": [
              {
                "size": 512
              }
            ],
            "file_system_config": [],
            "filename": "builds/4c6519ce45a20e3d04733c199bc02bf9dc17e3c2d61bc2490887311b62f76058.zip",
            "function_name": "dev-lpnu-kostetskyi-save-course",
            "handler": "index.handler",
            "id": "dev-lpnu-kostetskyi-save-course",
            "image_config": [],
            "image_uri": "",
            "invoke_arn": "arn:aws:apigateway:eu-central-1:lambda:path/2015-03-31/functions/arn:aws:lambda:eu-central-1:730335546141:function:dev-lpnu-kostetskyi-save-course/invocations",
            "kms_key_arn": "",
            "last_modified": "2024-04-17T15:38:18.904+0000",
            "layers": [],
            "logging_config": [
              {
                "application_log_level": "",
                "log_format": "Text",
                "log_group": "dev-lpnu-kostetskyi-get-all-courses",
                "system_log_level": ""
              }
            ],
            "memory_size": 128,
            "package_type": "Zip",
            "publish": true,
            "qualified_arn": "arn:aws:lambda:eu-central-1:730335546141:function:dev-lpnu-kostetskyi-save-course:5",
            "qualified_invoke_arn": "arn:aws:apigateway:eu-central-1:lambda:path/2015-03-31/functions/arn:aws:lambda:eu-central-1:730335546141:function:dev-lpnu-kostetskyi-save-course:5/invocations",
            "replace_security_groups_on_destroy": null,
            "replacement_security_group_ids": null,
            "reserved_concurrent_executions": -1,
            "role": "arn:aws:iam::730335546141:role/dev-lpnu-kostetskyi-save-course",
            "runtime": "nodejs16.x",
            "s3_bucket": null,
            "s3_key": null,
            "s3_object_version": null,
            "signing_job_arn": "",
            "signing_profile_version_arn": "",
            "skip_destroy": false,
            "snap_start": [],
            "source_code_hash": "47XDhfdKh/jzauY2mey/zmX39icWHuIG/fUyQsrZ/OE=",
            "source_code_size": 543,
            "tags": {
              "Environment": "kostetskyi",
              "Name": "dev-lpnu-kostetskyi-save-course",
              "Namespace": "lpnu",
              "Stage": "dev"
            },
            "tags_all": {
              "Environment": "kostetskyi",
              "Name": "dev-lpnu-kostetskyi-save-course",
              "Namespace": "lpnu",
              "Stage": "dev"
            },
            "timeout": 3,
            "timeouts": null,
            "tracing_config": [
              {
                "mode": "PassThrough"
              }
            ],
            "version": "5",
            "vpc_config": []
          },
          "sensitive_attributes": [],
          "private": "eyJlMmJmYjczMC1lY2FhLTExZTYtOGY4OC0zNDM2M2JjN2M0YzAiOnsiY3JlYXRlIjo2MDAwMDAwMDAwMDAsImRlbGV0ZSI6NjAwMDAwMDAwMDAwLCJ1cGRhdGUiOjYwMDAwMDAwMDAwMH19",
          "dependencies": [
            "module.cloudwatch.aws_cloudwatch_log_group.get_all_courses",
            "module.iam.aws_iam_role.save_course",
            "module.iam.data.aws_iam_policy_document.lambda_assume_role_policy",
            "module.lambdas.module.lambda_function_save_course.aws_cloudwatch_log_group.lambda",
            "module.lambdas.module.lambda_function_save_course.aws_iam_policy.additional_inline",
            "module.lambdas.module.lambda_function_save_course.aws_iam_policy.additional_json",
            "module.lambdas.module.lambda_function_save_course.aws_iam_policy.additional_jsons",
            "module.lambdas.module.lambda_function_save_course.aws_iam_policy.async",
            "module.lambdas.module.lambda_function_save_course.aws_iam_policy.dead_letter",
            "module.lambdas.module.lambda_function_save_course.aws_iam_policy.logs",
            "module.lambdas.module.lambda_function_save_course.aws_iam_policy.tracing",
            "module.lambdas.module.lambda_function_save_course.aws_iam_policy.vpc",
            "module.lambdas.module.lambda_function_save_course.aws_iam_role.lambda",
            "module.lambdas.module.lambda_function_save_course.aws_iam_role_policy_attachment.additional_inline",
            "module.lambdas.module.lambda_function_save_course.aws_iam_role_policy_attachment.additional_json",
            "module.lambdas.module.lambda_function_save_course.aws_iam_role_policy_attachment.additional_jsons",
            "module.lambdas.module.lambda_function_save_course.aws_iam_role_policy_attachment.additional_many",
            "module.lambdas.module.lambda_function_save_course.aws_iam_role_policy_attachment.additional_one",
            "module.lambdas.module.lambda_function_save_course.aws_iam_role_policy_attachment.async",
            "module.lambdas.module.lambda_function_save_course.aws_iam_role_policy_attachment.dead_letter",
            "module.lambdas.module.lambda_function_save_course.aws_iam_role_policy_attachment.logs",
            "module.lambdas.module.lambda_function_save_course.aws_iam_role_policy_attachment.tracing",
            "module.lambdas.module.lambda_function_save_course.aws_iam_role_policy_attachment.vpc",
            "module.lambdas.module.lambda_function_save_course.aws_s3_object.lambda_package",
            "module.lambdas.module.lambda_function_save_course.data.aws_arn.log_group_arn",
            "module.lambdas.module.lambda_function_save_course.data.aws_cloudwatch_log_group.lambda",
            "module.lambdas.module.lambda_function_save_course.data.aws_iam_policy.tracing",
            "module.lambdas.module.lambda_function_save_course.data.aws_iam_policy.vpc",
            "module.lambdas.module.lambda_function_save_course.data.aws_iam_policy_document.additional_inline",
            "module.lambdas.module.lambda_function_save_course.data.aws_iam_policy_document.assume_role",
            "module.lambdas.module.lambda_function_save_course.data.aws_iam_policy_document.async",
            "module.lambdas.module.lambda_function_save_course.data.aws_iam_policy_document.dead_letter",
            "module.lambdas.module.lambda_function_save_course.data.aws_iam_policy_document.logs",
            "module.lambdas.module.lambda_function_save_course.data.aws_partition.current",
            "module.lambdas.module.lambda_function_save_course.data.external.archive_prepare",
            "module.lambdas.module.lambda_function_save_course.local_file.archive_plan",
            "module.lambdas.module.lambda_function_save_course.null_resource.archive",
            "module.table_courses.aws_dynamodb_table.this"
          ]
        }
      ]
    },
    {
      "module": "module.lambdas.module.lambda_function_save_course",
      "mode": "managed",
      "type": "aws_lambda_permission",
      "name": "current_version_triggers",
      "provider": "provider[\"registry.terraform.io/hashicorp/aws\"]",
      "instances": [
        {
          "index_key": "APIGatewayAny",
          "schema_version": 0,
          "attributes": {
            "action": "lambda:InvokeFunction",
            "event_source_token": null,
            "function_name": "dev-lpnu-kostetskyi-save-course",
            "function_url_auth_type": null,
            "id": "APIGatewayAny",
            "principal": "apigateway.amazonaws.com",
            "principal_org_id": null,
            "qualifier": "5",
            "source_account": null,
            "source_arn": "arn:aws:execute-api:eu-central-1:730335546141:pttggq8vxf/*/*/*",
            "statement_id": "APIGatewayAny",
            "statement_id_prefix": ""
          },
          "sensitive_attributes": [],
          "private": "bnVsbA==",
          "dependencies": [
            "aws_api_gateway_rest_api.this",
            "module.cloudwatch.aws_cloudwatch_log_group.get_all_courses",
            "module.iam.aws_iam_role.save_course",
            "module.iam.data.aws_iam_policy_document.lambda_assume_role_policy",
            "module.lambdas.module.lambda_function_save_course.aws_cloudwatch_log_group.lambda",
            "module.lambdas.module.lambda_function_save_course.aws_iam_policy.additional_inline",
            "module.lambdas.module.lambda_function_save_course.aws_iam_policy.additional_json",
            "module.lambdas.module.lambda_function_save_course.aws_iam_policy.additional_jsons",
            "module.lambdas.module.lambda_function_save_course.aws_iam_policy.async",
            "module.lambdas.module.lambda_function_save_course.aws_iam_policy.dead_letter",
            "module.lambdas.module.lambda_function_save_course.aws_iam_policy.logs",
            "module.lambdas.module.lambda_function_save_course.aws_iam_policy.tracing",
            "module.lambdas.module.lambda_function_save_course.aws_iam_policy.vpc",
            "module.lambdas.module.lambda_function_save_course.aws_iam_role.lambda",
            "module.lambdas.module.lambda_function_save_course.aws_iam_role_policy_attachment.additional_inline",
            "module.lambdas.module.lambda_function_save_course.aws_iam_role_policy_attachment.additional_json",
            "module.lambdas.module.lambda_function_save_course.aws_iam_role_policy_attachment.additional_jsons",
            "module.lambdas.module.lambda_function_save_course.aws_iam_role_policy_attachment.additional_many",
            "module.lambdas.module.lambda_function_save_course.aws_iam_role_policy_attachment.additional_one",
            "module.lambdas.module.lambda_function_save_course.aws_iam_role_policy_attachment.async",
            "module.lambdas.module.lambda_function_save_course.aws_iam_role_policy_attachment.dead_letter",
            "module.lambdas.module.lambda_function_save_course.aws_iam_role_policy_attachment.logs",
            "module.lambdas.module.lambda_function_save_course.aws_iam_role_policy_attachment.tracing",
            "module.lambdas.module.lambda_function_save_course.aws_iam_role_policy_attachment.vpc",
            "module.lambdas.module.lambda_function_save_course.aws_lambda_function.this",
            "module.lambdas.module.lambda_function_save_course.aws_s3_object.lambda_package",
            "module.lambdas.module.lambda_function_save_course.data.aws_arn.log_group_arn",
            "module.lambdas.module.lambda_function_save_course.data.aws_cloudwatch_log_group.lambda",
            "module.lambdas.module.lambda_function_save_course.data.aws_iam_policy.tracing",
            "module.lambdas.module.lambda_function_save_course.data.aws_iam_policy.vpc",
            "module.lambdas.module.lambda_function_save_course.data.aws_iam_policy_document.additional_inline",
            "module.lambdas.module.lambda_function_save_course.data.aws_iam_policy_document.assume_role",
            "module.lambdas.module.lambda_function_save_course.data.aws_iam_policy_document.async",
            "module.lambdas.module.lambda_function_save_course.data.aws_iam_policy_document.dead_letter",
            "module.lambdas.module.lambda_function_save_course.data.aws_iam_policy_document.logs",
            "module.lambdas.module.lambda_function_save_course.data.aws_partition.current",
            "module.lambdas.module.lambda_function_save_course.data.external.archive_prepare",
            "module.lambdas.module.lambda_function_save_course.local_file.archive_plan",
            "module.lambdas.module.lambda_function_save_course.null_resource.archive",
            "module.table_courses.aws_dynamodb_table.this"
          ]
        }
      ]
    },
    {
      "module": "module.lambdas.module.lambda_function_save_course",
      "mode": "managed",
      "type": "aws_lambda_permission",
      "name": "unqualified_alias_triggers",
      "provider": "provider[\"registry.terraform.io/hashicorp/aws\"]",
      "instances": [
        {
          "index_key": "APIGatewayAny",
          "schema_version": 0,
          "attributes": {
            "action": "lambda:InvokeFunction",
            "event_source_token": null,
            "function_name": "dev-lpnu-kostetskyi-save-course",
            "function_url_auth_type": null,
            "id": "APIGatewayAny",
            "principal": "apigateway.amazonaws.com",
            "principal_org_id": null,
            "qualifier": "",
            "source_account": null,
            "source_arn": "arn:aws:execute-api:eu-central-1:730335546141:pttggq8vxf/*/*/*",
            "statement_id": "APIGatewayAny",
            "statement_id_prefix": ""
          },
          "sensitive_attributes": [],
          "private": "bnVsbA==",
          "dependencies": [
            "aws_api_gateway_rest_api.this",
            "module.cloudwatch.aws_cloudwatch_log_group.get_all_courses",
            "module.iam.aws_iam_role.save_course",
            "module.iam.data.aws_iam_policy_document.lambda_assume_role_policy",
            "module.lambdas.module.lambda_function_save_course.aws_cloudwatch_log_group.lambda",
            "module.lambdas.module.lambda_function_save_course.aws_iam_policy.additional_inline",
            "module.lambdas.module.lambda_function_save_course.aws_iam_policy.additional_json",
            "module.lambdas.module.lambda_function_save_course.aws_iam_policy.additional_jsons",
            "module.lambdas.module.lambda_function_save_course.aws_iam_policy.async",
            "module.lambdas.module.lambda_function_save_course.aws_iam_policy.dead_letter",
            "module.lambdas.module.lambda_function_save_course.aws_iam_policy.logs",
            "module.lambdas.module.lambda_function_save_course.aws_iam_policy.tracing",
            "module.lambdas.module.lambda_function_save_course.aws_iam_policy.vpc",
            "module.lambdas.module.lambda_function_save_course.aws_iam_role.lambda",
            "module.lambdas.module.lambda_function_save_course.aws_iam_role_policy_attachment.additional_inline",
            "module.lambdas.module.lambda_function_save_course.aws_iam_role_policy_attachment.additional_json",
            "module.lambdas.module.lambda_function_save_course.aws_iam_role_policy_attachment.additional_jsons",
            "module.lambdas.module.lambda_function_save_course.aws_iam_role_policy_attachment.additional_many",
            "module.lambdas.module.lambda_function_save_course.aws_iam_role_policy_attachment.additional_one",
            "module.lambdas.module.lambda_function_save_course.aws_iam_role_policy_attachment.async",
            "module.lambdas.module.lambda_function_save_course.aws_iam_role_policy_attachment.dead_letter",
            "module.lambdas.module.lambda_function_save_course.aws_iam_role_policy_attachment.logs",
            "module.lambdas.module.lambda_function_save_course.aws_iam_role_policy_attachment.tracing",
            "module.lambdas.module.lambda_function_save_course.aws_iam_role_policy_attachment.vpc",
            "module.lambdas.module.lambda_function_save_course.aws_lambda_function.this",
            "module.lambdas.module.lambda_function_save_course.aws_s3_object.lambda_package",
            "module.lambdas.module.lambda_function_save_course.data.aws_arn.log_group_arn",
            "module.lambdas.module.lambda_function_save_course.data.aws_cloudwatch_log_group.lambda",
            "module.lambdas.module.lambda_function_save_course.data.aws_iam_policy.tracing",
            "module.lambdas.module.lambda_function_save_course.data.aws_iam_policy.vpc",
            "module.lambdas.module.lambda_function_save_course.data.aws_iam_policy_document.additional_inline",
            "module.lambdas.module.lambda_function_save_course.data.aws_iam_policy_document.assume_role",
            "module.lambdas.module.lambda_function_save_course.data.aws_iam_policy_document.async",
            "module.lambdas.module.lambda_function_save_course.data.aws_iam_policy_document.dead_letter",
            "module.lambdas.module.lambda_function_save_course.data.aws_iam_policy_document.logs",
            "module.lambdas.module.lambda_function_save_course.data.aws_partition.current",
            "module.lambdas.module.lambda_function_save_course.data.external.archive_prepare",
            "module.lambdas.module.lambda_function_save_course.local_file.archive_plan",
            "module.lambdas.module.lambda_function_save_course.null_resource.archive",
            "module.table_courses.aws_dynamodb_table.this"
          ]
        }
      ]
    },
    {
      "module": "module.lambdas.module.lambda_function_save_course",
      "mode": "managed",
      "type": "aws_s3_object",
      "name": "lambda_package",
      "provider": "provider[\"registry.terraform.io/hashicorp/aws\"]",
      "instances": []
    },
    {
      "module": "module.lambdas.module.lambda_function_save_course",
      "mode": "managed",
      "type": "local_file",
      "name": "archive_plan",
      "provider": "provider[\"registry.terraform.io/hashicorp/local\"]",
      "instances": [
        {
          "index_key": 0,
          "schema_version": 0,
          "attributes": {
            "content": "{\"filename\": \"builds/4c6519ce45a20e3d04733c199bc02bf9dc17e3c2d61bc2490887311b62f76058.zip\", \"runtime\": \"nodejs16.x\", \"artifacts_dir\": \"builds\", \"build_plan\": [[\"zip\", \"modules/lambda/src/save_course\", null]]}",
            "content_base64": null,
            "content_base64sha256": "c2RrXmuFxjpGPqq4Tjejf5ksqSePi0oHW5816/+Ae9c=",
            "content_base64sha512": "ap0xi8+gx6F/ARPg9EyOk4sur6Sc8Hf48qCh8KeV62hWShm8JZ/8GtMya27IW9Cp1MMA+BpaZyKZNxq3uBZGxA==",
            "content_md5": "8300d931a44135cde3d506539b454034",
            "content_sha1": "84dcd7cc6f7039ad9a892efa35f02b9a6a0520ea",
            "content_sha256": "73646b5e6b85c63a463eaab84e37a37f992ca9278f8b4a075b9f35ebff807bd7",
            "content_sha512": "6a9d318bcfa0c7a17f0113e0f44c8e938b2eafa49cf077f8f2a0a1f0a795eb68564a19bc259ffc1ad3326b6ec85bd0a9d4c300f81a5a672299371ab7b81646c4",
            "directory_permission": "0755",
            "file_permission": "0644",
            "filename": "builds/4c6519ce45a20e3d04733c199bc02bf9dc17e3c2d61bc2490887311b62f76058.plan.json",
            "id": "84dcd7cc6f7039ad9a892efa35f02b9a6a0520ea",
            "sensitive_content": null,
            "source": null
          },
          "sensitive_attributes": [],
          "dependencies": [
            "module.lambdas.module.lambda_function_save_course.data.external.archive_prepare"
          ]
        }
      ]
    },
    {
      "module": "module.lambdas.module.lambda_function_save_course",
      "mode": "managed",
      "type": "null_resource",
      "name": "archive",
      "provider": "provider[\"registry.terraform.io/hashicorp/null\"]",
      "instances": [
        {
          "index_key": 0,
          "schema_version": 0,
          "attributes": {
            "id": "1326704316562832238",
            "triggers": {
              "filename": "builds/4c6519ce45a20e3d04733c199bc02bf9dc17e3c2d61bc2490887311b62f76058.zip",
              "timestamp": "1713264703000000000"
            }
          },
          "sensitive_attributes": [],
          "dependencies": [
            "module.lambdas.module.lambda_function_save_course.data.external.archive_prepare",
            "module.lambdas.module.lambda_function_save_course.local_file.archive_plan"
          ]
        }
      ]
    },
    {
      "module": "module.lambdas.module.lambda_function_update_course",
      "mode": "data",
      "type": "aws_arn",
      "name": "log_group_arn",
      "provider": "provider[\"registry.terraform.io/hashicorp/aws\"]",
      "instances": []
    },
    {
      "module": "module.lambdas.module.lambda_function_update_course",
      "mode": "data",
      "type": "aws_caller_identity",
      "name": "current",
      "provider": "provider[\"registry.terraform.io/hashicorp/aws\"]",
      "instances": [
        {
          "schema_version": 0,
          "attributes": {
            "account_id": "730335546141",
            "arn": "arn:aws:iam::730335546141:user/terraform",
            "id": "730335546141",
            "user_id": "AIDA2UC3EBMOVSJN7GVRK"
          },
          "sensitive_attributes": []
        }
      ]
    },
    {
      "module": "module.lambdas.module.lambda_function_update_course",
      "mode": "data",
      "type": "aws_cloudwatch_log_group",
      "name": "lambda",
      "provider": "provider[\"registry.terraform.io/hashicorp/aws\"]",
      "instances": [
        {
          "index_key": 0,
          "schema_version": 0,
          "attributes": {
            "arn": "arn:aws:logs:eu-central-1:730335546141:log-group:dev-lpnu-kostetskyi-get-all-courses",
            "creation_time": 1713302734296,
            "id": "dev-lpnu-kostetskyi-get-all-courses",
            "kms_key_id": "",
            "log_group_class": "STANDARD",
            "name": "dev-lpnu-kostetskyi-get-all-courses",
            "retention_in_days": 90,
            "tags": {
              "Environment": "kostetskyi",
              "Name": "dev-lpnu-kostetskyi-get-all-courses",
              "Namespace": "lpnu",
              "Stage": "dev"
            }
          },
          "sensitive_attributes": []
        }
      ]
    },
    {
      "module": "module.lambdas.module.lambda_function_update_course",
      "mode": "data",
      "type": "aws_iam_policy",
      "name": "tracing",
      "provider": "provider[\"registry.terraform.io/hashicorp/aws\"]",
      "instances": []
    },
    {
      "module": "module.lambdas.module.lambda_function_update_course",
      "mode": "data",
      "type": "aws_iam_policy",
      "name": "vpc",
      "provider": "provider[\"registry.terraform.io/hashicorp/aws\"]",
      "instances": []
    },
    {
      "module": "module.lambdas.module.lambda_function_update_course",
      "mode": "data",
      "type": "aws_iam_policy_document",
      "name": "additional_inline",
      "provider": "provider[\"registry.terraform.io/hashicorp/aws\"]",
      "instances": []
    },
    {
      "module": "module.lambdas.module.lambda_function_update_course",
      "mode": "data",
      "type": "aws_iam_policy_document",
      "name": "assume_role",
      "provider": "provider[\"registry.terraform.io/hashicorp/aws\"]",
      "instances": []
    },
    {
      "module": "module.lambdas.module.lambda_function_update_course",
      "mode": "data",
      "type": "aws_iam_policy_document",
      "name": "async",
      "provider": "provider[\"registry.terraform.io/hashicorp/aws\"]",
      "instances": []
    },
    {
      "module": "module.lambdas.module.lambda_function_update_course",
      "mode": "data",
      "type": "aws_iam_policy_document",
      "name": "dead_letter",
      "provider": "provider[\"registry.terraform.io/hashicorp/aws\"]",
      "instances": []
    },
    {
      "module": "module.lambdas.module.lambda_function_update_course",
      "mode": "data",
      "type": "aws_iam_policy_document",
      "name": "logs",
      "provider": "provider[\"registry.terraform.io/hashicorp/aws\"]",
      "instances": []
    },
    {
      "module": "module.lambdas.module.lambda_function_update_course",
      "mode": "data",
      "type": "aws_partition",
      "name": "current",
      "provider": "provider[\"registry.terraform.io/hashicorp/aws\"]",
      "instances": [
        {
          "schema_version": 0,
          "attributes": {
            "dns_suffix": "amazonaws.com",
            "id": "aws",
            "partition": "aws",
            "reverse_dns_prefix": "com.amazonaws"
          },
          "sensitive_attributes": []
        }
      ]
    },
    {
      "module": "module.lambdas.module.lambda_function_update_course",
      "mode": "data",
      "type": "aws_region",
      "name": "current",
      "provider": "provider[\"registry.terraform.io/hashicorp/aws\"]",
      "instances": [
        {
          "schema_version": 0,
          "attributes": {
            "description": "Europe (Frankfurt)",
            "endpoint": "ec2.eu-central-1.amazonaws.com",
            "id": "eu-central-1",
            "name": "eu-central-1"
          },
          "sensitive_attributes": []
        }
      ]
    },
    {
      "module": "module.lambdas.module.lambda_function_update_course",
      "mode": "data",
      "type": "external",
      "name": "archive_prepare",
      "provider": "provider[\"registry.terraform.io/hashicorp/external\"]",
      "instances": [
        {
          "index_key": 0,
          "schema_version": 0,
          "attributes": {
            "id": "-",
            "program": [
              "python3",
              ".terraform/modules/lambdas.lambda_function_update_course/package.py",
              "prepare"
            ],
            "query": {
              "artifacts_dir": "builds",
              "docker": null,
              "hash_extra": "",
              "hash_extra_paths": "[]",
              "paths": "{\"cwd\":\"/mnt/c/Users/quantum_brake/WebstormProjects/terraform\",\"module\":\".terraform/modules/lambdas.lambda_function_update_course\",\"root\":\".\"}",
              "recreate_missing_package": "true",
              "runtime": "nodejs16.x",
              "source_path": "\"modules/lambda/src/update_course\""
            },
            "result": {
              "build_plan": "{\"filename\": \"builds/c3f08d499b6ae16c2c4a6cf7cf682e0826c77eea8a28af84c45e60e19fd0bb26.zip\", \"runtime\": \"nodejs16.x\", \"artifacts_dir\": \"builds\", \"build_plan\": [[\"zip\", \"modules/lambda/src/update_course\", null]]}",
              "build_plan_filename": "builds/c3f08d499b6ae16c2c4a6cf7cf682e0826c77eea8a28af84c45e60e19fd0bb26.plan.json",
              "filename": "builds/c3f08d499b6ae16c2c4a6cf7cf682e0826c77eea8a28af84c45e60e19fd0bb26.zip",
              "timestamp": "1713264703000000000",
              "was_missing": "false"
            },
            "working_dir": null
          },
          "sensitive_attributes": []
        }
      ]
    },
    {
      "module": "module.lambdas.module.lambda_function_update_course",
      "mode": "managed",
      "type": "aws_cloudwatch_log_group",
      "name": "lambda",
      "provider": "provider[\"registry.terraform.io/hashicorp/aws\"]",
      "instances": []
    },
    {
      "module": "module.lambdas.module.lambda_function_update_course",
      "mode": "managed",
      "type": "aws_iam_policy",
      "name": "additional_inline",
      "provider": "provider[\"registry.terraform.io/hashicorp/aws\"]",
      "instances": []
    },
    {
      "module": "module.lambdas.module.lambda_function_update_course",
      "mode": "managed",
      "type": "aws_iam_policy",
      "name": "additional_json",
      "provider": "provider[\"registry.terraform.io/hashicorp/aws\"]",
      "instances": []
    },
    {
      "module": "module.lambdas.module.lambda_function_update_course",
      "mode": "managed",
      "type": "aws_iam_policy",
      "name": "additional_jsons",
      "provider": "provider[\"registry.terraform.io/hashicorp/aws\"]",
      "instances": []
    },
    {
      "module": "module.lambdas.module.lambda_function_update_course",
      "mode": "managed",
      "type": "aws_iam_policy",
      "name": "async",
      "provider": "provider[\"registry.terraform.io/hashicorp/aws\"]",
      "instances": []
    },
    {
      "module": "module.lambdas.module.lambda_function_update_course",
      "mode": "managed",
      "type": "aws_iam_policy",
      "name": "dead_letter",
      "provider": "provider[\"registry.terraform.io/hashicorp/aws\"]",
      "instances": []
    },
    {
      "module": "module.lambdas.module.lambda_function_update_course",
      "mode": "managed",
      "type": "aws_iam_policy",
      "name": "logs",
      "provider": "provider[\"registry.terraform.io/hashicorp/aws\"]",
      "instances": []
    },
    {
      "module": "module.lambdas.module.lambda_function_update_course",
      "mode": "managed",
      "type": "aws_iam_policy",
      "name": "tracing",
      "provider": "provider[\"registry.terraform.io/hashicorp/aws\"]",
      "instances": []
    },
    {
      "module": "module.lambdas.module.lambda_function_update_course",
      "mode": "managed",
      "type": "aws_iam_policy",
      "name": "vpc",
      "provider": "provider[\"registry.terraform.io/hashicorp/aws\"]",
      "instances": []
    },
    {
      "module": "module.lambdas.module.lambda_function_update_course",
      "mode": "managed",
      "type": "aws_iam_role",
      "name": "lambda",
      "provider": "provider[\"registry.terraform.io/hashicorp/aws\"]",
      "instances": []
    },
    {
      "module": "module.lambdas.module.lambda_function_update_course",
      "mode": "managed",
      "type": "aws_iam_role_policy_attachment",
      "name": "additional_inline",
      "provider": "provider[\"registry.terraform.io/hashicorp/aws\"]",
      "instances": []
    },
    {
      "module": "module.lambdas.module.lambda_function_update_course",
      "mode": "managed",
      "type": "aws_iam_role_policy_attachment",
      "name": "additional_json",
      "provider": "provider[\"registry.terraform.io/hashicorp/aws\"]",
      "instances": []
    },
    {
      "module": "module.lambdas.module.lambda_function_update_course",
      "mode": "managed",
      "type": "aws_iam_role_policy_attachment",
      "name": "additional_jsons",
      "provider": "provider[\"registry.terraform.io/hashicorp/aws\"]",
      "instances": []
    },
    {
      "module": "module.lambdas.module.lambda_function_update_course",
      "mode": "managed",
      "type": "aws_iam_role_policy_attachment",
      "name": "additional_many",
      "provider": "provider[\"registry.terraform.io/hashicorp/aws\"]",
      "instances": []
    },
    {
      "module": "module.lambdas.module.lambda_function_update_course",
      "mode": "managed",
      "type": "aws_iam_role_policy_attachment",
      "name": "additional_one",
      "provider": "provider[\"registry.terraform.io/hashicorp/aws\"]",
      "instances": []
    },
    {
      "module": "module.lambdas.module.lambda_function_update_course",
      "mode": "managed",
      "type": "aws_iam_role_policy_attachment",
      "name": "async",
      "provider": "provider[\"registry.terraform.io/hashicorp/aws\"]",
      "instances": []
    },
    {
      "module": "module.lambdas.module.lambda_function_update_course",
      "mode": "managed",
      "type": "aws_iam_role_policy_attachment",
      "name": "dead_letter",
      "provider": "provider[\"registry.terraform.io/hashicorp/aws\"]",
      "instances": []
    },
    {
      "module": "module.lambdas.module.lambda_function_update_course",
      "mode": "managed",
      "type": "aws_iam_role_policy_attachment",
      "name": "logs",
      "provider": "provider[\"registry.terraform.io/hashicorp/aws\"]",
      "instances": []
    },
    {
      "module": "module.lambdas.module.lambda_function_update_course",
      "mode": "managed",
      "type": "aws_iam_role_policy_attachment",
      "name": "tracing",
      "provider": "provider[\"registry.terraform.io/hashicorp/aws\"]",
      "instances": []
    },
    {
      "module": "module.lambdas.module.lambda_function_update_course",
      "mode": "managed",
      "type": "aws_iam_role_policy_attachment",
      "name": "vpc",
      "provider": "provider[\"registry.terraform.io/hashicorp/aws\"]",
      "instances": []
    },
    {
      "module": "module.lambdas.module.lambda_function_update_course",
      "mode": "managed",
      "type": "aws_lambda_function",
      "name": "this",
      "provider": "provider[\"registry.terraform.io/hashicorp/aws\"]",
      "instances": [
        {
          "index_key": 0,
          "schema_version": 0,
          "attributes": {
            "architectures": [
              "x86_64"
            ],
            "arn": "arn:aws:lambda:eu-central-1:730335546141:function:dev-lpnu-kostetskyi-update-course",
            "code_signing_config_arn": "",
            "dead_letter_config": [],
            "description": "My awesome lambda function",
            "environment": [
              {
                "variables": {
                  "TABLE_NAME": "dev-lpnu-kostetskyi-courses"
                }
              }
            ],
            "ephemeral_storage": [
              {
                "size": 512
              }
            ],
            "file_system_config": [],
            "filename": "builds/c3f08d499b6ae16c2c4a6cf7cf682e0826c77eea8a28af84c45e60e19fd0bb26.zip",
            "function_name": "dev-lpnu-kostetskyi-update-course",
            "handler": "index.handler",
            "id": "dev-lpnu-kostetskyi-update-course",
            "image_config": [],
            "image_uri": "",
            "invoke_arn": "arn:aws:apigateway:eu-central-1:lambda:path/2015-03-31/functions/arn:aws:lambda:eu-central-1:730335546141:function:dev-lpnu-kostetskyi-update-course/invocations",
            "kms_key_arn": "",
            "last_modified": "2024-04-17T15:38:13.152+0000",
            "layers": [],
            "logging_config": [
              {
                "application_log_level": "",
                "log_format": "Text",
                "log_group": "dev-lpnu-kostetskyi-get-all-courses",
                "system_log_level": ""
              }
            ],
            "memory_size": 128,
            "package_type": "Zip",
            "publish": true,
            "qualified_arn": "arn:aws:lambda:eu-central-1:730335546141:function:dev-lpnu-kostetskyi-update-course:6",
            "qualified_invoke_arn": "arn:aws:apigateway:eu-central-1:lambda:path/2015-03-31/functions/arn:aws:lambda:eu-central-1:730335546141:function:dev-lpnu-kostetskyi-update-course:6/invocations",
            "replace_security_groups_on_destroy": null,
            "replacement_security_group_ids": null,
            "reserved_concurrent_executions": -1,
            "role": "arn:aws:iam::730335546141:role/dev-lpnu-kostetskyi-update-course",
            "runtime": "nodejs16.x",
            "s3_bucket": null,
            "s3_key": null,
            "s3_object_version": null,
            "signing_job_arn": "",
            "signing_profile_version_arn": "",
            "skip_destroy": false,
            "snap_start": [],
            "source_code_hash": "jQX6jGBGm8vbcufVB/FoX2M41cTBEOL8zczZ1vwarIY=",
            "source_code_size": 468,
            "tags": {
              "Environment": "kostetskyi",
              "Name": "dev-lpnu-kostetskyi-update-course",
              "Namespace": "lpnu",
              "Stage": "dev"
            },
            "tags_all": {
              "Environment": "kostetskyi",
              "Name": "dev-lpnu-kostetskyi-update-course",
              "Namespace": "lpnu",
              "Stage": "dev"
            },
            "timeout": 3,
            "timeouts": null,
            "tracing_config": [
              {
                "mode": "PassThrough"
              }
            ],
            "version": "6",
            "vpc_config": []
          },
          "sensitive_attributes": [],
          "private": "eyJlMmJmYjczMC1lY2FhLTExZTYtOGY4OC0zNDM2M2JjN2M0YzAiOnsiY3JlYXRlIjo2MDAwMDAwMDAwMDAsImRlbGV0ZSI6NjAwMDAwMDAwMDAwLCJ1cGRhdGUiOjYwMDAwMDAwMDAwMH19",
          "dependencies": [
            "module.cloudwatch.aws_cloudwatch_log_group.get_all_courses",
            "module.iam.aws_iam_role.update_course",
            "module.iam.data.aws_iam_policy_document.lambda_assume_role_policy",
            "module.lambdas.module.lambda_function_update_course.aws_cloudwatch_log_group.lambda",
            "module.lambdas.module.lambda_function_update_course.aws_iam_policy.additional_inline",
            "module.lambdas.module.lambda_function_update_course.aws_iam_policy.additional_json",
            "module.lambdas.module.lambda_function_update_course.aws_iam_policy.additional_jsons",
            "module.lambdas.module.lambda_function_update_course.aws_iam_policy.async",
            "module.lambdas.module.lambda_function_update_course.aws_iam_policy.dead_letter",
            "module.lambdas.module.lambda_function_update_course.aws_iam_policy.logs",
            "module.lambdas.module.lambda_function_update_course.aws_iam_policy.tracing",
            "module.lambdas.module.lambda_function_update_course.aws_iam_policy.vpc",
            "module.lambdas.module.lambda_function_update_course.aws_iam_role.lambda",
            "module.lambdas.module.lambda_function_update_course.aws_iam_role_policy_attachment.additional_inline",
            "module.lambdas.module.lambda_function_update_course.aws_iam_role_policy_attachment.additional_json",
            "module.lambdas.module.lambda_function_update_course.aws_iam_role_policy_attachment.additional_jsons",
            "module.lambdas.module.lambda_function_update_course.aws_iam_role_policy_attachment.additional_many",
            "module.lambdas.module.lambda_function_update_course.aws_iam_role_policy_attachment.additional_one",
            "module.lambdas.module.lambda_function_update_course.aws_iam_role_policy_attachment.async",
            "module.lambdas.module.lambda_function_update_course.aws_iam_role_policy_attachment.dead_letter",
            "module.lambdas.module.lambda_function_update_course.aws_iam_role_policy_attachment.logs",
            "module.lambdas.module.lambda_function_update_course.aws_iam_role_policy_attachment.tracing",
            "module.lambdas.module.lambda_function_update_course.aws_iam_role_policy_attachment.vpc",
            "module.lambdas.module.lambda_function_update_course.aws_s3_object.lambda_package",
            "module.lambdas.module.lambda_function_update_course.data.aws_arn.log_group_arn",
            "module.lambdas.module.lambda_function_update_course.data.aws_cloudwatch_log_group.lambda",
            "module.lambdas.module.lambda_function_update_course.data.aws_iam_policy.tracing",
            "module.lambdas.module.lambda_function_update_course.data.aws_iam_policy.vpc",
            "module.lambdas.module.lambda_function_update_course.data.aws_iam_policy_document.additional_inline",
            "module.lambdas.module.lambda_function_update_course.data.aws_iam_policy_document.assume_role",
            "module.lambdas.module.lambda_function_update_course.data.aws_iam_policy_document.async",
            "module.lambdas.module.lambda_function_update_course.data.aws_iam_policy_document.dead_letter",
            "module.lambdas.module.lambda_function_update_course.data.aws_iam_policy_document.logs",
            "module.lambdas.module.lambda_function_update_course.data.aws_partition.current",
            "module.lambdas.module.lambda_function_update_course.data.external.archive_prepare",
            "module.lambdas.module.lambda_function_update_course.local_file.archive_plan",
            "module.lambdas.module.lambda_function_update_course.null_resource.archive",
            "module.table_courses.aws_dynamodb_table.this"
          ]
        }
      ]
    },
    {
      "module": "module.lambdas.module.lambda_function_update_course",
      "mode": "managed",
      "type": "aws_lambda_permission",
      "name": "current_version_triggers",
      "provider": "provider[\"registry.terraform.io/hashicorp/aws\"]",
      "instances": [
        {
          "index_key": "APIGatewayAny",
          "schema_version": 0,
          "attributes": {
            "action": "lambda:InvokeFunction",
            "event_source_token": null,
            "function_name": "dev-lpnu-kostetskyi-update-course",
            "function_url_auth_type": null,
            "id": "APIGatewayAny",
            "principal": "apigateway.amazonaws.com",
            "principal_org_id": null,
            "qualifier": "6",
            "source_account": null,
            "source_arn": "arn:aws:execute-api:eu-central-1:730335546141:pttggq8vxf/*/*/*",
            "statement_id": "APIGatewayAny",
            "statement_id_prefix": ""
          },
          "sensitive_attributes": [],
          "private": "bnVsbA==",
          "dependencies": [
            "aws_api_gateway_rest_api.this",
            "module.cloudwatch.aws_cloudwatch_log_group.get_all_courses",
            "module.iam.aws_iam_role.update_course",
            "module.iam.data.aws_iam_policy_document.lambda_assume_role_policy",
            "module.lambdas.module.lambda_function_update_course.aws_cloudwatch_log_group.lambda",
            "module.lambdas.module.lambda_function_update_course.aws_iam_policy.additional_inline",
            "module.lambdas.module.lambda_function_update_course.aws_iam_policy.additional_json",
            "module.lambdas.module.lambda_function_update_course.aws_iam_policy.additional_jsons",
            "module.lambdas.module.lambda_function_update_course.aws_iam_policy.async",
            "module.lambdas.module.lambda_function_update_course.aws_iam_policy.dead_letter",
            "module.lambdas.module.lambda_function_update_course.aws_iam_policy.logs",
            "module.lambdas.module.lambda_function_update_course.aws_iam_policy.tracing",
            "module.lambdas.module.lambda_function_update_course.aws_iam_policy.vpc",
            "module.lambdas.module.lambda_function_update_course.aws_iam_role.lambda",
            "module.lambdas.module.lambda_function_update_course.aws_iam_role_policy_attachment.additional_inline",
            "module.lambdas.module.lambda_function_update_course.aws_iam_role_policy_attachment.additional_json",
            "module.lambdas.module.lambda_function_update_course.aws_iam_role_policy_attachment.additional_jsons",
            "module.lambdas.module.lambda_function_update_course.aws_iam_role_policy_attachment.additional_many",
            "module.lambdas.module.lambda_function_update_course.aws_iam_role_policy_attachment.additional_one",
            "module.lambdas.module.lambda_function_update_course.aws_iam_role_policy_attachment.async",
            "module.lambdas.module.lambda_function_update_course.aws_iam_role_policy_attachment.dead_letter",
            "module.lambdas.module.lambda_function_update_course.aws_iam_role_policy_attachment.logs",
            "module.lambdas.module.lambda_function_update_course.aws_iam_role_policy_attachment.tracing",
            "module.lambdas.module.lambda_function_update_course.aws_iam_role_policy_attachment.vpc",
            "module.lambdas.module.lambda_function_update_course.aws_lambda_function.this",
            "module.lambdas.module.lambda_function_update_course.aws_s3_object.lambda_package",
            "module.lambdas.module.lambda_function_update_course.data.aws_arn.log_group_arn",
            "module.lambdas.module.lambda_function_update_course.data.aws_cloudwatch_log_group.lambda",
            "module.lambdas.module.lambda_function_update_course.data.aws_iam_policy.tracing",
            "module.lambdas.module.lambda_function_update_course.data.aws_iam_policy.vpc",
            "module.lambdas.module.lambda_function_update_course.data.aws_iam_policy_document.additional_inline",
            "module.lambdas.module.lambda_function_update_course.data.aws_iam_policy_document.assume_role",
            "module.lambdas.module.lambda_function_update_course.data.aws_iam_policy_document.async",
            "module.lambdas.module.lambda_function_update_course.data.aws_iam_policy_document.dead_letter",
            "module.lambdas.module.lambda_function_update_course.data.aws_iam_policy_document.logs",
            "module.lambdas.module.lambda_function_update_course.data.aws_partition.current",
            "module.lambdas.module.lambda_function_update_course.data.external.archive_prepare",
            "module.lambdas.module.lambda_function_update_course.local_file.archive_plan",
            "module.lambdas.module.lambda_function_update_course.null_resource.archive",
            "module.table_courses.aws_dynamodb_table.this"
          ]
        }
      ]
    },
    {
      "module": "module.lambdas.module.lambda_function_update_course",
      "mode": "managed",
      "type": "aws_lambda_permission",
      "name": "unqualified_alias_triggers",
      "provider": "provider[\"registry.terraform.io/hashicorp/aws\"]",
      "instances": [
        {
          "index_key": "APIGatewayAny",
          "schema_version": 0,
          "attributes": {
            "action": "lambda:InvokeFunction",
            "event_source_token": null,
            "function_name": "dev-lpnu-kostetskyi-update-course",
            "function_url_auth_type": null,
            "id": "APIGatewayAny",
            "principal": "apigateway.amazonaws.com",
            "principal_org_id": null,
            "qualifier": "",
            "source_account": null,
            "source_arn": "arn:aws:execute-api:eu-central-1:730335546141:pttggq8vxf/*/*/*",
            "statement_id": "APIGatewayAny",
            "statement_id_prefix": ""
          },
          "sensitive_attributes": [],
          "private": "bnVsbA==",
          "dependencies": [
            "aws_api_gateway_rest_api.this",
            "module.cloudwatch.aws_cloudwatch_log_group.get_all_courses",
            "module.iam.aws_iam_role.update_course",
            "module.iam.data.aws_iam_policy_document.lambda_assume_role_policy",
            "module.lambdas.module.lambda_function_update_course.aws_cloudwatch_log_group.lambda",
            "module.lambdas.module.lambda_function_update_course.aws_iam_policy.additional_inline",
            "module.lambdas.module.lambda_function_update_course.aws_iam_policy.additional_json",
            "module.lambdas.module.lambda_function_update_course.aws_iam_policy.additional_jsons",
            "module.lambdas.module.lambda_function_update_course.aws_iam_policy.async",
            "module.lambdas.module.lambda_function_update_course.aws_iam_policy.dead_letter",
            "module.lambdas.module.lambda_function_update_course.aws_iam_policy.logs",
            "module.lambdas.module.lambda_function_update_course.aws_iam_policy.tracing",
            "module.lambdas.module.lambda_function_update_course.aws_iam_policy.vpc",
            "module.lambdas.module.lambda_function_update_course.aws_iam_role.lambda",
            "module.lambdas.module.lambda_function_update_course.aws_iam_role_policy_attachment.additional_inline",
            "module.lambdas.module.lambda_function_update_course.aws_iam_role_policy_attachment.additional_json",
            "module.lambdas.module.lambda_function_update_course.aws_iam_role_policy_attachment.additional_jsons",
            "module.lambdas.module.lambda_function_update_course.aws_iam_role_policy_attachment.additional_many",
            "module.lambdas.module.lambda_function_update_course.aws_iam_role_policy_attachment.additional_one",
            "module.lambdas.module.lambda_function_update_course.aws_iam_role_policy_attachment.async",
            "module.lambdas.module.lambda_function_update_course.aws_iam_role_policy_attachment.dead_letter",
            "module.lambdas.module.lambda_function_update_course.aws_iam_role_policy_attachment.logs",
            "module.lambdas.module.lambda_function_update_course.aws_iam_role_policy_attachment.tracing",
            "module.lambdas.module.lambda_function_update_course.aws_iam_role_policy_attachment.vpc",
            "module.lambdas.module.lambda_function_update_course.aws_lambda_function.this",
            "module.lambdas.module.lambda_function_update_course.aws_s3_object.lambda_package",
            "module.lambdas.module.lambda_function_update_course.data.aws_arn.log_group_arn",
            "module.lambdas.module.lambda_function_update_course.data.aws_cloudwatch_log_group.lambda",
            "module.lambdas.module.lambda_function_update_course.data.aws_iam_policy.tracing",
            "module.lambdas.module.lambda_function_update_course.data.aws_iam_policy.vpc",
            "module.lambdas.module.lambda_function_update_course.data.aws_iam_policy_document.additional_inline",
            "module.lambdas.module.lambda_function_update_course.data.aws_iam_policy_document.assume_role",
            "module.lambdas.module.lambda_function_update_course.data.aws_iam_policy_document.async",
            "module.lambdas.module.lambda_function_update_course.data.aws_iam_policy_document.dead_letter",
            "module.lambdas.module.lambda_function_update_course.data.aws_iam_policy_document.logs",
            "module.lambdas.module.lambda_function_update_course.data.aws_partition.current",
            "module.lambdas.module.lambda_function_update_course.data.external.archive_prepare",
            "module.lambdas.module.lambda_function_update_course.local_file.archive_plan",
            "module.lambdas.module.lambda_function_update_course.null_resource.archive",
            "module.table_courses.aws_dynamodb_table.this"
          ]
        }
      ]
    },
    {
      "module": "module.lambdas.module.lambda_function_update_course",
      "mode": "managed",
      "type": "aws_s3_object",
      "name": "lambda_package",
      "provider": "provider[\"registry.terraform.io/hashicorp/aws\"]",
      "instances": []
    },
    {
      "module": "module.lambdas.module.lambda_function_update_course",
      "mode": "managed",
      "type": "local_file",
      "name": "archive_plan",
      "provider": "provider[\"registry.terraform.io/hashicorp/local\"]",
      "instances": [
        {
          "index_key": 0,
          "schema_version": 0,
          "attributes": {
            "content": "{\"filename\": \"builds/c3f08d499b6ae16c2c4a6cf7cf682e0826c77eea8a28af84c45e60e19fd0bb26.zip\", \"runtime\": \"nodejs16.x\", \"artifacts_dir\": \"builds\", \"build_plan\": [[\"zip\", \"modules/lambda/src/update_course\", null]]}",
            "content_base64": null,
            "content_base64sha256": "GZZ+zT/acRAJtw9r+yxfA7/Go53tNFjkqpKtkOKCN8A=",
            "content_base64sha512": "7uXfKEvvh6DHHaJCdG8pHbGnC3CdSqDolmdyyjcTDwsWquGjFWvsbKi1/ySHTixs4v59Fi6w4u2uHz82wWojRQ==",
            "content_md5": "17f00f090676c0980f73a80f4e278414",
            "content_sha1": "e7c3e4285bcb250f70597e898b12a57988a4af09",
            "content_sha256": "19967ecd3fda711009b70f6bfb2c5f03bfc6a39ded3458e4aa92ad90e28237c0",
            "content_sha512": "eee5df284bef87a0c71da242746f291db1a70b709d4aa0e8966772ca37130f0b16aae1a3156bec6ca8b5ff24874e2c6ce2fe7d162eb0e2edae1f3f36c16a2345",
            "directory_permission": "0755",
            "file_permission": "0644",
            "filename": "builds/c3f08d499b6ae16c2c4a6cf7cf682e0826c77eea8a28af84c45e60e19fd0bb26.plan.json",
            "id": "e7c3e4285bcb250f70597e898b12a57988a4af09",
            "sensitive_content": null,
            "source": null
          },
          "sensitive_attributes": [],
          "dependencies": [
            "module.lambdas.module.lambda_function_update_course.data.external.archive_prepare"
          ]
        }
      ]
    },
    {
      "module": "module.lambdas.module.lambda_function_update_course",
      "mode": "managed",
      "type": "null_resource",
      "name": "archive",
      "provider": "provider[\"registry.terraform.io/hashicorp/null\"]",
      "instances": [
        {
          "index_key": 0,
          "schema_version": 0,
          "attributes": {
            "id": "2905662662888857694",
            "triggers": {
              "filename": "builds/c3f08d499b6ae16c2c4a6cf7cf682e0826c77eea8a28af84c45e60e19fd0bb26.zip",
              "timestamp": "1713264703000000000"
            }
          },
          "sensitive_attributes": [],
          "dependencies": [
            "module.lambdas.module.lambda_function_update_course.data.external.archive_prepare",
            "module.lambdas.module.lambda_function_update_course.local_file.archive_plan"
          ]
        }
      ]
    },
    {
      "module": "module.metric_alarm",
      "mode": "managed",
      "type": "aws_cloudwatch_metric_alarm",
      "name": "this",
      "provider": "provider[\"registry.terraform.io/hashicorp/aws\"]",
      "instances": [
        {
          "index_key": "authors",
          "status": "tainted",
          "schema_version": 1,
          "attributes": {
            "actions_enabled": true,
            "alarm_actions": [
              "arn:aws:sns:eu-central-1:730335546141:dev-lpnu-kostetskyi-notification"
            ],
            "alarm_description": "Errors in dev-lpnu-kostetskyi-get-all-authors",
            "alarm_name": "dev-lpnu-kostetskyi-authors",
            "arn": "arn:aws:cloudwatch:eu-central-1:730335546141:alarm:dev-lpnu-kostetskyi-authors",
            "comparison_operator": "GreaterThanOrEqualToThreshold",
            "datapoints_to_alarm": 0,
            "dimensions": {
              "FunctionName": "dev-lpnu-kostetskyi-get-all-authors"
            },
            "evaluate_low_sample_count_percentiles": "",
            "evaluation_periods": 1,
            "extended_statistic": "",
            "id": "dev-lpnu-kostetskyi-authors",
            "insufficient_data_actions": null,
            "metric_name": "Errors",
            "metric_query": [],
            "namespace": "AWS/Lambda",
            "ok_actions": null,
            "period": 60,
            "statistic": "Sum",
            "tags": null,
            "tags_all": null,
            "threshold": 1,
            "threshold_metric_id": "",
            "treat_missing_data": "ignore",
            "unit": "Count"
          },
          "sensitive_attributes": [],
          "private": "eyJzY2hlbWFfdmVyc2lvbiI6IjEifQ==",
          "dependencies": [
            "module.cloudwatch.aws_cloudwatch_log_group.get_all_authors",
            "module.cloudwatch.aws_cloudwatch_log_group.get_all_courses",
            "module.iam.aws_iam_role.get_all_authors",
            "module.iam.aws_iam_role.get_all_courses",
            "module.iam.data.aws_iam_policy_document.lambda_assume_role_policy",
            "module.lambdas.module.lambda_function_get_all_authors.aws_cloudwatch_log_group.lambda",
            "module.lambdas.module.lambda_function_get_all_authors.aws_iam_policy.additional_inline",
            "module.lambdas.module.lambda_function_get_all_authors.aws_iam_policy.additional_json",
            "module.lambdas.module.lambda_function_get_all_authors.aws_iam_policy.additional_jsons",
            "module.lambdas.module.lambda_function_get_all_authors.aws_iam_policy.async",
            "module.lambdas.module.lambda_function_get_all_authors.aws_iam_policy.dead_letter",
            "module.lambdas.module.lambda_function_get_all_authors.aws_iam_policy.logs",
            "module.lambdas.module.lambda_function_get_all_authors.aws_iam_policy.tracing",
            "module.lambdas.module.lambda_function_get_all_authors.aws_iam_policy.vpc",
            "module.lambdas.module.lambda_function_get_all_authors.aws_iam_role.lambda",
            "module.lambdas.module.lambda_function_get_all_authors.aws_iam_role_policy_attachment.additional_inline",
            "module.lambdas.module.lambda_function_get_all_authors.aws_iam_role_policy_attachment.additional_json",
            "module.lambdas.module.lambda_function_get_all_authors.aws_iam_role_policy_attachment.additional_jsons",
            "module.lambdas.module.lambda_function_get_all_authors.aws_iam_role_policy_attachment.additional_many",
            "module.lambdas.module.lambda_function_get_all_authors.aws_iam_role_policy_attachment.additional_one",
            "module.lambdas.module.lambda_function_get_all_authors.aws_iam_role_policy_attachment.async",
            "module.lambdas.module.lambda_function_get_all_authors.aws_iam_role_policy_attachment.dead_letter",
            "module.lambdas.module.lambda_function_get_all_authors.aws_iam_role_policy_attachment.logs",
            "module.lambdas.module.lambda_function_get_all_authors.aws_iam_role_policy_attachment.tracing",
            "module.lambdas.module.lambda_function_get_all_authors.aws_iam_role_policy_attachment.vpc",
            "module.lambdas.module.lambda_function_get_all_authors.aws_lambda_function.this",
            "module.lambdas.module.lambda_function_get_all_authors.aws_s3_object.lambda_package",
            "module.lambdas.module.lambda_function_get_all_authors.data.aws_arn.log_group_arn",
            "module.lambdas.module.lambda_function_get_all_authors.data.aws_cloudwatch_log_group.lambda",
            "module.lambdas.module.lambda_function_get_all_authors.data.aws_iam_policy.tracing",
            "module.lambdas.module.lambda_function_get_all_authors.data.aws_iam_policy.vpc",
            "module.lambdas.module.lambda_function_get_all_authors.data.aws_iam_policy_document.additional_inline",
            "module.lambdas.module.lambda_function_get_all_authors.data.aws_iam_policy_document.assume_role",
            "module.lambdas.module.lambda_function_get_all_authors.data.aws_iam_policy_document.async",
            "module.lambdas.module.lambda_function_get_all_authors.data.aws_iam_policy_document.dead_letter",
            "module.lambdas.module.lambda_function_get_all_authors.data.aws_iam_policy_document.logs",
            "module.lambdas.module.lambda_function_get_all_authors.data.aws_partition.current",
            "module.lambdas.module.lambda_function_get_all_authors.data.external.archive_prepare",
            "module.lambdas.module.lambda_function_get_all_authors.local_file.archive_plan",
            "module.lambdas.module.lambda_function_get_all_authors.null_resource.archive",
            "module.lambdas.module.lambda_function_get_all_courses.aws_cloudwatch_log_group.lambda",
            "module.lambdas.module.lambda_function_get_all_courses.aws_iam_policy.additional_inline",
            "module.lambdas.module.lambda_function_get_all_courses.aws_iam_policy.additional_json",
            "module.lambdas.module.lambda_function_get_all_courses.aws_iam_policy.additional_jsons",
            "module.lambdas.module.lambda_function_get_all_courses.aws_iam_policy.async",
            "module.lambdas.module.lambda_function_get_all_courses.aws_iam_policy.dead_letter",
            "module.lambdas.module.lambda_function_get_all_courses.aws_iam_policy.logs",
            "module.lambdas.module.lambda_function_get_all_courses.aws_iam_policy.tracing",
            "module.lambdas.module.lambda_function_get_all_courses.aws_iam_policy.vpc",
            "module.lambdas.module.lambda_function_get_all_courses.aws_iam_role.lambda",
            "module.lambdas.module.lambda_function_get_all_courses.aws_iam_role_policy_attachment.additional_inline",
            "module.lambdas.module.lambda_function_get_all_courses.aws_iam_role_policy_attachment.additional_json",
            "module.lambdas.module.lambda_function_get_all_courses.aws_iam_role_policy_attachment.additional_jsons",
            "module.lambdas.module.lambda_function_get_all_courses.aws_iam_role_policy_attachment.additional_many",
            "module.lambdas.module.lambda_function_get_all_courses.aws_iam_role_policy_attachment.additional_one",
            "module.lambdas.module.lambda_function_get_all_courses.aws_iam_role_policy_attachment.async",
            "module.lambdas.module.lambda_function_get_all_courses.aws_iam_role_policy_attachment.dead_letter",
            "module.lambdas.module.lambda_function_get_all_courses.aws_iam_role_policy_attachment.logs",
            "module.lambdas.module.lambda_function_get_all_courses.aws_iam_role_policy_attachment.tracing",
            "module.lambdas.module.lambda_function_get_all_courses.aws_iam_role_policy_attachment.vpc",
            "module.lambdas.module.lambda_function_get_all_courses.aws_lambda_function.this",
            "module.lambdas.module.lambda_function_get_all_courses.aws_s3_object.lambda_package",
            "module.lambdas.module.lambda_function_get_all_courses.data.aws_arn.log_group_arn",
            "module.lambdas.module.lambda_function_get_all_courses.data.aws_cloudwatch_log_group.lambda",
            "module.lambdas.module.lambda_function_get_all_courses.data.aws_iam_policy.tracing",
            "module.lambdas.module.lambda_function_get_all_courses.data.aws_iam_policy.vpc",
            "module.lambdas.module.lambda_function_get_all_courses.data.aws_iam_policy_document.additional_inline",
            "module.lambdas.module.lambda_function_get_all_courses.data.aws_iam_policy_document.assume_role",
            "module.lambdas.module.lambda_function_get_all_courses.data.aws_iam_policy_document.async",
            "module.lambdas.module.lambda_function_get_all_courses.data.aws_iam_policy_document.dead_letter",
            "module.lambdas.module.lambda_function_get_all_courses.data.aws_iam_policy_document.logs",
            "module.lambdas.module.lambda_function_get_all_courses.data.aws_partition.current",
            "module.lambdas.module.lambda_function_get_all_courses.data.external.archive_prepare",
            "module.lambdas.module.lambda_function_get_all_courses.local_file.archive_plan",
            "module.lambdas.module.lambda_function_get_all_courses.null_resource.archive",
            "module.notify_slack.aws_iam_role.sns_feedback_role",
            "module.notify_slack.aws_sns_topic.this",
            "module.notify_slack.data.aws_caller_identity.current",
            "module.notify_slack.data.aws_iam_policy_document.sns_feedback",
            "module.notify_slack.data.aws_partition.current",
            "module.notify_slack.data.aws_region.current",
            "module.table_authors.aws_dynamodb_table.this",
            "module.table_courses.aws_dynamodb_table.this"
          ]
        },
        {
          "index_key": "courses",
          "status": "tainted",
          "schema_version": 1,
          "attributes": {
            "actions_enabled": true,
            "alarm_actions": [
              "arn:aws:sns:eu-central-1:730335546141:dev-lpnu-kostetskyi-notification"
            ],
            "alarm_description": "Errors in dev-lpnu-kostetskyi-get-all-authors",
            "alarm_name": "dev-lpnu-kostetskyi-courses",
            "arn": "arn:aws:cloudwatch:eu-central-1:730335546141:alarm:dev-lpnu-kostetskyi-courses",
            "comparison_operator": "GreaterThanOrEqualToThreshold",
            "datapoints_to_alarm": 0,
            "dimensions": {
              "FunctionName": "dev-lpnu-kostetskyi-get-all-courses"
            },
            "evaluate_low_sample_count_percentiles": "",
            "evaluation_periods": 1,
            "extended_statistic": "",
            "id": "dev-lpnu-kostetskyi-courses",
            "insufficient_data_actions": null,
            "metric_name": "Errors",
            "metric_query": [],
            "namespace": "AWS/Lambda",
            "ok_actions": null,
            "period": 60,
            "statistic": "Sum",
            "tags": null,
            "tags_all": null,
            "threshold": 1,
            "threshold_metric_id": "",
            "treat_missing_data": "ignore",
            "unit": "Count"
          },
          "sensitive_attributes": [],
          "private": "eyJzY2hlbWFfdmVyc2lvbiI6IjEifQ==",
          "dependencies": [
            "module.cloudwatch.aws_cloudwatch_log_group.get_all_authors",
            "module.cloudwatch.aws_cloudwatch_log_group.get_all_courses",
            "module.iam.aws_iam_role.get_all_authors",
            "module.iam.aws_iam_role.get_all_courses",
            "module.iam.data.aws_iam_policy_document.lambda_assume_role_policy",
            "module.lambdas.module.lambda_function_get_all_authors.aws_cloudwatch_log_group.lambda",
            "module.lambdas.module.lambda_function_get_all_authors.aws_iam_policy.additional_inline",
            "module.lambdas.module.lambda_function_get_all_authors.aws_iam_policy.additional_json",
            "module.lambdas.module.lambda_function_get_all_authors.aws_iam_policy.additional_jsons",
            "module.lambdas.module.lambda_function_get_all_authors.aws_iam_policy.async",
            "module.lambdas.module.lambda_function_get_all_authors.aws_iam_policy.dead_letter",
            "module.lambdas.module.lambda_function_get_all_authors.aws_iam_policy.logs",
            "module.lambdas.module.lambda_function_get_all_authors.aws_iam_policy.tracing",
            "module.lambdas.module.lambda_function_get_all_authors.aws_iam_policy.vpc",
            "module.lambdas.module.lambda_function_get_all_authors.aws_iam_role.lambda",
            "module.lambdas.module.lambda_function_get_all_authors.aws_iam_role_policy_attachment.additional_inline",
            "module.lambdas.module.lambda_function_get_all_authors.aws_iam_role_policy_attachment.additional_json",
            "module.lambdas.module.lambda_function_get_all_authors.aws_iam_role_policy_attachment.additional_jsons",
            "module.lambdas.module.lambda_function_get_all_authors.aws_iam_role_policy_attachment.additional_many",
            "module.lambdas.module.lambda_function_get_all_authors.aws_iam_role_policy_attachment.additional_one",
            "module.lambdas.module.lambda_function_get_all_authors.aws_iam_role_policy_attachment.async",
            "module.lambdas.module.lambda_function_get_all_authors.aws_iam_role_policy_attachment.dead_letter",
            "module.lambdas.module.lambda_function_get_all_authors.aws_iam_role_policy_attachment.logs",
            "module.lambdas.module.lambda_function_get_all_authors.aws_iam_role_policy_attachment.tracing",
            "module.lambdas.module.lambda_function_get_all_authors.aws_iam_role_policy_attachment.vpc",
            "module.lambdas.module.lambda_function_get_all_authors.aws_lambda_function.this",
            "module.lambdas.module.lambda_function_get_all_authors.aws_s3_object.lambda_package",
            "module.lambdas.module.lambda_function_get_all_authors.data.aws_arn.log_group_arn",
            "module.lambdas.module.lambda_function_get_all_authors.data.aws_cloudwatch_log_group.lambda",
            "module.lambdas.module.lambda_function_get_all_authors.data.aws_iam_policy.tracing",
            "module.lambdas.module.lambda_function_get_all_authors.data.aws_iam_policy.vpc",
            "module.lambdas.module.lambda_function_get_all_authors.data.aws_iam_policy_document.additional_inline",
            "module.lambdas.module.lambda_function_get_all_authors.data.aws_iam_policy_document.assume_role",
            "module.lambdas.module.lambda_function_get_all_authors.data.aws_iam_policy_document.async",
            "module.lambdas.module.lambda_function_get_all_authors.data.aws_iam_policy_document.dead_letter",
            "module.lambdas.module.lambda_function_get_all_authors.data.aws_iam_policy_document.logs",
            "module.lambdas.module.lambda_function_get_all_authors.data.aws_partition.current",
            "module.lambdas.module.lambda_function_get_all_authors.data.external.archive_prepare",
            "module.lambdas.module.lambda_function_get_all_authors.local_file.archive_plan",
            "module.lambdas.module.lambda_function_get_all_authors.null_resource.archive",
            "module.lambdas.module.lambda_function_get_all_courses.aws_cloudwatch_log_group.lambda",
            "module.lambdas.module.lambda_function_get_all_courses.aws_iam_policy.additional_inline",
            "module.lambdas.module.lambda_function_get_all_courses.aws_iam_policy.additional_json",
            "module.lambdas.module.lambda_function_get_all_courses.aws_iam_policy.additional_jsons",
            "module.lambdas.module.lambda_function_get_all_courses.aws_iam_policy.async",
            "module.lambdas.module.lambda_function_get_all_courses.aws_iam_policy.dead_letter",
            "module.lambdas.module.lambda_function_get_all_courses.aws_iam_policy.logs",
            "module.lambdas.module.lambda_function_get_all_courses.aws_iam_policy.tracing",
            "module.lambdas.module.lambda_function_get_all_courses.aws_iam_policy.vpc",
            "module.lambdas.module.lambda_function_get_all_courses.aws_iam_role.lambda",
            "module.lambdas.module.lambda_function_get_all_courses.aws_iam_role_policy_attachment.additional_inline",
            "module.lambdas.module.lambda_function_get_all_courses.aws_iam_role_policy_attachment.additional_json",
            "module.lambdas.module.lambda_function_get_all_courses.aws_iam_role_policy_attachment.additional_jsons",
            "module.lambdas.module.lambda_function_get_all_courses.aws_iam_role_policy_attachment.additional_many",
            "module.lambdas.module.lambda_function_get_all_courses.aws_iam_role_policy_attachment.additional_one",
            "module.lambdas.module.lambda_function_get_all_courses.aws_iam_role_policy_attachment.async",
            "module.lambdas.module.lambda_function_get_all_courses.aws_iam_role_policy_attachment.dead_letter",
            "module.lambdas.module.lambda_function_get_all_courses.aws_iam_role_policy_attachment.logs",
            "module.lambdas.module.lambda_function_get_all_courses.aws_iam_role_policy_attachment.tracing",
            "module.lambdas.module.lambda_function_get_all_courses.aws_iam_role_policy_attachment.vpc",
            "module.lambdas.module.lambda_function_get_all_courses.aws_lambda_function.this",
            "module.lambdas.module.lambda_function_get_all_courses.aws_s3_object.lambda_package",
            "module.lambdas.module.lambda_function_get_all_courses.data.aws_arn.log_group_arn",
            "module.lambdas.module.lambda_function_get_all_courses.data.aws_cloudwatch_log_group.lambda",
            "module.lambdas.module.lambda_function_get_all_courses.data.aws_iam_policy.tracing",
            "module.lambdas.module.lambda_function_get_all_courses.data.aws_iam_policy.vpc",
            "module.lambdas.module.lambda_function_get_all_courses.data.aws_iam_policy_document.additional_inline",
            "module.lambdas.module.lambda_function_get_all_courses.data.aws_iam_policy_document.assume_role",
            "module.lambdas.module.lambda_function_get_all_courses.data.aws_iam_policy_document.async",
            "module.lambdas.module.lambda_function_get_all_courses.data.aws_iam_policy_document.dead_letter",
            "module.lambdas.module.lambda_function_get_all_courses.data.aws_iam_policy_document.logs",
            "module.lambdas.module.lambda_function_get_all_courses.data.aws_partition.current",
            "module.lambdas.module.lambda_function_get_all_courses.data.external.archive_prepare",
            "module.lambdas.module.lambda_function_get_all_courses.local_file.archive_plan",
            "module.lambdas.module.lambda_function_get_all_courses.null_resource.archive",
            "module.notify_slack.aws_iam_role.sns_feedback_role",
            "module.notify_slack.aws_sns_topic.this",
            "module.notify_slack.data.aws_caller_identity.current",
            "module.notify_slack.data.aws_iam_policy_document.sns_feedback",
            "module.notify_slack.data.aws_partition.current",
            "module.notify_slack.data.aws_region.current",
            "module.table_authors.aws_dynamodb_table.this",
            "module.table_courses.aws_dynamodb_table.this"
          ]
        }
      ]
    },
    {
      "module": "module.notify_slack",
      "mode": "data",
      "type": "aws_caller_identity",
      "name": "current",
      "provider": "provider[\"registry.terraform.io/hashicorp/aws\"]",
      "instances": [
        {
          "schema_version": 0,
          "attributes": {
            "account_id": "730335546141",
            "arn": "arn:aws:iam::730335546141:user/terraform",
            "id": "730335546141",
            "user_id": "AIDA2UC3EBMOVSJN7GVRK"
          },
          "sensitive_attributes": []
        }
      ]
    },
    {
      "module": "module.notify_slack",
      "mode": "data",
      "type": "aws_iam_policy_document",
      "name": "lambda",
      "provider": "provider[\"registry.terraform.io/hashicorp/aws\"]",
      "instances": [
        {
          "index_key": 0,
          "schema_version": 0,
          "attributes": {
            "id": "2282244282",
            "json": "{\n  \"Version\": \"2012-10-17\",\n  \"Statement\": [\n    {\n      \"Sid\": \"AllowWriteToCloudwatchLogs\",\n      \"Effect\": \"Allow\",\n      \"Action\": [\n        \"logs:PutLogEvents\",\n        \"logs:CreateLogStream\"\n      ],\n      \"Resource\": \"arn:aws:logs:eu-central-1:730335546141:log-group:/aws/lambda/dev-lpnu-kostetskyi-notification:*\"\n    }\n  ]\n}",
            "override_policy_documents": null,
            "policy_id": null,
            "source_policy_documents": null,
            "statement": [
              {
                "actions": [
                  "logs:CreateLogStream",
                  "logs:PutLogEvents"
                ],
                "condition": [],
                "effect": "Allow",
                "not_actions": [],
                "not_principals": [],
                "not_resources": [],
                "principals": [],
                "resources": [
                  "arn:aws:logs:eu-central-1:730335546141:log-group:/aws/lambda/dev-lpnu-kostetskyi-notification:*"
                ],
                "sid": "AllowWriteToCloudwatchLogs"
              }
            ],
            "version": "2012-10-17"
          },
          "sensitive_attributes": []
        }
      ]
    },
    {
      "module": "module.notify_slack",
      "mode": "data",
      "type": "aws_iam_policy_document",
      "name": "sns_feedback",
      "provider": "provider[\"registry.terraform.io/hashicorp/aws\"]",
      "instances": []
    },
    {
      "module": "module.notify_slack",
      "mode": "data",
      "type": "aws_partition",
      "name": "current",
      "provider": "provider[\"registry.terraform.io/hashicorp/aws\"]",
      "instances": [
        {
          "schema_version": 0,
          "attributes": {
            "dns_suffix": "amazonaws.com",
            "id": "aws",
            "partition": "aws",
            "reverse_dns_prefix": "com.amazonaws"
          },
          "sensitive_attributes": []
        }
      ]
    },
    {
      "module": "module.notify_slack",
      "mode": "data",
      "type": "aws_region",
      "name": "current",
      "provider": "provider[\"registry.terraform.io/hashicorp/aws\"]",
      "instances": [
        {
          "schema_version": 0,
          "attributes": {
            "description": "Europe (Frankfurt)",
            "endpoint": "ec2.eu-central-1.amazonaws.com",
            "id": "eu-central-1",
            "name": "eu-central-1"
          },
          "sensitive_attributes": []
        }
      ]
    },
    {
      "module": "module.notify_slack",
      "mode": "managed",
      "type": "aws_cloudwatch_log_group",
      "name": "lambda",
      "provider": "provider[\"registry.terraform.io/hashicorp/aws\"]",
      "instances": [
        {
          "index_key": 0,
          "schema_version": 0,
          "attributes": {
            "arn": "arn:aws:logs:eu-central-1:730335546141:log-group:/aws/lambda/dev-lpnu-kostetskyi-notification",
            "id": "/aws/lambda/dev-lpnu-kostetskyi-notification",
            "kms_key_id": "",
            "log_group_class": "STANDARD",
            "name": "/aws/lambda/dev-lpnu-kostetskyi-notification",
            "name_prefix": "",
            "retention_in_days": 0,
            "skip_destroy": false,
            "tags": {},
            "tags_all": {}
          },
          "sensitive_attributes": [],
          "private": "bnVsbA=="
        }
      ]
    },
    {
      "module": "module.notify_slack",
      "mode": "managed",
      "type": "aws_iam_role",
      "name": "sns_feedback_role",
      "provider": "provider[\"registry.terraform.io/hashicorp/aws\"]",
      "instances": []
    },
    {
      "module": "module.notify_slack",
      "mode": "managed",
      "type": "aws_sns_topic",
      "name": "this",
      "provider": "provider[\"registry.terraform.io/hashicorp/aws\"]",
      "instances": [
        {
          "index_key": 0,
          "schema_version": 0,
          "attributes": {
            "application_failure_feedback_role_arn": "",
            "application_success_feedback_role_arn": "",
            "application_success_feedback_sample_rate": 0,
            "archive_policy": "",
            "arn": "arn:aws:sns:eu-central-1:730335546141:dev-lpnu-kostetskyi-notification",
            "beginning_archive_time": "",
            "content_based_deduplication": false,
            "delivery_policy": "",
            "display_name": "",
            "fifo_topic": false,
            "firehose_failure_feedback_role_arn": "",
            "firehose_success_feedback_role_arn": "",
            "firehose_success_feedback_sample_rate": 0,
            "http_failure_feedback_role_arn": "",
            "http_success_feedback_role_arn": "",
            "http_success_feedback_sample_rate": 0,
            "id": "arn:aws:sns:eu-central-1:730335546141:dev-lpnu-kostetskyi-notification",
            "kms_master_key_id": "",
            "lambda_failure_feedback_role_arn": "",
            "lambda_success_feedback_role_arn": "",
            "lambda_success_feedback_sample_rate": 0,
            "name": "dev-lpnu-kostetskyi-notification",
            "name_prefix": "",
            "owner": "730335546141",
            "policy": "{\"Id\":\"__default_policy_ID\",\"Statement\":[{\"Action\":[\"SNS:GetTopicAttributes\",\"SNS:SetTopicAttributes\",\"SNS:AddPermission\",\"SNS:RemovePermission\",\"SNS:DeleteTopic\",\"SNS:Subscribe\",\"SNS:ListSubscriptionsByTopic\",\"SNS:Publish\"],\"Condition\":{\"StringEquals\":{\"AWS:SourceOwner\":\"730335546141\"}},\"Effect\":\"Allow\",\"Principal\":{\"AWS\":\"*\"},\"Resource\":\"arn:aws:sns:eu-central-1:730335546141:dev-lpnu-kostetskyi-notification\",\"Sid\":\"__default_statement_ID\"}],\"Version\":\"2008-10-17\"}",
            "signature_version": 0,
            "sqs_failure_feedback_role_arn": "",
            "sqs_success_feedback_role_arn": "",
            "sqs_success_feedback_sample_rate": 0,
            "tags": {},
            "tags_all": {},
            "tracing_config": ""
          },
          "sensitive_attributes": [],
          "private": "bnVsbA==",
          "dependencies": [
            "module.notify_slack.aws_iam_role.sns_feedback_role",
            "module.notify_slack.data.aws_iam_policy_document.sns_feedback"
          ]
        }
      ]
    },
    {
      "module": "module.notify_slack",
      "mode": "managed",
      "type": "aws_sns_topic_subscription",
      "name": "sns_notify_slack",
      "provider": "provider[\"registry.terraform.io/hashicorp/aws\"]",
      "instances": [
        {
          "index_key": 0,
          "schema_version": 0,
          "attributes": {
            "arn": "arn:aws:sns:eu-central-1:730335546141:dev-lpnu-kostetskyi-notification:b22615d9-884f-4652-94b5-efa6d9a5ca97",
            "confirmation_timeout_in_minutes": 1,
            "confirmation_was_authenticated": true,
            "delivery_policy": "",
            "endpoint": "arn:aws:lambda:eu-central-1:730335546141:function:dev-lpnu-kostetskyi-notification",
            "endpoint_auto_confirms": false,
            "filter_policy": "",
            "filter_policy_scope": "",
            "id": "arn:aws:sns:eu-central-1:730335546141:dev-lpnu-kostetskyi-notification:b22615d9-884f-4652-94b5-efa6d9a5ca97",
            "owner_id": "730335546141",
            "pending_confirmation": false,
            "protocol": "lambda",
            "raw_message_delivery": false,
            "redrive_policy": "",
            "replay_policy": "",
            "subscription_role_arn": "",
            "topic_arn": "arn:aws:sns:eu-central-1:730335546141:dev-lpnu-kostetskyi-notification"
          },
          "sensitive_attributes": [],
          "private": "bnVsbA==",
          "dependencies": [
            "module.notify_slack.aws_cloudwatch_log_group.lambda",
            "module.notify_slack.aws_iam_role.sns_feedback_role",
            "module.notify_slack.aws_sns_topic.this",
            "module.notify_slack.data.aws_caller_identity.current",
            "module.notify_slack.data.aws_iam_policy_document.sns_feedback",
            "module.notify_slack.data.aws_partition.current",
            "module.notify_slack.data.aws_region.current",
            "module.notify_slack.module.lambda.aws_cloudwatch_log_group.lambda",
            "module.notify_slack.module.lambda.aws_iam_role.lambda",
            "module.notify_slack.module.lambda.aws_lambda_function.this",
            "module.notify_slack.module.lambda.aws_s3_object.lambda_package",
            "module.notify_slack.module.lambda.data.aws_iam_policy_document.assume_role",
            "module.notify_slack.module.lambda.data.external.archive_prepare",
            "module.notify_slack.module.lambda.local_file.archive_plan",
            "module.notify_slack.module.lambda.null_resource.archive"
          ]
        }
      ]
    },
    {
      "module": "module.notify_slack.module.lambda",
      "mode": "data",
      "type": "aws_cloudwatch_log_group",
      "name": "lambda",
      "provider": "provider[\"registry.terraform.io/hashicorp/aws\"]",
      "instances": [
        {
          "index_key": 0,
          "schema_version": 0,
          "attributes": {
            "arn": "arn:aws:logs:eu-central-1:730335546141:log-group:/aws/lambda/dev-lpnu-kostetskyi-notification",
            "creation_time": 1713302734396,
            "id": "/aws/lambda/dev-lpnu-kostetskyi-notification",
            "kms_key_id": "",
            "log_group_class": "STANDARD",
            "name": "/aws/lambda/dev-lpnu-kostetskyi-notification",
            "retention_in_days": 0,
            "tags": {}
          },
          "sensitive_attributes": []
        }
      ]
    },
    {
      "module": "module.notify_slack.module.lambda",
      "mode": "data",
      "type": "aws_iam_policy_document",
      "name": "assume_role",
      "provider": "provider[\"registry.terraform.io/hashicorp/aws\"]",
      "instances": [
        {
          "index_key": 0,
          "schema_version": 0,
          "attributes": {
            "id": "2690255455",
            "json": "{\n  \"Version\": \"2012-10-17\",\n  \"Statement\": [\n    {\n      \"Effect\": \"Allow\",\n      \"Action\": \"sts:AssumeRole\",\n      \"Principal\": {\n        \"Service\": \"lambda.amazonaws.com\"\n      }\n    }\n  ]\n}",
            "override_policy_documents": null,
            "policy_id": null,
            "source_policy_documents": null,
            "statement": [
              {
                "actions": [
                  "sts:AssumeRole"
                ],
                "condition": [],
                "effect": "Allow",
                "not_actions": [],
                "not_principals": [],
                "not_resources": [],
                "principals": [
                  {
                    "identifiers": [
                      "lambda.amazonaws.com"
                    ],
                    "type": "Service"
                  }
                ],
                "resources": [],
                "sid": ""
              }
            ],
            "version": "2012-10-17"
          },
          "sensitive_attributes": []
        }
      ]
    },
    {
      "module": "module.notify_slack.module.lambda",
      "mode": "data",
      "type": "aws_partition",
      "name": "current",
      "provider": "provider[\"registry.terraform.io/hashicorp/aws\"]",
      "instances": [
        {
          "schema_version": 0,
          "attributes": {
            "dns_suffix": "amazonaws.com",
            "id": "aws",
            "partition": "aws",
            "reverse_dns_prefix": "com.amazonaws"
          },
          "sensitive_attributes": []
        }
      ]
    },
    {
      "module": "module.notify_slack.module.lambda",
      "mode": "data",
      "type": "external",
      "name": "archive_prepare",
      "provider": "provider[\"registry.terraform.io/hashicorp/external\"]",
      "instances": [
        {
          "index_key": 0,
          "schema_version": 0,
          "attributes": {
            "id": "-",
            "program": [
              "python3",
              ".terraform/modules/notify_slack.lambda/package.py",
              "prepare"
            ],
            "query": {
              "artifacts_dir": "builds",
              "docker": null,
              "hash_extra": "",
              "hash_extra_paths": "[]",
              "paths": "{\"cwd\":\"/mnt/c/Users/quantum_brake/WebstormProjects/terraform\",\"module\":\".terraform/modules/notify_slack.lambda\",\"root\":\".\"}",
              "recreate_missing_package": "true",
              "runtime": "python3.8",
              "source_path": "\".terraform/modules/notify_slack/functions/notify_slack.py\""
            },
            "result": {
              "build_plan": "{\"filename\": \"builds/3340e15b6e4747f99d0b5ec4cbc4071ca9f3ce9428fb9e73e6d67faa4887ebc9.zip\", \"runtime\": \"python3.8\", \"artifacts_dir\": \"builds\", \"build_plan\": [[\"zip\", \".terraform/modules/notify_slack/functions/notify_slack.py\", null]]}",
              "build_plan_filename": "builds/3340e15b6e4747f99d0b5ec4cbc4071ca9f3ce9428fb9e73e6d67faa4887ebc9.plan.json",
              "filename": "builds/3340e15b6e4747f99d0b5ec4cbc4071ca9f3ce9428fb9e73e6d67faa4887ebc9.zip",
              "timestamp": "1713280620000000000",
              "was_missing": "false"
            },
            "working_dir": null
          },
          "sensitive_attributes": []
        }
      ]
    },
    {
      "module": "module.notify_slack.module.lambda",
      "mode": "managed",
      "type": "aws_cloudwatch_log_group",
      "name": "lambda",
      "provider": "provider[\"registry.terraform.io/hashicorp/aws\"]",
      "instances": []
    },
    {
      "module": "module.notify_slack.module.lambda",
      "mode": "managed",
      "type": "aws_iam_policy",
      "name": "additional_json",
      "provider": "provider[\"registry.terraform.io/hashicorp/aws\"]",
      "instances": [
        {
          "index_key": 0,
          "schema_version": 0,
          "attributes": {
            "arn": "arn:aws:iam::730335546141:policy/lambda-dev-lpnu-kostetskyi-notification",
            "description": "",
            "id": "arn:aws:iam::730335546141:policy/lambda-dev-lpnu-kostetskyi-notification",
            "name": "lambda-dev-lpnu-kostetskyi-notification",
            "name_prefix": "",
            "path": "/",
            "policy": "{\"Statement\":[{\"Action\":[\"logs:PutLogEvents\",\"logs:CreateLogStream\"],\"Effect\":\"Allow\",\"Resource\":\"arn:aws:logs:eu-central-1:730335546141:log-group:/aws/lambda/dev-lpnu-kostetskyi-notification:*\",\"Sid\":\"AllowWriteToCloudwatchLogs\"}],\"Version\":\"2012-10-17\"}",
            "policy_id": "ANPA2UC3EBMOZ3UYKBH65",
            "tags": {},
            "tags_all": {}
          },
          "sensitive_attributes": [],
          "private": "bnVsbA==",
          "dependencies": [
            "module.notify_slack.aws_cloudwatch_log_group.lambda",
            "module.notify_slack.data.aws_iam_policy_document.lambda"
          ]
        }
      ]
    },
    {
      "module": "module.notify_slack.module.lambda",
      "mode": "managed",
      "type": "aws_iam_role",
      "name": "lambda",
      "provider": "provider[\"registry.terraform.io/hashicorp/aws\"]",
      "instances": [
        {
          "index_key": 0,
          "schema_version": 0,
          "attributes": {
            "arn": "arn:aws:iam::730335546141:role/lambda-dev-lpnu-kostetskyi-notification",
            "assume_role_policy": "{\"Statement\":[{\"Action\":\"sts:AssumeRole\",\"Effect\":\"Allow\",\"Principal\":{\"Service\":\"lambda.amazonaws.com\"}}],\"Version\":\"2012-10-17\"}",
            "create_date": "2024-04-17T12:28:18Z",
            "description": "",
            "force_detach_policies": true,
            "id": "lambda-dev-lpnu-kostetskyi-notification",
            "inline_policy": [],
            "managed_policy_arns": [
              "arn:aws:iam::730335546141:policy/lambda-dev-lpnu-kostetskyi-notification"
            ],
            "max_session_duration": 3600,
            "name": "lambda-dev-lpnu-kostetskyi-notification",
            "name_prefix": "",
            "path": "/",
            "permissions_boundary": "",
            "tags": {},
            "tags_all": {},
            "unique_id": "AROA2UC3EBMOSQLPN2MXZ"
          },
          "sensitive_attributes": [],
          "private": "bnVsbA==",
          "dependencies": [
            "module.notify_slack.aws_cloudwatch_log_group.lambda",
            "module.notify_slack.module.lambda.data.aws_iam_policy_document.assume_role"
          ]
        }
      ]
    },
    {
      "module": "module.notify_slack.module.lambda",
      "mode": "managed",
      "type": "aws_iam_role_policy_attachment",
      "name": "additional_json",
      "provider": "provider[\"registry.terraform.io/hashicorp/aws\"]",
      "instances": [
        {
          "index_key": 0,
          "schema_version": 0,
          "attributes": {
            "id": "lambda-dev-lpnu-kostetskyi-notification-20240417122818805400000006",
            "policy_arn": "arn:aws:iam::730335546141:policy/lambda-dev-lpnu-kostetskyi-notification",
            "role": "lambda-dev-lpnu-kostetskyi-notification"
          },
          "sensitive_attributes": [],
          "private": "bnVsbA==",
          "dependencies": [
            "module.notify_slack.aws_cloudwatch_log_group.lambda",
            "module.notify_slack.data.aws_iam_policy_document.lambda",
            "module.notify_slack.module.lambda.aws_iam_policy.additional_json",
            "module.notify_slack.module.lambda.aws_iam_role.lambda",
            "module.notify_slack.module.lambda.data.aws_iam_policy_document.assume_role"
          ]
        }
      ]
    },
    {
      "module": "module.notify_slack.module.lambda",
      "mode": "managed",
      "type": "aws_lambda_function",
      "name": "this",
      "provider": "provider[\"registry.terraform.io/hashicorp/aws\"]",
      "instances": [
        {
          "index_key": 0,
          "schema_version": 0,
          "attributes": {
            "architectures": [
              "x86_64"
            ],
            "arn": "arn:aws:lambda:eu-central-1:730335546141:function:dev-lpnu-kostetskyi-notification",
            "code_signing_config_arn": "",
            "dead_letter_config": [],
            "description": "",
            "environment": [
              {
                "variables": {
                  "LOG_EVENTS": "False",
                  "SLACK_CHANNEL": "aws-notification",
                  "SLACK_EMOJI": ":aws:",
                  "SLACK_USERNAME": "reporter",
                  "SLACK_WEBHOOK_URL": "https://hooks.slack.com/services/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"
                }
              }
            ],
            "ephemeral_storage": [
              {
                "size": 512
              }
            ],
            "file_system_config": [],
            "filename": "builds/3340e15b6e4747f99d0b5ec4cbc4071ca9f3ce9428fb9e73e6d67faa4887ebc9.zip",
            "function_name": "dev-lpnu-kostetskyi-notification",
            "handler": "notify_slack.lambda_handler",
            "id": "dev-lpnu-kostetskyi-notification",
            "image_config": [],
            "image_uri": "",
            "invoke_arn": "arn:aws:apigateway:eu-central-1:lambda:path/2015-03-31/functions/arn:aws:lambda:eu-central-1:730335546141:function:dev-lpnu-kostetskyi-notification/invocations",
            "kms_key_arn": "",
            "last_modified": "2024-04-17T15:38:41.951+0000",
            "layers": [],
            "logging_config": [
              {
                "application_log_level": "",
                "log_format": "Text",
                "log_group": "/aws/lambda/dev-lpnu-kostetskyi-notification",
                "system_log_level": ""
              }
            ],
            "memory_size": 128,
            "package_type": "Zip",
            "publish": true,
            "qualified_arn": "arn:aws:lambda:eu-central-1:730335546141:function:dev-lpnu-kostetskyi-notification:8",
            "qualified_invoke_arn": "arn:aws:apigateway:eu-central-1:lambda:path/2015-03-31/functions/arn:aws:lambda:eu-central-1:730335546141:function:dev-lpnu-kostetskyi-notification:8/invocations",
            "replace_security_groups_on_destroy": null,
            "replacement_security_group_ids": null,
            "reserved_concurrent_executions": -1,
            "role": "arn:aws:iam::730335546141:role/lambda-dev-lpnu-kostetskyi-notification",
            "runtime": "python3.8",
            "s3_bucket": null,
            "s3_key": null,
            "s3_object_version": null,
            "signing_job_arn": "",
            "signing_profile_version_arn": "",
            "skip_destroy": false,
            "snap_start": [],
            "source_code_hash": "dFAGhnFigENwxT65IgFnWsomsZMg2YeGiUiLUHShYGI=",
            "source_code_size": 3432,
            "tags": {},
            "tags_all": {},
            "timeout": 30,
            "timeouts": null,
            "tracing_config": [
              {
                "mode": "PassThrough"
              }
            ],
            "version": "8",
            "vpc_config": []
          },
          "sensitive_attributes": [],
          "private": "eyJlMmJmYjczMC1lY2FhLTExZTYtOGY4OC0zNDM2M2JjN2M0YzAiOnsiY3JlYXRlIjo2MDAwMDAwMDAwMDAsImRlbGV0ZSI6NjAwMDAwMDAwMDAwLCJ1cGRhdGUiOjYwMDAwMDAwMDAwMH19",
          "dependencies": [
            "module.notify_slack.aws_cloudwatch_log_group.lambda",
            "module.notify_slack.module.lambda.aws_cloudwatch_log_group.lambda",
            "module.notify_slack.module.lambda.aws_iam_role.lambda",
            "module.notify_slack.module.lambda.aws_s3_object.lambda_package",
            "module.notify_slack.module.lambda.data.aws_iam_policy_document.assume_role",
            "module.notify_slack.module.lambda.data.external.archive_prepare",
            "module.notify_slack.module.lambda.local_file.archive_plan",
            "module.notify_slack.module.lambda.null_resource.archive"
          ]
        }
      ]
    },
    {
      "module": "module.notify_slack.module.lambda",
      "mode": "managed",
      "type": "aws_lambda_permission",
      "name": "current_version_triggers",
      "provider": "provider[\"registry.terraform.io/hashicorp/aws\"]",
      "instances": [
        {
          "index_key": "AllowExecutionFromSNS",
          "schema_version": 0,
          "attributes": {
            "action": "lambda:InvokeFunction",
            "event_source_token": null,
            "function_name": "dev-lpnu-kostetskyi-notification",
            "function_url_auth_type": null,
            "id": "AllowExecutionFromSNS",
            "principal": "sns.amazonaws.com",
            "principal_org_id": null,
            "qualifier": "8",
            "source_account": null,
            "source_arn": "arn:aws:sns:eu-central-1:730335546141:dev-lpnu-kostetskyi-notification",
            "statement_id": "AllowExecutionFromSNS",
            "statement_id_prefix": ""
          },
          "sensitive_attributes": [],
          "private": "bnVsbA==",
          "dependencies": [
            "module.notify_slack.aws_cloudwatch_log_group.lambda",
            "module.notify_slack.aws_iam_role.sns_feedback_role",
            "module.notify_slack.aws_sns_topic.this",
            "module.notify_slack.data.aws_caller_identity.current",
            "module.notify_slack.data.aws_iam_policy_document.sns_feedback",
            "module.notify_slack.data.aws_partition.current",
            "module.notify_slack.data.aws_region.current",
            "module.notify_slack.module.lambda.aws_cloudwatch_log_group.lambda",
            "module.notify_slack.module.lambda.aws_iam_role.lambda",
            "module.notify_slack.module.lambda.aws_lambda_function.this",
            "module.notify_slack.module.lambda.aws_s3_object.lambda_package",
            "module.notify_slack.module.lambda.data.aws_iam_policy_document.assume_role",
            "module.notify_slack.module.lambda.data.external.archive_prepare",
            "module.notify_slack.module.lambda.local_file.archive_plan",
            "module.notify_slack.module.lambda.null_resource.archive"
          ]
        }
      ]
    },
    {
      "module": "module.notify_slack.module.lambda",
      "mode": "managed",
      "type": "aws_lambda_permission",
      "name": "unqualified_alias_triggers",
      "provider": "provider[\"registry.terraform.io/hashicorp/aws\"]",
      "instances": [
        {
          "index_key": "AllowExecutionFromSNS",
          "schema_version": 0,
          "attributes": {
            "action": "lambda:InvokeFunction",
            "event_source_token": null,
            "function_name": "dev-lpnu-kostetskyi-notification",
            "function_url_auth_type": null,
            "id": "AllowExecutionFromSNS",
            "principal": "sns.amazonaws.com",
            "principal_org_id": null,
            "qualifier": "",
            "source_account": null,
            "source_arn": "arn:aws:sns:eu-central-1:730335546141:dev-lpnu-kostetskyi-notification",
            "statement_id": "AllowExecutionFromSNS",
            "statement_id_prefix": ""
          },
          "sensitive_attributes": [],
          "private": "bnVsbA==",
          "dependencies": [
            "module.notify_slack.aws_cloudwatch_log_group.lambda",
            "module.notify_slack.aws_iam_role.sns_feedback_role",
            "module.notify_slack.aws_sns_topic.this",
            "module.notify_slack.data.aws_caller_identity.current",
            "module.notify_slack.data.aws_iam_policy_document.sns_feedback",
            "module.notify_slack.data.aws_partition.current",
            "module.notify_slack.data.aws_region.current",
            "module.notify_slack.module.lambda.aws_cloudwatch_log_group.lambda",
            "module.notify_slack.module.lambda.aws_iam_role.lambda",
            "module.notify_slack.module.lambda.aws_lambda_function.this",
            "module.notify_slack.module.lambda.aws_s3_object.lambda_package",
            "module.notify_slack.module.lambda.data.aws_iam_policy_document.assume_role",
            "module.notify_slack.module.lambda.data.external.archive_prepare",
            "module.notify_slack.module.lambda.local_file.archive_plan",
            "module.notify_slack.module.lambda.null_resource.archive"
          ]
        }
      ]
    },
    {
      "module": "module.notify_slack.module.lambda",
      "mode": "managed",
      "type": "aws_s3_object",
      "name": "lambda_package",
      "provider": "provider[\"registry.terraform.io/hashicorp/aws\"]",
      "instances": []
    },
    {
      "module": "module.notify_slack.module.lambda",
      "mode": "managed",
      "type": "local_file",
      "name": "archive_plan",
      "provider": "provider[\"registry.terraform.io/hashicorp/local\"]",
      "instances": [
        {
          "index_key": 0,
          "schema_version": 0,
          "attributes": {
            "content": "{\"filename\": \"builds/3340e15b6e4747f99d0b5ec4cbc4071ca9f3ce9428fb9e73e6d67faa4887ebc9.zip\", \"runtime\": \"python3.8\", \"artifacts_dir\": \"builds\", \"build_plan\": [[\"zip\", \".terraform/modules/notify_slack/functions/notify_slack.py\", null]]}",
            "content_base64": null,
            "content_base64sha256": "Dadvh+fpl8FnGiNF7SWlSgWinB6EY8susg0NK/ysaAk=",
            "content_base64sha512": "06SniLJYTFQWJyPuiTLFk3aXR+FvLxQkkd28Htad9lgZ0uPluGBNaovO2Saj7oOTnvDg79j9EySkDE3UTmHrLg==",
            "content_md5": "03c3c5d1bfbe01073cd51ff416831cf6",
            "content_sha1": "2bc9b592cdceb7fc9d6b9449229284798ba860b7",
            "content_sha256": "0da76f87e7e997c1671a2345ed25a54a05a29c1e8463cb2eb20d0d2bfcac6809",
            "content_sha512": "d3a4a788b2584c54162723ee8932c593769747e16f2f142491ddbc1ed69df65819d2e3e5b8604d6a8bced926a3ee83939ef0e0efd8fd1324a40c4dd44e61eb2e",
            "directory_permission": "0755",
            "file_permission": "0644",
            "filename": "builds/3340e15b6e4747f99d0b5ec4cbc4071ca9f3ce9428fb9e73e6d67faa4887ebc9.plan.json",
            "id": "2bc9b592cdceb7fc9d6b9449229284798ba860b7",
            "sensitive_content": null,
            "source": null
          },
          "sensitive_attributes": [],
          "dependencies": [
            "module.notify_slack.aws_cloudwatch_log_group.lambda",
            "module.notify_slack.module.lambda.data.external.archive_prepare"
          ]
        }
      ]
    },
    {
      "module": "module.notify_slack.module.lambda",
      "mode": "managed",
      "type": "null_resource",
      "name": "archive",
      "provider": "provider[\"registry.terraform.io/hashicorp/null\"]",
      "instances": [
        {
          "index_key": 0,
          "schema_version": 0,
          "attributes": {
            "id": "3352607978406108403",
            "triggers": {
              "filename": "builds/3340e15b6e4747f99d0b5ec4cbc4071ca9f3ce9428fb9e73e6d67faa4887ebc9.zip",
              "timestamp": "1713280620000000000"
            }
          },
          "sensitive_attributes": [],
          "dependencies": [
            "module.notify_slack.aws_cloudwatch_log_group.lambda",
            "module.notify_slack.module.lambda.data.external.archive_prepare",
            "module.notify_slack.module.lambda.local_file.archive_plan"
          ]
        }
      ]
    },
    {
      "module": "module.s3",
      "mode": "managed",
      "type": "aws_s3_bucket",
      "name": "this",
      "provider": "provider[\"registry.terraform.io/hashicorp/aws\"]",
      "instances": [
        {
          "schema_version": 0,
          "attributes": {
            "acceleration_status": "",
            "acl": null,
            "arn": "arn:aws:s3:::730335546141-my-tf-test-bucket",
            "bucket": "730335546141-my-tf-test-bucket",
            "bucket_domain_name": "730335546141-my-tf-test-bucket.s3.amazonaws.com",
            "bucket_prefix": "",
            "bucket_regional_domain_name": "730335546141-my-tf-test-bucket.s3.eu-central-1.amazonaws.com",
            "cors_rule": [],
            "force_destroy": false,
            "grant": [
              {
                "id": "4f2410f954b770a3a5660f82e9f3970bbae159b484ab9a60f6b46ddc3df8954f",
                "permissions": [
                  "FULL_CONTROL"
                ],
                "type": "CanonicalUser",
                "uri": ""
              }
            ],
            "hosted_zone_id": "Z21DNDUVLTQW6Q",
            "id": "730335546141-my-tf-test-bucket",
            "lifecycle_rule": [],
            "logging": [],
            "object_lock_configuration": [],
            "object_lock_enabled": false,
            "policy": "",
            "region": "eu-central-1",
            "replication_configuration": [],
            "request_payer": "BucketOwner",
            "server_side_encryption_configuration": [
              {
                "rule": [
                  {
                    "apply_server_side_encryption_by_default": [
                      {
                        "kms_master_key_id": "",
                        "sse_algorithm": "AES256"
                      }
                    ],
                    "bucket_key_enabled": false
                  }
                ]
              }
            ],
            "tags": {
              "Environment": "dev",
              "Name": "forum"
            },
            "tags_all": {
              "Environment": "dev",
              "Name": "forum"
            },
            "timeouts": null,
            "versioning": [
              {
                "enabled": false,
                "mfa_delete": false
              }
            ],
            "website": [],
            "website_domain": null,
            "website_endpoint": null
          },
          "sensitive_attributes": [],
          "private": "eyJlMmJmYjczMC1lY2FhLTExZTYtOGY4OC0zNDM2M2JjN2M0YzAiOnsiY3JlYXRlIjoxMjAwMDAwMDAwMDAwLCJkZWxldGUiOjM2MDAwMDAwMDAwMDAsInJlYWQiOjEyMDAwMDAwMDAwMDAsInVwZGF0ZSI6MTIwMDAwMDAwMDAwMH19",
          "dependencies": [
            "data.aws_caller_identity.current"
          ]
        }
      ]
    },
    {
      "module": "module.table_authors",
      "mode": "managed",
      "type": "aws_dynamodb_table",
      "name": "this",
      "provider": "provider[\"registry.terraform.io/hashicorp/aws\"]",
      "instances": [
        {
          "schema_version": 1,
          "attributes": {
            "arn": "arn:aws:dynamodb:eu-central-1:730335546141:table/dev-lpnu-kostetskyi-authors",
            "attribute": [
              {
                "name": "id",
                "type": "S"
              }
            ],
            "billing_mode": "PAY_PER_REQUEST",
            "deletion_protection_enabled": false,
            "global_secondary_index": [],
            "hash_key": "id",
            "id": "dev-lpnu-kostetskyi-authors",
            "import_table": [],
            "local_secondary_index": [],
            "name": "dev-lpnu-kostetskyi-authors",
            "point_in_time_recovery": [
              {
                "enabled": false
              }
            ],
            "range_key": null,
            "read_capacity": 0,
            "replica": [],
            "restore_date_time": null,
            "restore_source_name": null,
            "restore_to_latest_time": null,
            "server_side_encryption": [],
            "stream_arn": "",
            "stream_enabled": false,
            "stream_label": "",
            "stream_view_type": "",
            "table_class": "STANDARD",
            "tags": {},
            "tags_all": {},
            "timeouts": null,
            "ttl": [
              {
                "attribute_name": "",
                "enabled": false
              }
            ],
            "write_capacity": 0
          },
          "sensitive_attributes": [],
          "private": "eyJlMmJmYjczMC1lY2FhLTExZTYtOGY4OC0zNDM2M2JjN2M0YzAiOnsiY3JlYXRlIjoxODAwMDAwMDAwMDAwLCJkZWxldGUiOjYwMDAwMDAwMDAwMCwidXBkYXRlIjozNjAwMDAwMDAwMDAwfSwic2NoZW1hX3ZlcnNpb24iOiIxIn0="
        }
      ]
    },
    {
      "module": "module.table_courses",
      "mode": "managed",
      "type": "aws_dynamodb_table",
      "name": "this",
      "provider": "provider[\"registry.terraform.io/hashicorp/aws\"]",
      "instances": [
        {
          "schema_version": 1,
          "attributes": {
            "arn": "arn:aws:dynamodb:eu-central-1:730335546141:table/dev-lpnu-kostetskyi-courses",
            "attribute": [
              {
                "name": "id",
                "type": "S"
              }
            ],
            "billing_mode": "PAY_PER_REQUEST",
            "deletion_protection_enabled": false,
            "global_secondary_index": [],
            "hash_key": "id",
            "id": "dev-lpnu-kostetskyi-courses",
            "import_table": [],
            "local_secondary_index": [],
            "name": "dev-lpnu-kostetskyi-courses",
            "point_in_time_recovery": [
              {
                "enabled": false
              }
            ],
            "range_key": null,
            "read_capacity": 0,
            "replica": [],
            "restore_date_time": null,
            "restore_source_name": null,
            "restore_to_latest_time": null,
            "server_side_encryption": [],
            "stream_arn": "",
            "stream_enabled": false,
            "stream_label": "",
            "stream_view_type": "",
            "table_class": "STANDARD",
            "tags": {},
            "tags_all": {},
            "timeouts": null,
            "ttl": [
              {
                "attribute_name": "",
                "enabled": false
              }
            ],
            "write_capacity": 0
          },
          "sensitive_attributes": [],
          "private": "eyJlMmJmYjczMC1lY2FhLTExZTYtOGY4OC0zNDM2M2JjN2M0YzAiOnsiY3JlYXRlIjoxODAwMDAwMDAwMDAwLCJkZWxldGUiOjYwMDAwMDAwMDAwMCwidXBkYXRlIjozNjAwMDAwMDAwMDAwfSwic2NoZW1hX3ZlcnNpb24iOiIxIn0="
        }
      ]
    }
  ],
  "check_results": [
    {
      "object_kind": "var",
      "config_addr": "module.table_authors.module.label.var.label_value_case",
      "status": "pass",
      "objects": [
        {
          "object_addr": "module.table_authors.module.label.var.label_value_case",
          "status": "pass"
        }
      ]
    },
    {
      "object_kind": "var",
      "config_addr": "module.cloudwatch.module.label_get_all_courses.var.label_key_case",
      "status": "pass",
      "objects": [
        {
          "object_addr": "module.cloudwatch.module.label_get_all_courses.var.label_key_case",
          "status": "pass"
        }
      ]
    },
    {
      "object_kind": "var",
      "config_addr": "module.iam.module.label_delete_course.var.label_key_case",
      "status": "unknown",
      "objects": [
        {
          "object_addr": "module.iam.module.label_delete_course.var.label_key_case",
          "status": "unknown"
        }
      ]
    },
    {
      "object_kind": "var",
      "config_addr": "module.iam.module.label.var.label_key_case",
      "status": "pass",
      "objects": [
        {
          "object_addr": "module.iam.module.label.var.label_key_case",
          "status": "pass"
        }
      ]
    },
    {
      "object_kind": "var",
      "config_addr": "module.iam.module.label_save_course.var.context",
      "status": "unknown",
      "objects": [
        {
          "object_addr": "module.iam.module.label_save_course.var.context",
          "status": "unknown"
        }
      ]
    },
    {
      "object_kind": "var",
      "config_addr": "module.iam.module.label_get_all_courses.var.label_value_case",
      "status": "pass",
      "objects": [
        {
          "object_addr": "module.iam.module.label_get_all_courses.var.label_value_case",
          "status": "pass"
        }
      ]
    },
    {
      "object_kind": "var",
      "config_addr": "module.iam.module.label_get_course.var.label_key_case",
      "status": "unknown",
      "objects": [
        {
          "object_addr": "module.iam.module.label_get_course.var.label_key_case",
          "status": "unknown"
        }
      ]
    },
    {
      "object_kind": "var",
      "config_addr": "module.cloudwatch.module.label_get_all_courses.var.label_value_case",
      "status": "pass",
      "objects": [
        {
          "object_addr": "module.cloudwatch.module.label_get_all_courses.var.label_value_case",
          "status": "pass"
        }
      ]
    },
    {
      "object_kind": "var",
      "config_addr": "module.iam.module.label_get_course.var.label_value_case",
      "status": "unknown",
      "objects": [
        {
          "object_addr": "module.iam.module.label_get_course.var.label_value_case",
          "status": "unknown"
        }
      ]
    },
    {
      "object_kind": "var",
      "config_addr": "module.lambdas.module.label_get_all_courses.var.label_value_case",
      "status": "pass",
      "objects": [
        {
          "object_addr": "module.lambdas.module.label_get_all_courses.var.label_value_case",
          "status": "pass"
        }
      ]
    },
    {
      "object_kind": "var",
      "config_addr": "module.table_courses.var.label_key_case",
      "status": "unknown",
      "objects": [
        {
          "object_addr": "module.table_courses.var.label_key_case",
          "status": "unknown"
        }
      ]
    },
    {
      "object_kind": "var",
      "config_addr": "module.iam.module.label_update_course.var.context",
      "status": "unknown",
      "objects": [
        {
          "object_addr": "module.iam.module.label_update_course.var.context",
          "status": "unknown"
        }
      ]
    },
    {
      "object_kind": "var",
      "config_addr": "module.label_s3.var.context",
      "status": "unknown",
      "objects": [
        {
          "object_addr": "module.label_s3.var.context",
          "status": "unknown"
        }
      ]
    },
    {
      "object_kind": "var",
      "config_addr": "module.cloudwatch.module.label_update_course.var.id_length_limit",
      "status": "unknown",
      "objects": [
        {
          "object_addr": "module.cloudwatch.module.label_update_course.var.id_length_limit",
          "status": "unknown"
        }
      ]
    },
    {
      "object_kind": "var",
      "config_addr": "module.lambdas.module.label_get_course.var.label_key_case",
      "status": "unknown",
      "objects": [
        {
          "object_addr": "module.lambdas.module.label_get_course.var.label_key_case",
          "status": "unknown"
        }
      ]
    },
    {
      "object_kind": "var",
      "config_addr": "module.cloudwatch.var.id_length_limit",
      "status": "unknown",
      "objects": [
        {
          "object_addr": "module.cloudwatch.var.id_length_limit",
          "status": "unknown"
        }
      ]
    },
    {
      "object_kind": "var",
      "config_addr": "module.lambdas.var.context",
      "status": "pass",
      "objects": [
        {
          "object_addr": "module.lambdas.var.context",
          "status": "pass"
        }
      ]
    },
    {
      "object_kind": "var",
      "config_addr": "module.notification_label.var.label_value_case",
      "status": "pass",
      "objects": [
        {
          "object_addr": "module.notification_label.var.label_value_case",
          "status": "pass"
        }
      ]
    },
    {
      "object_kind": "var",
      "config_addr": "module.notification_label.var.context",
      "status": "pass",
      "objects": [
        {
          "object_addr": "module.notification_label.var.context",
          "status": "pass"
        }
      ]
    },
    {
      "object_kind": "var",
      "config_addr": "module.iam.module.label_get_all_authors.var.label_value_case",
      "status": "pass",
      "objects": [
        {
          "object_addr": "module.iam.module.label_get_all_authors.var.label_value_case",
          "status": "pass"
        }
      ]
    },
    {
      "object_kind": "var",
      "config_addr": "module.cloudwatch.module.label_delete_course.var.context",
      "status": "unknown",
      "objects": [
        {
          "object_addr": "module.cloudwatch.module.label_delete_course.var.context",
          "status": "unknown"
        }
      ]
    },
    {
      "object_kind": "var",
      "config_addr": "module.cloudwatch.module.label_save_course.var.label_key_case",
      "status": "unknown",
      "objects": [
        {
          "object_addr": "module.cloudwatch.module.label_save_course.var.label_key_case",
          "status": "unknown"
        }
      ]
    },
    {
      "object_kind": "var",
      "config_addr": "module.iam.var.context",
      "status": "pass",
      "objects": [
        {
          "object_addr": "module.iam.var.context",
          "status": "pass"
        }
      ]
    },
    {
      "object_kind": "var",
      "config_addr": "module.label_api.var.id_length_limit",
      "status": "pass",
      "objects": [
        {
          "object_addr": "module.label_api.var.id_length_limit",
          "status": "pass"
        }
      ]
    },
    {
      "object_kind": "var",
      "config_addr": "module.table_courses.module.label.var.context",
      "status": "pass",
      "objects": [
        {
          "object_addr": "module.table_courses.module.label.var.context",
          "status": "pass"
        }
      ]
    },
    {
      "object_kind": "var",
      "config_addr": "module.iam.module.label_delete_course.var.id_length_limit",
      "status": "unknown",
      "objects": [
        {
          "object_addr": "module.iam.module.label_delete_course.var.id_length_limit",
          "status": "unknown"
        }
      ]
    },
    {
      "object_kind": "var",
      "config_addr": "module.lambdas.module.label_update_course.var.context",
      "status": "unknown",
      "objects": [
        {
          "object_addr": "module.lambdas.module.label_update_course.var.context",
          "status": "unknown"
        }
      ]
    },
    {
      "object_kind": "var",
      "config_addr": "module.cloudwatch.module.label_update_course.var.label_key_case",
      "status": "unknown",
      "objects": [
        {
          "object_addr": "module.cloudwatch.module.label_update_course.var.label_key_case",
          "status": "unknown"
        }
      ]
    },
    {
      "object_kind": "var",
      "config_addr": "module.lambdas.module.label_delete_course.var.label_key_case",
      "status": "unknown",
      "objects": [
        {
          "object_addr": "module.lambdas.module.label_delete_course.var.label_key_case",
          "status": "unknown"
        }
      ]
    },
    {
      "object_kind": "var",
      "config_addr": "module.label.var.context",
      "status": "pass",
      "objects": [
        {
          "object_addr": "module.label.var.context",
          "status": "pass"
        }
      ]
    },
    {
      "object_kind": "var",
      "config_addr": "module.cloudwatch.module.label.var.context",
      "status": "pass",
      "objects": [
        {
          "object_addr": "module.cloudwatch.module.label.var.context",
          "status": "pass"
        }
      ]
    },
    {
      "object_kind": "var",
      "config_addr": "var.id_length_limit",
      "status": "pass",
      "objects": [
        {
          "object_addr": "var.id_length_limit",
          "status": "pass"
        }
      ]
    },
    {
      "object_kind": "var",
      "config_addr": "module.lambdas.module.label_delete_course.var.id_length_limit",
      "status": "unknown",
      "objects": [
        {
          "object_addr": "module.lambdas.module.label_delete_course.var.id_length_limit",
          "status": "unknown"
        }
      ]
    },
    {
      "object_kind": "var",
      "config_addr": "module.iam.module.label_update_course.var.label_key_case",
      "status": "unknown",
      "objects": [
        {
          "object_addr": "module.iam.module.label_update_course.var.label_key_case",
          "status": "unknown"
        }
      ]
    },
    {
      "object_kind": "var",
      "config_addr": "var.label_value_case",
      "status": "pass",
      "objects": [
        {
          "object_addr": "var.label_value_case",
          "status": "pass"
        }
      ]
    },
    {
      "object_kind": "var",
      "config_addr": "module.lambdas.module.label_save_course.var.label_value_case",
      "status": "unknown",
      "objects": [
        {
          "object_addr": "module.lambdas.module.label_save_course.var.label_value_case",
          "status": "unknown"
        }
      ]
    },
    {
      "object_kind": "var",
      "config_addr": "module.iam.module.label_update_course.var.label_value_case",
      "status": "unknown",
      "objects": [
        {
          "object_addr": "module.iam.module.label_update_course.var.label_value_case",
          "status": "unknown"
        }
      ]
    },
    {
      "object_kind": "var",
      "config_addr": "module.cloudwatch.module.label_save_course.var.label_value_case",
      "status": "unknown",
      "objects": [
        {
          "object_addr": "module.cloudwatch.module.label_save_course.var.label_value_case",
          "status": "unknown"
        }
      ]
    },
    {
      "object_kind": "var",
      "config_addr": "module.iam.module.label_update_course.var.id_length_limit",
      "status": "unknown",
      "objects": [
        {
          "object_addr": "module.iam.module.label_update_course.var.id_length_limit",
          "status": "unknown"
        }
      ]
    },
    {
      "object_kind": "var",
      "config_addr": "module.label.var.label_value_case",
      "status": "pass",
      "objects": [
        {
          "object_addr": "module.label.var.label_value_case",
          "status": "pass"
        }
      ]
    },
    {
      "object_kind": "var",
      "config_addr": "module.lambdas.module.label_update_course.var.id_length_limit",
      "status": "unknown",
      "objects": [
        {
          "object_addr": "module.lambdas.module.label_update_course.var.id_length_limit",
          "status": "unknown"
        }
      ]
    },
    {
      "object_kind": "var",
      "config_addr": "module.lambdas.module.label_get_all_courses.var.context",
      "status": "pass",
      "objects": [
        {
          "object_addr": "module.lambdas.module.label_get_all_courses.var.context",
          "status": "pass"
        }
      ]
    },
    {
      "object_kind": "var",
      "config_addr": "var.label_key_case",
      "status": "pass",
      "objects": [
        {
          "object_addr": "var.label_key_case",
          "status": "pass"
        }
      ]
    },
    {
      "object_kind": "var",
      "config_addr": "module.iam.var.label_value_case",
      "status": "unknown",
      "objects": [
        {
          "object_addr": "module.iam.var.label_value_case",
          "status": "unknown"
        }
      ]
    },
    {
      "object_kind": "var",
      "config_addr": "module.iam.module.label_get_all_authors.var.id_length_limit",
      "status": "pass",
      "objects": [
        {
          "object_addr": "module.iam.module.label_get_all_authors.var.id_length_limit",
          "status": "pass"
        }
      ]
    },
    {
      "object_kind": "var",
      "config_addr": "module.table_authors.var.label_key_case",
      "status": "unknown",
      "objects": [
        {
          "object_addr": "module.table_authors.var.label_key_case",
          "status": "unknown"
        }
      ]
    },
    {
      "object_kind": "var",
      "config_addr": "module.lambdas.var.label_value_case",
      "status": "unknown",
      "objects": [
        {
          "object_addr": "module.lambdas.var.label_value_case",
          "status": "unknown"
        }
      ]
    },
    {
      "object_kind": "var",
      "config_addr": "module.label_s3.var.label_key_case",
      "status": "unknown",
      "objects": [
        {
          "object_addr": "module.label_s3.var.label_key_case",
          "status": "unknown"
        }
      ]
    },
    {
      "object_kind": "var",
      "config_addr": "module.cloudwatch.module.label_get_all_courses.var.id_length_limit",
      "status": "pass",
      "objects": [
        {
          "object_addr": "module.cloudwatch.module.label_get_all_courses.var.id_length_limit",
          "status": "pass"
        }
      ]
    },
    {
      "object_kind": "var",
      "config_addr": "module.cloudwatch.module.label_delete_course.var.label_value_case",
      "status": "unknown",
      "objects": [
        {
          "object_addr": "module.cloudwatch.module.label_delete_course.var.label_value_case",
          "status": "unknown"
        }
      ]
    },
    {
      "object_kind": "var",
      "config_addr": "module.table_authors.var.context",
      "status": "pass",
      "objects": [
        {
          "object_addr": "module.table_authors.var.context",
          "status": "pass"
        }
      ]
    },
    {
      "object_kind": "var",
      "config_addr": "module.cloudwatch.module.label_get_all_authors.var.label_key_case",
      "status": "pass",
      "objects": [
        {
          "object_addr": "module.cloudwatch.module.label_get_all_authors.var.label_key_case",
          "status": "pass"
        }
      ]
    },
    {
      "object_kind": "var",
      "config_addr": "module.lambdas.module.label.var.id_length_limit",
      "status": "pass",
      "objects": [
        {
          "object_addr": "module.lambdas.module.label.var.id_length_limit",
          "status": "pass"
        }
      ]
    },
    {
      "object_kind": "var",
      "config_addr": "module.iam.module.label.var.label_value_case",
      "status": "pass",
      "objects": [
        {
          "object_addr": "module.iam.module.label.var.label_value_case",
          "status": "pass"
        }
      ]
    },
    {
      "object_kind": "var",
      "config_addr": "module.iam.module.label_save_course.var.label_key_case",
      "status": "unknown",
      "objects": [
        {
          "object_addr": "module.iam.module.label_save_course.var.label_key_case",
          "status": "unknown"
        }
      ]
    },
    {
      "object_kind": "var",
      "config_addr": "module.label_front_app.var.label_key_case",
      "status": "unknown",
      "objects": [
        {
          "object_addr": "module.label_front_app.var.label_key_case",
          "status": "unknown"
        }
      ]
    },
    {
      "object_kind": "var",
      "config_addr": "module.label_api.var.context",
      "status": "pass",
      "objects": [
        {
          "object_addr": "module.label_api.var.context",
          "status": "pass"
        }
      ]
    },
    {
      "object_kind": "var",
      "config_addr": "module.table_authors.var.id_length_limit",
      "status": "unknown",
      "objects": [
        {
          "object_addr": "module.table_authors.var.id_length_limit",
          "status": "unknown"
        }
      ]
    },
    {
      "object_kind": "var",
      "config_addr": "module.lambdas.module.label_get_all_authors.var.context",
      "status": "pass",
      "objects": [
        {
          "object_addr": "module.lambdas.module.label_get_all_authors.var.context",
          "status": "pass"
        }
      ]
    },
    {
      "object_kind": "var",
      "config_addr": "module.label_api.var.label_key_case",
      "status": "pass",
      "objects": [
        {
          "object_addr": "module.label_api.var.label_key_case",
          "status": "pass"
        }
      ]
    },
    {
      "object_kind": "var",
      "config_addr": "module.table_courses.module.label.var.label_key_case",
      "status": "pass",
      "objects": [
        {
          "object_addr": "module.table_courses.module.label.var.label_key_case",
          "status": "pass"
        }
      ]
    },
    {
      "object_kind": "var",
      "config_addr": "module.lambdas.module.label_delete_course.var.context",
      "status": "unknown",
      "objects": [
        {
          "object_addr": "module.lambdas.module.label_delete_course.var.context",
          "status": "unknown"
        }
      ]
    },
    {
      "object_kind": "var",
      "config_addr": "module.lambdas.var.label_key_case",
      "status": "unknown",
      "objects": [
        {
          "object_addr": "module.lambdas.var.label_key_case",
          "status": "unknown"
        }
      ]
    },
    {
      "object_kind": "var",
      "config_addr": "module.label.var.label_key_case",
      "status": "pass",
      "objects": [
        {
          "object_addr": "module.label.var.label_key_case",
          "status": "pass"
        }
      ]
    },
    {
      "object_kind": "var",
      "config_addr": "module.label_api.var.label_value_case",
      "status": "pass",
      "objects": [
        {
          "object_addr": "module.label_api.var.label_value_case",
          "status": "pass"
        }
      ]
    },
    {
      "object_kind": "var",
      "config_addr": "module.lambdas.module.label.var.context",
      "status": "pass",
      "objects": [
        {
          "object_addr": "module.lambdas.module.label.var.context",
          "status": "pass"
        }
      ]
    },
    {
      "object_kind": "var",
      "config_addr": "module.iam.module.label_save_course.var.id_length_limit",
      "status": "unknown",
      "objects": [
        {
          "object_addr": "module.iam.module.label_save_course.var.id_length_limit",
          "status": "unknown"
        }
      ]
    },
    {
      "object_kind": "var",
      "config_addr": "module.iam.module.label_get_all_courses.var.context",
      "status": "pass",
      "objects": [
        {
          "object_addr": "module.iam.module.label_get_all_courses.var.context",
          "status": "pass"
        }
      ]
    },
    {
      "object_kind": "var",
      "config_addr": "module.iam.module.label_get_all_authors.var.label_key_case",
      "status": "pass",
      "objects": [
        {
          "object_addr": "module.iam.module.label_get_all_authors.var.label_key_case",
          "status": "pass"
        }
      ]
    },
    {
      "object_kind": "var",
      "config_addr": "module.cloudwatch.module.label_save_course.var.context",
      "status": "unknown",
      "objects": [
        {
          "object_addr": "module.cloudwatch.module.label_save_course.var.context",
          "status": "unknown"
        }
      ]
    },
    {
      "object_kind": "var",
      "config_addr": "module.lambdas.module.label_get_course.var.id_length_limit",
      "status": "unknown",
      "objects": [
        {
          "object_addr": "module.lambdas.module.label_get_course.var.id_length_limit",
          "status": "unknown"
        }
      ]
    },
    {
      "object_kind": "var",
      "config_addr": "module.lambdas.module.label_get_all_courses.var.id_length_limit",
      "status": "pass",
      "objects": [
        {
          "object_addr": "module.lambdas.module.label_get_all_courses.var.id_length_limit",
          "status": "pass"
        }
      ]
    },
    {
      "object_kind": "var",
      "config_addr": "module.label_front_app.var.id_length_limit",
      "status": "unknown",
      "objects": [
        {
          "object_addr": "module.label_front_app.var.id_length_limit",
          "status": "unknown"
        }
      ]
    },
    {
      "object_kind": "var",
      "config_addr": "module.lambdas.module.label_get_all_authors.var.label_key_case",
      "status": "pass",
      "objects": [
        {
          "object_addr": "module.lambdas.module.label_get_all_authors.var.label_key_case",
          "status": "pass"
        }
      ]
    },
    {
      "object_kind": "var",
      "config_addr": "module.cloudwatch.module.label.var.label_value_case",
      "status": "pass",
      "objects": [
        {
          "object_addr": "module.cloudwatch.module.label.var.label_value_case",
          "status": "pass"
        }
      ]
    },
    {
      "object_kind": "var",
      "config_addr": "module.lambdas.module.label_delete_course.var.label_value_case",
      "status": "unknown",
      "objects": [
        {
          "object_addr": "module.lambdas.module.label_delete_course.var.label_value_case",
          "status": "unknown"
        }
      ]
    },
    {
      "object_kind": "var",
      "config_addr": "module.notification_label.var.label_key_case",
      "status": "pass",
      "objects": [
        {
          "object_addr": "module.notification_label.var.label_key_case",
          "status": "pass"
        }
      ]
    },
    {
      "object_kind": "var",
      "config_addr": "module.cloudwatch.module.label_get_course.var.label_value_case",
      "status": "unknown",
      "objects": [
        {
          "object_addr": "module.cloudwatch.module.label_get_course.var.label_value_case",
          "status": "unknown"
        }
      ]
    },
    {
      "object_kind": "var",
      "config_addr": "module.cloudwatch.module.label_delete_course.var.id_length_limit",
      "status": "unknown",
      "objects": [
        {
          "object_addr": "module.cloudwatch.module.label_delete_course.var.id_length_limit",
          "status": "unknown"
        }
      ]
    },
    {
      "object_kind": "var",
      "config_addr": "module.iam.module.label_save_course.var.label_value_case",
      "status": "unknown",
      "objects": [
        {
          "object_addr": "module.iam.module.label_save_course.var.label_value_case",
          "status": "unknown"
        }
      ]
    },
    {
      "object_kind": "var",
      "config_addr": "module.cloudwatch.var.label_key_case",
      "status": "unknown",
      "objects": [
        {
          "object_addr": "module.cloudwatch.var.label_key_case",
          "status": "unknown"
        }
      ]
    },
    {
      "object_kind": "var",
      "config_addr": "module.table_authors.module.label.var.label_key_case",
      "status": "pass",
      "objects": [
        {
          "object_addr": "module.table_authors.module.label.var.label_key_case",
          "status": "pass"
        }
      ]
    },
    {
      "object_kind": "var",
      "config_addr": "module.table_courses.var.context",
      "status": "pass",
      "objects": [
        {
          "object_addr": "module.table_courses.var.context",
          "status": "pass"
        }
      ]
    },
    {
      "object_kind": "var",
      "config_addr": "module.cloudwatch.var.context",
      "status": "pass",
      "objects": [
        {
          "object_addr": "module.cloudwatch.var.context",
          "status": "pass"
        }
      ]
    },
    {
      "object_kind": "var",
      "config_addr": "module.lambdas.module.label_get_course.var.context",
      "status": "unknown",
      "objects": [
        {
          "object_addr": "module.lambdas.module.label_get_course.var.context",
          "status": "unknown"
        }
      ]
    },
    {
      "object_kind": "var",
      "config_addr": "module.iam.var.id_length_limit",
      "status": "unknown",
      "objects": [
        {
          "object_addr": "module.iam.var.id_length_limit",
          "status": "unknown"
        }
      ]
    },
    {
      "object_kind": "var",
      "config_addr": "module.iam.module.label.var.context",
      "status": "pass",
      "objects": [
        {
          "object_addr": "module.iam.module.label.var.context",
          "status": "pass"
        }
      ]
    },
    {
      "object_kind": "var",
      "config_addr": "module.table_authors.module.label.var.id_length_limit",
      "status": "pass",
      "objects": [
        {
          "object_addr": "module.table_authors.module.label.var.id_length_limit",
          "status": "pass"
        }
      ]
    },
    {
      "object_kind": "var",
      "config_addr": "module.cloudwatch.module.label_get_all_authors.var.id_length_limit",
      "status": "pass",
      "objects": [
        {
          "object_addr": "module.cloudwatch.module.label_get_all_authors.var.id_length_limit",
          "status": "pass"
        }
      ]
    },
    {
      "object_kind": "var",
      "config_addr": "module.lambdas.module.label.var.label_value_case",
      "status": "pass",
      "objects": [
        {
          "object_addr": "module.lambdas.module.label.var.label_value_case",
          "status": "pass"
        }
      ]
    },
    {
      "object_kind": "var",
      "config_addr": "module.cloudwatch.module.label.var.label_key_case",
      "status": "pass",
      "objects": [
        {
          "object_addr": "module.cloudwatch.module.label.var.label_key_case",
          "status": "pass"
        }
      ]
    },
    {
      "object_kind": "var",
      "config_addr": "module.table_courses.var.id_length_limit",
      "status": "unknown",
      "objects": [
        {
          "object_addr": "module.table_courses.var.id_length_limit",
          "status": "unknown"
        }
      ]
    },
    {
      "object_kind": "var",
      "config_addr": "module.label.var.id_length_limit",
      "status": "pass",
      "objects": [
        {
          "object_addr": "module.label.var.id_length_limit",
          "status": "pass"
        }
      ]
    },
    {
      "object_kind": "var",
      "config_addr": "module.lambdas.module.label_get_all_courses.var.label_key_case",
      "status": "pass",
      "objects": [
        {
          "object_addr": "module.lambdas.module.label_get_all_courses.var.label_key_case",
          "status": "pass"
        }
      ]
    },
    {
      "object_kind": "var",
      "config_addr": "module.cloudwatch.module.label_delete_course.var.label_key_case",
      "status": "unknown",
      "objects": [
        {
          "object_addr": "module.cloudwatch.module.label_delete_course.var.label_key_case",
          "status": "unknown"
        }
      ]
    },
    {
      "object_kind": "var",
      "config_addr": "module.lambdas.module.label_update_course.var.label_value_case",
      "status": "unknown",
      "objects": [
        {
          "object_addr": "module.lambdas.module.label_update_course.var.label_value_case",
          "status": "unknown"
        }
      ]
    },
    {
      "object_kind": "var",
      "config_addr": "module.iam.module.label_get_all_authors.var.context",
      "status": "pass",
      "objects": [
        {
          "object_addr": "module.iam.module.label_get_all_authors.var.context",
          "status": "pass"
        }
      ]
    },
    {
      "object_kind": "var",
      "config_addr": "module.table_authors.var.label_value_case",
      "status": "unknown",
      "objects": [
        {
          "object_addr": "module.table_authors.var.label_value_case",
          "status": "unknown"
        }
      ]
    },
    {
      "object_kind": "var",
      "config_addr": "module.label_front_app.var.label_value_case",
      "status": "unknown",
      "objects": [
        {
          "object_addr": "module.label_front_app.var.label_value_case",
          "status": "unknown"
        }
      ]
    },
    {
      "object_kind": "var",
      "config_addr": "module.cloudwatch.module.label_get_course.var.label_key_case",
      "status": "unknown",
      "objects": [
        {
          "object_addr": "module.cloudwatch.module.label_get_course.var.label_key_case",
          "status": "unknown"
        }
      ]
    },
    {
      "object_kind": "var",
      "config_addr": "module.iam.module.label.var.id_length_limit",
      "status": "pass",
      "objects": [
        {
          "object_addr": "module.iam.module.label.var.id_length_limit",
          "status": "pass"
        }
      ]
    },
    {
      "object_kind": "var",
      "config_addr": "module.cloudwatch.module.label.var.id_length_limit",
      "status": "pass",
      "objects": [
        {
          "object_addr": "module.cloudwatch.module.label.var.id_length_limit",
          "status": "pass"
        }
      ]
    },
    {
      "object_kind": "var",
      "config_addr": "module.cloudwatch.module.label_update_course.var.label_value_case",
      "status": "unknown",
      "objects": [
        {
          "object_addr": "module.cloudwatch.module.label_update_course.var.label_value_case",
          "status": "unknown"
        }
      ]
    },
    {
      "object_kind": "var",
      "config_addr": "module.lambdas.module.label_get_course.var.label_value_case",
      "status": "unknown",
      "objects": [
        {
          "object_addr": "module.lambdas.module.label_get_course.var.label_value_case",
          "status": "unknown"
        }
      ]
    },
    {
      "object_kind": "var",
      "config_addr": "module.lambdas.var.id_length_limit",
      "status": "unknown",
      "objects": [
        {
          "object_addr": "module.lambdas.var.id_length_limit",
          "status": "unknown"
        }
      ]
    },
    {
      "object_kind": "var",
      "config_addr": "var.context",
      "status": "pass",
      "objects": [
        {
          "object_addr": "var.context",
          "status": "pass"
        }
      ]
    },
    {
      "object_kind": "var",
      "config_addr": "module.iam.module.label_get_all_courses.var.id_length_limit",
      "status": "pass",
      "objects": [
        {
          "object_addr": "module.iam.module.label_get_all_courses.var.id_length_limit",
          "status": "pass"
        }
      ]
    },
    {
      "object_kind": "var",
      "config_addr": "module.iam.module.label_get_course.var.id_length_limit",
      "status": "unknown",
      "objects": [
        {
          "object_addr": "module.iam.module.label_get_course.var.id_length_limit",
          "status": "unknown"
        }
      ]
    },
    {
      "object_kind": "var",
      "config_addr": "module.cloudwatch.module.label_update_course.var.context",
      "status": "unknown",
      "objects": [
        {
          "object_addr": "module.cloudwatch.module.label_update_course.var.context",
          "status": "unknown"
        }
      ]
    },
    {
      "object_kind": "var",
      "config_addr": "module.table_courses.module.label.var.id_length_limit",
      "status": "pass",
      "objects": [
        {
          "object_addr": "module.table_courses.module.label.var.id_length_limit",
          "status": "pass"
        }
      ]
    },
    {
      "object_kind": "var",
      "config_addr": "module.iam.module.label_get_all_courses.var.label_key_case",
      "status": "pass",
      "objects": [
        {
          "object_addr": "module.iam.module.label_get_all_courses.var.label_key_case",
          "status": "pass"
        }
      ]
    },
    {
      "object_kind": "var",
      "config_addr": "module.label_s3.var.label_value_case",
      "status": "unknown",
      "objects": [
        {
          "object_addr": "module.label_s3.var.label_value_case",
          "status": "unknown"
        }
      ]
    },
    {
      "object_kind": "var",
      "config_addr": "module.lambdas.module.label_save_course.var.id_length_limit",
      "status": "unknown",
      "objects": [
        {
          "object_addr": "module.lambdas.module.label_save_course.var.id_length_limit",
          "status": "unknown"
        }
      ]
    },
    {
      "object_kind": "var",
      "config_addr": "module.cloudwatch.module.label_get_all_courses.var.context",
      "status": "pass",
      "objects": [
        {
          "object_addr": "module.cloudwatch.module.label_get_all_courses.var.context",
          "status": "pass"
        }
      ]
    },
    {
      "object_kind": "var",
      "config_addr": "module.iam.module.label_get_course.var.context",
      "status": "unknown",
      "objects": [
        {
          "object_addr": "module.iam.module.label_get_course.var.context",
          "status": "unknown"
        }
      ]
    },
    {
      "object_kind": "var",
      "config_addr": "module.label_front_app.var.context",
      "status": "unknown",
      "objects": [
        {
          "object_addr": "module.label_front_app.var.context",
          "status": "unknown"
        }
      ]
    },
    {
      "object_kind": "var",
      "config_addr": "module.lambdas.module.label_update_course.var.label_key_case",
      "status": "unknown",
      "objects": [
        {
          "object_addr": "module.lambdas.module.label_update_course.var.label_key_case",
          "status": "unknown"
        }
      ]
    },
    {
      "object_kind": "var",
      "config_addr": "module.lambdas.module.label_save_course.var.context",
      "status": "unknown",
      "objects": [
        {
          "object_addr": "module.lambdas.module.label_save_course.var.context",
          "status": "unknown"
        }
      ]
    },
    {
      "object_kind": "var",
      "config_addr": "module.cloudwatch.var.label_value_case",
      "status": "unknown",
      "objects": [
        {
          "object_addr": "module.cloudwatch.var.label_value_case",
          "status": "unknown"
        }
      ]
    },
    {
      "object_kind": "var",
      "config_addr": "module.cloudwatch.module.label_get_all_authors.var.label_value_case",
      "status": "pass",
      "objects": [
        {
          "object_addr": "module.cloudwatch.module.label_get_all_authors.var.label_value_case",
          "status": "pass"
        }
      ]
    },
    {
      "object_kind": "var",
      "config_addr": "module.table_authors.module.label.var.context",
      "status": "pass",
      "objects": [
        {
          "object_addr": "module.table_authors.module.label.var.context",
          "status": "pass"
        }
      ]
    },
    {
      "object_kind": "var",
      "config_addr": "module.notification_label.var.id_length_limit",
      "status": "pass",
      "objects": [
        {
          "object_addr": "module.notification_label.var.id_length_limit",
          "status": "pass"
        }
      ]
    },
    {
      "object_kind": "var",
      "config_addr": "module.lambdas.module.label_get_all_authors.var.label_value_case",
      "status": "pass",
      "objects": [
        {
          "object_addr": "module.lambdas.module.label_get_all_authors.var.label_value_case",
          "status": "pass"
        }
      ]
    },
    {
      "object_kind": "var",
      "config_addr": "module.label_s3.var.id_length_limit",
      "status": "unknown",
      "objects": [
        {
          "object_addr": "module.label_s3.var.id_length_limit",
          "status": "unknown"
        }
      ]
    },
    {
      "object_kind": "var",
      "config_addr": "module.cloudwatch.module.label_get_all_authors.var.context",
      "status": "pass",
      "objects": [
        {
          "object_addr": "module.cloudwatch.module.label_get_all_authors.var.context",
          "status": "pass"
        }
      ]
    },
    {
      "object_kind": "var",
      "config_addr": "module.cloudwatch.module.label_get_course.var.context",
      "status": "unknown",
      "objects": [
        {
          "object_addr": "module.cloudwatch.module.label_get_course.var.context",
          "status": "unknown"
        }
      ]
    },
    {
      "object_kind": "var",
      "config_addr": "module.cloudwatch.module.label_get_course.var.id_length_limit",
      "status": "unknown",
      "objects": [
        {
          "object_addr": "module.cloudwatch.module.label_get_course.var.id_length_limit",
          "status": "unknown"
        }
      ]
    },
    {
      "object_kind": "var",
      "config_addr": "module.iam.var.label_key_case",
      "status": "unknown",
      "objects": [
        {
          "object_addr": "module.iam.var.label_key_case",
          "status": "unknown"
        }
      ]
    },
    {
      "object_kind": "var",
      "config_addr": "module.iam.module.label_delete_course.var.label_value_case",
      "status": "unknown",
      "objects": [
        {
          "object_addr": "module.iam.module.label_delete_course.var.label_value_case",
          "status": "unknown"
        }
      ]
    },
    {
      "object_kind": "var",
      "config_addr": "module.lambdas.module.label.var.label_key_case",
      "status": "pass",
      "objects": [
        {
          "object_addr": "module.lambdas.module.label.var.label_key_case",
          "status": "pass"
        }
      ]
    },
    {
      "object_kind": "var",
      "config_addr": "module.table_courses.var.label_value_case",
      "status": "unknown",
      "objects": [
        {
          "object_addr": "module.table_courses.var.label_value_case",
          "status": "unknown"
        }
      ]
    },
    {
      "object_kind": "var",
      "config_addr": "module.lambdas.module.label_save_course.var.label_key_case",
      "status": "unknown",
      "objects": [
        {
          "object_addr": "module.lambdas.module.label_save_course.var.label_key_case",
          "status": "unknown"
        }
      ]
    },
    {
      "object_kind": "var",
      "config_addr": "module.iam.module.label_delete_course.var.context",
      "status": "unknown",
      "objects": [
        {
          "object_addr": "module.iam.module.label_delete_course.var.context",
          "status": "unknown"
        }
      ]
    },
    {
      "object_kind": "var",
      "config_addr": "module.lambdas.module.label_get_all_authors.var.id_length_limit",
      "status": "pass",
      "objects": [
        {
          "object_addr": "module.lambdas.module.label_get_all_authors.var.id_length_limit",
          "status": "pass"
        }
      ]
    },
    {
      "object_kind": "var",
      "config_addr": "module.table_courses.module.label.var.label_value_case",
      "status": "pass",
      "objects": [
        {
          "object_addr": "module.table_courses.module.label.var.label_value_case",
          "status": "pass"
        }
      ]
    },
    {
      "object_kind": "var",
      "config_addr": "module.cloudwatch.module.label_save_course.var.id_length_limit",
      "status": "unknown",
      "objects": [
        {
          "object_addr": "module.cloudwatch.module.label_save_course.var.id_length_limit",
          "status": "unknown"
        }
      ]
    }
  ]
}
