{
  "version": 4,
  "terraform_version": "1.7.4",
  "serial": 129,
  "lineage": "c4f291f2-45b5-7310-4368-5c99e47b6801",
  "outputs": {
    "authors_table_arn": {
      "value": "arn:aws:dynamodb:eu-central-1:730335546141:table/dev-lpnu-kostetskyi-authors",
      "type": "string"
    },
    "authors_table_name": {
      "value": "dev-lpnu-kostetskyi-authors",
      "type": "string"
    },
    "bucket_arn": {
      "value": "arn:aws:s3:::dev-lpnu-kostetskyi-s3",
      "type": "string"
    },
    "bucket_domain_name": {
      "value": "dev-lpnu-kostetskyi-s3.s3.amazonaws.com",
      "type": "string"
    },
    "bucket_id": {
      "value": "dev-lpnu-kostetskyi-s3",
      "type": "string"
    },
    "bucket_regional_domain_name": {
      "value": "dev-lpnu-kostetskyi-s3.s3.eu-central-1.amazonaws.com",
      "type": "string",
      "sensitive": true
    },
    "courses_table_arn": {
      "value": "arn:aws:dynamodb:eu-central-1:730335546141:table/dev-lpnu-kostetskyi-courses",
      "type": "string"
    },
    "courses_table_name": {
      "value": "dev-lpnu-kostetskyi-courses",
      "type": "string"
    },
    "module_bucket_arn": {
      "value": "arn:aws:s3:::730335546141-my-tf-test-bucket",
      "type": "string"
    },
    "module_bucket_domain_name": {
      "value": "730335546141-my-tf-test-bucket.s3.amazonaws.com",
      "type": "string"
    },
    "module_bucket_id": {
      "value": "730335546141-my-tf-test-bucket",
      "type": "string"
    },
    "module_bucket_regional_domain_name": {
      "value": "730335546141-my-tf-test-bucket.s3.eu-central-1.amazonaws.com",
      "type": "string",
      "sensitive": true
    }
  },
  "resources": [
    {
      "mode": "data",
      "type": "aws_caller_identity",
      "name": "current",
      "provider": "provider[\"registry.terraform.io/hashicorp/aws\"]",
      "instances": [
        {
          "schema_version": 0,
          "attributes": {
            "account_id": "730335546141",
            "arn": "arn:aws:iam::730335546141:user/terraform",
            "id": "730335546141",
            "user_id": "AIDA2UC3EBMOVSJN7GVRK"
          },
          "sensitive_attributes": []
        }
      ]
    },
    {
      "mode": "managed",
      "type": "aws_s3_bucket",
      "name": "this",
      "provider": "provider[\"registry.terraform.io/hashicorp/aws\"]",
      "instances": [
        {
          "schema_version": 0,
          "attributes": {
            "acceleration_status": "",
            "acl": null,
            "arn": "arn:aws:s3:::dev-lpnu-kostetskyi-s3",
            "bucket": "dev-lpnu-kostetskyi-s3",
            "bucket_domain_name": "dev-lpnu-kostetskyi-s3.s3.amazonaws.com",
            "bucket_prefix": "",
            "bucket_regional_domain_name": "dev-lpnu-kostetskyi-s3.s3.eu-central-1.amazonaws.com",
            "cors_rule": [],
            "force_destroy": false,
            "grant": [
              {
                "id": "4f2410f954b770a3a5660f82e9f3970bbae159b484ab9a60f6b46ddc3df8954f",
                "permissions": [
                  "FULL_CONTROL"
                ],
                "type": "CanonicalUser",
                "uri": ""
              }
            ],
            "hosted_zone_id": "Z21DNDUVLTQW6Q",
            "id": "dev-lpnu-kostetskyi-s3",
            "lifecycle_rule": [],
            "logging": [],
            "object_lock_configuration": [],
            "object_lock_enabled": false,
            "policy": "",
            "region": "eu-central-1",
            "replication_configuration": [],
            "request_payer": "BucketOwner",
            "server_side_encryption_configuration": [
              {
                "rule": [
                  {
                    "apply_server_side_encryption_by_default": [
                      {
                        "kms_master_key_id": "",
                        "sse_algorithm": "AES256"
                      }
                    ],
                    "bucket_key_enabled": false
                  }
                ]
              }
            ],
            "tags": {
              "Environment": "kostetskyi",
              "Name": "forum",
              "Namespace": "lpnu",
              "Stage": "dev"
            },
            "tags_all": {
              "Environment": "kostetskyi",
              "Name": "forum",
              "Namespace": "lpnu",
              "Stage": "dev"
            },
            "timeouts": null,
            "versioning": [
              {
                "enabled": false,
                "mfa_delete": false
              }
            ],
            "website": [],
            "website_domain": null,
            "website_endpoint": null
          },
          "sensitive_attributes": [],
          "private": "eyJlMmJmYjczMC1lY2FhLTExZTYtOGY4OC0zNDM2M2JjN2M0YzAiOnsiY3JlYXRlIjoxMjAwMDAwMDAwMDAwLCJkZWxldGUiOjM2MDAwMDAwMDAwMDAsInJlYWQiOjEyMDAwMDAwMDAwMDAsInVwZGF0ZSI6MTIwMDAwMDAwMDAwMH19"
        }
      ]
    },
    {
      "module": "module.lambdas.module.lambda_function_get_all_authors",
      "mode": "data",
      "type": "aws_caller_identity",
      "name": "current",
      "provider": "provider[\"registry.terraform.io/hashicorp/aws\"]",
      "instances": [
        {
          "schema_version": 0,
          "attributes": {
            "account_id": "730335546141",
            "arn": "arn:aws:iam::730335546141:user/terraform",
            "id": "730335546141",
            "user_id": "AIDA2UC3EBMOVSJN7GVRK"
          },
          "sensitive_attributes": []
        }
      ]
    },
    {
      "module": "module.lambdas.module.lambda_function_get_all_authors",
      "mode": "data",
      "type": "aws_iam_policy_document",
      "name": "assume_role",
      "provider": "provider[\"registry.terraform.io/hashicorp/aws\"]",
      "instances": [
        {
          "index_key": 0,
          "schema_version": 0,
          "attributes": {
            "id": "2690255455",
            "json": "{\n  \"Version\": \"2012-10-17\",\n  \"Statement\": [\n    {\n      \"Effect\": \"Allow\",\n      \"Action\": \"sts:AssumeRole\",\n      \"Principal\": {\n        \"Service\": \"lambda.amazonaws.com\"\n      }\n    }\n  ]\n}",
            "override_policy_documents": null,
            "policy_id": null,
            "source_policy_documents": null,
            "statement": [
              {
                "actions": [
                  "sts:AssumeRole"
                ],
                "condition": [],
                "effect": "Allow",
                "not_actions": [],
                "not_principals": [],
                "not_resources": [],
                "principals": [
                  {
                    "identifiers": [
                      "lambda.amazonaws.com"
                    ],
                    "type": "Service"
                  }
                ],
                "resources": [],
                "sid": ""
              }
            ],
            "version": "2012-10-17"
          },
          "sensitive_attributes": []
        }
      ]
    },
    {
      "module": "module.lambdas.module.lambda_function_get_all_authors",
      "mode": "data",
      "type": "aws_iam_policy_document",
      "name": "logs",
      "provider": "provider[\"registry.terraform.io/hashicorp/aws\"]",
      "instances": [
        {
          "index_key": 0,
          "schema_version": 0,
          "attributes": {
            "id": "1244084858",
            "json": "{\n  \"Version\": \"2012-10-17\",\n  \"Statement\": [\n    {\n      \"Effect\": \"Allow\",\n      \"Action\": [\n        \"logs:PutLogEvents\",\n        \"logs:CreateLogStream\",\n        \"logs:CreateLogGroup\"\n      ],\n      \"Resource\": [\n        \"arn:aws:logs:eu-central-1:730335546141:log-group:/aws/lambda/dev-lpnu-kostetskyi-get-all-authors:*:*\",\n        \"arn:aws:logs:eu-central-1:730335546141:log-group:/aws/lambda/dev-lpnu-kostetskyi-get-all-authors:*\"\n      ]\n    }\n  ]\n}",
            "override_policy_documents": null,
            "policy_id": null,
            "source_policy_documents": null,
            "statement": [
              {
                "actions": [
                  "logs:CreateLogGroup",
                  "logs:CreateLogStream",
                  "logs:PutLogEvents"
                ],
                "condition": [],
                "effect": "Allow",
                "not_actions": [],
                "not_principals": [],
                "not_resources": [],
                "principals": [],
                "resources": [
                  "arn:aws:logs:eu-central-1:730335546141:log-group:/aws/lambda/dev-lpnu-kostetskyi-get-all-authors:*",
                  "arn:aws:logs:eu-central-1:730335546141:log-group:/aws/lambda/dev-lpnu-kostetskyi-get-all-authors:*:*"
                ],
                "sid": ""
              }
            ],
            "version": "2012-10-17"
          },
          "sensitive_attributes": []
        }
      ]
    },
    {
      "module": "module.lambdas.module.lambda_function_get_all_authors",
      "mode": "data",
      "type": "aws_partition",
      "name": "current",
      "provider": "provider[\"registry.terraform.io/hashicorp/aws\"]",
      "instances": [
        {
          "schema_version": 0,
          "attributes": {
            "dns_suffix": "amazonaws.com",
            "id": "aws",
            "partition": "aws",
            "reverse_dns_prefix": "com.amazonaws"
          },
          "sensitive_attributes": []
        }
      ]
    },
    {
      "module": "module.lambdas.module.lambda_function_get_all_authors",
      "mode": "data",
      "type": "aws_region",
      "name": "current",
      "provider": "provider[\"registry.terraform.io/hashicorp/aws\"]",
      "instances": [
        {
          "schema_version": 0,
          "attributes": {
            "description": "Europe (Frankfurt)",
            "endpoint": "ec2.eu-central-1.amazonaws.com",
            "id": "eu-central-1",
            "name": "eu-central-1"
          },
          "sensitive_attributes": []
        }
      ]
    },
    {
      "module": "module.lambdas.module.lambda_function_get_all_authors",
      "mode": "data",
      "type": "external",
      "name": "archive_prepare",
      "provider": "provider[\"registry.terraform.io/hashicorp/external\"]",
      "instances": [
        {
          "index_key": 0,
          "schema_version": 0,
          "attributes": {
            "id": "-",
            "program": [
              "python3",
              ".terraform/modules/lambdas.lambda_function_get_all_authors/package.py",
              "prepare"
            ],
            "query": {
              "artifacts_dir": "builds",
              "docker": null,
              "hash_extra": "",
              "hash_extra_paths": "[]",
              "paths": "{\"cwd\":\"/mnt/c/Users/quantum_brake/WebstormProjects/terraform\",\"module\":\".terraform/modules/lambdas.lambda_function_get_all_authors\",\"root\":\".\"}",
              "recreate_missing_package": "true",
              "runtime": "nodejs16.x",
              "source_path": "\"modules/lambda/src/get_all_authors\""
            },
            "result": {
              "build_plan": "{\"filename\": \"builds/5517475d315c19cbc47b1f8bbdbfd151afe3e71c07305edb8e56692b6ebd926f.zip\", \"runtime\": \"nodejs16.x\", \"artifacts_dir\": \"builds\", \"build_plan\": [[\"zip\", \"modules/lambda/src/get_all_authors\", null]]}",
              "build_plan_filename": "builds/5517475d315c19cbc47b1f8bbdbfd151afe3e71c07305edb8e56692b6ebd926f.plan.json",
              "filename": "builds/5517475d315c19cbc47b1f8bbdbfd151afe3e71c07305edb8e56692b6ebd926f.zip",
              "timestamp": "1711469233000000000",
              "was_missing": "false"
            },
            "working_dir": null
          },
          "sensitive_attributes": []
        }
      ]
    },
    {
      "module": "module.lambdas.module.lambda_function_get_all_authors",
      "mode": "managed",
      "type": "aws_cloudwatch_log_group",
      "name": "lambda",
      "provider": "provider[\"registry.terraform.io/hashicorp/aws\"]",
      "instances": [
        {
          "index_key": 0,
          "schema_version": 0,
          "attributes": {
            "arn": "arn:aws:logs:eu-central-1:730335546141:log-group:/aws/lambda/dev-lpnu-kostetskyi-get-all-authors",
            "id": "/aws/lambda/dev-lpnu-kostetskyi-get-all-authors",
            "kms_key_id": "",
            "log_group_class": "STANDARD",
            "name": "/aws/lambda/dev-lpnu-kostetskyi-get-all-authors",
            "name_prefix": "",
            "retention_in_days": 0,
            "skip_destroy": false,
            "tags": {
              "Environment": "kostetskyi",
              "Name": "dev-lpnu-kostetskyi-get-all-authors",
              "Namespace": "lpnu",
              "Stage": "dev"
            },
            "tags_all": {
              "Environment": "kostetskyi",
              "Name": "dev-lpnu-kostetskyi-get-all-authors",
              "Namespace": "lpnu",
              "Stage": "dev"
            }
          },
          "sensitive_attributes": [],
          "private": "bnVsbA=="
        }
      ]
    },
    {
      "module": "module.lambdas.module.lambda_function_get_all_authors",
      "mode": "managed",
      "type": "aws_iam_policy",
      "name": "logs",
      "provider": "provider[\"registry.terraform.io/hashicorp/aws\"]",
      "instances": [
        {
          "index_key": 0,
          "schema_version": 0,
          "attributes": {
            "arn": "arn:aws:iam::730335546141:policy/dev-lpnu-kostetskyi-get-all-authors-logs",
            "description": "",
            "id": "arn:aws:iam::730335546141:policy/dev-lpnu-kostetskyi-get-all-authors-logs",
            "name": "dev-lpnu-kostetskyi-get-all-authors-logs",
            "name_prefix": "",
            "path": "/",
            "policy": "{\"Statement\":[{\"Action\":[\"logs:PutLogEvents\",\"logs:CreateLogStream\",\"logs:CreateLogGroup\"],\"Effect\":\"Allow\",\"Resource\":[\"arn:aws:logs:eu-central-1:730335546141:log-group:/aws/lambda/dev-lpnu-kostetskyi-get-all-authors:*:*\",\"arn:aws:logs:eu-central-1:730335546141:log-group:/aws/lambda/dev-lpnu-kostetskyi-get-all-authors:*\"]}],\"Version\":\"2012-10-17\"}",
            "policy_id": "ANPA2UC3EBMORREB4D3XX",
            "tags": {
              "Environment": "kostetskyi",
              "Name": "dev-lpnu-kostetskyi-get-all-authors",
              "Namespace": "lpnu",
              "Stage": "dev"
            },
            "tags_all": {
              "Environment": "kostetskyi",
              "Name": "dev-lpnu-kostetskyi-get-all-authors",
              "Namespace": "lpnu",
              "Stage": "dev"
            }
          },
          "sensitive_attributes": [],
          "private": "bnVsbA==",
          "dependencies": [
            "module.lambdas.module.lambda_function_get_all_authors.aws_cloudwatch_log_group.lambda",
            "module.lambdas.module.lambda_function_get_all_authors.data.aws_arn.log_group_arn",
            "module.lambdas.module.lambda_function_get_all_authors.data.aws_cloudwatch_log_group.lambda",
            "module.lambdas.module.lambda_function_get_all_authors.data.aws_iam_policy_document.logs"
          ]
        }
      ]
    },
    {
      "module": "module.lambdas.module.lambda_function_get_all_authors",
      "mode": "managed",
      "type": "aws_iam_role",
      "name": "lambda",
      "provider": "provider[\"registry.terraform.io/hashicorp/aws\"]",
      "instances": [
        {
          "index_key": 0,
          "schema_version": 0,
          "attributes": {
            "arn": "arn:aws:iam::730335546141:role/dev-lpnu-kostetskyi-get-all-authors",
            "assume_role_policy": "{\"Statement\":[{\"Action\":\"sts:AssumeRole\",\"Effect\":\"Allow\",\"Principal\":{\"Service\":\"lambda.amazonaws.com\"}}],\"Version\":\"2012-10-17\"}",
            "create_date": "2024-03-26T16:47:08Z",
            "description": "",
            "force_detach_policies": true,
            "id": "dev-lpnu-kostetskyi-get-all-authors",
            "inline_policy": [],
            "managed_policy_arns": [
              "arn:aws:iam::730335546141:policy/dev-lpnu-kostetskyi-get-all-authors-logs",
              "arn:aws:iam::aws:policy/AmazonDynamoDBFullAccess"
            ],
            "max_session_duration": 3600,
            "name": "dev-lpnu-kostetskyi-get-all-authors",
            "name_prefix": "",
            "path": "/",
            "permissions_boundary": "",
            "tags": {
              "Environment": "kostetskyi",
              "Name": "dev-lpnu-kostetskyi-get-all-authors",
              "Namespace": "lpnu",
              "Stage": "dev"
            },
            "tags_all": {
              "Environment": "kostetskyi",
              "Name": "dev-lpnu-kostetskyi-get-all-authors",
              "Namespace": "lpnu",
              "Stage": "dev"
            },
            "unique_id": "AROA2UC3EBMO26XKTCZVC"
          },
          "sensitive_attributes": [],
          "private": "bnVsbA==",
          "dependencies": [
            "module.lambdas.module.lambda_function_get_all_authors.data.aws_iam_policy_document.assume_role"
          ]
        }
      ]
    },
    {
      "module": "module.lambdas.module.lambda_function_get_all_authors",
      "mode": "managed",
      "type": "aws_iam_role_policy_attachment",
      "name": "logs",
      "provider": "provider[\"registry.terraform.io/hashicorp/aws\"]",
      "instances": [
        {
          "index_key": 0,
          "schema_version": 0,
          "attributes": {
            "id": "dev-lpnu-kostetskyi-get-all-authors-20240326164709226700000001",
            "policy_arn": "arn:aws:iam::730335546141:policy/dev-lpnu-kostetskyi-get-all-authors-logs",
            "role": "dev-lpnu-kostetskyi-get-all-authors"
          },
          "sensitive_attributes": [],
          "private": "bnVsbA==",
          "dependencies": [
            "module.lambdas.module.lambda_function_get_all_authors.aws_cloudwatch_log_group.lambda",
            "module.lambdas.module.lambda_function_get_all_authors.aws_iam_policy.logs",
            "module.lambdas.module.lambda_function_get_all_authors.aws_iam_role.lambda",
            "module.lambdas.module.lambda_function_get_all_authors.data.aws_arn.log_group_arn",
            "module.lambdas.module.lambda_function_get_all_authors.data.aws_cloudwatch_log_group.lambda",
            "module.lambdas.module.lambda_function_get_all_authors.data.aws_iam_policy_document.assume_role",
            "module.lambdas.module.lambda_function_get_all_authors.data.aws_iam_policy_document.logs"
          ]
        }
      ]
    },
    {
      "module": "module.lambdas.module.lambda_function_get_all_authors",
      "mode": "managed",
      "type": "aws_lambda_function",
      "name": "this",
      "provider": "provider[\"registry.terraform.io/hashicorp/aws\"]",
      "instances": [
        {
          "index_key": 0,
          "schema_version": 0,
          "attributes": {
            "architectures": [
              "x86_64"
            ],
            "arn": "arn:aws:lambda:eu-central-1:730335546141:function:dev-lpnu-kostetskyi-get-all-authors",
            "code_signing_config_arn": "",
            "dead_letter_config": [],
            "description": "My awesome lambda function",
            "environment": [
              {
                "variables": {
                  "TABLE_NAME": "dev-lpnu-kostetskyi-authors"
                }
              }
            ],
            "ephemeral_storage": [
              {
                "size": 512
              }
            ],
            "file_system_config": [],
            "filename": "builds/5517475d315c19cbc47b1f8bbdbfd151afe3e71c07305edb8e56692b6ebd926f.zip",
            "function_name": "dev-lpnu-kostetskyi-get-all-authors",
            "handler": "index.handler",
            "id": "dev-lpnu-kostetskyi-get-all-authors",
            "image_config": [],
            "image_uri": "",
            "invoke_arn": "arn:aws:apigateway:eu-central-1:lambda:path/2015-03-31/functions/arn:aws:lambda:eu-central-1:730335546141:function:dev-lpnu-kostetskyi-get-all-authors/invocations",
            "kms_key_arn": "",
            "last_modified": "2024-03-26T17:00:57.515+0000",
            "layers": [],
            "logging_config": [
              {
                "application_log_level": "",
                "log_format": "Text",
                "log_group": "/aws/lambda/dev-lpnu-kostetskyi-get-all-authors",
                "system_log_level": ""
              }
            ],
            "memory_size": 128,
            "package_type": "Zip",
            "publish": false,
            "qualified_arn": "arn:aws:lambda:eu-central-1:730335546141:function:dev-lpnu-kostetskyi-get-all-authors:$LATEST",
            "qualified_invoke_arn": "arn:aws:apigateway:eu-central-1:lambda:path/2015-03-31/functions/arn:aws:lambda:eu-central-1:730335546141:function:dev-lpnu-kostetskyi-get-all-authors:$LATEST/invocations",
            "replace_security_groups_on_destroy": null,
            "replacement_security_group_ids": null,
            "reserved_concurrent_executions": -1,
            "role": "arn:aws:iam::730335546141:role/dev-lpnu-kostetskyi-get-all-authors",
            "runtime": "nodejs16.x",
            "s3_bucket": null,
            "s3_key": null,
            "s3_object_version": null,
            "signing_job_arn": "",
            "signing_profile_version_arn": "",
            "skip_destroy": false,
            "snap_start": [],
            "source_code_hash": "hyqRu5Zl+m6hvoTBxX3qnLfXW76EYXC6Oqz9XnGr8LE=",
            "source_code_size": 380,
            "tags": {
              "Environment": "kostetskyi",
              "Name": "dev-lpnu-kostetskyi-get-all-authors",
              "Namespace": "lpnu",
              "Stage": "dev"
            },
            "tags_all": {
              "Environment": "kostetskyi",
              "Name": "dev-lpnu-kostetskyi-get-all-authors",
              "Namespace": "lpnu",
              "Stage": "dev"
            },
            "timeout": 3,
            "timeouts": null,
            "tracing_config": [
              {
                "mode": "PassThrough"
              }
            ],
            "version": "$LATEST",
            "vpc_config": []
          },
          "sensitive_attributes": [],
          "private": "eyJlMmJmYjczMC1lY2FhLTExZTYtOGY4OC0zNDM2M2JjN2M0YzAiOnsiY3JlYXRlIjo2MDAwMDAwMDAwMDAsImRlbGV0ZSI6NjAwMDAwMDAwMDAwLCJ1cGRhdGUiOjYwMDAwMDAwMDAwMH19",
          "dependencies": [
            "module.lambdas.module.lambda_function_get_all_authors.aws_cloudwatch_log_group.lambda",
            "module.lambdas.module.lambda_function_get_all_authors.aws_iam_policy.additional_inline",
            "module.lambdas.module.lambda_function_get_all_authors.aws_iam_policy.additional_json",
            "module.lambdas.module.lambda_function_get_all_authors.aws_iam_policy.additional_jsons",
            "module.lambdas.module.lambda_function_get_all_authors.aws_iam_policy.async",
            "module.lambdas.module.lambda_function_get_all_authors.aws_iam_policy.dead_letter",
            "module.lambdas.module.lambda_function_get_all_authors.aws_iam_policy.logs",
            "module.lambdas.module.lambda_function_get_all_authors.aws_iam_policy.tracing",
            "module.lambdas.module.lambda_function_get_all_authors.aws_iam_policy.vpc",
            "module.lambdas.module.lambda_function_get_all_authors.aws_iam_role.lambda",
            "module.lambdas.module.lambda_function_get_all_authors.aws_iam_role_policy_attachment.additional_inline",
            "module.lambdas.module.lambda_function_get_all_authors.aws_iam_role_policy_attachment.additional_json",
            "module.lambdas.module.lambda_function_get_all_authors.aws_iam_role_policy_attachment.additional_jsons",
            "module.lambdas.module.lambda_function_get_all_authors.aws_iam_role_policy_attachment.additional_many",
            "module.lambdas.module.lambda_function_get_all_authors.aws_iam_role_policy_attachment.additional_one",
            "module.lambdas.module.lambda_function_get_all_authors.aws_iam_role_policy_attachment.async",
            "module.lambdas.module.lambda_function_get_all_authors.aws_iam_role_policy_attachment.dead_letter",
            "module.lambdas.module.lambda_function_get_all_authors.aws_iam_role_policy_attachment.logs",
            "module.lambdas.module.lambda_function_get_all_authors.aws_iam_role_policy_attachment.tracing",
            "module.lambdas.module.lambda_function_get_all_authors.aws_iam_role_policy_attachment.vpc",
            "module.lambdas.module.lambda_function_get_all_authors.aws_s3_object.lambda_package",
            "module.lambdas.module.lambda_function_get_all_authors.data.aws_arn.log_group_arn",
            "module.lambdas.module.lambda_function_get_all_authors.data.aws_cloudwatch_log_group.lambda",
            "module.lambdas.module.lambda_function_get_all_authors.data.aws_iam_policy.tracing",
            "module.lambdas.module.lambda_function_get_all_authors.data.aws_iam_policy.vpc",
            "module.lambdas.module.lambda_function_get_all_authors.data.aws_iam_policy_document.additional_inline",
            "module.lambdas.module.lambda_function_get_all_authors.data.aws_iam_policy_document.assume_role",
            "module.lambdas.module.lambda_function_get_all_authors.data.aws_iam_policy_document.async",
            "module.lambdas.module.lambda_function_get_all_authors.data.aws_iam_policy_document.dead_letter",
            "module.lambdas.module.lambda_function_get_all_authors.data.aws_iam_policy_document.logs",
            "module.lambdas.module.lambda_function_get_all_authors.data.aws_partition.current",
            "module.lambdas.module.lambda_function_get_all_authors.data.external.archive_prepare",
            "module.lambdas.module.lambda_function_get_all_authors.local_file.archive_plan",
            "module.lambdas.module.lambda_function_get_all_authors.null_resource.archive",
            "module.table_authors.aws_dynamodb_table.this"
          ]
        }
      ]
    },
    {
      "module": "module.lambdas.module.lambda_function_get_all_authors",
      "mode": "managed",
      "type": "local_file",
      "name": "archive_plan",
      "provider": "provider[\"registry.terraform.io/hashicorp/local\"]",
      "instances": [
        {
          "index_key": 0,
          "schema_version": 0,
          "attributes": {
            "content": "{\"filename\": \"builds/5517475d315c19cbc47b1f8bbdbfd151afe3e71c07305edb8e56692b6ebd926f.zip\", \"runtime\": \"nodejs16.x\", \"artifacts_dir\": \"builds\", \"build_plan\": [[\"zip\", \"modules/lambda/src/get_all_authors\", null]]}",
            "content_base64": null,
            "content_base64sha256": "fLVgyQX/B1KVq2ak9yLhXSRdGvbD8tkwxAIZytii/NQ=",
            "content_base64sha512": "FTlkE/ddzB0CM2WD/PbZMQzLXDdxitd0FJJfOxv+vw41WIw2qneQjyN+D1xCwyI5XqWi1gII8sBYUfxK/+4Jiw==",
            "content_md5": "c10e52a6800a38a18170116990944f0c",
            "content_sha1": "bf50d6f8949d001d5e3244b2038991110a41bb2e",
            "content_sha256": "7cb560c905ff075295ab66a4f722e15d245d1af6c3f2d930c40219cad8a2fcd4",
            "content_sha512": "15396413f75dcc1d02336583fcf6d9310ccb5c37718ad77414925f3b1bfebf0e35588c36aa77908f237e0f5c42c322395ea5a2d60208f2c05851fc4affee098b",
            "directory_permission": "0755",
            "file_permission": "0644",
            "filename": "builds/5517475d315c19cbc47b1f8bbdbfd151afe3e71c07305edb8e56692b6ebd926f.plan.json",
            "id": "bf50d6f8949d001d5e3244b2038991110a41bb2e",
            "sensitive_content": null,
            "source": null
          },
          "sensitive_attributes": [],
          "dependencies": [
            "module.lambdas.module.lambda_function_get_all_authors.data.external.archive_prepare"
          ]
        }
      ]
    },
    {
      "module": "module.lambdas.module.lambda_function_get_all_authors",
      "mode": "managed",
      "type": "null_resource",
      "name": "archive",
      "provider": "provider[\"registry.terraform.io/hashicorp/null\"]",
      "instances": [
        {
          "index_key": 0,
          "schema_version": 0,
          "attributes": {
            "id": "5219868904578300435",
            "triggers": {
              "filename": "builds/5517475d315c19cbc47b1f8bbdbfd151afe3e71c07305edb8e56692b6ebd926f.zip",
              "timestamp": "1711469233000000000"
            }
          },
          "sensitive_attributes": [],
          "dependencies": [
            "module.lambdas.module.lambda_function_get_all_authors.data.external.archive_prepare",
            "module.lambdas.module.lambda_function_get_all_authors.local_file.archive_plan"
          ]
        }
      ]
    },
    {
      "module": "module.lambdas.module.lambda_function_get_all_courses",
      "mode": "data",
      "type": "aws_caller_identity",
      "name": "current",
      "provider": "provider[\"registry.terraform.io/hashicorp/aws\"]",
      "instances": [
        {
          "schema_version": 0,
          "attributes": {
            "account_id": "730335546141",
            "arn": "arn:aws:iam::730335546141:user/terraform",
            "id": "730335546141",
            "user_id": "AIDA2UC3EBMOVSJN7GVRK"
          },
          "sensitive_attributes": []
        }
      ]
    },
    {
      "module": "module.lambdas.module.lambda_function_get_all_courses",
      "mode": "data",
      "type": "aws_iam_policy_document",
      "name": "assume_role",
      "provider": "provider[\"registry.terraform.io/hashicorp/aws\"]",
      "instances": [
        {
          "index_key": 0,
          "schema_version": 0,
          "attributes": {
            "id": "2690255455",
            "json": "{\n  \"Version\": \"2012-10-17\",\n  \"Statement\": [\n    {\n      \"Effect\": \"Allow\",\n      \"Action\": \"sts:AssumeRole\",\n      \"Principal\": {\n        \"Service\": \"lambda.amazonaws.com\"\n      }\n    }\n  ]\n}",
            "override_policy_documents": null,
            "policy_id": null,
            "source_policy_documents": null,
            "statement": [
              {
                "actions": [
                  "sts:AssumeRole"
                ],
                "condition": [],
                "effect": "Allow",
                "not_actions": [],
                "not_principals": [],
                "not_resources": [],
                "principals": [
                  {
                    "identifiers": [
                      "lambda.amazonaws.com"
                    ],
                    "type": "Service"
                  }
                ],
                "resources": [],
                "sid": ""
              }
            ],
            "version": "2012-10-17"
          },
          "sensitive_attributes": []
        }
      ]
    },
    {
      "module": "module.lambdas.module.lambda_function_get_all_courses",
      "mode": "data",
      "type": "aws_iam_policy_document",
      "name": "logs",
      "provider": "provider[\"registry.terraform.io/hashicorp/aws\"]",
      "instances": [
        {
          "index_key": 0,
          "schema_version": 0,
          "attributes": {
            "id": "3615611449",
            "json": "{\n  \"Version\": \"2012-10-17\",\n  \"Statement\": [\n    {\n      \"Effect\": \"Allow\",\n      \"Action\": [\n        \"logs:PutLogEvents\",\n        \"logs:CreateLogStream\",\n        \"logs:CreateLogGroup\"\n      ],\n      \"Resource\": [\n        \"arn:aws:logs:eu-central-1:730335546141:log-group:/aws/lambda/dev-lpnu-kostetskyi-get-all-courses:*:*\",\n        \"arn:aws:logs:eu-central-1:730335546141:log-group:/aws/lambda/dev-lpnu-kostetskyi-get-all-courses:*\"\n      ]\n    }\n  ]\n}",
            "override_policy_documents": null,
            "policy_id": null,
            "source_policy_documents": null,
            "statement": [
              {
                "actions": [
                  "logs:CreateLogGroup",
                  "logs:CreateLogStream",
                  "logs:PutLogEvents"
                ],
                "condition": [],
                "effect": "Allow",
                "not_actions": [],
                "not_principals": [],
                "not_resources": [],
                "principals": [],
                "resources": [
                  "arn:aws:logs:eu-central-1:730335546141:log-group:/aws/lambda/dev-lpnu-kostetskyi-get-all-courses:*",
                  "arn:aws:logs:eu-central-1:730335546141:log-group:/aws/lambda/dev-lpnu-kostetskyi-get-all-courses:*:*"
                ],
                "sid": ""
              }
            ],
            "version": "2012-10-17"
          },
          "sensitive_attributes": []
        }
      ]
    },
    {
      "module": "module.lambdas.module.lambda_function_get_all_courses",
      "mode": "data",
      "type": "aws_partition",
      "name": "current",
      "provider": "provider[\"registry.terraform.io/hashicorp/aws\"]",
      "instances": [
        {
          "schema_version": 0,
          "attributes": {
            "dns_suffix": "amazonaws.com",
            "id": "aws",
            "partition": "aws",
            "reverse_dns_prefix": "com.amazonaws"
          },
          "sensitive_attributes": []
        }
      ]
    },
    {
      "module": "module.lambdas.module.lambda_function_get_all_courses",
      "mode": "data",
      "type": "aws_region",
      "name": "current",
      "provider": "provider[\"registry.terraform.io/hashicorp/aws\"]",
      "instances": [
        {
          "schema_version": 0,
          "attributes": {
            "description": "Europe (Frankfurt)",
            "endpoint": "ec2.eu-central-1.amazonaws.com",
            "id": "eu-central-1",
            "name": "eu-central-1"
          },
          "sensitive_attributes": []
        }
      ]
    },
    {
      "module": "module.lambdas.module.lambda_function_get_all_courses",
      "mode": "data",
      "type": "external",
      "name": "archive_prepare",
      "provider": "provider[\"registry.terraform.io/hashicorp/external\"]",
      "instances": [
        {
          "index_key": 0,
          "schema_version": 0,
          "attributes": {
            "id": "-",
            "program": [
              "python3",
              ".terraform/modules/lambdas.lambda_function_get_all_courses/package.py",
              "prepare"
            ],
            "query": {
              "artifacts_dir": "builds",
              "docker": null,
              "hash_extra": "",
              "hash_extra_paths": "[]",
              "paths": "{\"cwd\":\"/mnt/c/Users/quantum_brake/WebstormProjects/terraform\",\"module\":\".terraform/modules/lambdas.lambda_function_get_all_courses\",\"root\":\".\"}",
              "recreate_missing_package": "true",
              "runtime": "nodejs16.x",
              "source_path": "\"modules/lambda/src/get_all_courses\""
            },
            "result": {
              "build_plan": "{\"filename\": \"builds/60ec8ba7a60bffeab80b71282354ae95c41f51329b97108ae08441bdec8d0264.zip\", \"runtime\": \"nodejs16.x\", \"artifacts_dir\": \"builds\", \"build_plan\": [[\"zip\", \"modules/lambda/src/get_all_courses\", null]]}",
              "build_plan_filename": "builds/60ec8ba7a60bffeab80b71282354ae95c41f51329b97108ae08441bdec8d0264.plan.json",
              "filename": "builds/60ec8ba7a60bffeab80b71282354ae95c41f51329b97108ae08441bdec8d0264.zip",
              "timestamp": "1711473561965096000",
              "was_missing": "true"
            },
            "working_dir": null
          },
          "sensitive_attributes": []
        }
      ]
    },
    {
      "module": "module.lambdas.module.lambda_function_get_all_courses",
      "mode": "managed",
      "type": "aws_cloudwatch_log_group",
      "name": "lambda",
      "provider": "provider[\"registry.terraform.io/hashicorp/aws\"]",
      "instances": [
        {
          "index_key": 0,
          "schema_version": 0,
          "attributes": {
            "arn": "arn:aws:logs:eu-central-1:730335546141:log-group:/aws/lambda/dev-lpnu-kostetskyi-get-all-courses",
            "id": "/aws/lambda/dev-lpnu-kostetskyi-get-all-courses",
            "kms_key_id": "",
            "log_group_class": "STANDARD",
            "name": "/aws/lambda/dev-lpnu-kostetskyi-get-all-courses",
            "name_prefix": "",
            "retention_in_days": 0,
            "skip_destroy": false,
            "tags": {
              "Environment": "kostetskyi",
              "Name": "dev-lpnu-kostetskyi-get-all-courses",
              "Namespace": "lpnu",
              "Stage": "dev"
            },
            "tags_all": {
              "Environment": "kostetskyi",
              "Name": "dev-lpnu-kostetskyi-get-all-courses",
              "Namespace": "lpnu",
              "Stage": "dev"
            }
          },
          "sensitive_attributes": [],
          "private": "bnVsbA=="
        }
      ]
    },
    {
      "module": "module.lambdas.module.lambda_function_get_all_courses",
      "mode": "managed",
      "type": "aws_iam_policy",
      "name": "logs",
      "provider": "provider[\"registry.terraform.io/hashicorp/aws\"]",
      "instances": [
        {
          "index_key": 0,
          "schema_version": 0,
          "attributes": {
            "arn": "arn:aws:iam::730335546141:policy/dev-lpnu-kostetskyi-get-all-courses-logs",
            "description": "",
            "id": "arn:aws:iam::730335546141:policy/dev-lpnu-kostetskyi-get-all-courses-logs",
            "name": "dev-lpnu-kostetskyi-get-all-courses-logs",
            "name_prefix": "",
            "path": "/",
            "policy": "{\"Statement\":[{\"Action\":[\"logs:PutLogEvents\",\"logs:CreateLogStream\",\"logs:CreateLogGroup\"],\"Effect\":\"Allow\",\"Resource\":[\"arn:aws:logs:eu-central-1:730335546141:log-group:/aws/lambda/dev-lpnu-kostetskyi-get-all-courses:*:*\",\"arn:aws:logs:eu-central-1:730335546141:log-group:/aws/lambda/dev-lpnu-kostetskyi-get-all-courses:*\"]}],\"Version\":\"2012-10-17\"}",
            "policy_id": "ANPA2UC3EBMO6I7CKGJMG",
            "tags": {
              "Environment": "kostetskyi",
              "Name": "dev-lpnu-kostetskyi-get-all-courses",
              "Namespace": "lpnu",
              "Stage": "dev"
            },
            "tags_all": {
              "Environment": "kostetskyi",
              "Name": "dev-lpnu-kostetskyi-get-all-courses",
              "Namespace": "lpnu",
              "Stage": "dev"
            }
          },
          "sensitive_attributes": [],
          "private": "bnVsbA==",
          "dependencies": [
            "module.lambdas.module.lambda_function_get_all_courses.aws_cloudwatch_log_group.lambda",
            "module.lambdas.module.lambda_function_get_all_courses.data.aws_arn.log_group_arn",
            "module.lambdas.module.lambda_function_get_all_courses.data.aws_cloudwatch_log_group.lambda",
            "module.lambdas.module.lambda_function_get_all_courses.data.aws_iam_policy_document.logs"
          ]
        }
      ]
    },
    {
      "module": "module.lambdas.module.lambda_function_get_all_courses",
      "mode": "managed",
      "type": "aws_iam_role",
      "name": "lambda",
      "provider": "provider[\"registry.terraform.io/hashicorp/aws\"]",
      "instances": [
        {
          "index_key": 0,
          "schema_version": 0,
          "attributes": {
            "arn": "arn:aws:iam::730335546141:role/dev-lpnu-kostetskyi-get-all-courses",
            "assume_role_policy": "{\"Statement\":[{\"Action\":\"sts:AssumeRole\",\"Effect\":\"Allow\",\"Principal\":{\"Service\":\"lambda.amazonaws.com\"}}],\"Version\":\"2012-10-17\"}",
            "create_date": "2024-03-26T16:47:08Z",
            "description": "",
            "force_detach_policies": true,
            "id": "dev-lpnu-kostetskyi-get-all-courses",
            "inline_policy": [],
            "managed_policy_arns": [
              "arn:aws:iam::730335546141:policy/dev-lpnu-kostetskyi-get-all-courses-logs",
              "arn:aws:iam::aws:policy/AmazonDynamoDBFullAccess"
            ],
            "max_session_duration": 3600,
            "name": "dev-lpnu-kostetskyi-get-all-courses",
            "name_prefix": "",
            "path": "/",
            "permissions_boundary": "",
            "tags": {
              "Environment": "kostetskyi",
              "Name": "dev-lpnu-kostetskyi-get-all-courses",
              "Namespace": "lpnu",
              "Stage": "dev"
            },
            "tags_all": {
              "Environment": "kostetskyi",
              "Name": "dev-lpnu-kostetskyi-get-all-courses",
              "Namespace": "lpnu",
              "Stage": "dev"
            },
            "unique_id": "AROA2UC3EBMO3HQD6UR5J"
          },
          "sensitive_attributes": [],
          "private": "bnVsbA==",
          "dependencies": [
            "module.lambdas.module.lambda_function_get_all_courses.data.aws_iam_policy_document.assume_role"
          ]
        }
      ]
    },
    {
      "module": "module.lambdas.module.lambda_function_get_all_courses",
      "mode": "managed",
      "type": "aws_iam_role_policy_attachment",
      "name": "logs",
      "provider": "provider[\"registry.terraform.io/hashicorp/aws\"]",
      "instances": [
        {
          "index_key": 0,
          "schema_version": 0,
          "attributes": {
            "id": "dev-lpnu-kostetskyi-get-all-courses-20240326164709321500000002",
            "policy_arn": "arn:aws:iam::730335546141:policy/dev-lpnu-kostetskyi-get-all-courses-logs",
            "role": "dev-lpnu-kostetskyi-get-all-courses"
          },
          "sensitive_attributes": [],
          "private": "bnVsbA==",
          "dependencies": [
            "module.lambdas.module.lambda_function_get_all_courses.aws_cloudwatch_log_group.lambda",
            "module.lambdas.module.lambda_function_get_all_courses.aws_iam_policy.logs",
            "module.lambdas.module.lambda_function_get_all_courses.aws_iam_role.lambda",
            "module.lambdas.module.lambda_function_get_all_courses.data.aws_arn.log_group_arn",
            "module.lambdas.module.lambda_function_get_all_courses.data.aws_cloudwatch_log_group.lambda",
            "module.lambdas.module.lambda_function_get_all_courses.data.aws_iam_policy_document.assume_role",
            "module.lambdas.module.lambda_function_get_all_courses.data.aws_iam_policy_document.logs"
          ]
        }
      ]
    },
    {
      "module": "module.lambdas.module.lambda_function_get_all_courses",
      "mode": "managed",
      "type": "aws_lambda_function",
      "name": "this",
      "provider": "provider[\"registry.terraform.io/hashicorp/aws\"]",
      "instances": [
        {
          "index_key": 0,
          "schema_version": 0,
          "attributes": {
            "architectures": [
              "x86_64"
            ],
            "arn": "arn:aws:lambda:eu-central-1:730335546141:function:dev-lpnu-kostetskyi-get-all-courses",
            "code_signing_config_arn": "",
            "dead_letter_config": [],
            "description": "My awesome lambda function",
            "environment": [
              {
                "variables": {
                  "TABLE_NAME": "dev-lpnu-kostetskyi-courses"
                }
              }
            ],
            "ephemeral_storage": [
              {
                "size": 512
              }
            ],
            "file_system_config": [],
            "filename": "builds/60ec8ba7a60bffeab80b71282354ae95c41f51329b97108ae08441bdec8d0264.zip",
            "function_name": "dev-lpnu-kostetskyi-get-all-courses",
            "handler": "index.handler",
            "id": "dev-lpnu-kostetskyi-get-all-courses",
            "image_config": [],
            "image_uri": "",
            "invoke_arn": "arn:aws:apigateway:eu-central-1:lambda:path/2015-03-31/functions/arn:aws:lambda:eu-central-1:730335546141:function:dev-lpnu-kostetskyi-get-all-courses/invocations",
            "kms_key_arn": "",
            "last_modified": "2024-03-26T17:20:02.000+0000",
            "layers": [],
            "logging_config": [
              {
                "application_log_level": "",
                "log_format": "Text",
                "log_group": "/aws/lambda/dev-lpnu-kostetskyi-get-all-courses",
                "system_log_level": ""
              }
            ],
            "memory_size": 128,
            "package_type": "Zip",
            "publish": false,
            "qualified_arn": "arn:aws:lambda:eu-central-1:730335546141:function:dev-lpnu-kostetskyi-get-all-courses:$LATEST",
            "qualified_invoke_arn": "arn:aws:apigateway:eu-central-1:lambda:path/2015-03-31/functions/arn:aws:lambda:eu-central-1:730335546141:function:dev-lpnu-kostetskyi-get-all-courses:$LATEST/invocations",
            "replace_security_groups_on_destroy": null,
            "replacement_security_group_ids": null,
            "reserved_concurrent_executions": -1,
            "role": "arn:aws:iam::730335546141:role/dev-lpnu-kostetskyi-get-all-courses",
            "runtime": "nodejs16.x",
            "s3_bucket": null,
            "s3_key": null,
            "s3_object_version": null,
            "signing_job_arn": "",
            "signing_profile_version_arn": "",
            "skip_destroy": false,
            "snap_start": [],
            "source_code_hash": "uDTWGb+JB+RDO6RqrDwte/5wzjG/EDjOTacO5qi+uP4=",
            "source_code_size": 435,
            "tags": {
              "Environment": "kostetskyi",
              "Name": "dev-lpnu-kostetskyi-get-all-courses",
              "Namespace": "lpnu",
              "Stage": "dev"
            },
            "tags_all": {
              "Environment": "kostetskyi",
              "Name": "dev-lpnu-kostetskyi-get-all-courses",
              "Namespace": "lpnu",
              "Stage": "dev"
            },
            "timeout": 3,
            "timeouts": null,
            "tracing_config": [
              {
                "mode": "PassThrough"
              }
            ],
            "version": "$LATEST",
            "vpc_config": []
          },
          "sensitive_attributes": [],
          "private": "eyJlMmJmYjczMC1lY2FhLTExZTYtOGY4OC0zNDM2M2JjN2M0YzAiOnsiY3JlYXRlIjo2MDAwMDAwMDAwMDAsImRlbGV0ZSI6NjAwMDAwMDAwMDAwLCJ1cGRhdGUiOjYwMDAwMDAwMDAwMH19",
          "dependencies": [
            "module.lambdas.module.lambda_function_get_all_courses.aws_cloudwatch_log_group.lambda",
            "module.lambdas.module.lambda_function_get_all_courses.aws_iam_policy.additional_inline",
            "module.lambdas.module.lambda_function_get_all_courses.aws_iam_policy.additional_json",
            "module.lambdas.module.lambda_function_get_all_courses.aws_iam_policy.additional_jsons",
            "module.lambdas.module.lambda_function_get_all_courses.aws_iam_policy.async",
            "module.lambdas.module.lambda_function_get_all_courses.aws_iam_policy.dead_letter",
            "module.lambdas.module.lambda_function_get_all_courses.aws_iam_policy.logs",
            "module.lambdas.module.lambda_function_get_all_courses.aws_iam_policy.tracing",
            "module.lambdas.module.lambda_function_get_all_courses.aws_iam_policy.vpc",
            "module.lambdas.module.lambda_function_get_all_courses.aws_iam_role.lambda",
            "module.lambdas.module.lambda_function_get_all_courses.aws_iam_role_policy_attachment.additional_inline",
            "module.lambdas.module.lambda_function_get_all_courses.aws_iam_role_policy_attachment.additional_json",
            "module.lambdas.module.lambda_function_get_all_courses.aws_iam_role_policy_attachment.additional_jsons",
            "module.lambdas.module.lambda_function_get_all_courses.aws_iam_role_policy_attachment.additional_many",
            "module.lambdas.module.lambda_function_get_all_courses.aws_iam_role_policy_attachment.additional_one",
            "module.lambdas.module.lambda_function_get_all_courses.aws_iam_role_policy_attachment.async",
            "module.lambdas.module.lambda_function_get_all_courses.aws_iam_role_policy_attachment.dead_letter",
            "module.lambdas.module.lambda_function_get_all_courses.aws_iam_role_policy_attachment.logs",
            "module.lambdas.module.lambda_function_get_all_courses.aws_iam_role_policy_attachment.tracing",
            "module.lambdas.module.lambda_function_get_all_courses.aws_iam_role_policy_attachment.vpc",
            "module.lambdas.module.lambda_function_get_all_courses.aws_s3_object.lambda_package",
            "module.lambdas.module.lambda_function_get_all_courses.data.aws_arn.log_group_arn",
            "module.lambdas.module.lambda_function_get_all_courses.data.aws_cloudwatch_log_group.lambda",
            "module.lambdas.module.lambda_function_get_all_courses.data.aws_iam_policy.tracing",
            "module.lambdas.module.lambda_function_get_all_courses.data.aws_iam_policy.vpc",
            "module.lambdas.module.lambda_function_get_all_courses.data.aws_iam_policy_document.additional_inline",
            "module.lambdas.module.lambda_function_get_all_courses.data.aws_iam_policy_document.assume_role",
            "module.lambdas.module.lambda_function_get_all_courses.data.aws_iam_policy_document.async",
            "module.lambdas.module.lambda_function_get_all_courses.data.aws_iam_policy_document.dead_letter",
            "module.lambdas.module.lambda_function_get_all_courses.data.aws_iam_policy_document.logs",
            "module.lambdas.module.lambda_function_get_all_courses.data.aws_partition.current",
            "module.lambdas.module.lambda_function_get_all_courses.data.external.archive_prepare",
            "module.lambdas.module.lambda_function_get_all_courses.local_file.archive_plan",
            "module.lambdas.module.lambda_function_get_all_courses.null_resource.archive",
            "module.table_courses.aws_dynamodb_table.this"
          ]
        }
      ]
    },
    {
      "module": "module.lambdas.module.lambda_function_get_all_courses",
      "mode": "managed",
      "type": "local_file",
      "name": "archive_plan",
      "provider": "provider[\"registry.terraform.io/hashicorp/local\"]",
      "instances": [
        {
          "index_key": 0,
          "schema_version": 0,
          "attributes": {
            "content": "{\"filename\": \"builds/60ec8ba7a60bffeab80b71282354ae95c41f51329b97108ae08441bdec8d0264.zip\", \"runtime\": \"nodejs16.x\", \"artifacts_dir\": \"builds\", \"build_plan\": [[\"zip\", \"modules/lambda/src/get_all_courses\", null]]}",
            "content_base64": null,
            "content_base64sha256": "6o8fTEVQWCjiwUDZ1i0hsUCFRT8ZzKv+AfMZslnPqR4=",
            "content_base64sha512": "eXgeJCDHevW0N/MJaSfftz7sdaUzpqmrlHfx7pfTtk82sBR6Ax5PmI8jcdUU163sBDGfS2IrLon2J56poLzLRw==",
            "content_md5": "1cfac716b17e80f530c85ca7cc452351",
            "content_sha1": "1840b8f7a0f5cbdfd382844cf88ac564e614047b",
            "content_sha256": "ea8f1f4c45505828e2c140d9d62d21b14085453f19ccabfe01f319b259cfa91e",
            "content_sha512": "79781e2420c77af5b437f3096927dfb73eec75a533a6a9ab9477f1ee97d3b64f36b0147a031e4f988f2371d514d7adec04319f4b622b2e89f6279ea9a0bccb47",
            "directory_permission": "0755",
            "file_permission": "0644",
            "filename": "builds/60ec8ba7a60bffeab80b71282354ae95c41f51329b97108ae08441bdec8d0264.plan.json",
            "id": "1840b8f7a0f5cbdfd382844cf88ac564e614047b",
            "sensitive_content": null,
            "source": null
          },
          "sensitive_attributes": [],
          "dependencies": [
            "module.lambdas.module.lambda_function_get_all_courses.data.external.archive_prepare"
          ]
        }
      ]
    },
    {
      "module": "module.lambdas.module.lambda_function_get_all_courses",
      "mode": "managed",
      "type": "null_resource",
      "name": "archive",
      "provider": "provider[\"registry.terraform.io/hashicorp/null\"]",
      "instances": [
        {
          "index_key": 0,
          "schema_version": 0,
          "attributes": {
            "id": "6045806905310236071",
            "triggers": {
              "filename": "builds/60ec8ba7a60bffeab80b71282354ae95c41f51329b97108ae08441bdec8d0264.zip",
              "timestamp": "1711473561965096000"
            }
          },
          "sensitive_attributes": [],
          "dependencies": [
            "module.lambdas.module.lambda_function_get_all_courses.data.external.archive_prepare",
            "module.lambdas.module.lambda_function_get_all_courses.local_file.archive_plan"
          ]
        }
      ]
    },
    {
      "module": "module.s3",
      "mode": "managed",
      "type": "aws_s3_bucket",
      "name": "this",
      "provider": "provider[\"registry.terraform.io/hashicorp/aws\"]",
      "instances": [
        {
          "schema_version": 0,
          "attributes": {
            "acceleration_status": "",
            "acl": null,
            "arn": "arn:aws:s3:::730335546141-my-tf-test-bucket",
            "bucket": "730335546141-my-tf-test-bucket",
            "bucket_domain_name": "730335546141-my-tf-test-bucket.s3.amazonaws.com",
            "bucket_prefix": "",
            "bucket_regional_domain_name": "730335546141-my-tf-test-bucket.s3.eu-central-1.amazonaws.com",
            "cors_rule": [],
            "force_destroy": false,
            "grant": [
              {
                "id": "4f2410f954b770a3a5660f82e9f3970bbae159b484ab9a60f6b46ddc3df8954f",
                "permissions": [
                  "FULL_CONTROL"
                ],
                "type": "CanonicalUser",
                "uri": ""
              }
            ],
            "hosted_zone_id": "Z21DNDUVLTQW6Q",
            "id": "730335546141-my-tf-test-bucket",
            "lifecycle_rule": [],
            "logging": [],
            "object_lock_configuration": [],
            "object_lock_enabled": false,
            "policy": "",
            "region": "eu-central-1",
            "replication_configuration": [],
            "request_payer": "BucketOwner",
            "server_side_encryption_configuration": [
              {
                "rule": [
                  {
                    "apply_server_side_encryption_by_default": [
                      {
                        "kms_master_key_id": "",
                        "sse_algorithm": "AES256"
                      }
                    ],
                    "bucket_key_enabled": false
                  }
                ]
              }
            ],
            "tags": {
              "Environment": "dev",
              "Name": "forum"
            },
            "tags_all": {
              "Environment": "dev",
              "Name": "forum"
            },
            "timeouts": null,
            "versioning": [
              {
                "enabled": false,
                "mfa_delete": false
              }
            ],
            "website": [],
            "website_domain": null,
            "website_endpoint": null
          },
          "sensitive_attributes": [],
          "private": "eyJlMmJmYjczMC1lY2FhLTExZTYtOGY4OC0zNDM2M2JjN2M0YzAiOnsiY3JlYXRlIjoxMjAwMDAwMDAwMDAwLCJkZWxldGUiOjM2MDAwMDAwMDAwMDAsInJlYWQiOjEyMDAwMDAwMDAwMDAsInVwZGF0ZSI6MTIwMDAwMDAwMDAwMH19",
          "dependencies": [
            "data.aws_caller_identity.current"
          ]
        }
      ]
    },
    {
      "module": "module.table_authors",
      "mode": "managed",
      "type": "aws_dynamodb_table",
      "name": "this",
      "provider": "provider[\"registry.terraform.io/hashicorp/aws\"]",
      "instances": [
        {
          "schema_version": 1,
          "attributes": {
            "arn": "arn:aws:dynamodb:eu-central-1:730335546141:table/dev-lpnu-kostetskyi-authors",
            "attribute": [
              {
                "name": "id",
                "type": "N"
              }
            ],
            "billing_mode": "PROVISIONED",
            "deletion_protection_enabled": false,
            "global_secondary_index": [],
            "hash_key": "id",
            "id": "dev-lpnu-kostetskyi-authors",
            "import_table": [],
            "local_secondary_index": [],
            "name": "dev-lpnu-kostetskyi-authors",
            "point_in_time_recovery": [
              {
                "enabled": false
              }
            ],
            "range_key": null,
            "read_capacity": 20,
            "replica": [],
            "restore_date_time": null,
            "restore_source_name": null,
            "restore_to_latest_time": null,
            "server_side_encryption": [],
            "stream_arn": "",
            "stream_enabled": false,
            "stream_label": "",
            "stream_view_type": "",
            "table_class": "STANDARD",
            "tags": {},
            "tags_all": {},
            "timeouts": null,
            "ttl": [
              {
                "attribute_name": "",
                "enabled": false
              }
            ],
            "write_capacity": 20
          },
          "sensitive_attributes": [],
          "private": "eyJlMmJmYjczMC1lY2FhLTExZTYtOGY4OC0zNDM2M2JjN2M0YzAiOnsiY3JlYXRlIjoxODAwMDAwMDAwMDAwLCJkZWxldGUiOjYwMDAwMDAwMDAwMCwidXBkYXRlIjozNjAwMDAwMDAwMDAwfSwic2NoZW1hX3ZlcnNpb24iOiIxIn0="
        }
      ]
    },
    {
      "module": "module.table_courses",
      "mode": "managed",
      "type": "aws_dynamodb_table",
      "name": "this",
      "provider": "provider[\"registry.terraform.io/hashicorp/aws\"]",
      "instances": [
        {
          "schema_version": 1,
          "attributes": {
            "arn": "arn:aws:dynamodb:eu-central-1:730335546141:table/dev-lpnu-kostetskyi-courses",
            "attribute": [
              {
                "name": "id",
                "type": "N"
              }
            ],
            "billing_mode": "PROVISIONED",
            "deletion_protection_enabled": false,
            "global_secondary_index": [],
            "hash_key": "id",
            "id": "dev-lpnu-kostetskyi-courses",
            "import_table": [],
            "local_secondary_index": [],
            "name": "dev-lpnu-kostetskyi-courses",
            "point_in_time_recovery": [
              {
                "enabled": false
              }
            ],
            "range_key": null,
            "read_capacity": 20,
            "replica": [],
            "restore_date_time": null,
            "restore_source_name": null,
            "restore_to_latest_time": null,
            "server_side_encryption": [],
            "stream_arn": "",
            "stream_enabled": false,
            "stream_label": "",
            "stream_view_type": "",
            "table_class": "STANDARD",
            "tags": {},
            "tags_all": {},
            "timeouts": null,
            "ttl": [
              {
                "attribute_name": "",
                "enabled": false
              }
            ],
            "write_capacity": 20
          },
          "sensitive_attributes": [],
          "private": "eyJlMmJmYjczMC1lY2FhLTExZTYtOGY4OC0zNDM2M2JjN2M0YzAiOnsiY3JlYXRlIjoxODAwMDAwMDAwMDAwLCJkZWxldGUiOjYwMDAwMDAwMDAwMCwidXBkYXRlIjozNjAwMDAwMDAwMDAwfSwic2NoZW1hX3ZlcnNpb24iOiIxIn0="
        }
      ]
    }
  ],
  "check_results": [
    {
      "object_kind": "var",
      "config_addr": "module.table_authors.var.context",
      "status": "pass",
      "objects": [
        {
          "object_addr": "module.table_authors.var.context",
          "status": "pass"
        }
      ]
    },
    {
      "object_kind": "var",
      "config_addr": "module.label_s3.var.label_value_case",
      "status": "unknown",
      "objects": [
        {
          "object_addr": "module.label_s3.var.label_value_case",
          "status": "unknown"
        }
      ]
    },
    {
      "object_kind": "var",
      "config_addr": "module.table_courses.var.label_value_case",
      "status": "unknown",
      "objects": [
        {
          "object_addr": "module.table_courses.var.label_value_case",
          "status": "unknown"
        }
      ]
    },
    {
      "object_kind": "var",
      "config_addr": "module.lambdas.module.label_get_all_authors.var.label_value_case",
      "status": "unknown",
      "objects": [
        {
          "object_addr": "module.lambdas.module.label_get_all_authors.var.label_value_case",
          "status": "unknown"
        }
      ]
    },
    {
      "object_kind": "var",
      "config_addr": "var.context",
      "status": "pass",
      "objects": [
        {
          "object_addr": "var.context",
          "status": "pass"
        }
      ]
    },
    {
      "object_kind": "var",
      "config_addr": "module.lambdas.var.id_length_limit",
      "status": "unknown",
      "objects": [
        {
          "object_addr": "module.lambdas.var.id_length_limit",
          "status": "unknown"
        }
      ]
    },
    {
      "object_kind": "var",
      "config_addr": "module.lambdas.module.label_get_all_authors.var.label_key_case",
      "status": "unknown",
      "objects": [
        {
          "object_addr": "module.lambdas.module.label_get_all_authors.var.label_key_case",
          "status": "unknown"
        }
      ]
    },
    {
      "object_kind": "var",
      "config_addr": "module.lambdas.var.context",
      "status": "pass",
      "objects": [
        {
          "object_addr": "module.lambdas.var.context",
          "status": "pass"
        }
      ]
    },
    {
      "object_kind": "var",
      "config_addr": "module.table_authors.var.label_value_case",
      "status": "unknown",
      "objects": [
        {
          "object_addr": "module.table_authors.var.label_value_case",
          "status": "unknown"
        }
      ]
    },
    {
      "object_kind": "var",
      "config_addr": "module.lambdas.module.label_get_all_courses.var.context",
      "status": "pass",
      "objects": [
        {
          "object_addr": "module.lambdas.module.label_get_all_courses.var.context",
          "status": "pass"
        }
      ]
    },
    {
      "object_kind": "var",
      "config_addr": "module.lambdas.module.label.var.context",
      "status": "pass",
      "objects": [
        {
          "object_addr": "module.lambdas.module.label.var.context",
          "status": "pass"
        }
      ]
    },
    {
      "object_kind": "var",
      "config_addr": "module.table_courses.module.label.var.context",
      "status": "pass",
      "objects": [
        {
          "object_addr": "module.table_courses.module.label.var.context",
          "status": "pass"
        }
      ]
    },
    {
      "object_kind": "var",
      "config_addr": "module.table_authors.var.id_length_limit",
      "status": "unknown",
      "objects": [
        {
          "object_addr": "module.table_authors.var.id_length_limit",
          "status": "unknown"
        }
      ]
    },
    {
      "object_kind": "var",
      "config_addr": "module.label.var.id_length_limit",
      "status": "pass",
      "objects": [
        {
          "object_addr": "module.label.var.id_length_limit",
          "status": "pass"
        }
      ]
    },
    {
      "object_kind": "var",
      "config_addr": "module.table_authors.module.label.var.label_key_case",
      "status": "pass",
      "objects": [
        {
          "object_addr": "module.table_authors.module.label.var.label_key_case",
          "status": "pass"
        }
      ]
    },
    {
      "object_kind": "var",
      "config_addr": "module.lambdas.module.label_get_all_courses.var.label_value_case",
      "status": "pass",
      "objects": [
        {
          "object_addr": "module.lambdas.module.label_get_all_courses.var.label_value_case",
          "status": "pass"
        }
      ]
    },
    {
      "object_kind": "var",
      "config_addr": "module.label.var.label_key_case",
      "status": "pass",
      "objects": [
        {
          "object_addr": "module.label.var.label_key_case",
          "status": "pass"
        }
      ]
    },
    {
      "object_kind": "var",
      "config_addr": "module.table_authors.module.label.var.context",
      "status": "pass",
      "objects": [
        {
          "object_addr": "module.table_authors.module.label.var.context",
          "status": "pass"
        }
      ]
    },
    {
      "object_kind": "var",
      "config_addr": "module.lambdas.module.label.var.id_length_limit",
      "status": "pass",
      "objects": [
        {
          "object_addr": "module.lambdas.module.label.var.id_length_limit",
          "status": "pass"
        }
      ]
    },
    {
      "object_kind": "var",
      "config_addr": "module.label.var.label_value_case",
      "status": "pass",
      "objects": [
        {
          "object_addr": "module.label.var.label_value_case",
          "status": "pass"
        }
      ]
    },
    {
      "object_kind": "var",
      "config_addr": "module.lambdas.module.label_get_all_authors.var.context",
      "status": "unknown",
      "objects": [
        {
          "object_addr": "module.lambdas.module.label_get_all_authors.var.context",
          "status": "unknown"
        }
      ]
    },
    {
      "object_kind": "var",
      "config_addr": "module.lambdas.var.label_key_case",
      "status": "unknown",
      "objects": [
        {
          "object_addr": "module.lambdas.var.label_key_case",
          "status": "unknown"
        }
      ]
    },
    {
      "object_kind": "var",
      "config_addr": "module.lambdas.module.label.var.label_value_case",
      "status": "pass",
      "objects": [
        {
          "object_addr": "module.lambdas.module.label.var.label_value_case",
          "status": "pass"
        }
      ]
    },
    {
      "object_kind": "var",
      "config_addr": "module.table_courses.var.context",
      "status": "pass",
      "objects": [
        {
          "object_addr": "module.table_courses.var.context",
          "status": "pass"
        }
      ]
    },
    {
      "object_kind": "var",
      "config_addr": "var.id_length_limit",
      "status": "pass",
      "objects": [
        {
          "object_addr": "var.id_length_limit",
          "status": "pass"
        }
      ]
    },
    {
      "object_kind": "var",
      "config_addr": "var.label_key_case",
      "status": "pass",
      "objects": [
        {
          "object_addr": "var.label_key_case",
          "status": "pass"
        }
      ]
    },
    {
      "object_kind": "var",
      "config_addr": "module.table_courses.module.label.var.label_value_case",
      "status": "pass",
      "objects": [
        {
          "object_addr": "module.table_courses.module.label.var.label_value_case",
          "status": "pass"
        }
      ]
    },
    {
      "object_kind": "var",
      "config_addr": "module.lambdas.module.label_get_all_authors.var.id_length_limit",
      "status": "unknown",
      "objects": [
        {
          "object_addr": "module.lambdas.module.label_get_all_authors.var.id_length_limit",
          "status": "unknown"
        }
      ]
    },
    {
      "object_kind": "var",
      "config_addr": "module.label_s3.var.label_key_case",
      "status": "unknown",
      "objects": [
        {
          "object_addr": "module.label_s3.var.label_key_case",
          "status": "unknown"
        }
      ]
    },
    {
      "object_kind": "var",
      "config_addr": "module.lambdas.module.label.var.label_key_case",
      "status": "pass",
      "objects": [
        {
          "object_addr": "module.lambdas.module.label.var.label_key_case",
          "status": "pass"
        }
      ]
    },
    {
      "object_kind": "var",
      "config_addr": "module.table_authors.var.label_key_case",
      "status": "unknown",
      "objects": [
        {
          "object_addr": "module.table_authors.var.label_key_case",
          "status": "unknown"
        }
      ]
    },
    {
      "object_kind": "var",
      "config_addr": "var.label_value_case",
      "status": "pass",
      "objects": [
        {
          "object_addr": "var.label_value_case",
          "status": "pass"
        }
      ]
    },
    {
      "object_kind": "var",
      "config_addr": "module.table_courses.module.label.var.label_key_case",
      "status": "pass",
      "objects": [
        {
          "object_addr": "module.table_courses.module.label.var.label_key_case",
          "status": "pass"
        }
      ]
    },
    {
      "object_kind": "var",
      "config_addr": "module.label.var.context",
      "status": "pass",
      "objects": [
        {
          "object_addr": "module.label.var.context",
          "status": "pass"
        }
      ]
    },
    {
      "object_kind": "var",
      "config_addr": "module.table_authors.module.label.var.id_length_limit",
      "status": "pass",
      "objects": [
        {
          "object_addr": "module.table_authors.module.label.var.id_length_limit",
          "status": "pass"
        }
      ]
    },
    {
      "object_kind": "var",
      "config_addr": "module.lambdas.module.label_get_all_courses.var.label_key_case",
      "status": "pass",
      "objects": [
        {
          "object_addr": "module.lambdas.module.label_get_all_courses.var.label_key_case",
          "status": "pass"
        }
      ]
    },
    {
      "object_kind": "var",
      "config_addr": "module.label_s3.var.id_length_limit",
      "status": "unknown",
      "objects": [
        {
          "object_addr": "module.label_s3.var.id_length_limit",
          "status": "unknown"
        }
      ]
    },
    {
      "object_kind": "var",
      "config_addr": "module.table_courses.var.id_length_limit",
      "status": "unknown",
      "objects": [
        {
          "object_addr": "module.table_courses.var.id_length_limit",
          "status": "unknown"
        }
      ]
    },
    {
      "object_kind": "var",
      "config_addr": "module.lambdas.var.label_value_case",
      "status": "unknown",
      "objects": [
        {
          "object_addr": "module.lambdas.var.label_value_case",
          "status": "unknown"
        }
      ]
    },
    {
      "object_kind": "var",
      "config_addr": "module.table_courses.module.label.var.id_length_limit",
      "status": "pass",
      "objects": [
        {
          "object_addr": "module.table_courses.module.label.var.id_length_limit",
          "status": "pass"
        }
      ]
    },
    {
      "object_kind": "var",
      "config_addr": "module.table_courses.var.label_key_case",
      "status": "unknown",
      "objects": [
        {
          "object_addr": "module.table_courses.var.label_key_case",
          "status": "unknown"
        }
      ]
    },
    {
      "object_kind": "var",
      "config_addr": "module.lambdas.module.label_get_all_courses.var.id_length_limit",
      "status": "pass",
      "objects": [
        {
          "object_addr": "module.lambdas.module.label_get_all_courses.var.id_length_limit",
          "status": "pass"
        }
      ]
    },
    {
      "object_kind": "var",
      "config_addr": "module.label_s3.var.context",
      "status": "unknown",
      "objects": [
        {
          "object_addr": "module.label_s3.var.context",
          "status": "unknown"
        }
      ]
    },
    {
      "object_kind": "var",
      "config_addr": "module.table_authors.module.label.var.label_value_case",
      "status": "pass",
      "objects": [
        {
          "object_addr": "module.table_authors.module.label.var.label_value_case",
          "status": "pass"
        }
      ]
    }
  ]
}
