{
  "version": 4,
  "terraform_version": "1.7.4",
  "serial": 211,
  "lineage": "c4f291f2-45b5-7310-4368-5c99e47b6801",
  "outputs": {
    "authors_table_arn": {
      "value": "arn:aws:dynamodb:eu-central-1:730335546141:table/dev-lpnu-kostetskyi-authors",
      "type": "string"
    },
    "authors_table_name": {
      "value": "dev-lpnu-kostetskyi-authors",
      "type": "string"
    },
    "bucket_arn": {
      "value": "arn:aws:s3:::dev-lpnu-kostetskyi-s3",
      "type": "string"
    },
    "bucket_domain_name": {
      "value": "dev-lpnu-kostetskyi-s3.s3.amazonaws.com",
      "type": "string"
    },
    "bucket_id": {
      "value": "dev-lpnu-kostetskyi-s3",
      "type": "string"
    },
    "bucket_regional_domain_name": {
      "value": "dev-lpnu-kostetskyi-s3.s3.eu-central-1.amazonaws.com",
      "type": "string",
      "sensitive": true
    },
    "courses_table_arn": {
      "value": "arn:aws:dynamodb:eu-central-1:730335546141:table/dev-lpnu-kostetskyi-courses",
      "type": "string"
    },
    "courses_table_name": {
      "value": "dev-lpnu-kostetskyi-courses",
      "type": "string"
    },
    "module_bucket_arn": {
      "value": "arn:aws:s3:::730335546141-my-tf-test-bucket",
      "type": "string"
    },
    "module_bucket_domain_name": {
      "value": "730335546141-my-tf-test-bucket.s3.amazonaws.com",
      "type": "string"
    },
    "module_bucket_id": {
      "value": "730335546141-my-tf-test-bucket",
      "type": "string"
    },
    "module_bucket_regional_domain_name": {
      "value": "730335546141-my-tf-test-bucket.s3.eu-central-1.amazonaws.com",
      "type": "string",
      "sensitive": true
    }
  },
  "resources": [
    {
      "mode": "data",
      "type": "aws_caller_identity",
      "name": "current",
      "provider": "provider[\"registry.terraform.io/hashicorp/aws\"]",
      "instances": [
        {
          "schema_version": 0,
          "attributes": {
            "account_id": "730335546141",
            "arn": "arn:aws:iam::730335546141:user/terraform",
            "id": "730335546141",
            "user_id": "AIDA2UC3EBMOVSJN7GVRK"
          },
          "sensitive_attributes": []
        }
      ]
    },
    {
      "mode": "managed",
      "type": "aws_s3_bucket",
      "name": "this",
      "provider": "provider[\"registry.terraform.io/hashicorp/aws\"]",
      "instances": [
        {
          "schema_version": 0,
          "attributes": {
            "acceleration_status": "",
            "acl": null,
            "arn": "arn:aws:s3:::dev-lpnu-kostetskyi-s3",
            "bucket": "dev-lpnu-kostetskyi-s3",
            "bucket_domain_name": "dev-lpnu-kostetskyi-s3.s3.amazonaws.com",
            "bucket_prefix": "",
            "bucket_regional_domain_name": "dev-lpnu-kostetskyi-s3.s3.eu-central-1.amazonaws.com",
            "cors_rule": [],
            "force_destroy": false,
            "grant": [
              {
                "id": "4f2410f954b770a3a5660f82e9f3970bbae159b484ab9a60f6b46ddc3df8954f",
                "permissions": [
                  "FULL_CONTROL"
                ],
                "type": "CanonicalUser",
                "uri": ""
              }
            ],
            "hosted_zone_id": "Z21DNDUVLTQW6Q",
            "id": "dev-lpnu-kostetskyi-s3",
            "lifecycle_rule": [],
            "logging": [],
            "object_lock_configuration": [],
            "object_lock_enabled": false,
            "policy": "",
            "region": "eu-central-1",
            "replication_configuration": [],
            "request_payer": "BucketOwner",
            "server_side_encryption_configuration": [
              {
                "rule": [
                  {
                    "apply_server_side_encryption_by_default": [
                      {
                        "kms_master_key_id": "",
                        "sse_algorithm": "AES256"
                      }
                    ],
                    "bucket_key_enabled": false
                  }
                ]
              }
            ],
            "tags": {
              "Environment": "kostetskyi",
              "Name": "forum",
              "Namespace": "lpnu",
              "Stage": "dev"
            },
            "tags_all": {
              "Environment": "kostetskyi",
              "Name": "forum",
              "Namespace": "lpnu",
              "Stage": "dev"
            },
            "timeouts": null,
            "versioning": [
              {
                "enabled": false,
                "mfa_delete": false
              }
            ],
            "website": [],
            "website_domain": null,
            "website_endpoint": null
          },
          "sensitive_attributes": [],
          "private": "eyJlMmJmYjczMC1lY2FhLTExZTYtOGY4OC0zNDM2M2JjN2M0YzAiOnsiY3JlYXRlIjoxMjAwMDAwMDAwMDAwLCJkZWxldGUiOjM2MDAwMDAwMDAwMDAsInJlYWQiOjEyMDAwMDAwMDAwMDAsInVwZGF0ZSI6MTIwMDAwMDAwMDAwMH19"
        }
      ]
    },
    {
      "module": "module.lambdas.module.lambda_function_get_all_authors",
      "mode": "data",
      "type": "aws_caller_identity",
      "name": "current",
      "provider": "provider[\"registry.terraform.io/hashicorp/aws\"]",
      "instances": [
        {
          "schema_version": 0,
          "attributes": {
            "account_id": "730335546141",
            "arn": "arn:aws:iam::730335546141:user/terraform",
            "id": "730335546141",
            "user_id": "AIDA2UC3EBMOVSJN7GVRK"
          },
          "sensitive_attributes": []
        }
      ]
    },
    {
      "module": "module.lambdas.module.lambda_function_get_all_authors",
      "mode": "data",
      "type": "aws_iam_policy_document",
      "name": "assume_role",
      "provider": "provider[\"registry.terraform.io/hashicorp/aws\"]",
      "instances": [
        {
          "index_key": 0,
          "schema_version": 0,
          "attributes": {
            "id": "2690255455",
            "json": "{\n  \"Version\": \"2012-10-17\",\n  \"Statement\": [\n    {\n      \"Effect\": \"Allow\",\n      \"Action\": \"sts:AssumeRole\",\n      \"Principal\": {\n        \"Service\": \"lambda.amazonaws.com\"\n      }\n    }\n  ]\n}",
            "override_policy_documents": null,
            "policy_id": null,
            "source_policy_documents": null,
            "statement": [
              {
                "actions": [
                  "sts:AssumeRole"
                ],
                "condition": [],
                "effect": "Allow",
                "not_actions": [],
                "not_principals": [],
                "not_resources": [],
                "principals": [
                  {
                    "identifiers": [
                      "lambda.amazonaws.com"
                    ],
                    "type": "Service"
                  }
                ],
                "resources": [],
                "sid": ""
              }
            ],
            "version": "2012-10-17"
          },
          "sensitive_attributes": []
        }
      ]
    },
    {
      "module": "module.lambdas.module.lambda_function_get_all_authors",
      "mode": "data",
      "type": "aws_iam_policy_document",
      "name": "logs",
      "provider": "provider[\"registry.terraform.io/hashicorp/aws\"]",
      "instances": [
        {
          "index_key": 0,
          "schema_version": 0,
          "attributes": {
            "id": "1244084858",
            "json": "{\n  \"Version\": \"2012-10-17\",\n  \"Statement\": [\n    {\n      \"Effect\": \"Allow\",\n      \"Action\": [\n        \"logs:PutLogEvents\",\n        \"logs:CreateLogStream\",\n        \"logs:CreateLogGroup\"\n      ],\n      \"Resource\": [\n        \"arn:aws:logs:eu-central-1:730335546141:log-group:/aws/lambda/dev-lpnu-kostetskyi-get-all-authors:*:*\",\n        \"arn:aws:logs:eu-central-1:730335546141:log-group:/aws/lambda/dev-lpnu-kostetskyi-get-all-authors:*\"\n      ]\n    }\n  ]\n}",
            "override_policy_documents": null,
            "policy_id": null,
            "source_policy_documents": null,
            "statement": [
              {
                "actions": [
                  "logs:CreateLogGroup",
                  "logs:CreateLogStream",
                  "logs:PutLogEvents"
                ],
                "condition": [],
                "effect": "Allow",
                "not_actions": [],
                "not_principals": [],
                "not_resources": [],
                "principals": [],
                "resources": [
                  "arn:aws:logs:eu-central-1:730335546141:log-group:/aws/lambda/dev-lpnu-kostetskyi-get-all-authors:*",
                  "arn:aws:logs:eu-central-1:730335546141:log-group:/aws/lambda/dev-lpnu-kostetskyi-get-all-authors:*:*"
                ],
                "sid": ""
              }
            ],
            "version": "2012-10-17"
          },
          "sensitive_attributes": []
        }
      ]
    },
    {
      "module": "module.lambdas.module.lambda_function_get_all_authors",
      "mode": "data",
      "type": "aws_partition",
      "name": "current",
      "provider": "provider[\"registry.terraform.io/hashicorp/aws\"]",
      "instances": [
        {
          "schema_version": 0,
          "attributes": {
            "dns_suffix": "amazonaws.com",
            "id": "aws",
            "partition": "aws",
            "reverse_dns_prefix": "com.amazonaws"
          },
          "sensitive_attributes": []
        }
      ]
    },
    {
      "module": "module.lambdas.module.lambda_function_get_all_authors",
      "mode": "data",
      "type": "aws_region",
      "name": "current",
      "provider": "provider[\"registry.terraform.io/hashicorp/aws\"]",
      "instances": [
        {
          "schema_version": 0,
          "attributes": {
            "description": "Europe (Frankfurt)",
            "endpoint": "ec2.eu-central-1.amazonaws.com",
            "id": "eu-central-1",
            "name": "eu-central-1"
          },
          "sensitive_attributes": []
        }
      ]
    },
    {
      "module": "module.lambdas.module.lambda_function_get_all_authors",
      "mode": "data",
      "type": "external",
      "name": "archive_prepare",
      "provider": "provider[\"registry.terraform.io/hashicorp/external\"]",
      "instances": [
        {
          "index_key": 0,
          "schema_version": 0,
          "attributes": {
            "id": "-",
            "program": [
              "python3",
              ".terraform/modules/lambdas.lambda_function_get_all_authors/package.py",
              "prepare"
            ],
            "query": {
              "artifacts_dir": "builds",
              "docker": null,
              "hash_extra": "",
              "hash_extra_paths": "[]",
              "paths": "{\"cwd\":\"/mnt/c/Users/quantum_brake/WebstormProjects/terraform\",\"module\":\".terraform/modules/lambdas.lambda_function_get_all_authors\",\"root\":\".\"}",
              "recreate_missing_package": "true",
              "runtime": "nodejs16.x",
              "source_path": "\"modules/lambda/src/get_all_authors\""
            },
            "result": {
              "build_plan": "{\"filename\": \"builds/12fa2073815b96abd772ca9bc3c49999e2581bf241222a79881f29ffef50ba64.zip\", \"runtime\": \"nodejs16.x\", \"artifacts_dir\": \"builds\", \"build_plan\": [[\"zip\", \"modules/lambda/src/get_all_authors\", null]]}",
              "build_plan_filename": "builds/12fa2073815b96abd772ca9bc3c49999e2581bf241222a79881f29ffef50ba64.plan.json",
              "filename": "builds/12fa2073815b96abd772ca9bc3c49999e2581bf241222a79881f29ffef50ba64.zip",
              "timestamp": "1711478593000000000",
              "was_missing": "false"
            },
            "working_dir": null
          },
          "sensitive_attributes": []
        }
      ]
    },
    {
      "module": "module.lambdas.module.lambda_function_get_all_authors",
      "mode": "managed",
      "type": "aws_cloudwatch_log_group",
      "name": "lambda",
      "provider": "provider[\"registry.terraform.io/hashicorp/aws\"]",
      "instances": [
        {
          "index_key": 0,
          "schema_version": 0,
          "attributes": {
            "arn": "arn:aws:logs:eu-central-1:730335546141:log-group:/aws/lambda/dev-lpnu-kostetskyi-get-all-authors",
            "id": "/aws/lambda/dev-lpnu-kostetskyi-get-all-authors",
            "kms_key_id": "",
            "log_group_class": "STANDARD",
            "name": "/aws/lambda/dev-lpnu-kostetskyi-get-all-authors",
            "name_prefix": "",
            "retention_in_days": 0,
            "skip_destroy": false,
            "tags": {
              "Environment": "kostetskyi",
              "Name": "dev-lpnu-kostetskyi-get-all-authors",
              "Namespace": "lpnu",
              "Stage": "dev"
            },
            "tags_all": {
              "Environment": "kostetskyi",
              "Name": "dev-lpnu-kostetskyi-get-all-authors",
              "Namespace": "lpnu",
              "Stage": "dev"
            }
          },
          "sensitive_attributes": [],
          "private": "bnVsbA=="
        }
      ]
    },
    {
      "module": "module.lambdas.module.lambda_function_get_all_authors",
      "mode": "managed",
      "type": "aws_iam_policy",
      "name": "logs",
      "provider": "provider[\"registry.terraform.io/hashicorp/aws\"]",
      "instances": [
        {
          "index_key": 0,
          "schema_version": 0,
          "attributes": {
            "arn": "arn:aws:iam::730335546141:policy/dev-lpnu-kostetskyi-get-all-authors-logs",
            "description": "",
            "id": "arn:aws:iam::730335546141:policy/dev-lpnu-kostetskyi-get-all-authors-logs",
            "name": "dev-lpnu-kostetskyi-get-all-authors-logs",
            "name_prefix": "",
            "path": "/",
            "policy": "{\"Statement\":[{\"Action\":[\"logs:PutLogEvents\",\"logs:CreateLogStream\",\"logs:CreateLogGroup\"],\"Effect\":\"Allow\",\"Resource\":[\"arn:aws:logs:eu-central-1:730335546141:log-group:/aws/lambda/dev-lpnu-kostetskyi-get-all-authors:*:*\",\"arn:aws:logs:eu-central-1:730335546141:log-group:/aws/lambda/dev-lpnu-kostetskyi-get-all-authors:*\"]}],\"Version\":\"2012-10-17\"}",
            "policy_id": "ANPA2UC3EBMORREB4D3XX",
            "tags": {
              "Environment": "kostetskyi",
              "Name": "dev-lpnu-kostetskyi-get-all-authors",
              "Namespace": "lpnu",
              "Stage": "dev"
            },
            "tags_all": {
              "Environment": "kostetskyi",
              "Name": "dev-lpnu-kostetskyi-get-all-authors",
              "Namespace": "lpnu",
              "Stage": "dev"
            }
          },
          "sensitive_attributes": [],
          "private": "bnVsbA==",
          "dependencies": [
            "module.lambdas.module.lambda_function_get_all_authors.aws_cloudwatch_log_group.lambda",
            "module.lambdas.module.lambda_function_get_all_authors.data.aws_arn.log_group_arn",
            "module.lambdas.module.lambda_function_get_all_authors.data.aws_cloudwatch_log_group.lambda",
            "module.lambdas.module.lambda_function_get_all_authors.data.aws_iam_policy_document.logs"
          ]
        }
      ]
    },
    {
      "module": "module.lambdas.module.lambda_function_get_all_authors",
      "mode": "managed",
      "type": "aws_iam_role",
      "name": "lambda",
      "provider": "provider[\"registry.terraform.io/hashicorp/aws\"]",
      "instances": [
        {
          "index_key": 0,
          "schema_version": 0,
          "attributes": {
            "arn": "arn:aws:iam::730335546141:role/dev-lpnu-kostetskyi-get-all-authors",
            "assume_role_policy": "{\"Statement\":[{\"Action\":\"sts:AssumeRole\",\"Effect\":\"Allow\",\"Principal\":{\"Service\":\"lambda.amazonaws.com\"}}],\"Version\":\"2012-10-17\"}",
            "create_date": "2024-03-26T17:54:12Z",
            "description": "",
            "force_detach_policies": true,
            "id": "dev-lpnu-kostetskyi-get-all-authors",
            "inline_policy": [],
            "managed_policy_arns": [
              "arn:aws:iam::730335546141:policy/dev-lpnu-kostetskyi-get-all-authors-logs"
            ],
            "max_session_duration": 3600,
            "name": "dev-lpnu-kostetskyi-get-all-authors",
            "name_prefix": "",
            "path": "/",
            "permissions_boundary": "",
            "tags": {
              "Environment": "kostetskyi",
              "Name": "dev-lpnu-kostetskyi-get-all-authors",
              "Namespace": "lpnu",
              "Stage": "dev"
            },
            "tags_all": {
              "Environment": "kostetskyi",
              "Name": "dev-lpnu-kostetskyi-get-all-authors",
              "Namespace": "lpnu",
              "Stage": "dev"
            },
            "unique_id": "AROA2UC3EBMOYBD4KDBKG"
          },
          "sensitive_attributes": [],
          "private": "bnVsbA==",
          "dependencies": [
            "module.lambdas.module.lambda_function_get_all_authors.data.aws_iam_policy_document.assume_role"
          ]
        }
      ]
    },
    {
      "module": "module.lambdas.module.lambda_function_get_all_authors",
      "mode": "managed",
      "type": "aws_iam_role_policy_attachment",
      "name": "logs",
      "provider": "provider[\"registry.terraform.io/hashicorp/aws\"]",
      "instances": [
        {
          "index_key": 0,
          "schema_version": 0,
          "attributes": {
            "id": "dev-lpnu-kostetskyi-get-all-authors-20240326175413316300000002",
            "policy_arn": "arn:aws:iam::730335546141:policy/dev-lpnu-kostetskyi-get-all-authors-logs",
            "role": "dev-lpnu-kostetskyi-get-all-authors"
          },
          "sensitive_attributes": [],
          "private": "bnVsbA==",
          "dependencies": [
            "module.lambdas.module.lambda_function_get_all_authors.aws_cloudwatch_log_group.lambda",
            "module.lambdas.module.lambda_function_get_all_authors.aws_iam_policy.logs",
            "module.lambdas.module.lambda_function_get_all_authors.aws_iam_role.lambda",
            "module.lambdas.module.lambda_function_get_all_authors.data.aws_arn.log_group_arn",
            "module.lambdas.module.lambda_function_get_all_authors.data.aws_cloudwatch_log_group.lambda",
            "module.lambdas.module.lambda_function_get_all_authors.data.aws_iam_policy_document.assume_role",
            "module.lambdas.module.lambda_function_get_all_authors.data.aws_iam_policy_document.logs"
          ]
        }
      ]
    },
    {
      "module": "module.lambdas.module.lambda_function_get_all_authors",
      "mode": "managed",
      "type": "aws_lambda_function",
      "name": "this",
      "provider": "provider[\"registry.terraform.io/hashicorp/aws\"]",
      "instances": [
        {
          "index_key": 0,
          "schema_version": 0,
          "attributes": {
            "architectures": [
              "x86_64"
            ],
            "arn": "arn:aws:lambda:eu-central-1:730335546141:function:dev-lpnu-kostetskyi-get-all-authors",
            "code_signing_config_arn": "",
            "dead_letter_config": [],
            "description": "My awesome lambda function",
            "environment": [
              {
                "variables": {
                  "TABLE_NAME": "dev-lpnu-kostetskyi-authors"
                }
              }
            ],
            "ephemeral_storage": [
              {
                "size": 512
              }
            ],
            "file_system_config": [],
            "filename": "builds/12fa2073815b96abd772ca9bc3c49999e2581bf241222a79881f29ffef50ba64.zip",
            "function_name": "dev-lpnu-kostetskyi-get-all-authors",
            "handler": "index.handler",
            "id": "dev-lpnu-kostetskyi-get-all-authors",
            "image_config": [],
            "image_uri": "",
            "invoke_arn": "arn:aws:apigateway:eu-central-1:lambda:path/2015-03-31/functions/arn:aws:lambda:eu-central-1:730335546141:function:dev-lpnu-kostetskyi-get-all-authors/invocations",
            "kms_key_arn": "",
            "last_modified": "2024-03-26T18:43:26.000+0000",
            "layers": [],
            "logging_config": [
              {
                "application_log_level": "",
                "log_format": "Text",
                "log_group": "/aws/lambda/dev-lpnu-kostetskyi-get-all-authors",
                "system_log_level": ""
              }
            ],
            "memory_size": 128,
            "package_type": "Zip",
            "publish": false,
            "qualified_arn": "arn:aws:lambda:eu-central-1:730335546141:function:dev-lpnu-kostetskyi-get-all-authors:$LATEST",
            "qualified_invoke_arn": "arn:aws:apigateway:eu-central-1:lambda:path/2015-03-31/functions/arn:aws:lambda:eu-central-1:730335546141:function:dev-lpnu-kostetskyi-get-all-authors:$LATEST/invocations",
            "replace_security_groups_on_destroy": null,
            "replacement_security_group_ids": null,
            "reserved_concurrent_executions": -1,
            "role": "arn:aws:iam::730335546141:role/dev-lpnu-kostetskyi-get-all-authors",
            "runtime": "nodejs16.x",
            "s3_bucket": null,
            "s3_key": null,
            "s3_object_version": null,
            "signing_job_arn": "",
            "signing_profile_version_arn": "",
            "skip_destroy": false,
            "snap_start": [],
            "source_code_hash": "jDMkQwiRIatIXEJW6lqI4vJVQrXD8YYd6D0mIGEWHx8=",
            "source_code_size": 448,
            "tags": {
              "Environment": "kostetskyi",
              "Name": "dev-lpnu-kostetskyi-get-all-authors",
              "Namespace": "lpnu",
              "Stage": "dev"
            },
            "tags_all": {
              "Environment": "kostetskyi",
              "Name": "dev-lpnu-kostetskyi-get-all-authors",
              "Namespace": "lpnu",
              "Stage": "dev"
            },
            "timeout": 3,
            "timeouts": null,
            "tracing_config": [
              {
                "mode": "PassThrough"
              }
            ],
            "version": "$LATEST",
            "vpc_config": []
          },
          "sensitive_attributes": [],
          "private": "eyJlMmJmYjczMC1lY2FhLTExZTYtOGY4OC0zNDM2M2JjN2M0YzAiOnsiY3JlYXRlIjo2MDAwMDAwMDAwMDAsImRlbGV0ZSI6NjAwMDAwMDAwMDAwLCJ1cGRhdGUiOjYwMDAwMDAwMDAwMH19",
          "dependencies": [
            "module.lambdas.module.lambda_function_get_all_authors.aws_cloudwatch_log_group.lambda",
            "module.lambdas.module.lambda_function_get_all_authors.aws_iam_policy.additional_inline",
            "module.lambdas.module.lambda_function_get_all_authors.aws_iam_policy.additional_json",
            "module.lambdas.module.lambda_function_get_all_authors.aws_iam_policy.additional_jsons",
            "module.lambdas.module.lambda_function_get_all_authors.aws_iam_policy.async",
            "module.lambdas.module.lambda_function_get_all_authors.aws_iam_policy.dead_letter",
            "module.lambdas.module.lambda_function_get_all_authors.aws_iam_policy.logs",
            "module.lambdas.module.lambda_function_get_all_authors.aws_iam_policy.tracing",
            "module.lambdas.module.lambda_function_get_all_authors.aws_iam_policy.vpc",
            "module.lambdas.module.lambda_function_get_all_authors.aws_iam_role.lambda",
            "module.lambdas.module.lambda_function_get_all_authors.aws_iam_role_policy_attachment.additional_inline",
            "module.lambdas.module.lambda_function_get_all_authors.aws_iam_role_policy_attachment.additional_json",
            "module.lambdas.module.lambda_function_get_all_authors.aws_iam_role_policy_attachment.additional_jsons",
            "module.lambdas.module.lambda_function_get_all_authors.aws_iam_role_policy_attachment.additional_many",
            "module.lambdas.module.lambda_function_get_all_authors.aws_iam_role_policy_attachment.additional_one",
            "module.lambdas.module.lambda_function_get_all_authors.aws_iam_role_policy_attachment.async",
            "module.lambdas.module.lambda_function_get_all_authors.aws_iam_role_policy_attachment.dead_letter",
            "module.lambdas.module.lambda_function_get_all_authors.aws_iam_role_policy_attachment.logs",
            "module.lambdas.module.lambda_function_get_all_authors.aws_iam_role_policy_attachment.tracing",
            "module.lambdas.module.lambda_function_get_all_authors.aws_iam_role_policy_attachment.vpc",
            "module.lambdas.module.lambda_function_get_all_authors.aws_s3_object.lambda_package",
            "module.lambdas.module.lambda_function_get_all_authors.data.aws_arn.log_group_arn",
            "module.lambdas.module.lambda_function_get_all_authors.data.aws_cloudwatch_log_group.lambda",
            "module.lambdas.module.lambda_function_get_all_authors.data.aws_iam_policy.tracing",
            "module.lambdas.module.lambda_function_get_all_authors.data.aws_iam_policy.vpc",
            "module.lambdas.module.lambda_function_get_all_authors.data.aws_iam_policy_document.additional_inline",
            "module.lambdas.module.lambda_function_get_all_authors.data.aws_iam_policy_document.assume_role",
            "module.lambdas.module.lambda_function_get_all_authors.data.aws_iam_policy_document.async",
            "module.lambdas.module.lambda_function_get_all_authors.data.aws_iam_policy_document.dead_letter",
            "module.lambdas.module.lambda_function_get_all_authors.data.aws_iam_policy_document.logs",
            "module.lambdas.module.lambda_function_get_all_authors.data.aws_partition.current",
            "module.lambdas.module.lambda_function_get_all_authors.data.external.archive_prepare",
            "module.lambdas.module.lambda_function_get_all_authors.local_file.archive_plan",
            "module.lambdas.module.lambda_function_get_all_authors.null_resource.archive",
            "module.table_authors.aws_dynamodb_table.this"
          ]
        }
      ]
    },
    {
      "module": "module.lambdas.module.lambda_function_get_all_authors",
      "mode": "managed",
      "type": "local_file",
      "name": "archive_plan",
      "provider": "provider[\"registry.terraform.io/hashicorp/local\"]",
      "instances": [
        {
          "index_key": 0,
          "schema_version": 0,
          "attributes": {
            "content": "{\"filename\": \"builds/12fa2073815b96abd772ca9bc3c49999e2581bf241222a79881f29ffef50ba64.zip\", \"runtime\": \"nodejs16.x\", \"artifacts_dir\": \"builds\", \"build_plan\": [[\"zip\", \"modules/lambda/src/get_all_authors\", null]]}",
            "content_base64": null,
            "content_base64sha256": "ZCjaK8AQr+UX1Sy7Tp2PTEV2CTO7f/EDcBqwU2dVlvE=",
            "content_base64sha512": "Y1/k6nxsMK+4fTsAGFvGSI5Qzriq+ZmbQp5W0eI6YefFTcIKRLXMIYvgeF4+RTHjOp/2IRGDuttef5+XSq7WVQ==",
            "content_md5": "59002a05632fad14ee421e896af336b9",
            "content_sha1": "cebf1a36cf75912cccfb4e3a46e98a9ce61fc72f",
            "content_sha256": "6428da2bc010afe517d52cbb4e9d8f4c45760933bb7ff103701ab053675596f1",
            "content_sha512": "635fe4ea7c6c30afb87d3b00185bc6488e50ceb8aaf9999b429e56d1e23a61e7c54dc20a44b5cc218be0785e3e4531e33a9ff6211183badb5e7f9f974aaed655",
            "directory_permission": "0755",
            "file_permission": "0644",
            "filename": "builds/12fa2073815b96abd772ca9bc3c49999e2581bf241222a79881f29ffef50ba64.plan.json",
            "id": "cebf1a36cf75912cccfb4e3a46e98a9ce61fc72f",
            "sensitive_content": null,
            "source": null
          },
          "sensitive_attributes": [],
          "dependencies": [
            "module.lambdas.module.lambda_function_get_all_authors.data.external.archive_prepare"
          ]
        }
      ]
    },
    {
      "module": "module.lambdas.module.lambda_function_get_all_authors",
      "mode": "managed",
      "type": "null_resource",
      "name": "archive",
      "provider": "provider[\"registry.terraform.io/hashicorp/null\"]",
      "instances": [
        {
          "index_key": 0,
          "schema_version": 0,
          "attributes": {
            "id": "8977968615388921025",
            "triggers": {
              "filename": "builds/12fa2073815b96abd772ca9bc3c49999e2581bf241222a79881f29ffef50ba64.zip",
              "timestamp": "1711478593000000000"
            }
          },
          "sensitive_attributes": [],
          "dependencies": [
            "module.lambdas.module.lambda_function_get_all_authors.data.external.archive_prepare",
            "module.lambdas.module.lambda_function_get_all_authors.local_file.archive_plan"
          ]
        }
      ]
    },
    {
      "module": "module.lambdas.module.lambda_function_get_all_courses",
      "mode": "data",
      "type": "aws_caller_identity",
      "name": "current",
      "provider": "provider[\"registry.terraform.io/hashicorp/aws\"]",
      "instances": [
        {
          "schema_version": 0,
          "attributes": {
            "account_id": "730335546141",
            "arn": "arn:aws:iam::730335546141:user/terraform",
            "id": "730335546141",
            "user_id": "AIDA2UC3EBMOVSJN7GVRK"
          },
          "sensitive_attributes": []
        }
      ]
    },
    {
      "module": "module.lambdas.module.lambda_function_get_all_courses",
      "mode": "data",
      "type": "aws_iam_policy_document",
      "name": "assume_role",
      "provider": "provider[\"registry.terraform.io/hashicorp/aws\"]",
      "instances": [
        {
          "index_key": 0,
          "schema_version": 0,
          "attributes": {
            "id": "2690255455",
            "json": "{\n  \"Version\": \"2012-10-17\",\n  \"Statement\": [\n    {\n      \"Effect\": \"Allow\",\n      \"Action\": \"sts:AssumeRole\",\n      \"Principal\": {\n        \"Service\": \"lambda.amazonaws.com\"\n      }\n    }\n  ]\n}",
            "override_policy_documents": null,
            "policy_id": null,
            "source_policy_documents": null,
            "statement": [
              {
                "actions": [
                  "sts:AssumeRole"
                ],
                "condition": [],
                "effect": "Allow",
                "not_actions": [],
                "not_principals": [],
                "not_resources": [],
                "principals": [
                  {
                    "identifiers": [
                      "lambda.amazonaws.com"
                    ],
                    "type": "Service"
                  }
                ],
                "resources": [],
                "sid": ""
              }
            ],
            "version": "2012-10-17"
          },
          "sensitive_attributes": []
        }
      ]
    },
    {
      "module": "module.lambdas.module.lambda_function_get_all_courses",
      "mode": "data",
      "type": "aws_iam_policy_document",
      "name": "logs",
      "provider": "provider[\"registry.terraform.io/hashicorp/aws\"]",
      "instances": [
        {
          "index_key": 0,
          "schema_version": 0,
          "attributes": {
            "id": "3615611449",
            "json": "{\n  \"Version\": \"2012-10-17\",\n  \"Statement\": [\n    {\n      \"Effect\": \"Allow\",\n      \"Action\": [\n        \"logs:PutLogEvents\",\n        \"logs:CreateLogStream\",\n        \"logs:CreateLogGroup\"\n      ],\n      \"Resource\": [\n        \"arn:aws:logs:eu-central-1:730335546141:log-group:/aws/lambda/dev-lpnu-kostetskyi-get-all-courses:*:*\",\n        \"arn:aws:logs:eu-central-1:730335546141:log-group:/aws/lambda/dev-lpnu-kostetskyi-get-all-courses:*\"\n      ]\n    }\n  ]\n}",
            "override_policy_documents": null,
            "policy_id": null,
            "source_policy_documents": null,
            "statement": [
              {
                "actions": [
                  "logs:CreateLogGroup",
                  "logs:CreateLogStream",
                  "logs:PutLogEvents"
                ],
                "condition": [],
                "effect": "Allow",
                "not_actions": [],
                "not_principals": [],
                "not_resources": [],
                "principals": [],
                "resources": [
                  "arn:aws:logs:eu-central-1:730335546141:log-group:/aws/lambda/dev-lpnu-kostetskyi-get-all-courses:*",
                  "arn:aws:logs:eu-central-1:730335546141:log-group:/aws/lambda/dev-lpnu-kostetskyi-get-all-courses:*:*"
                ],
                "sid": ""
              }
            ],
            "version": "2012-10-17"
          },
          "sensitive_attributes": []
        }
      ]
    },
    {
      "module": "module.lambdas.module.lambda_function_get_all_courses",
      "mode": "data",
      "type": "aws_partition",
      "name": "current",
      "provider": "provider[\"registry.terraform.io/hashicorp/aws\"]",
      "instances": [
        {
          "schema_version": 0,
          "attributes": {
            "dns_suffix": "amazonaws.com",
            "id": "aws",
            "partition": "aws",
            "reverse_dns_prefix": "com.amazonaws"
          },
          "sensitive_attributes": []
        }
      ]
    },
    {
      "module": "module.lambdas.module.lambda_function_get_all_courses",
      "mode": "data",
      "type": "aws_region",
      "name": "current",
      "provider": "provider[\"registry.terraform.io/hashicorp/aws\"]",
      "instances": [
        {
          "schema_version": 0,
          "attributes": {
            "description": "Europe (Frankfurt)",
            "endpoint": "ec2.eu-central-1.amazonaws.com",
            "id": "eu-central-1",
            "name": "eu-central-1"
          },
          "sensitive_attributes": []
        }
      ]
    },
    {
      "module": "module.lambdas.module.lambda_function_get_all_courses",
      "mode": "data",
      "type": "external",
      "name": "archive_prepare",
      "provider": "provider[\"registry.terraform.io/hashicorp/external\"]",
      "instances": [
        {
          "index_key": 0,
          "schema_version": 0,
          "attributes": {
            "id": "-",
            "program": [
              "python3",
              ".terraform/modules/lambdas.lambda_function_get_all_courses/package.py",
              "prepare"
            ],
            "query": {
              "artifacts_dir": "builds",
              "docker": null,
              "hash_extra": "",
              "hash_extra_paths": "[]",
              "paths": "{\"cwd\":\"/mnt/c/Users/quantum_brake/WebstormProjects/terraform\",\"module\":\".terraform/modules/lambdas.lambda_function_get_all_courses\",\"root\":\".\"}",
              "recreate_missing_package": "true",
              "runtime": "nodejs16.x",
              "source_path": "\"modules/lambda/src/get_all_courses\""
            },
            "result": {
              "build_plan": "{\"filename\": \"builds/04c42cf4c172475bab32d557dea5fc0c230800412c1a9895721098b2020b5742.zip\", \"runtime\": \"nodejs16.x\", \"artifacts_dir\": \"builds\", \"build_plan\": [[\"zip\", \"modules/lambda/src/get_all_courses\", null]]}",
              "build_plan_filename": "builds/04c42cf4c172475bab32d557dea5fc0c230800412c1a9895721098b2020b5742.plan.json",
              "filename": "builds/04c42cf4c172475bab32d557dea5fc0c230800412c1a9895721098b2020b5742.zip",
              "timestamp": "1711481169728694000",
              "was_missing": "true"
            },
            "working_dir": null
          },
          "sensitive_attributes": []
        }
      ]
    },
    {
      "module": "module.lambdas.module.lambda_function_get_all_courses",
      "mode": "managed",
      "type": "aws_cloudwatch_log_group",
      "name": "lambda",
      "provider": "provider[\"registry.terraform.io/hashicorp/aws\"]",
      "instances": [
        {
          "index_key": 0,
          "schema_version": 0,
          "attributes": {
            "arn": "arn:aws:logs:eu-central-1:730335546141:log-group:/aws/lambda/dev-lpnu-kostetskyi-get-all-courses",
            "id": "/aws/lambda/dev-lpnu-kostetskyi-get-all-courses",
            "kms_key_id": "",
            "log_group_class": "STANDARD",
            "name": "/aws/lambda/dev-lpnu-kostetskyi-get-all-courses",
            "name_prefix": "",
            "retention_in_days": 0,
            "skip_destroy": false,
            "tags": {
              "Environment": "kostetskyi",
              "Name": "dev-lpnu-kostetskyi-get-all-courses",
              "Namespace": "lpnu",
              "Stage": "dev"
            },
            "tags_all": {
              "Environment": "kostetskyi",
              "Name": "dev-lpnu-kostetskyi-get-all-courses",
              "Namespace": "lpnu",
              "Stage": "dev"
            }
          },
          "sensitive_attributes": [],
          "private": "bnVsbA=="
        }
      ]
    },
    {
      "module": "module.lambdas.module.lambda_function_get_all_courses",
      "mode": "managed",
      "type": "aws_iam_policy",
      "name": "logs",
      "provider": "provider[\"registry.terraform.io/hashicorp/aws\"]",
      "instances": [
        {
          "index_key": 0,
          "schema_version": 0,
          "attributes": {
            "arn": "arn:aws:iam::730335546141:policy/dev-lpnu-kostetskyi-get-all-courses-logs",
            "description": "",
            "id": "arn:aws:iam::730335546141:policy/dev-lpnu-kostetskyi-get-all-courses-logs",
            "name": "dev-lpnu-kostetskyi-get-all-courses-logs",
            "name_prefix": "",
            "path": "/",
            "policy": "{\"Statement\":[{\"Action\":[\"logs:PutLogEvents\",\"logs:CreateLogStream\",\"logs:CreateLogGroup\"],\"Effect\":\"Allow\",\"Resource\":[\"arn:aws:logs:eu-central-1:730335546141:log-group:/aws/lambda/dev-lpnu-kostetskyi-get-all-courses:*:*\",\"arn:aws:logs:eu-central-1:730335546141:log-group:/aws/lambda/dev-lpnu-kostetskyi-get-all-courses:*\"]}],\"Version\":\"2012-10-17\"}",
            "policy_id": "ANPA2UC3EBMO6I7CKGJMG",
            "tags": {
              "Environment": "kostetskyi",
              "Name": "dev-lpnu-kostetskyi-get-all-courses",
              "Namespace": "lpnu",
              "Stage": "dev"
            },
            "tags_all": {
              "Environment": "kostetskyi",
              "Name": "dev-lpnu-kostetskyi-get-all-courses",
              "Namespace": "lpnu",
              "Stage": "dev"
            }
          },
          "sensitive_attributes": [],
          "private": "bnVsbA==",
          "dependencies": [
            "module.lambdas.module.lambda_function_get_all_courses.aws_cloudwatch_log_group.lambda",
            "module.lambdas.module.lambda_function_get_all_courses.data.aws_arn.log_group_arn",
            "module.lambdas.module.lambda_function_get_all_courses.data.aws_cloudwatch_log_group.lambda",
            "module.lambdas.module.lambda_function_get_all_courses.data.aws_iam_policy_document.logs"
          ]
        }
      ]
    },
    {
      "module": "module.lambdas.module.lambda_function_get_all_courses",
      "mode": "managed",
      "type": "aws_iam_role",
      "name": "lambda",
      "provider": "provider[\"registry.terraform.io/hashicorp/aws\"]",
      "instances": [
        {
          "index_key": 0,
          "schema_version": 0,
          "attributes": {
            "arn": "arn:aws:iam::730335546141:role/dev-lpnu-kostetskyi-get-all-courses",
            "assume_role_policy": "{\"Statement\":[{\"Action\":\"sts:AssumeRole\",\"Effect\":\"Allow\",\"Principal\":{\"Service\":\"lambda.amazonaws.com\"}}],\"Version\":\"2012-10-17\"}",
            "create_date": "2024-03-26T17:54:12Z",
            "description": "",
            "force_detach_policies": true,
            "id": "dev-lpnu-kostetskyi-get-all-courses",
            "inline_policy": [],
            "managed_policy_arns": [
              "arn:aws:iam::730335546141:policy/dev-lpnu-kostetskyi-get-all-courses-logs"
            ],
            "max_session_duration": 3600,
            "name": "dev-lpnu-kostetskyi-get-all-courses",
            "name_prefix": "",
            "path": "/",
            "permissions_boundary": "",
            "tags": {
              "Environment": "kostetskyi",
              "Name": "dev-lpnu-kostetskyi-get-all-courses",
              "Namespace": "lpnu",
              "Stage": "dev"
            },
            "tags_all": {
              "Environment": "kostetskyi",
              "Name": "dev-lpnu-kostetskyi-get-all-courses",
              "Namespace": "lpnu",
              "Stage": "dev"
            },
            "unique_id": "AROA2UC3EBMOT7FF4OCCJ"
          },
          "sensitive_attributes": [],
          "private": "bnVsbA==",
          "dependencies": [
            "module.lambdas.module.lambda_function_get_all_courses.data.aws_iam_policy_document.assume_role"
          ]
        }
      ]
    },
    {
      "module": "module.lambdas.module.lambda_function_get_all_courses",
      "mode": "managed",
      "type": "aws_iam_role_policy_attachment",
      "name": "logs",
      "provider": "provider[\"registry.terraform.io/hashicorp/aws\"]",
      "instances": [
        {
          "index_key": 0,
          "schema_version": 0,
          "attributes": {
            "id": "dev-lpnu-kostetskyi-get-all-courses-20240326175413244600000001",
            "policy_arn": "arn:aws:iam::730335546141:policy/dev-lpnu-kostetskyi-get-all-courses-logs",
            "role": "dev-lpnu-kostetskyi-get-all-courses"
          },
          "sensitive_attributes": [],
          "private": "bnVsbA==",
          "dependencies": [
            "module.lambdas.module.lambda_function_get_all_courses.aws_cloudwatch_log_group.lambda",
            "module.lambdas.module.lambda_function_get_all_courses.aws_iam_policy.logs",
            "module.lambdas.module.lambda_function_get_all_courses.aws_iam_role.lambda",
            "module.lambdas.module.lambda_function_get_all_courses.data.aws_arn.log_group_arn",
            "module.lambdas.module.lambda_function_get_all_courses.data.aws_cloudwatch_log_group.lambda",
            "module.lambdas.module.lambda_function_get_all_courses.data.aws_iam_policy_document.assume_role",
            "module.lambdas.module.lambda_function_get_all_courses.data.aws_iam_policy_document.logs"
          ]
        }
      ]
    },
    {
      "module": "module.lambdas.module.lambda_function_get_all_courses",
      "mode": "managed",
      "type": "aws_lambda_function",
      "name": "this",
      "provider": "provider[\"registry.terraform.io/hashicorp/aws\"]",
      "instances": [
        {
          "index_key": 0,
          "schema_version": 0,
          "attributes": {
            "architectures": [
              "x86_64"
            ],
            "arn": "arn:aws:lambda:eu-central-1:730335546141:function:dev-lpnu-kostetskyi-get-all-courses",
            "code_signing_config_arn": "",
            "dead_letter_config": [],
            "description": "My awesome lambda function",
            "environment": [
              {
                "variables": {
                  "TABLE_NAME": "dev-lpnu-kostetskyi-courses"
                }
              }
            ],
            "ephemeral_storage": [
              {
                "size": 512
              }
            ],
            "file_system_config": [],
            "filename": "builds/04c42cf4c172475bab32d557dea5fc0c230800412c1a9895721098b2020b5742.zip",
            "function_name": "dev-lpnu-kostetskyi-get-all-courses",
            "handler": "index.handler",
            "id": "dev-lpnu-kostetskyi-get-all-courses",
            "image_config": [],
            "image_uri": "",
            "invoke_arn": "arn:aws:apigateway:eu-central-1:lambda:path/2015-03-31/functions/arn:aws:lambda:eu-central-1:730335546141:function:dev-lpnu-kostetskyi-get-all-courses/invocations",
            "kms_key_arn": "",
            "last_modified": "2024-03-26T19:26:22.000+0000",
            "layers": [],
            "logging_config": [
              {
                "application_log_level": "",
                "log_format": "Text",
                "log_group": "/aws/lambda/dev-lpnu-kostetskyi-get-all-courses",
                "system_log_level": ""
              }
            ],
            "memory_size": 128,
            "package_type": "Zip",
            "publish": false,
            "qualified_arn": "arn:aws:lambda:eu-central-1:730335546141:function:dev-lpnu-kostetskyi-get-all-courses:$LATEST",
            "qualified_invoke_arn": "arn:aws:apigateway:eu-central-1:lambda:path/2015-03-31/functions/arn:aws:lambda:eu-central-1:730335546141:function:dev-lpnu-kostetskyi-get-all-courses:$LATEST/invocations",
            "replace_security_groups_on_destroy": null,
            "replacement_security_group_ids": null,
            "reserved_concurrent_executions": -1,
            "role": "arn:aws:iam::730335546141:role/dev-lpnu-kostetskyi-get-all-courses",
            "runtime": "nodejs16.x",
            "s3_bucket": null,
            "s3_key": null,
            "s3_object_version": null,
            "signing_job_arn": "",
            "signing_profile_version_arn": "",
            "skip_destroy": false,
            "snap_start": [],
            "source_code_hash": "UYCVai7KTxV4EK6mkTZauq9SuEPDCgWsW5AulSTeKAk=",
            "source_code_size": 448,
            "tags": {
              "Environment": "kostetskyi",
              "Name": "dev-lpnu-kostetskyi-get-all-courses",
              "Namespace": "lpnu",
              "Stage": "dev"
            },
            "tags_all": {
              "Environment": "kostetskyi",
              "Name": "dev-lpnu-kostetskyi-get-all-courses",
              "Namespace": "lpnu",
              "Stage": "dev"
            },
            "timeout": 3,
            "timeouts": null,
            "tracing_config": [
              {
                "mode": "PassThrough"
              }
            ],
            "version": "$LATEST",
            "vpc_config": []
          },
          "sensitive_attributes": [],
          "private": "eyJlMmJmYjczMC1lY2FhLTExZTYtOGY4OC0zNDM2M2JjN2M0YzAiOnsiY3JlYXRlIjo2MDAwMDAwMDAwMDAsImRlbGV0ZSI6NjAwMDAwMDAwMDAwLCJ1cGRhdGUiOjYwMDAwMDAwMDAwMH19",
          "dependencies": [
            "module.lambdas.module.lambda_function_get_all_courses.aws_cloudwatch_log_group.lambda",
            "module.lambdas.module.lambda_function_get_all_courses.aws_iam_policy.additional_inline",
            "module.lambdas.module.lambda_function_get_all_courses.aws_iam_policy.additional_json",
            "module.lambdas.module.lambda_function_get_all_courses.aws_iam_policy.additional_jsons",
            "module.lambdas.module.lambda_function_get_all_courses.aws_iam_policy.async",
            "module.lambdas.module.lambda_function_get_all_courses.aws_iam_policy.dead_letter",
            "module.lambdas.module.lambda_function_get_all_courses.aws_iam_policy.logs",
            "module.lambdas.module.lambda_function_get_all_courses.aws_iam_policy.tracing",
            "module.lambdas.module.lambda_function_get_all_courses.aws_iam_policy.vpc",
            "module.lambdas.module.lambda_function_get_all_courses.aws_iam_role.lambda",
            "module.lambdas.module.lambda_function_get_all_courses.aws_iam_role_policy_attachment.additional_inline",
            "module.lambdas.module.lambda_function_get_all_courses.aws_iam_role_policy_attachment.additional_json",
            "module.lambdas.module.lambda_function_get_all_courses.aws_iam_role_policy_attachment.additional_jsons",
            "module.lambdas.module.lambda_function_get_all_courses.aws_iam_role_policy_attachment.additional_many",
            "module.lambdas.module.lambda_function_get_all_courses.aws_iam_role_policy_attachment.additional_one",
            "module.lambdas.module.lambda_function_get_all_courses.aws_iam_role_policy_attachment.async",
            "module.lambdas.module.lambda_function_get_all_courses.aws_iam_role_policy_attachment.dead_letter",
            "module.lambdas.module.lambda_function_get_all_courses.aws_iam_role_policy_attachment.logs",
            "module.lambdas.module.lambda_function_get_all_courses.aws_iam_role_policy_attachment.tracing",
            "module.lambdas.module.lambda_function_get_all_courses.aws_iam_role_policy_attachment.vpc",
            "module.lambdas.module.lambda_function_get_all_courses.aws_s3_object.lambda_package",
            "module.lambdas.module.lambda_function_get_all_courses.data.aws_arn.log_group_arn",
            "module.lambdas.module.lambda_function_get_all_courses.data.aws_cloudwatch_log_group.lambda",
            "module.lambdas.module.lambda_function_get_all_courses.data.aws_iam_policy.tracing",
            "module.lambdas.module.lambda_function_get_all_courses.data.aws_iam_policy.vpc",
            "module.lambdas.module.lambda_function_get_all_courses.data.aws_iam_policy_document.additional_inline",
            "module.lambdas.module.lambda_function_get_all_courses.data.aws_iam_policy_document.assume_role",
            "module.lambdas.module.lambda_function_get_all_courses.data.aws_iam_policy_document.async",
            "module.lambdas.module.lambda_function_get_all_courses.data.aws_iam_policy_document.dead_letter",
            "module.lambdas.module.lambda_function_get_all_courses.data.aws_iam_policy_document.logs",
            "module.lambdas.module.lambda_function_get_all_courses.data.aws_partition.current",
            "module.lambdas.module.lambda_function_get_all_courses.data.external.archive_prepare",
            "module.lambdas.module.lambda_function_get_all_courses.local_file.archive_plan",
            "module.lambdas.module.lambda_function_get_all_courses.null_resource.archive",
            "module.table_courses.aws_dynamodb_table.this"
          ]
        }
      ]
    },
    {
      "module": "module.lambdas.module.lambda_function_get_all_courses",
      "mode": "managed",
      "type": "local_file",
      "name": "archive_plan",
      "provider": "provider[\"registry.terraform.io/hashicorp/local\"]",
      "instances": [
        {
          "index_key": 0,
          "schema_version": 0,
          "attributes": {
            "content": "{\"filename\": \"builds/04c42cf4c172475bab32d557dea5fc0c230800412c1a9895721098b2020b5742.zip\", \"runtime\": \"nodejs16.x\", \"artifacts_dir\": \"builds\", \"build_plan\": [[\"zip\", \"modules/lambda/src/get_all_courses\", null]]}",
            "content_base64": null,
            "content_base64sha256": "l45F9NuLPzrqG7/kkZ0Ry7tNeUAq3BL+8SbkwMIp5hs=",
            "content_base64sha512": "RkRqhe+n7xuy6WKTHaRfGYAgppyGKtb4/AF+P6xrNJR658pofAaszGzRZ6KXuWpigcJnJuuuGurZNLyUxFxtMw==",
            "content_md5": "a916d7f4d1ef54d1b2c2f4f7e935ded6",
            "content_sha1": "644b16875e63414923a1aea94ab65fb76df7a135",
            "content_sha256": "978e45f4db8b3f3aea1bbfe4919d11cbbb4d79402adc12fef126e4c0c229e61b",
            "content_sha512": "46446a85efa7ef1bb2e962931da45f198020a69c862ad6f8fc017e3fac6b34947ae7ca687c06accc6cd167a297b96a6281c26726ebae1aead934bc94c45c6d33",
            "directory_permission": "0755",
            "file_permission": "0644",
            "filename": "builds/04c42cf4c172475bab32d557dea5fc0c230800412c1a9895721098b2020b5742.plan.json",
            "id": "644b16875e63414923a1aea94ab65fb76df7a135",
            "sensitive_content": null,
            "source": null
          },
          "sensitive_attributes": [],
          "dependencies": [
            "module.lambdas.module.lambda_function_get_all_courses.data.external.archive_prepare"
          ]
        }
      ]
    },
    {
      "module": "module.lambdas.module.lambda_function_get_all_courses",
      "mode": "managed",
      "type": "null_resource",
      "name": "archive",
      "provider": "provider[\"registry.terraform.io/hashicorp/null\"]",
      "instances": [
        {
          "index_key": 0,
          "schema_version": 0,
          "attributes": {
            "id": "5802305035542940698",
            "triggers": {
              "filename": "builds/04c42cf4c172475bab32d557dea5fc0c230800412c1a9895721098b2020b5742.zip",
              "timestamp": "1711481169728694000"
            }
          },
          "sensitive_attributes": [],
          "dependencies": [
            "module.lambdas.module.lambda_function_get_all_courses.data.external.archive_prepare",
            "module.lambdas.module.lambda_function_get_all_courses.local_file.archive_plan"
          ]
        }
      ]
    },
    {
      "module": "module.lambdas.module.lambda_function_get_course",
      "mode": "data",
      "type": "aws_caller_identity",
      "name": "current",
      "provider": "provider[\"registry.terraform.io/hashicorp/aws\"]",
      "instances": [
        {
          "schema_version": 0,
          "attributes": {
            "account_id": "730335546141",
            "arn": "arn:aws:iam::730335546141:user/terraform",
            "id": "730335546141",
            "user_id": "AIDA2UC3EBMOVSJN7GVRK"
          },
          "sensitive_attributes": []
        }
      ]
    },
    {
      "module": "module.lambdas.module.lambda_function_get_course",
      "mode": "data",
      "type": "aws_iam_policy_document",
      "name": "assume_role",
      "provider": "provider[\"registry.terraform.io/hashicorp/aws\"]",
      "instances": [
        {
          "index_key": 0,
          "schema_version": 0,
          "attributes": {
            "id": "2690255455",
            "json": "{\n  \"Version\": \"2012-10-17\",\n  \"Statement\": [\n    {\n      \"Effect\": \"Allow\",\n      \"Action\": \"sts:AssumeRole\",\n      \"Principal\": {\n        \"Service\": \"lambda.amazonaws.com\"\n      }\n    }\n  ]\n}",
            "override_policy_documents": null,
            "policy_id": null,
            "source_policy_documents": null,
            "statement": [
              {
                "actions": [
                  "sts:AssumeRole"
                ],
                "condition": [],
                "effect": "Allow",
                "not_actions": [],
                "not_principals": [],
                "not_resources": [],
                "principals": [
                  {
                    "identifiers": [
                      "lambda.amazonaws.com"
                    ],
                    "type": "Service"
                  }
                ],
                "resources": [],
                "sid": ""
              }
            ],
            "version": "2012-10-17"
          },
          "sensitive_attributes": []
        }
      ]
    },
    {
      "module": "module.lambdas.module.lambda_function_get_course",
      "mode": "data",
      "type": "aws_iam_policy_document",
      "name": "logs",
      "provider": "provider[\"registry.terraform.io/hashicorp/aws\"]",
      "instances": [
        {
          "index_key": 0,
          "schema_version": 0,
          "attributes": {
            "id": "4283966580",
            "json": "{\n  \"Version\": \"2012-10-17\",\n  \"Statement\": [\n    {\n      \"Effect\": \"Allow\",\n      \"Action\": [\n        \"logs:PutLogEvents\",\n        \"logs:CreateLogStream\",\n        \"logs:CreateLogGroup\"\n      ],\n      \"Resource\": [\n        \"arn:aws:logs:eu-central-1:730335546141:log-group:/aws/lambda/dev-lpnu-kostetskyi-get-course:*:*\",\n        \"arn:aws:logs:eu-central-1:730335546141:log-group:/aws/lambda/dev-lpnu-kostetskyi-get-course:*\"\n      ]\n    }\n  ]\n}",
            "override_policy_documents": null,
            "policy_id": null,
            "source_policy_documents": null,
            "statement": [
              {
                "actions": [
                  "logs:CreateLogGroup",
                  "logs:CreateLogStream",
                  "logs:PutLogEvents"
                ],
                "condition": [],
                "effect": "Allow",
                "not_actions": [],
                "not_principals": [],
                "not_resources": [],
                "principals": [],
                "resources": [
                  "arn:aws:logs:eu-central-1:730335546141:log-group:/aws/lambda/dev-lpnu-kostetskyi-get-course:*",
                  "arn:aws:logs:eu-central-1:730335546141:log-group:/aws/lambda/dev-lpnu-kostetskyi-get-course:*:*"
                ],
                "sid": ""
              }
            ],
            "version": "2012-10-17"
          },
          "sensitive_attributes": []
        }
      ]
    },
    {
      "module": "module.lambdas.module.lambda_function_get_course",
      "mode": "data",
      "type": "aws_partition",
      "name": "current",
      "provider": "provider[\"registry.terraform.io/hashicorp/aws\"]",
      "instances": [
        {
          "schema_version": 0,
          "attributes": {
            "dns_suffix": "amazonaws.com",
            "id": "aws",
            "partition": "aws",
            "reverse_dns_prefix": "com.amazonaws"
          },
          "sensitive_attributes": []
        }
      ]
    },
    {
      "module": "module.lambdas.module.lambda_function_get_course",
      "mode": "data",
      "type": "aws_region",
      "name": "current",
      "provider": "provider[\"registry.terraform.io/hashicorp/aws\"]",
      "instances": [
        {
          "schema_version": 0,
          "attributes": {
            "description": "Europe (Frankfurt)",
            "endpoint": "ec2.eu-central-1.amazonaws.com",
            "id": "eu-central-1",
            "name": "eu-central-1"
          },
          "sensitive_attributes": []
        }
      ]
    },
    {
      "module": "module.lambdas.module.lambda_function_get_course",
      "mode": "data",
      "type": "external",
      "name": "archive_prepare",
      "provider": "provider[\"registry.terraform.io/hashicorp/external\"]",
      "instances": [
        {
          "index_key": 0,
          "schema_version": 0,
          "attributes": {
            "id": "-",
            "program": [
              "python3",
              ".terraform/modules/lambdas.lambda_function_get_course/package.py",
              "prepare"
            ],
            "query": {
              "artifacts_dir": "builds",
              "docker": null,
              "hash_extra": "",
              "hash_extra_paths": "[]",
              "paths": "{\"cwd\":\"/mnt/c/Users/quantum_brake/WebstormProjects/terraform\",\"module\":\".terraform/modules/lambdas.lambda_function_get_course\",\"root\":\".\"}",
              "recreate_missing_package": "true",
              "runtime": "nodejs16.x",
              "source_path": "\"modules/lambda/src/get_course\""
            },
            "result": {
              "build_plan": "{\"filename\": \"builds/dd27866ebcc9bc1d78ef3da6a32738d9dd2b9824fb1eeca2bc7a984d63b871e6.zip\", \"runtime\": \"nodejs16.x\", \"artifacts_dir\": \"builds\", \"build_plan\": [[\"zip\", \"modules/lambda/src/get_course\", null]]}",
              "build_plan_filename": "builds/dd27866ebcc9bc1d78ef3da6a32738d9dd2b9824fb1eeca2bc7a984d63b871e6.plan.json",
              "filename": "builds/dd27866ebcc9bc1d78ef3da6a32738d9dd2b9824fb1eeca2bc7a984d63b871e6.zip",
              "timestamp": "1711481169562447000",
              "was_missing": "true"
            },
            "working_dir": null
          },
          "sensitive_attributes": []
        }
      ]
    },
    {
      "module": "module.lambdas.module.lambda_function_get_course",
      "mode": "managed",
      "type": "aws_cloudwatch_log_group",
      "name": "lambda",
      "provider": "provider[\"registry.terraform.io/hashicorp/aws\"]",
      "instances": [
        {
          "index_key": 0,
          "schema_version": 0,
          "attributes": {
            "arn": "arn:aws:logs:eu-central-1:730335546141:log-group:/aws/lambda/dev-lpnu-kostetskyi-get-course",
            "id": "/aws/lambda/dev-lpnu-kostetskyi-get-course",
            "kms_key_id": "",
            "log_group_class": "STANDARD",
            "name": "/aws/lambda/dev-lpnu-kostetskyi-get-course",
            "name_prefix": "",
            "retention_in_days": 0,
            "skip_destroy": false,
            "tags": {
              "Environment": "kostetskyi",
              "Name": "dev-lpnu-kostetskyi-get-course",
              "Namespace": "lpnu",
              "Stage": "dev"
            },
            "tags_all": {
              "Environment": "kostetskyi",
              "Name": "dev-lpnu-kostetskyi-get-course",
              "Namespace": "lpnu",
              "Stage": "dev"
            }
          },
          "sensitive_attributes": [],
          "private": "bnVsbA=="
        }
      ]
    },
    {
      "module": "module.lambdas.module.lambda_function_get_course",
      "mode": "managed",
      "type": "aws_iam_policy",
      "name": "logs",
      "provider": "provider[\"registry.terraform.io/hashicorp/aws\"]",
      "instances": [
        {
          "index_key": 0,
          "schema_version": 0,
          "attributes": {
            "arn": "arn:aws:iam::730335546141:policy/dev-lpnu-kostetskyi-get-course-logs",
            "description": "",
            "id": "arn:aws:iam::730335546141:policy/dev-lpnu-kostetskyi-get-course-logs",
            "name": "dev-lpnu-kostetskyi-get-course-logs",
            "name_prefix": "",
            "path": "/",
            "policy": "{\"Statement\":[{\"Action\":[\"logs:PutLogEvents\",\"logs:CreateLogStream\",\"logs:CreateLogGroup\"],\"Effect\":\"Allow\",\"Resource\":[\"arn:aws:logs:eu-central-1:730335546141:log-group:/aws/lambda/dev-lpnu-kostetskyi-get-course:*:*\",\"arn:aws:logs:eu-central-1:730335546141:log-group:/aws/lambda/dev-lpnu-kostetskyi-get-course:*\"]}],\"Version\":\"2012-10-17\"}",
            "policy_id": "ANPA2UC3EBMO4FVZZJKOW",
            "tags": {
              "Environment": "kostetskyi",
              "Name": "dev-lpnu-kostetskyi-get-course",
              "Namespace": "lpnu",
              "Stage": "dev"
            },
            "tags_all": {
              "Environment": "kostetskyi",
              "Name": "dev-lpnu-kostetskyi-get-course",
              "Namespace": "lpnu",
              "Stage": "dev"
            }
          },
          "sensitive_attributes": [],
          "private": "bnVsbA==",
          "dependencies": [
            "module.lambdas.module.lambda_function_get_course.aws_cloudwatch_log_group.lambda",
            "module.lambdas.module.lambda_function_get_course.data.aws_arn.log_group_arn",
            "module.lambdas.module.lambda_function_get_course.data.aws_cloudwatch_log_group.lambda",
            "module.lambdas.module.lambda_function_get_course.data.aws_iam_policy_document.logs"
          ]
        }
      ]
    },
    {
      "module": "module.lambdas.module.lambda_function_get_course",
      "mode": "managed",
      "type": "aws_iam_role",
      "name": "lambda",
      "provider": "provider[\"registry.terraform.io/hashicorp/aws\"]",
      "instances": [
        {
          "index_key": 0,
          "schema_version": 0,
          "attributes": {
            "arn": "arn:aws:iam::730335546141:role/dev-lpnu-kostetskyi-get-course",
            "assume_role_policy": "{\"Statement\":[{\"Action\":\"sts:AssumeRole\",\"Effect\":\"Allow\",\"Principal\":{\"Service\":\"lambda.amazonaws.com\"}}],\"Version\":\"2012-10-17\"}",
            "create_date": "2024-03-26T19:26:21Z",
            "description": "",
            "force_detach_policies": true,
            "id": "dev-lpnu-kostetskyi-get-course",
            "inline_policy": [],
            "managed_policy_arns": [],
            "max_session_duration": 3600,
            "name": "dev-lpnu-kostetskyi-get-course",
            "name_prefix": "",
            "path": "/",
            "permissions_boundary": "",
            "tags": {
              "Environment": "kostetskyi",
              "Name": "dev-lpnu-kostetskyi-get-course",
              "Namespace": "lpnu",
              "Stage": "dev"
            },
            "tags_all": {
              "Environment": "kostetskyi",
              "Name": "dev-lpnu-kostetskyi-get-course",
              "Namespace": "lpnu",
              "Stage": "dev"
            },
            "unique_id": "AROA2UC3EBMO7PSGSW7CW"
          },
          "sensitive_attributes": [],
          "private": "bnVsbA==",
          "dependencies": [
            "module.lambdas.module.lambda_function_get_course.data.aws_iam_policy_document.assume_role"
          ]
        }
      ]
    },
    {
      "module": "module.lambdas.module.lambda_function_get_course",
      "mode": "managed",
      "type": "aws_iam_role_policy_attachment",
      "name": "logs",
      "provider": "provider[\"registry.terraform.io/hashicorp/aws\"]",
      "instances": [
        {
          "index_key": 0,
          "schema_version": 0,
          "attributes": {
            "id": "dev-lpnu-kostetskyi-get-course-20240326192622014000000001",
            "policy_arn": "arn:aws:iam::730335546141:policy/dev-lpnu-kostetskyi-get-course-logs",
            "role": "dev-lpnu-kostetskyi-get-course"
          },
          "sensitive_attributes": [],
          "private": "bnVsbA==",
          "dependencies": [
            "module.lambdas.module.lambda_function_get_course.aws_cloudwatch_log_group.lambda",
            "module.lambdas.module.lambda_function_get_course.aws_iam_policy.logs",
            "module.lambdas.module.lambda_function_get_course.aws_iam_role.lambda",
            "module.lambdas.module.lambda_function_get_course.data.aws_arn.log_group_arn",
            "module.lambdas.module.lambda_function_get_course.data.aws_cloudwatch_log_group.lambda",
            "module.lambdas.module.lambda_function_get_course.data.aws_iam_policy_document.assume_role",
            "module.lambdas.module.lambda_function_get_course.data.aws_iam_policy_document.logs"
          ]
        }
      ]
    },
    {
      "module": "module.lambdas.module.lambda_function_get_course",
      "mode": "managed",
      "type": "aws_lambda_function",
      "name": "this",
      "provider": "provider[\"registry.terraform.io/hashicorp/aws\"]",
      "instances": [
        {
          "index_key": 0,
          "schema_version": 0,
          "attributes": {
            "architectures": [
              "x86_64"
            ],
            "arn": "arn:aws:lambda:eu-central-1:730335546141:function:dev-lpnu-kostetskyi-get-course",
            "code_signing_config_arn": "",
            "dead_letter_config": [],
            "description": "My awesome lambda function",
            "environment": [
              {
                "variables": {
                  "TABLE_NAME": "dev-lpnu-kostetskyi-courses"
                }
              }
            ],
            "ephemeral_storage": [
              {
                "size": 512
              }
            ],
            "file_system_config": [],
            "filename": "builds/dd27866ebcc9bc1d78ef3da6a32738d9dd2b9824fb1eeca2bc7a984d63b871e6.zip",
            "function_name": "dev-lpnu-kostetskyi-get-course",
            "handler": "index.handler",
            "id": "dev-lpnu-kostetskyi-get-course",
            "image_config": [],
            "image_uri": "",
            "invoke_arn": "arn:aws:apigateway:eu-central-1:lambda:path/2015-03-31/functions/arn:aws:lambda:eu-central-1:730335546141:function:dev-lpnu-kostetskyi-get-course/invocations",
            "kms_key_arn": "",
            "last_modified": "2024-03-26T19:26:28.050+0000",
            "layers": null,
            "logging_config": [
              {
                "application_log_level": "",
                "log_format": "Text",
                "log_group": "/aws/lambda/dev-lpnu-kostetskyi-get-course",
                "system_log_level": ""
              }
            ],
            "memory_size": 128,
            "package_type": "Zip",
            "publish": false,
            "qualified_arn": "arn:aws:lambda:eu-central-1:730335546141:function:dev-lpnu-kostetskyi-get-course:$LATEST",
            "qualified_invoke_arn": "arn:aws:apigateway:eu-central-1:lambda:path/2015-03-31/functions/arn:aws:lambda:eu-central-1:730335546141:function:dev-lpnu-kostetskyi-get-course:$LATEST/invocations",
            "replace_security_groups_on_destroy": null,
            "replacement_security_group_ids": null,
            "reserved_concurrent_executions": -1,
            "role": "arn:aws:iam::730335546141:role/dev-lpnu-kostetskyi-get-course",
            "runtime": "nodejs16.x",
            "s3_bucket": null,
            "s3_key": null,
            "s3_object_version": null,
            "signing_job_arn": "",
            "signing_profile_version_arn": "",
            "skip_destroy": false,
            "snap_start": [],
            "source_code_hash": "slFA5TtE+CTly79D0jJ3Pt/A7P71Zxcub+9VetEjrz8=",
            "source_code_size": 445,
            "tags": {
              "Environment": "kostetskyi",
              "Name": "dev-lpnu-kostetskyi-get-course",
              "Namespace": "lpnu",
              "Stage": "dev"
            },
            "tags_all": {
              "Environment": "kostetskyi",
              "Name": "dev-lpnu-kostetskyi-get-course",
              "Namespace": "lpnu",
              "Stage": "dev"
            },
            "timeout": 3,
            "timeouts": null,
            "tracing_config": [
              {
                "mode": "PassThrough"
              }
            ],
            "version": "$LATEST",
            "vpc_config": []
          },
          "sensitive_attributes": [],
          "private": "eyJlMmJmYjczMC1lY2FhLTExZTYtOGY4OC0zNDM2M2JjN2M0YzAiOnsiY3JlYXRlIjo2MDAwMDAwMDAwMDAsImRlbGV0ZSI6NjAwMDAwMDAwMDAwLCJ1cGRhdGUiOjYwMDAwMDAwMDAwMH19",
          "dependencies": [
            "module.lambdas.module.lambda_function_get_course.aws_cloudwatch_log_group.lambda",
            "module.lambdas.module.lambda_function_get_course.aws_iam_policy.additional_inline",
            "module.lambdas.module.lambda_function_get_course.aws_iam_policy.additional_json",
            "module.lambdas.module.lambda_function_get_course.aws_iam_policy.additional_jsons",
            "module.lambdas.module.lambda_function_get_course.aws_iam_policy.async",
            "module.lambdas.module.lambda_function_get_course.aws_iam_policy.dead_letter",
            "module.lambdas.module.lambda_function_get_course.aws_iam_policy.logs",
            "module.lambdas.module.lambda_function_get_course.aws_iam_policy.tracing",
            "module.lambdas.module.lambda_function_get_course.aws_iam_policy.vpc",
            "module.lambdas.module.lambda_function_get_course.aws_iam_role.lambda",
            "module.lambdas.module.lambda_function_get_course.aws_iam_role_policy_attachment.additional_inline",
            "module.lambdas.module.lambda_function_get_course.aws_iam_role_policy_attachment.additional_json",
            "module.lambdas.module.lambda_function_get_course.aws_iam_role_policy_attachment.additional_jsons",
            "module.lambdas.module.lambda_function_get_course.aws_iam_role_policy_attachment.additional_many",
            "module.lambdas.module.lambda_function_get_course.aws_iam_role_policy_attachment.additional_one",
            "module.lambdas.module.lambda_function_get_course.aws_iam_role_policy_attachment.async",
            "module.lambdas.module.lambda_function_get_course.aws_iam_role_policy_attachment.dead_letter",
            "module.lambdas.module.lambda_function_get_course.aws_iam_role_policy_attachment.logs",
            "module.lambdas.module.lambda_function_get_course.aws_iam_role_policy_attachment.tracing",
            "module.lambdas.module.lambda_function_get_course.aws_iam_role_policy_attachment.vpc",
            "module.lambdas.module.lambda_function_get_course.aws_s3_object.lambda_package",
            "module.lambdas.module.lambda_function_get_course.data.aws_arn.log_group_arn",
            "module.lambdas.module.lambda_function_get_course.data.aws_cloudwatch_log_group.lambda",
            "module.lambdas.module.lambda_function_get_course.data.aws_iam_policy.tracing",
            "module.lambdas.module.lambda_function_get_course.data.aws_iam_policy.vpc",
            "module.lambdas.module.lambda_function_get_course.data.aws_iam_policy_document.additional_inline",
            "module.lambdas.module.lambda_function_get_course.data.aws_iam_policy_document.assume_role",
            "module.lambdas.module.lambda_function_get_course.data.aws_iam_policy_document.async",
            "module.lambdas.module.lambda_function_get_course.data.aws_iam_policy_document.dead_letter",
            "module.lambdas.module.lambda_function_get_course.data.aws_iam_policy_document.logs",
            "module.lambdas.module.lambda_function_get_course.data.aws_partition.current",
            "module.lambdas.module.lambda_function_get_course.data.external.archive_prepare",
            "module.lambdas.module.lambda_function_get_course.local_file.archive_plan",
            "module.lambdas.module.lambda_function_get_course.null_resource.archive",
            "module.table_courses.aws_dynamodb_table.this"
          ]
        }
      ]
    },
    {
      "module": "module.lambdas.module.lambda_function_get_course",
      "mode": "managed",
      "type": "local_file",
      "name": "archive_plan",
      "provider": "provider[\"registry.terraform.io/hashicorp/local\"]",
      "instances": [
        {
          "index_key": 0,
          "schema_version": 0,
          "attributes": {
            "content": "{\"filename\": \"builds/dd27866ebcc9bc1d78ef3da6a32738d9dd2b9824fb1eeca2bc7a984d63b871e6.zip\", \"runtime\": \"nodejs16.x\", \"artifacts_dir\": \"builds\", \"build_plan\": [[\"zip\", \"modules/lambda/src/get_course\", null]]}",
            "content_base64": null,
            "content_base64sha256": "BN3V1jlu7B+lqOBtZoj/TShKnFleO1fBf9EENSj+ysY=",
            "content_base64sha512": "KGIHJVcGgdbg++EJdaEc0bBKFSn6VvQ9x/bAhjdwbVnZlYJ4s2MA2IhyrDExlGlNHS6zG/NzSdoYI6w5E38fZw==",
            "content_md5": "97e47acfdf9314728d1ef70d781aca20",
            "content_sha1": "6f5d991f47b7e74509340fa43aa22bef5159a637",
            "content_sha256": "04ddd5d6396eec1fa5a8e06d6688ff4d284a9c595e3b57c17fd1043528fecac6",
            "content_sha512": "28620725570681d6e0fbe10975a11cd1b04a1529fa56f43dc7f6c08637706d59d9958278b36300d88872ac313194694d1d2eb31bf37349da1823ac39137f1f67",
            "directory_permission": "0755",
            "file_permission": "0644",
            "filename": "builds/dd27866ebcc9bc1d78ef3da6a32738d9dd2b9824fb1eeca2bc7a984d63b871e6.plan.json",
            "id": "6f5d991f47b7e74509340fa43aa22bef5159a637",
            "sensitive_content": null,
            "source": null
          },
          "sensitive_attributes": [],
          "dependencies": [
            "module.lambdas.module.lambda_function_get_course.data.external.archive_prepare"
          ]
        }
      ]
    },
    {
      "module": "module.lambdas.module.lambda_function_get_course",
      "mode": "managed",
      "type": "null_resource",
      "name": "archive",
      "provider": "provider[\"registry.terraform.io/hashicorp/null\"]",
      "instances": [
        {
          "index_key": 0,
          "schema_version": 0,
          "attributes": {
            "id": "1266763261218896731",
            "triggers": {
              "filename": "builds/dd27866ebcc9bc1d78ef3da6a32738d9dd2b9824fb1eeca2bc7a984d63b871e6.zip",
              "timestamp": "1711481169562447000"
            }
          },
          "sensitive_attributes": [],
          "dependencies": [
            "module.lambdas.module.lambda_function_get_course.data.external.archive_prepare",
            "module.lambdas.module.lambda_function_get_course.local_file.archive_plan"
          ]
        }
      ]
    },
    {
      "module": "module.lambdas.module.lambda_function_save_course",
      "mode": "data",
      "type": "aws_caller_identity",
      "name": "current",
      "provider": "provider[\"registry.terraform.io/hashicorp/aws\"]",
      "instances": [
        {
          "schema_version": 0,
          "attributes": {
            "account_id": "730335546141",
            "arn": "arn:aws:iam::730335546141:user/terraform",
            "id": "730335546141",
            "user_id": "AIDA2UC3EBMOVSJN7GVRK"
          },
          "sensitive_attributes": []
        }
      ]
    },
    {
      "module": "module.lambdas.module.lambda_function_save_course",
      "mode": "data",
      "type": "aws_iam_policy_document",
      "name": "assume_role",
      "provider": "provider[\"registry.terraform.io/hashicorp/aws\"]",
      "instances": [
        {
          "index_key": 0,
          "schema_version": 0,
          "attributes": {
            "id": "2690255455",
            "json": "{\n  \"Version\": \"2012-10-17\",\n  \"Statement\": [\n    {\n      \"Effect\": \"Allow\",\n      \"Action\": \"sts:AssumeRole\",\n      \"Principal\": {\n        \"Service\": \"lambda.amazonaws.com\"\n      }\n    }\n  ]\n}",
            "override_policy_documents": null,
            "policy_id": null,
            "source_policy_documents": null,
            "statement": [
              {
                "actions": [
                  "sts:AssumeRole"
                ],
                "condition": [],
                "effect": "Allow",
                "not_actions": [],
                "not_principals": [],
                "not_resources": [],
                "principals": [
                  {
                    "identifiers": [
                      "lambda.amazonaws.com"
                    ],
                    "type": "Service"
                  }
                ],
                "resources": [],
                "sid": ""
              }
            ],
            "version": "2012-10-17"
          },
          "sensitive_attributes": []
        }
      ]
    },
    {
      "module": "module.lambdas.module.lambda_function_save_course",
      "mode": "data",
      "type": "aws_iam_policy_document",
      "name": "logs",
      "provider": "provider[\"registry.terraform.io/hashicorp/aws\"]",
      "instances": [
        {
          "index_key": 0,
          "schema_version": 0,
          "attributes": {
            "id": "2898768489",
            "json": "{\n  \"Version\": \"2012-10-17\",\n  \"Statement\": [\n    {\n      \"Effect\": \"Allow\",\n      \"Action\": [\n        \"logs:PutLogEvents\",\n        \"logs:CreateLogStream\",\n        \"logs:CreateLogGroup\"\n      ],\n      \"Resource\": [\n        \"arn:aws:logs:eu-central-1:730335546141:log-group:/aws/lambda/dev-lpnu-kostetskyi-save-course:*:*\",\n        \"arn:aws:logs:eu-central-1:730335546141:log-group:/aws/lambda/dev-lpnu-kostetskyi-save-course:*\"\n      ]\n    }\n  ]\n}",
            "override_policy_documents": null,
            "policy_id": null,
            "source_policy_documents": null,
            "statement": [
              {
                "actions": [
                  "logs:CreateLogGroup",
                  "logs:CreateLogStream",
                  "logs:PutLogEvents"
                ],
                "condition": [],
                "effect": "Allow",
                "not_actions": [],
                "not_principals": [],
                "not_resources": [],
                "principals": [],
                "resources": [
                  "arn:aws:logs:eu-central-1:730335546141:log-group:/aws/lambda/dev-lpnu-kostetskyi-save-course:*",
                  "arn:aws:logs:eu-central-1:730335546141:log-group:/aws/lambda/dev-lpnu-kostetskyi-save-course:*:*"
                ],
                "sid": ""
              }
            ],
            "version": "2012-10-17"
          },
          "sensitive_attributes": []
        }
      ]
    },
    {
      "module": "module.lambdas.module.lambda_function_save_course",
      "mode": "data",
      "type": "aws_partition",
      "name": "current",
      "provider": "provider[\"registry.terraform.io/hashicorp/aws\"]",
      "instances": [
        {
          "schema_version": 0,
          "attributes": {
            "dns_suffix": "amazonaws.com",
            "id": "aws",
            "partition": "aws",
            "reverse_dns_prefix": "com.amazonaws"
          },
          "sensitive_attributes": []
        }
      ]
    },
    {
      "module": "module.lambdas.module.lambda_function_save_course",
      "mode": "data",
      "type": "aws_region",
      "name": "current",
      "provider": "provider[\"registry.terraform.io/hashicorp/aws\"]",
      "instances": [
        {
          "schema_version": 0,
          "attributes": {
            "description": "Europe (Frankfurt)",
            "endpoint": "ec2.eu-central-1.amazonaws.com",
            "id": "eu-central-1",
            "name": "eu-central-1"
          },
          "sensitive_attributes": []
        }
      ]
    },
    {
      "module": "module.lambdas.module.lambda_function_save_course",
      "mode": "data",
      "type": "external",
      "name": "archive_prepare",
      "provider": "provider[\"registry.terraform.io/hashicorp/external\"]",
      "instances": [
        {
          "index_key": 0,
          "schema_version": 0,
          "attributes": {
            "id": "-",
            "program": [
              "python3",
              ".terraform/modules/lambdas.lambda_function_save_course/package.py",
              "prepare"
            ],
            "query": {
              "artifacts_dir": "builds",
              "docker": null,
              "hash_extra": "",
              "hash_extra_paths": "[]",
              "paths": "{\"cwd\":\"/mnt/c/Users/quantum_brake/WebstormProjects/terraform\",\"module\":\".terraform/modules/lambdas.lambda_function_save_course\",\"root\":\".\"}",
              "recreate_missing_package": "true",
              "runtime": "nodejs16.x",
              "source_path": "\"modules/lambda/src/save_course\""
            },
            "result": {
              "build_plan": "{\"filename\": \"builds/00f32ad3e1956b4cb2b7f5bbde86c0ae627b48fedbcaba7c4a88548c75064b57.zip\", \"runtime\": \"nodejs16.x\", \"artifacts_dir\": \"builds\", \"build_plan\": [[\"zip\", \"modules/lambda/src/save_course\", null]]}",
              "build_plan_filename": "builds/00f32ad3e1956b4cb2b7f5bbde86c0ae627b48fedbcaba7c4a88548c75064b57.plan.json",
              "filename": "builds/00f32ad3e1956b4cb2b7f5bbde86c0ae627b48fedbcaba7c4a88548c75064b57.zip",
              "timestamp": "1711481169541168000",
              "was_missing": "true"
            },
            "working_dir": null
          },
          "sensitive_attributes": []
        }
      ]
    },
    {
      "module": "module.lambdas.module.lambda_function_save_course",
      "mode": "managed",
      "type": "aws_cloudwatch_log_group",
      "name": "lambda",
      "provider": "provider[\"registry.terraform.io/hashicorp/aws\"]",
      "instances": [
        {
          "index_key": 0,
          "schema_version": 0,
          "attributes": {
            "arn": "arn:aws:logs:eu-central-1:730335546141:log-group:/aws/lambda/dev-lpnu-kostetskyi-save-course",
            "id": "/aws/lambda/dev-lpnu-kostetskyi-save-course",
            "kms_key_id": "",
            "log_group_class": "STANDARD",
            "name": "/aws/lambda/dev-lpnu-kostetskyi-save-course",
            "name_prefix": "",
            "retention_in_days": 0,
            "skip_destroy": false,
            "tags": {
              "Environment": "kostetskyi",
              "Name": "dev-lpnu-kostetskyi-save-course",
              "Namespace": "lpnu",
              "Stage": "dev"
            },
            "tags_all": {
              "Environment": "kostetskyi",
              "Name": "dev-lpnu-kostetskyi-save-course",
              "Namespace": "lpnu",
              "Stage": "dev"
            }
          },
          "sensitive_attributes": [],
          "private": "bnVsbA=="
        }
      ]
    },
    {
      "module": "module.lambdas.module.lambda_function_save_course",
      "mode": "managed",
      "type": "aws_iam_policy",
      "name": "logs",
      "provider": "provider[\"registry.terraform.io/hashicorp/aws\"]",
      "instances": [
        {
          "index_key": 0,
          "schema_version": 0,
          "attributes": {
            "arn": "arn:aws:iam::730335546141:policy/dev-lpnu-kostetskyi-save-course-logs",
            "description": "",
            "id": "arn:aws:iam::730335546141:policy/dev-lpnu-kostetskyi-save-course-logs",
            "name": "dev-lpnu-kostetskyi-save-course-logs",
            "name_prefix": "",
            "path": "/",
            "policy": "{\"Statement\":[{\"Action\":[\"logs:PutLogEvents\",\"logs:CreateLogStream\",\"logs:CreateLogGroup\"],\"Effect\":\"Allow\",\"Resource\":[\"arn:aws:logs:eu-central-1:730335546141:log-group:/aws/lambda/dev-lpnu-kostetskyi-save-course:*:*\",\"arn:aws:logs:eu-central-1:730335546141:log-group:/aws/lambda/dev-lpnu-kostetskyi-save-course:*\"]}],\"Version\":\"2012-10-17\"}",
            "policy_id": "ANPA2UC3EBMOTEDT426ST",
            "tags": {
              "Environment": "kostetskyi",
              "Name": "dev-lpnu-kostetskyi-save-course",
              "Namespace": "lpnu",
              "Stage": "dev"
            },
            "tags_all": {
              "Environment": "kostetskyi",
              "Name": "dev-lpnu-kostetskyi-save-course",
              "Namespace": "lpnu",
              "Stage": "dev"
            }
          },
          "sensitive_attributes": [],
          "private": "bnVsbA==",
          "dependencies": [
            "module.lambdas.module.lambda_function_save_course.aws_cloudwatch_log_group.lambda",
            "module.lambdas.module.lambda_function_save_course.data.aws_arn.log_group_arn",
            "module.lambdas.module.lambda_function_save_course.data.aws_cloudwatch_log_group.lambda",
            "module.lambdas.module.lambda_function_save_course.data.aws_iam_policy_document.logs"
          ]
        }
      ]
    },
    {
      "module": "module.lambdas.module.lambda_function_save_course",
      "mode": "managed",
      "type": "aws_iam_role",
      "name": "lambda",
      "provider": "provider[\"registry.terraform.io/hashicorp/aws\"]",
      "instances": [
        {
          "index_key": 0,
          "schema_version": 0,
          "attributes": {
            "arn": "arn:aws:iam::730335546141:role/dev-lpnu-kostetskyi-save-course",
            "assume_role_policy": "{\"Statement\":[{\"Action\":\"sts:AssumeRole\",\"Effect\":\"Allow\",\"Principal\":{\"Service\":\"lambda.amazonaws.com\"}}],\"Version\":\"2012-10-17\"}",
            "create_date": "2024-03-26T19:26:21Z",
            "description": "",
            "force_detach_policies": true,
            "id": "dev-lpnu-kostetskyi-save-course",
            "inline_policy": [],
            "managed_policy_arns": [],
            "max_session_duration": 3600,
            "name": "dev-lpnu-kostetskyi-save-course",
            "name_prefix": "",
            "path": "/",
            "permissions_boundary": "",
            "tags": {
              "Environment": "kostetskyi",
              "Name": "dev-lpnu-kostetskyi-save-course",
              "Namespace": "lpnu",
              "Stage": "dev"
            },
            "tags_all": {
              "Environment": "kostetskyi",
              "Name": "dev-lpnu-kostetskyi-save-course",
              "Namespace": "lpnu",
              "Stage": "dev"
            },
            "unique_id": "AROA2UC3EBMOT6WNGWDBX"
          },
          "sensitive_attributes": [],
          "private": "bnVsbA==",
          "dependencies": [
            "module.lambdas.module.lambda_function_save_course.data.aws_iam_policy_document.assume_role"
          ]
        }
      ]
    },
    {
      "module": "module.lambdas.module.lambda_function_save_course",
      "mode": "managed",
      "type": "aws_iam_role_policy_attachment",
      "name": "logs",
      "provider": "provider[\"registry.terraform.io/hashicorp/aws\"]",
      "instances": [
        {
          "index_key": 0,
          "schema_version": 0,
          "attributes": {
            "id": "dev-lpnu-kostetskyi-save-course-20240326192622061800000002",
            "policy_arn": "arn:aws:iam::730335546141:policy/dev-lpnu-kostetskyi-save-course-logs",
            "role": "dev-lpnu-kostetskyi-save-course"
          },
          "sensitive_attributes": [],
          "private": "bnVsbA==",
          "dependencies": [
            "module.lambdas.module.lambda_function_save_course.aws_cloudwatch_log_group.lambda",
            "module.lambdas.module.lambda_function_save_course.aws_iam_policy.logs",
            "module.lambdas.module.lambda_function_save_course.aws_iam_role.lambda",
            "module.lambdas.module.lambda_function_save_course.data.aws_arn.log_group_arn",
            "module.lambdas.module.lambda_function_save_course.data.aws_cloudwatch_log_group.lambda",
            "module.lambdas.module.lambda_function_save_course.data.aws_iam_policy_document.assume_role",
            "module.lambdas.module.lambda_function_save_course.data.aws_iam_policy_document.logs"
          ]
        }
      ]
    },
    {
      "module": "module.lambdas.module.lambda_function_save_course",
      "mode": "managed",
      "type": "aws_lambda_function",
      "name": "this",
      "provider": "provider[\"registry.terraform.io/hashicorp/aws\"]",
      "instances": [
        {
          "index_key": 0,
          "schema_version": 0,
          "attributes": {
            "architectures": [
              "x86_64"
            ],
            "arn": "arn:aws:lambda:eu-central-1:730335546141:function:dev-lpnu-kostetskyi-save-course",
            "code_signing_config_arn": "",
            "dead_letter_config": [],
            "description": "My awesome lambda function",
            "environment": [
              {
                "variables": {
                  "TABLE_NAME": "dev-lpnu-kostetskyi-courses"
                }
              }
            ],
            "ephemeral_storage": [
              {
                "size": 512
              }
            ],
            "file_system_config": [],
            "filename": "builds/00f32ad3e1956b4cb2b7f5bbde86c0ae627b48fedbcaba7c4a88548c75064b57.zip",
            "function_name": "dev-lpnu-kostetskyi-save-course",
            "handler": "index.handler",
            "id": "dev-lpnu-kostetskyi-save-course",
            "image_config": [],
            "image_uri": "",
            "invoke_arn": "arn:aws:apigateway:eu-central-1:lambda:path/2015-03-31/functions/arn:aws:lambda:eu-central-1:730335546141:function:dev-lpnu-kostetskyi-save-course/invocations",
            "kms_key_arn": "",
            "last_modified": "2024-03-26T19:26:33.608+0000",
            "layers": null,
            "logging_config": [
              {
                "application_log_level": "",
                "log_format": "Text",
                "log_group": "/aws/lambda/dev-lpnu-kostetskyi-save-course",
                "system_log_level": ""
              }
            ],
            "memory_size": 128,
            "package_type": "Zip",
            "publish": false,
            "qualified_arn": "arn:aws:lambda:eu-central-1:730335546141:function:dev-lpnu-kostetskyi-save-course:$LATEST",
            "qualified_invoke_arn": "arn:aws:apigateway:eu-central-1:lambda:path/2015-03-31/functions/arn:aws:lambda:eu-central-1:730335546141:function:dev-lpnu-kostetskyi-save-course:$LATEST/invocations",
            "replace_security_groups_on_destroy": null,
            "replacement_security_group_ids": null,
            "reserved_concurrent_executions": -1,
            "role": "arn:aws:iam::730335546141:role/dev-lpnu-kostetskyi-save-course",
            "runtime": "nodejs16.x",
            "s3_bucket": null,
            "s3_key": null,
            "s3_object_version": null,
            "signing_job_arn": "",
            "signing_profile_version_arn": "",
            "skip_destroy": false,
            "snap_start": [],
            "source_code_hash": "9ZAAcQAwcYSXCfIMhQRKWDo8h+/UBpTZbNbNyy2kLQo=",
            "source_code_size": 538,
            "tags": {
              "Environment": "kostetskyi",
              "Name": "dev-lpnu-kostetskyi-save-course",
              "Namespace": "lpnu",
              "Stage": "dev"
            },
            "tags_all": {
              "Environment": "kostetskyi",
              "Name": "dev-lpnu-kostetskyi-save-course",
              "Namespace": "lpnu",
              "Stage": "dev"
            },
            "timeout": 3,
            "timeouts": null,
            "tracing_config": [
              {
                "mode": "PassThrough"
              }
            ],
            "version": "$LATEST",
            "vpc_config": []
          },
          "sensitive_attributes": [],
          "private": "eyJlMmJmYjczMC1lY2FhLTExZTYtOGY4OC0zNDM2M2JjN2M0YzAiOnsiY3JlYXRlIjo2MDAwMDAwMDAwMDAsImRlbGV0ZSI6NjAwMDAwMDAwMDAwLCJ1cGRhdGUiOjYwMDAwMDAwMDAwMH19",
          "dependencies": [
            "module.lambdas.module.lambda_function_save_course.aws_cloudwatch_log_group.lambda",
            "module.lambdas.module.lambda_function_save_course.aws_iam_policy.additional_inline",
            "module.lambdas.module.lambda_function_save_course.aws_iam_policy.additional_json",
            "module.lambdas.module.lambda_function_save_course.aws_iam_policy.additional_jsons",
            "module.lambdas.module.lambda_function_save_course.aws_iam_policy.async",
            "module.lambdas.module.lambda_function_save_course.aws_iam_policy.dead_letter",
            "module.lambdas.module.lambda_function_save_course.aws_iam_policy.logs",
            "module.lambdas.module.lambda_function_save_course.aws_iam_policy.tracing",
            "module.lambdas.module.lambda_function_save_course.aws_iam_policy.vpc",
            "module.lambdas.module.lambda_function_save_course.aws_iam_role.lambda",
            "module.lambdas.module.lambda_function_save_course.aws_iam_role_policy_attachment.additional_inline",
            "module.lambdas.module.lambda_function_save_course.aws_iam_role_policy_attachment.additional_json",
            "module.lambdas.module.lambda_function_save_course.aws_iam_role_policy_attachment.additional_jsons",
            "module.lambdas.module.lambda_function_save_course.aws_iam_role_policy_attachment.additional_many",
            "module.lambdas.module.lambda_function_save_course.aws_iam_role_policy_attachment.additional_one",
            "module.lambdas.module.lambda_function_save_course.aws_iam_role_policy_attachment.async",
            "module.lambdas.module.lambda_function_save_course.aws_iam_role_policy_attachment.dead_letter",
            "module.lambdas.module.lambda_function_save_course.aws_iam_role_policy_attachment.logs",
            "module.lambdas.module.lambda_function_save_course.aws_iam_role_policy_attachment.tracing",
            "module.lambdas.module.lambda_function_save_course.aws_iam_role_policy_attachment.vpc",
            "module.lambdas.module.lambda_function_save_course.aws_s3_object.lambda_package",
            "module.lambdas.module.lambda_function_save_course.data.aws_arn.log_group_arn",
            "module.lambdas.module.lambda_function_save_course.data.aws_cloudwatch_log_group.lambda",
            "module.lambdas.module.lambda_function_save_course.data.aws_iam_policy.tracing",
            "module.lambdas.module.lambda_function_save_course.data.aws_iam_policy.vpc",
            "module.lambdas.module.lambda_function_save_course.data.aws_iam_policy_document.additional_inline",
            "module.lambdas.module.lambda_function_save_course.data.aws_iam_policy_document.assume_role",
            "module.lambdas.module.lambda_function_save_course.data.aws_iam_policy_document.async",
            "module.lambdas.module.lambda_function_save_course.data.aws_iam_policy_document.dead_letter",
            "module.lambdas.module.lambda_function_save_course.data.aws_iam_policy_document.logs",
            "module.lambdas.module.lambda_function_save_course.data.aws_partition.current",
            "module.lambdas.module.lambda_function_save_course.data.external.archive_prepare",
            "module.lambdas.module.lambda_function_save_course.local_file.archive_plan",
            "module.lambdas.module.lambda_function_save_course.null_resource.archive",
            "module.table_courses.aws_dynamodb_table.this"
          ]
        }
      ]
    },
    {
      "module": "module.lambdas.module.lambda_function_save_course",
      "mode": "managed",
      "type": "local_file",
      "name": "archive_plan",
      "provider": "provider[\"registry.terraform.io/hashicorp/local\"]",
      "instances": [
        {
          "index_key": 0,
          "schema_version": 0,
          "attributes": {
            "content": "{\"filename\": \"builds/00f32ad3e1956b4cb2b7f5bbde86c0ae627b48fedbcaba7c4a88548c75064b57.zip\", \"runtime\": \"nodejs16.x\", \"artifacts_dir\": \"builds\", \"build_plan\": [[\"zip\", \"modules/lambda/src/save_course\", null]]}",
            "content_base64": null,
            "content_base64sha256": "ZDd3FECfYJoDXQCtTw/8+IsG2nvDUR7QlTkqiSQxMhQ=",
            "content_base64sha512": "YNgoMPyN0K/ePrkFFQFpycC3HVbu6Q0FcLb2/in4sRBmN9qAqh2DNRcy+u0m5JikyyLOkhJCoehkAwLasDLkdQ==",
            "content_md5": "d8352dfea3b42b255bc4ae4cc793f2c9",
            "content_sha1": "19bdb64a9f979e1158559f65516e222f8a8385d0",
            "content_sha256": "64377714409f609a035d00ad4f0ffcf88b06da7bc3511ed095392a8924313214",
            "content_sha512": "60d82830fc8dd0afde3eb905150169c9c0b71d56eee90d0570b6f6fe29f8b1106637da80aa1d83351732faed26e498a4cb22ce921242a1e8640302dab032e475",
            "directory_permission": "0755",
            "file_permission": "0644",
            "filename": "builds/00f32ad3e1956b4cb2b7f5bbde86c0ae627b48fedbcaba7c4a88548c75064b57.plan.json",
            "id": "19bdb64a9f979e1158559f65516e222f8a8385d0",
            "sensitive_content": null,
            "source": null
          },
          "sensitive_attributes": [],
          "dependencies": [
            "module.lambdas.module.lambda_function_save_course.data.external.archive_prepare"
          ]
        }
      ]
    },
    {
      "module": "module.lambdas.module.lambda_function_save_course",
      "mode": "managed",
      "type": "null_resource",
      "name": "archive",
      "provider": "provider[\"registry.terraform.io/hashicorp/null\"]",
      "instances": [
        {
          "index_key": 0,
          "schema_version": 0,
          "attributes": {
            "id": "2559423108851767243",
            "triggers": {
              "filename": "builds/00f32ad3e1956b4cb2b7f5bbde86c0ae627b48fedbcaba7c4a88548c75064b57.zip",
              "timestamp": "1711481169541168000"
            }
          },
          "sensitive_attributes": [],
          "dependencies": [
            "module.lambdas.module.lambda_function_save_course.data.external.archive_prepare",
            "module.lambdas.module.lambda_function_save_course.local_file.archive_plan"
          ]
        }
      ]
    },
    {
      "module": "module.s3",
      "mode": "managed",
      "type": "aws_s3_bucket",
      "name": "this",
      "provider": "provider[\"registry.terraform.io/hashicorp/aws\"]",
      "instances": [
        {
          "schema_version": 0,
          "attributes": {
            "acceleration_status": "",
            "acl": null,
            "arn": "arn:aws:s3:::730335546141-my-tf-test-bucket",
            "bucket": "730335546141-my-tf-test-bucket",
            "bucket_domain_name": "730335546141-my-tf-test-bucket.s3.amazonaws.com",
            "bucket_prefix": "",
            "bucket_regional_domain_name": "730335546141-my-tf-test-bucket.s3.eu-central-1.amazonaws.com",
            "cors_rule": [],
            "force_destroy": false,
            "grant": [
              {
                "id": "4f2410f954b770a3a5660f82e9f3970bbae159b484ab9a60f6b46ddc3df8954f",
                "permissions": [
                  "FULL_CONTROL"
                ],
                "type": "CanonicalUser",
                "uri": ""
              }
            ],
            "hosted_zone_id": "Z21DNDUVLTQW6Q",
            "id": "730335546141-my-tf-test-bucket",
            "lifecycle_rule": [],
            "logging": [],
            "object_lock_configuration": [],
            "object_lock_enabled": false,
            "policy": "",
            "region": "eu-central-1",
            "replication_configuration": [],
            "request_payer": "BucketOwner",
            "server_side_encryption_configuration": [
              {
                "rule": [
                  {
                    "apply_server_side_encryption_by_default": [
                      {
                        "kms_master_key_id": "",
                        "sse_algorithm": "AES256"
                      }
                    ],
                    "bucket_key_enabled": false
                  }
                ]
              }
            ],
            "tags": {
              "Environment": "dev",
              "Name": "forum"
            },
            "tags_all": {
              "Environment": "dev",
              "Name": "forum"
            },
            "timeouts": null,
            "versioning": [
              {
                "enabled": false,
                "mfa_delete": false
              }
            ],
            "website": [],
            "website_domain": null,
            "website_endpoint": null
          },
          "sensitive_attributes": [],
          "private": "eyJlMmJmYjczMC1lY2FhLTExZTYtOGY4OC0zNDM2M2JjN2M0YzAiOnsiY3JlYXRlIjoxMjAwMDAwMDAwMDAwLCJkZWxldGUiOjM2MDAwMDAwMDAwMDAsInJlYWQiOjEyMDAwMDAwMDAwMDAsInVwZGF0ZSI6MTIwMDAwMDAwMDAwMH19",
          "dependencies": [
            "data.aws_caller_identity.current"
          ]
        }
      ]
    },
    {
      "module": "module.table_authors",
      "mode": "managed",
      "type": "aws_dynamodb_table",
      "name": "this",
      "provider": "provider[\"registry.terraform.io/hashicorp/aws\"]",
      "instances": [
        {
          "schema_version": 1,
          "attributes": {
            "arn": "arn:aws:dynamodb:eu-central-1:730335546141:table/dev-lpnu-kostetskyi-authors",
            "attribute": [
              {
                "name": "id",
                "type": "S"
              }
            ],
            "billing_mode": "PROVISIONED",
            "deletion_protection_enabled": false,
            "global_secondary_index": [],
            "hash_key": "id",
            "id": "dev-lpnu-kostetskyi-authors",
            "import_table": [],
            "local_secondary_index": [],
            "name": "dev-lpnu-kostetskyi-authors",
            "point_in_time_recovery": [
              {
                "enabled": false
              }
            ],
            "range_key": null,
            "read_capacity": 20,
            "replica": [],
            "restore_date_time": null,
            "restore_source_name": null,
            "restore_to_latest_time": null,
            "server_side_encryption": [],
            "stream_arn": "",
            "stream_enabled": false,
            "stream_label": "",
            "stream_view_type": "",
            "table_class": "STANDARD",
            "tags": {},
            "tags_all": {},
            "timeouts": null,
            "ttl": [
              {
                "attribute_name": "",
                "enabled": false
              }
            ],
            "write_capacity": 20
          },
          "sensitive_attributes": [],
          "private": "eyJlMmJmYjczMC1lY2FhLTExZTYtOGY4OC0zNDM2M2JjN2M0YzAiOnsiY3JlYXRlIjoxODAwMDAwMDAwMDAwLCJkZWxldGUiOjYwMDAwMDAwMDAwMCwidXBkYXRlIjozNjAwMDAwMDAwMDAwfSwic2NoZW1hX3ZlcnNpb24iOiIxIn0="
        }
      ]
    },
    {
      "module": "module.table_courses",
      "mode": "managed",
      "type": "aws_dynamodb_table",
      "name": "this",
      "provider": "provider[\"registry.terraform.io/hashicorp/aws\"]",
      "instances": [
        {
          "schema_version": 1,
          "attributes": {
            "arn": "arn:aws:dynamodb:eu-central-1:730335546141:table/dev-lpnu-kostetskyi-courses",
            "attribute": [
              {
                "name": "id",
                "type": "S"
              }
            ],
            "billing_mode": "PROVISIONED",
            "deletion_protection_enabled": false,
            "global_secondary_index": [],
            "hash_key": "id",
            "id": "dev-lpnu-kostetskyi-courses",
            "import_table": [],
            "local_secondary_index": [],
            "name": "dev-lpnu-kostetskyi-courses",
            "point_in_time_recovery": [
              {
                "enabled": false
              }
            ],
            "range_key": null,
            "read_capacity": 20,
            "replica": [],
            "restore_date_time": null,
            "restore_source_name": null,
            "restore_to_latest_time": null,
            "server_side_encryption": [],
            "stream_arn": "",
            "stream_enabled": false,
            "stream_label": "",
            "stream_view_type": "",
            "table_class": "STANDARD",
            "tags": {},
            "tags_all": {},
            "timeouts": null,
            "ttl": [
              {
                "attribute_name": "",
                "enabled": false
              }
            ],
            "write_capacity": 20
          },
          "sensitive_attributes": [],
          "private": "eyJlMmJmYjczMC1lY2FhLTExZTYtOGY4OC0zNDM2M2JjN2M0YzAiOnsiY3JlYXRlIjoxODAwMDAwMDAwMDAwLCJkZWxldGUiOjYwMDAwMDAwMDAwMCwidXBkYXRlIjozNjAwMDAwMDAwMDAwfSwic2NoZW1hX3ZlcnNpb24iOiIxIn0="
        }
      ]
    }
  ],
  "check_results": [
    {
      "object_kind": "var",
      "config_addr": "module.lambdas.module.label.var.context",
      "status": "pass",
      "objects": [
        {
          "object_addr": "module.lambdas.module.label.var.context",
          "status": "pass"
        }
      ]
    },
    {
      "object_kind": "var",
      "config_addr": "module.lambdas.module.label.var.label_value_case",
      "status": "pass",
      "objects": [
        {
          "object_addr": "module.lambdas.module.label.var.label_value_case",
          "status": "pass"
        }
      ]
    },
    {
      "object_kind": "var",
      "config_addr": "module.lambdas.module.label_get_all_authors.var.context",
      "status": "pass",
      "objects": [
        {
          "object_addr": "module.lambdas.module.label_get_all_authors.var.context",
          "status": "pass"
        }
      ]
    },
    {
      "object_kind": "var",
      "config_addr": "module.table_courses.var.label_key_case",
      "status": "unknown",
      "objects": [
        {
          "object_addr": "module.table_courses.var.label_key_case",
          "status": "unknown"
        }
      ]
    },
    {
      "object_kind": "var",
      "config_addr": "module.table_courses.module.label.var.label_key_case",
      "status": "pass",
      "objects": [
        {
          "object_addr": "module.table_courses.module.label.var.label_key_case",
          "status": "pass"
        }
      ]
    },
    {
      "object_kind": "var",
      "config_addr": "module.label.var.label_key_case",
      "status": "pass",
      "objects": [
        {
          "object_addr": "module.label.var.label_key_case",
          "status": "pass"
        }
      ]
    },
    {
      "object_kind": "var",
      "config_addr": "module.lambdas.var.context",
      "status": "pass",
      "objects": [
        {
          "object_addr": "module.lambdas.var.context",
          "status": "pass"
        }
      ]
    },
    {
      "object_kind": "var",
      "config_addr": "module.table_courses.module.label.var.id_length_limit",
      "status": "pass",
      "objects": [
        {
          "object_addr": "module.table_courses.module.label.var.id_length_limit",
          "status": "pass"
        }
      ]
    },
    {
      "object_kind": "var",
      "config_addr": "module.lambdas.var.label_key_case",
      "status": "unknown",
      "objects": [
        {
          "object_addr": "module.lambdas.var.label_key_case",
          "status": "unknown"
        }
      ]
    },
    {
      "object_kind": "var",
      "config_addr": "module.table_courses.var.label_value_case",
      "status": "unknown",
      "objects": [
        {
          "object_addr": "module.table_courses.var.label_value_case",
          "status": "unknown"
        }
      ]
    },
    {
      "object_kind": "var",
      "config_addr": "module.lambdas.module.label_get_all_authors.var.label_value_case",
      "status": "pass",
      "objects": [
        {
          "object_addr": "module.lambdas.module.label_get_all_authors.var.label_value_case",
          "status": "pass"
        }
      ]
    },
    {
      "object_kind": "var",
      "config_addr": "module.table_courses.module.label.var.context",
      "status": "pass",
      "objects": [
        {
          "object_addr": "module.table_courses.module.label.var.context",
          "status": "pass"
        }
      ]
    },
    {
      "object_kind": "var",
      "config_addr": "module.lambdas.module.label_get_course.var.id_length_limit",
      "status": "pass",
      "objects": [
        {
          "object_addr": "module.lambdas.module.label_get_course.var.id_length_limit",
          "status": "pass"
        }
      ]
    },
    {
      "object_kind": "var",
      "config_addr": "module.lambdas.module.label_get_all_courses.var.label_key_case",
      "status": "pass",
      "objects": [
        {
          "object_addr": "module.lambdas.module.label_get_all_courses.var.label_key_case",
          "status": "pass"
        }
      ]
    },
    {
      "object_kind": "var",
      "config_addr": "module.table_authors.var.id_length_limit",
      "status": "unknown",
      "objects": [
        {
          "object_addr": "module.table_authors.var.id_length_limit",
          "status": "unknown"
        }
      ]
    },
    {
      "object_kind": "var",
      "config_addr": "module.lambdas.var.id_length_limit",
      "status": "unknown",
      "objects": [
        {
          "object_addr": "module.lambdas.var.id_length_limit",
          "status": "unknown"
        }
      ]
    },
    {
      "object_kind": "var",
      "config_addr": "module.lambdas.var.label_value_case",
      "status": "unknown",
      "objects": [
        {
          "object_addr": "module.lambdas.var.label_value_case",
          "status": "unknown"
        }
      ]
    },
    {
      "object_kind": "var",
      "config_addr": "module.table_authors.module.label.var.context",
      "status": "pass",
      "objects": [
        {
          "object_addr": "module.table_authors.module.label.var.context",
          "status": "pass"
        }
      ]
    },
    {
      "object_kind": "var",
      "config_addr": "module.label_s3.var.context",
      "status": "unknown",
      "objects": [
        {
          "object_addr": "module.label_s3.var.context",
          "status": "unknown"
        }
      ]
    },
    {
      "object_kind": "var",
      "config_addr": "module.lambdas.module.label_save_course.var.id_length_limit",
      "status": "pass",
      "objects": [
        {
          "object_addr": "module.lambdas.module.label_save_course.var.id_length_limit",
          "status": "pass"
        }
      ]
    },
    {
      "object_kind": "var",
      "config_addr": "module.lambdas.module.label.var.id_length_limit",
      "status": "pass",
      "objects": [
        {
          "object_addr": "module.lambdas.module.label.var.id_length_limit",
          "status": "pass"
        }
      ]
    },
    {
      "object_kind": "var",
      "config_addr": "module.table_courses.var.context",
      "status": "pass",
      "objects": [
        {
          "object_addr": "module.table_courses.var.context",
          "status": "pass"
        }
      ]
    },
    {
      "object_kind": "var",
      "config_addr": "module.lambdas.module.label_get_all_authors.var.label_key_case",
      "status": "pass",
      "objects": [
        {
          "object_addr": "module.lambdas.module.label_get_all_authors.var.label_key_case",
          "status": "pass"
        }
      ]
    },
    {
      "object_kind": "var",
      "config_addr": "module.lambdas.module.label_get_course.var.label_key_case",
      "status": "pass",
      "objects": [
        {
          "object_addr": "module.lambdas.module.label_get_course.var.label_key_case",
          "status": "pass"
        }
      ]
    },
    {
      "object_kind": "var",
      "config_addr": "module.table_courses.var.id_length_limit",
      "status": "unknown",
      "objects": [
        {
          "object_addr": "module.table_courses.var.id_length_limit",
          "status": "unknown"
        }
      ]
    },
    {
      "object_kind": "var",
      "config_addr": "module.table_authors.module.label.var.label_value_case",
      "status": "pass",
      "objects": [
        {
          "object_addr": "module.table_authors.module.label.var.label_value_case",
          "status": "pass"
        }
      ]
    },
    {
      "object_kind": "var",
      "config_addr": "module.table_authors.var.label_value_case",
      "status": "unknown",
      "objects": [
        {
          "object_addr": "module.table_authors.var.label_value_case",
          "status": "unknown"
        }
      ]
    },
    {
      "object_kind": "var",
      "config_addr": "module.label.var.id_length_limit",
      "status": "pass",
      "objects": [
        {
          "object_addr": "module.label.var.id_length_limit",
          "status": "pass"
        }
      ]
    },
    {
      "object_kind": "var",
      "config_addr": "module.lambdas.module.label_get_all_courses.var.id_length_limit",
      "status": "pass",
      "objects": [
        {
          "object_addr": "module.lambdas.module.label_get_all_courses.var.id_length_limit",
          "status": "pass"
        }
      ]
    },
    {
      "object_kind": "var",
      "config_addr": "module.label.var.context",
      "status": "pass",
      "objects": [
        {
          "object_addr": "module.label.var.context",
          "status": "pass"
        }
      ]
    },
    {
      "object_kind": "var",
      "config_addr": "module.table_authors.module.label.var.id_length_limit",
      "status": "pass",
      "objects": [
        {
          "object_addr": "module.table_authors.module.label.var.id_length_limit",
          "status": "pass"
        }
      ]
    },
    {
      "object_kind": "var",
      "config_addr": "module.table_authors.var.context",
      "status": "pass",
      "objects": [
        {
          "object_addr": "module.table_authors.var.context",
          "status": "pass"
        }
      ]
    },
    {
      "object_kind": "var",
      "config_addr": "module.lambdas.module.label_save_course.var.label_key_case",
      "status": "pass",
      "objects": [
        {
          "object_addr": "module.lambdas.module.label_save_course.var.label_key_case",
          "status": "pass"
        }
      ]
    },
    {
      "object_kind": "var",
      "config_addr": "module.label.var.label_value_case",
      "status": "pass",
      "objects": [
        {
          "object_addr": "module.label.var.label_value_case",
          "status": "pass"
        }
      ]
    },
    {
      "object_kind": "var",
      "config_addr": "module.table_authors.var.label_key_case",
      "status": "unknown",
      "objects": [
        {
          "object_addr": "module.table_authors.var.label_key_case",
          "status": "unknown"
        }
      ]
    },
    {
      "object_kind": "var",
      "config_addr": "var.label_key_case",
      "status": "pass",
      "objects": [
        {
          "object_addr": "var.label_key_case",
          "status": "pass"
        }
      ]
    },
    {
      "object_kind": "var",
      "config_addr": "module.table_authors.module.label.var.label_key_case",
      "status": "pass",
      "objects": [
        {
          "object_addr": "module.table_authors.module.label.var.label_key_case",
          "status": "pass"
        }
      ]
    },
    {
      "object_kind": "var",
      "config_addr": "var.label_value_case",
      "status": "pass",
      "objects": [
        {
          "object_addr": "var.label_value_case",
          "status": "pass"
        }
      ]
    },
    {
      "object_kind": "var",
      "config_addr": "module.table_courses.module.label.var.label_value_case",
      "status": "pass",
      "objects": [
        {
          "object_addr": "module.table_courses.module.label.var.label_value_case",
          "status": "pass"
        }
      ]
    },
    {
      "object_kind": "var",
      "config_addr": "module.lambdas.module.label_get_course.var.label_value_case",
      "status": "pass",
      "objects": [
        {
          "object_addr": "module.lambdas.module.label_get_course.var.label_value_case",
          "status": "pass"
        }
      ]
    },
    {
      "object_kind": "var",
      "config_addr": "module.lambdas.module.label_get_course.var.context",
      "status": "pass",
      "objects": [
        {
          "object_addr": "module.lambdas.module.label_get_course.var.context",
          "status": "pass"
        }
      ]
    },
    {
      "object_kind": "var",
      "config_addr": "module.lambdas.module.label_save_course.var.context",
      "status": "pass",
      "objects": [
        {
          "object_addr": "module.lambdas.module.label_save_course.var.context",
          "status": "pass"
        }
      ]
    },
    {
      "object_kind": "var",
      "config_addr": "module.lambdas.module.label_get_all_authors.var.id_length_limit",
      "status": "pass",
      "objects": [
        {
          "object_addr": "module.lambdas.module.label_get_all_authors.var.id_length_limit",
          "status": "pass"
        }
      ]
    },
    {
      "object_kind": "var",
      "config_addr": "module.label_s3.var.id_length_limit",
      "status": "unknown",
      "objects": [
        {
          "object_addr": "module.label_s3.var.id_length_limit",
          "status": "unknown"
        }
      ]
    },
    {
      "object_kind": "var",
      "config_addr": "module.label_s3.var.label_value_case",
      "status": "unknown",
      "objects": [
        {
          "object_addr": "module.label_s3.var.label_value_case",
          "status": "unknown"
        }
      ]
    },
    {
      "object_kind": "var",
      "config_addr": "module.lambdas.module.label_get_all_courses.var.label_value_case",
      "status": "pass",
      "objects": [
        {
          "object_addr": "module.lambdas.module.label_get_all_courses.var.label_value_case",
          "status": "pass"
        }
      ]
    },
    {
      "object_kind": "var",
      "config_addr": "module.lambdas.module.label.var.label_key_case",
      "status": "pass",
      "objects": [
        {
          "object_addr": "module.lambdas.module.label.var.label_key_case",
          "status": "pass"
        }
      ]
    },
    {
      "object_kind": "var",
      "config_addr": "var.context",
      "status": "pass",
      "objects": [
        {
          "object_addr": "var.context",
          "status": "pass"
        }
      ]
    },
    {
      "object_kind": "var",
      "config_addr": "module.lambdas.module.label_save_course.var.label_value_case",
      "status": "pass",
      "objects": [
        {
          "object_addr": "module.lambdas.module.label_save_course.var.label_value_case",
          "status": "pass"
        }
      ]
    },
    {
      "object_kind": "var",
      "config_addr": "module.lambdas.module.label_get_all_courses.var.context",
      "status": "pass",
      "objects": [
        {
          "object_addr": "module.lambdas.module.label_get_all_courses.var.context",
          "status": "pass"
        }
      ]
    },
    {
      "object_kind": "var",
      "config_addr": "module.label_s3.var.label_key_case",
      "status": "unknown",
      "objects": [
        {
          "object_addr": "module.label_s3.var.label_key_case",
          "status": "unknown"
        }
      ]
    },
    {
      "object_kind": "var",
      "config_addr": "var.id_length_limit",
      "status": "pass",
      "objects": [
        {
          "object_addr": "var.id_length_limit",
          "status": "pass"
        }
      ]
    }
  ]
}
